YaYa@DESKTOP-PQIJ7Q2 MINGW64 ~/Documents/TheoWAF/file-practice/my-first-repo/Armageddon-TEST/LAB1/c/secrets (main)
$ terraform plan

Terraform used the selected providers to generate the following execution plan. Resource actions are indicated with the following symbols:  
  + create

Terraform will perform the following actions:

  # aws_secretsmanager_secret.rds_secret will be created
  + resource "aws_secretsmanager_secret" "rds_secret" {
      + arn                            = (known after apply)
      + force_overwrite_replica_secret = true
      + id                             = (known after apply)
      + name                           = "lab-1c/rds/mysql"
      + name_prefix                    = (known after apply)
      + policy                         = (known after apply)
      + recovery_window_in_days        = 0
      + region                         = "ap-northeast-1"
      + tags_all                       = (known after apply)

      + replica (known after apply)
    }

  # aws_secretsmanager_secret_rotation.rds_rotation will be created
  + resource "aws_secretsmanager_secret_rotation" "rds_rotation" {
      + id                  = (known after apply)
      + region              = "ap-northeast-1"
      + rotate_immediately  = true
      + rotation_enabled    = (known after apply)
      + rotation_lambda_arn = "arn:aws:lambda:ap-northeast-1:031857855861:function:rotation"
      + secret_id           = (known after apply)

      + rotation_rules {
          + automatically_after_days = 30
        }
    }

  # aws_secretsmanager_secret_version.rds_secret_version will be created
  + resource "aws_secretsmanager_secret_version" "rds_secret_version" {
      + arn                  = (known after apply)
      + has_secret_string_wo = (known after apply)
      + id                   = (known after apply)
      + region               = "ap-northeast-1"
      + secret_id            = (known after apply)
      + secret_string        = (sensitive value)
      + secret_string_wo     = (write-only attribute)
      + version_id           = (known after apply)
      + version_stages       = (known after apply)
    }

Plan: 3 to add, 0 to change, 0 to destroy.

YaYa@DESKTOP-PQIJ7Q2 MINGW64 ~/Documents/TheoWAF/file-practice/my-first-repo/Armageddon-TEST/LAB1/c/secrets (main)
$ terraform apply

Terraform used the selected providers to generate the following execution plan. Resource actions are indicated with the following symbols:
  + create

Terraform will perform the following actions:

  # aws_secretsmanager_secret.rds_secret will be created    
  + resource "aws_secretsmanager_secret" "rds_secret" {     
      + arn                            = (known after apply)
      + force_overwrite_replica_secret = true
      + id                             = (known after apply)
      + name                           = "lab-1c/rds/mysql" 
      + name_prefix                    = (known after apply)
      + policy                         = (known after apply)
      + recovery_window_in_days        = 0
      + region                         = "ap-northeast-1"
      + tags_all                       = (known after apply)

      + replica (known after apply)
    }

  # aws_secretsmanager_secret_rotation.rds_rotation will be created
  + resource "aws_secretsmanager_secret_rotation" "rds_rotation" {
      + id                  = (known after apply)
      + region              = "ap-northeast-1"
      + rotate_immediately  = true
      + rotation_enabled    = (known after apply)
      + rotation_lambda_arn = "arn:aws:lambda:ap-northeast-1:031857855861:function:rotation"
      + secret_id           = (known after apply)

      + rotation_rules {
          + automatically_after_days = 30
        }
    }

  # aws_secretsmanager_secret_version.rds_secret_version will be created
  + resource "aws_secretsmanager_secret_version" "rds_secret_version" {
      + arn                  = (known after apply)
      + has_secret_string_wo = (known after apply)
      + id                   = (known after apply)
      + region               = "ap-northeast-1"
      + secret_id            = (known after apply)
      + secret_string        = (sensitive value)
      + secret_string_wo     = (write-only attribute)
      + version_id           = (known after apply)
      + version_stages       = (known after apply)
    }

Plan: 3 to add, 0 to change, 0 to destroy.

Do you want to perform these actions?
  Terraform will perform the actions described above.
  Only 'yes' will be accepted to approve.

  Enter a value: yes

aws_secretsmanager_secret.rds_secret: Creating...
aws_secretsmanager_secret.rds_secret: Creation complete after 2s [id=arn:aws:secretsmanager:ap-northeast-1:031857855861:secret:lab-1c/rds/mysql-yNaubw]
aws_secretsmanager_secret_version.rds_secret_version: Creating...
aws_secretsmanager_secret_rotation.rds_rotation: Creating...
aws_secretsmanager_secret_rotation.rds_rotation: Creation complete after 1s [id=arn:aws:secretsmanager:ap-northeast-1:031857855861:secret:lab-1c/rds/mysql-yNaubw]
aws_secretsmanager_secret_version.rds_secret_version: Creation complete after 1s [id=arn:aws:secretsmanager:ap-northeast-1:031857855861:secret:lab-1c/rds/mysql-yNaubw|terraform-20260119145725794300000002]

Apply complete! Resources: 3 added, 0 changed, 0 destroyed.