{
  "version": 4,
  "terraform_version": "1.14.3",
  "serial": 52,
  "lineage": "2767b691-be4e-3784-a705-cf8e65d6f2ba",
  "outputs": {
    "chewbacca_ec2_instance_id": {
      "value": "i-07a34456f946c3141",
      "type": "string"
    },
    "chewbacca_log_group_name": {
      "value": "/aws/ec2/armageddon-class-vii-rds-app",
      "type": "string"
    },
    "chewbacca_private_subnet_ids": {
      "value": [
        "subnet-010ad1829138a0abe",
        "subnet-038896281d257a36c"
      ],
      "type": [
        "tuple",
        [
          "string",
          "string"
        ]
      ]
    },
    "chewbacca_public_subnet_ids": {
      "value": [
        "subnet-05203c9f665e8ea40",
        "subnet-0e3ec541e365305c1"
      ],
      "type": [
        "tuple",
        [
          "string",
          "string"
        ]
      ]
    },
    "chewbacca_rds_endpoint": {
      "value": "armageddon-class-vii-rds01.cvy24sayqwx1.ap-northeast-1.rds.amazonaws.com",
      "type": "string"
    },
    "chewbacca_sns_topic_arn": {
      "value": "arn:aws:sns:ap-northeast-1:420228061920:armageddon-class-vii-db-incidents",
      "type": "string"
    },
    "chewbacca_vpc_id": {
      "value": "vpc-0c1d20e5128f37494",
      "type": "string"
    }
  },
  "resources": [
    {
      "mode": "managed",
      "type": "aws_cloudwatch_log_group",
      "name": "chewbacca_log_group01",
      "provider": "provider[\"registry.terraform.io/hashicorp/aws\"]",
      "instances": [
        {
          "schema_version": 0,
          "attributes": {
            "arn": "arn:aws:logs:ap-northeast-1:420228061920:log-group:/aws/ec2/armageddon-class-vii-rds-app",
            "deletion_protection_enabled": false,
            "id": "/aws/ec2/armageddon-class-vii-rds-app",
            "kms_key_id": "",
            "log_group_class": "STANDARD",
            "name": "/aws/ec2/armageddon-class-vii-rds-app",
            "name_prefix": "",
            "region": "ap-northeast-1",
            "retention_in_days": 7,
            "skip_destroy": false,
            "tags": {
              "Name": "armageddon-class-vii-log-group01"
            },
            "tags_all": {
              "Name": "armageddon-class-vii-log-group01"
            }
          },
          "sensitive_attributes": [],
          "identity_schema_version": 0,
          "identity": {
            "account_id": "420228061920",
            "name": "/aws/ec2/armageddon-class-vii-rds-app",
            "region": "ap-northeast-1"
          },
          "private": "bnVsbA=="
        }
      ]
    },
    {
      "mode": "managed",
      "type": "aws_cloudwatch_metric_alarm",
      "name": "chewbacca_db_alarm01",
      "provider": "provider[\"registry.terraform.io/hashicorp/aws\"]",
      "instances": [
        {
          "schema_version": 1,
          "attributes": {
            "actions_enabled": true,
            "alarm_actions": [
              "arn:aws:sns:ap-northeast-1:420228061920:armageddon-class-vii-db-incidents"
            ],
            "alarm_description": "",
            "alarm_name": "armageddon-class-vii-db-connection-failure",
            "arn": "arn:aws:cloudwatch:ap-northeast-1:420228061920:alarm:armageddon-class-vii-db-connection-failure",
            "comparison_operator": "GreaterThanOrEqualToThreshold",
            "datapoints_to_alarm": 0,
            "dimensions": {},
            "evaluate_low_sample_count_percentiles": "",
            "evaluation_periods": 1,
            "extended_statistic": "",
            "id": "armageddon-class-vii-db-connection-failure",
            "insufficient_data_actions": [],
            "metric_name": "DBConnectionErrors",
            "metric_query": [],
            "namespace": "Lab/RDSApp",
            "ok_actions": [],
            "period": 300,
            "region": "ap-northeast-1",
            "statistic": "Sum",
            "tags": {
              "Name": "armageddon-class-vii-alarm-db-fail"
            },
            "tags_all": {
              "Name": "armageddon-class-vii-alarm-db-fail"
            },
            "threshold": 3,
            "threshold_metric_id": "",
            "treat_missing_data": "missing",
            "unit": ""
          },
          "sensitive_attributes": [],
          "identity_schema_version": 0,
          "identity": {
            "account_id": "420228061920",
            "alarm_name": "armageddon-class-vii-db-connection-failure",
            "region": "ap-northeast-1"
          },
          "private": "eyJzY2hlbWFfdmVyc2lvbiI6IjEifQ==",
          "dependencies": [
            "aws_sns_topic.chewbacca_sns_topic01"
          ]
        }
      ]
    },
    {
      "mode": "managed",
      "type": "aws_db_instance",
      "name": "chewbacca_rds01",
      "provider": "provider[\"registry.terraform.io/hashicorp/aws\"]",
      "instances": [
        {
          "schema_version": 2,
          "attributes": {
            "address": "armageddon-class-vii-rds01.cvy24sayqwx1.ap-northeast-1.rds.amazonaws.com",
            "allocated_storage": 20,
            "allow_major_version_upgrade": null,
            "apply_immediately": false,
            "arn": "arn:aws:rds:ap-northeast-1:420228061920:db:armageddon-class-vii-rds01",
            "auto_minor_version_upgrade": true,
            "availability_zone": "ap-northeast-1a",
            "backup_retention_period": 1,
            "backup_target": "region",
            "backup_window": "02:00-03:00",
            "blue_green_update": [],
            "ca_cert_identifier": "rds-ca-rsa2048-g1",
            "character_set_name": "",
            "copy_tags_to_snapshot": false,
            "custom_iam_instance_profile": "",
            "customer_owned_ip_enabled": false,
            "database_insights_mode": "standard",
            "db_name": "labdb",
            "db_subnet_group_name": "armageddon-class-vii-rds-subnet-group01",
            "dedicated_log_volume": false,
            "delete_automated_backups": true,
            "deletion_protection": false,
            "domain": "",
            "domain_auth_secret_arn": "",
            "domain_dns_ips": [],
            "domain_fqdn": "",
            "domain_iam_role_name": "",
            "domain_ou": "",
            "enabled_cloudwatch_logs_exports": [],
            "endpoint": "armageddon-class-vii-rds01.cvy24sayqwx1.ap-northeast-1.rds.amazonaws.com:3306",
            "engine": "mysql",
            "engine_lifecycle_support": "open-source-rds-extended-support",
            "engine_version": "8.4.7",
            "engine_version_actual": "8.4.7",
            "final_snapshot_identifier": null,
            "hosted_zone_id": "Z24O6O9L7SGTNB",
            "iam_database_authentication_enabled": false,
            "id": "db-5WCROIXDXNPMPDY25QSA2GMM2I",
            "identifier": "armageddon-class-vii-rds01",
            "identifier_prefix": "",
            "instance_class": "db.t3.micro",
            "iops": 0,
            "kms_key_id": "",
            "latest_restorable_time": "2026-03-03T20:45:00Z",
            "license_model": "general-public-license",
            "listener_endpoint": [],
            "maintenance_window": "mon:15:00-mon:15:30",
            "manage_master_user_password": null,
            "master_user_secret": [],
            "master_user_secret_kms_key_id": null,
            "max_allocated_storage": 0,
            "monitoring_interval": 0,
            "monitoring_role_arn": "",
            "multi_az": true,
            "nchar_character_set_name": "",
            "network_type": "IPV4",
            "option_group_name": "default:mysql-8-4",
            "parameter_group_name": "default.mysql8.4",
            "password": "Bigpimpin6",
            "password_wo": null,
            "password_wo_version": null,
            "performance_insights_enabled": false,
            "performance_insights_kms_key_id": "",
            "performance_insights_retention_period": 0,
            "port": 3306,
            "publicly_accessible": false,
            "region": "ap-northeast-1",
            "replica_mode": "",
            "replicas": [],
            "replicate_source_db": "",
            "resource_id": "db-5WCROIXDXNPMPDY25QSA2GMM2I",
            "restore_to_point_in_time": [],
            "s3_import": [],
            "skip_final_snapshot": true,
            "snapshot_identifier": null,
            "status": "available",
            "storage_encrypted": false,
            "storage_throughput": 0,
            "storage_type": "gp2",
            "tags": {
              "Name": "armageddon-class-vii-rds01"
            },
            "tags_all": {
              "Name": "armageddon-class-vii-rds01"
            },
            "timeouts": null,
            "timezone": "",
            "upgrade_rollout_order": "second",
            "upgrade_storage_config": null,
            "username": "admin",
            "vpc_security_group_ids": [
              "sg-056f278ecf44e6b8f"
            ]
          },
          "sensitive_attributes": [
            [
              {
                "type": "get_attr",
                "value": "password"
              }
            ],
            [
              {
                "type": "get_attr",
                "value": "password_wo"
              }
            ]
          ],
          "identity_schema_version": 0,
          "private": "eyJlMmJmYjczMC1lY2FhLTExZTYtOGY4OC0zNDM2M2JjN2M0YzAiOnsiY3JlYXRlIjozMDAwMDAwMDAwMDAwLCJkZWxldGUiOjM2MDAwMDAwMDAwMDAsInVwZGF0ZSI6NDgwMDAwMDAwMDAwMH0sInNjaGVtYV92ZXJzaW9uIjoiMiJ9",
          "dependencies": [
            "aws_db_subnet_group.chewbacca_rds_subnet_group01",
            "aws_security_group.chewbacca_rds_sg01",
            "aws_subnet.chewbacca_private_subnets",
            "aws_vpc.chewbacca_vpc01"
          ]
        }
      ]
    },
    {
      "mode": "managed",
      "type": "aws_db_subnet_group",
      "name": "chewbacca_rds_subnet_group01",
      "provider": "provider[\"registry.terraform.io/hashicorp/aws\"]",
      "instances": [
        {
          "schema_version": 0,
          "attributes": {
            "arn": "arn:aws:rds:ap-northeast-1:420228061920:subgrp:armageddon-class-vii-rds-subnet-group01",
            "description": "Managed by Terraform",
            "id": "armageddon-class-vii-rds-subnet-group01",
            "name": "armageddon-class-vii-rds-subnet-group01",
            "name_prefix": "",
            "region": "ap-northeast-1",
            "subnet_ids": [
              "subnet-010ad1829138a0abe",
              "subnet-038896281d257a36c"
            ],
            "supported_network_types": [
              "IPV4"
            ],
            "tags": {
              "Name": "armageddon-class-vii-rds-subnet-group01"
            },
            "tags_all": {
              "Name": "armageddon-class-vii-rds-subnet-group01"
            },
            "vpc_id": "vpc-0c1d20e5128f37494"
          },
          "sensitive_attributes": [],
          "identity_schema_version": 0,
          "private": "bnVsbA==",
          "dependencies": [
            "aws_subnet.chewbacca_private_subnets",
            "aws_vpc.chewbacca_vpc01"
          ]
        }
      ]
    },
    {
      "mode": "managed",
      "type": "aws_eip",
      "name": "chewbacca_nat_eip01",
      "provider": "provider[\"registry.terraform.io/hashicorp/aws\"]",
      "instances": [
        {
          "schema_version": 0,
          "attributes": {
            "address": null,
            "allocation_id": "eipalloc-0e0ce049e844d993e",
            "arn": "arn:aws:ec2:ap-northeast-1:420228061920:elastic-ip/eipalloc-0e0ce049e844d993e",
            "associate_with_private_ip": null,
            "association_id": "eipassoc-0fd4d6b720d3f136a",
            "carrier_ip": "",
            "customer_owned_ip": "",
            "customer_owned_ipv4_pool": "",
            "domain": "vpc",
            "id": "eipalloc-0e0ce049e844d993e",
            "instance": "",
            "ipam_pool_id": null,
            "network_border_group": "ap-northeast-1",
            "network_interface": "eni-016cadec4b155591c",
            "private_dns": "ip-10-17-1-196.ap-northeast-1.compute.internal",
            "private_ip": "10.17.1.196",
            "ptr_record": "",
            "public_dns": "ec2-13-159-194-155.ap-northeast-1.compute.amazonaws.com",
            "public_ip": "13.159.194.155",
            "public_ipv4_pool": "amazon",
            "region": "ap-northeast-1",
            "tags": {
              "Name": "armageddon-class-vii-nat-eip01"
            },
            "tags_all": {
              "Name": "armageddon-class-vii-nat-eip01"
            },
            "timeouts": null
          },
          "sensitive_attributes": [],
          "identity_schema_version": 0,
          "private": "eyJlMmJmYjczMC1lY2FhLTExZTYtOGY4OC0zNDM2M2JjN2M0YzAiOnsiZGVsZXRlIjoxODAwMDAwMDAwMDAsInJlYWQiOjkwMDAwMDAwMDAwMCwidXBkYXRlIjozMDAwMDAwMDAwMDB9fQ=="
        }
      ]
    },
    {
      "mode": "managed",
      "type": "aws_iam_instance_profile",
      "name": "chewbacca_instance_profile01",
      "provider": "provider[\"registry.terraform.io/hashicorp/aws\"]",
      "instances": [
        {
          "schema_version": 0,
          "attributes": {
            "arn": "arn:aws:iam::420228061920:instance-profile/armageddon-class-vii-instance-profile01",
            "create_date": "2026-03-03T12:41:28Z",
            "id": "armageddon-class-vii-instance-profile01",
            "name": "armageddon-class-vii-instance-profile01",
            "name_prefix": "",
            "path": "/",
            "role": "armageddon-class-vii-ec2-role01",
            "tags": {},
            "tags_all": {},
            "unique_id": "AIPAWDV4LLLQJDUNGBWEY"
          },
          "sensitive_attributes": [],
          "identity_schema_version": 0,
          "private": "bnVsbA==",
          "dependencies": [
            "aws_iam_role.chewbacca_ec2_role01"
          ]
        }
      ]
    },
    {
      "mode": "managed",
      "type": "aws_iam_role",
      "name": "chewbacca_ec2_role01",
      "provider": "provider[\"registry.terraform.io/hashicorp/aws\"]",
      "instances": [
        {
          "schema_version": 0,
          "attributes": {
            "arn": "arn:aws:iam::420228061920:role/armageddon-class-vii-ec2-role01",
            "assume_role_policy": "{\"Statement\":[{\"Action\":\"sts:AssumeRole\",\"Effect\":\"Allow\",\"Principal\":{\"Service\":\"ec2.amazonaws.com\"}}],\"Version\":\"2012-10-17\"}",
            "create_date": "2026-03-03T12:41:24Z",
            "description": "",
            "force_detach_policies": false,
            "id": "armageddon-class-vii-ec2-role01",
            "inline_policy": [],
            "managed_policy_arns": [
              "arn:aws:iam::aws:policy/AmazonSSMManagedInstanceCore",
              "arn:aws:iam::aws:policy/CloudWatchAgentServerPolicy",
              "arn:aws:iam::aws:policy/SecretsManagerReadWrite"
            ],
            "max_session_duration": 3600,
            "name": "armageddon-class-vii-ec2-role01",
            "name_prefix": "",
            "path": "/",
            "permissions_boundary": "",
            "tags": {},
            "tags_all": {},
            "unique_id": "AROAWDV4LLLQI64VEYE3F"
          },
          "sensitive_attributes": [],
          "identity_schema_version": 0,
          "identity": {
            "account_id": "420228061920",
            "name": "armageddon-class-vii-ec2-role01"
          },
          "private": "bnVsbA=="
        }
      ]
    },
    {
      "mode": "managed",
      "type": "aws_iam_role_policy_attachment",
      "name": "chewbacca_ec2_cw_attach",
      "provider": "provider[\"registry.terraform.io/hashicorp/aws\"]",
      "instances": [
        {
          "schema_version": 0,
          "attributes": {
            "id": "armageddon-class-vii-ec2-role01/arn:aws:iam::aws:policy/CloudWatchAgentServerPolicy",
            "policy_arn": "arn:aws:iam::aws:policy/CloudWatchAgentServerPolicy",
            "role": "armageddon-class-vii-ec2-role01"
          },
          "sensitive_attributes": [],
          "identity_schema_version": 0,
          "identity": {
            "account_id": "420228061920",
            "policy_arn": "arn:aws:iam::aws:policy/CloudWatchAgentServerPolicy",
            "role": "armageddon-class-vii-ec2-role01"
          },
          "private": "bnVsbA==",
          "dependencies": [
            "aws_iam_role.chewbacca_ec2_role01"
          ]
        }
      ]
    },
    {
      "mode": "managed",
      "type": "aws_iam_role_policy_attachment",
      "name": "chewbacca_ec2_secrets_attach",
      "provider": "provider[\"registry.terraform.io/hashicorp/aws\"]",
      "instances": [
        {
          "schema_version": 0,
          "attributes": {
            "id": "armageddon-class-vii-ec2-role01/arn:aws:iam::aws:policy/SecretsManagerReadWrite",
            "policy_arn": "arn:aws:iam::aws:policy/SecretsManagerReadWrite",
            "role": "armageddon-class-vii-ec2-role01"
          },
          "sensitive_attributes": [],
          "identity_schema_version": 0,
          "identity": {
            "account_id": "420228061920",
            "policy_arn": "arn:aws:iam::aws:policy/SecretsManagerReadWrite",
            "role": "armageddon-class-vii-ec2-role01"
          },
          "private": "bnVsbA==",
          "dependencies": [
            "aws_iam_role.chewbacca_ec2_role01"
          ]
        }
      ]
    },
    {
      "mode": "managed",
      "type": "aws_iam_role_policy_attachment",
      "name": "chewbacca_ec2_ssm_attach",
      "provider": "provider[\"registry.terraform.io/hashicorp/aws\"]",
      "instances": [
        {
          "schema_version": 0,
          "attributes": {
            "id": "armageddon-class-vii-ec2-role01/arn:aws:iam::aws:policy/AmazonSSMManagedInstanceCore",
            "policy_arn": "arn:aws:iam::aws:policy/AmazonSSMManagedInstanceCore",
            "role": "armageddon-class-vii-ec2-role01"
          },
          "sensitive_attributes": [],
          "identity_schema_version": 0,
          "identity": {
            "account_id": "420228061920",
            "policy_arn": "arn:aws:iam::aws:policy/AmazonSSMManagedInstanceCore",
            "role": "armageddon-class-vii-ec2-role01"
          },
          "private": "bnVsbA==",
          "dependencies": [
            "aws_iam_role.chewbacca_ec2_role01"
          ]
        }
      ]
    },
    {
      "mode": "managed",
      "type": "aws_instance",
      "name": "chewbacca_ec201",
      "provider": "provider[\"registry.terraform.io/hashicorp/aws\"]",
      "instances": [
        {
          "schema_version": 2,
          "attributes": {
            "ami": "ami-03d1820163e6b9f5d",
            "arn": "arn:aws:ec2:ap-northeast-1:420228061920:instance/i-07a34456f946c3141",
            "associate_public_ip_address": true,
            "availability_zone": "ap-northeast-1a",
            "capacity_reservation_specification": [
              {
                "capacity_reservation_preference": "open",
                "capacity_reservation_target": []
              }
            ],
            "cpu_options": [
              {
                "amd_sev_snp": "",
                "core_count": 1,
                "nested_virtualization": "",
                "threads_per_core": 2
              }
            ],
            "credit_specification": [
              {
                "cpu_credits": "unlimited"
              }
            ],
            "disable_api_stop": false,
            "disable_api_termination": false,
            "ebs_block_device": [],
            "ebs_optimized": false,
            "enable_primary_ipv6": null,
            "enclave_options": [
              {
                "enabled": false
              }
            ],
            "ephemeral_block_device": [],
            "force_destroy": false,
            "get_password_data": false,
            "hibernation": false,
            "host_id": "",
            "host_resource_group_arn": null,
            "iam_instance_profile": "armageddon-class-vii-instance-profile01",
            "id": "i-07a34456f946c3141",
            "instance_initiated_shutdown_behavior": "stop",
            "instance_lifecycle": "",
            "instance_market_options": [],
            "instance_state": "running",
            "instance_type": "t3.micro",
            "ipv6_address_count": 0,
            "ipv6_addresses": [],
            "key_name": "",
            "launch_template": [],
            "maintenance_options": [
              {
                "auto_recovery": "default"
              }
            ],
            "metadata_options": [
              {
                "http_endpoint": "enabled",
                "http_protocol_ipv6": "disabled",
                "http_put_response_hop_limit": 2,
                "http_tokens": "required",
                "instance_metadata_tags": "disabled"
              }
            ],
            "monitoring": false,
            "network_interface": [],
            "outpost_arn": "",
            "password_data": "",
            "placement_group": "",
            "placement_group_id": "",
            "placement_partition_number": 0,
            "primary_network_interface": [
              {
                "delete_on_termination": true,
                "network_interface_id": "eni-060a6ef0a9876d4b2"
              }
            ],
            "primary_network_interface_id": "eni-060a6ef0a9876d4b2",
            "private_dns": "ip-10-17-1-251.ap-northeast-1.compute.internal",
            "private_dns_name_options": [
              {
                "enable_resource_name_dns_a_record": false,
                "enable_resource_name_dns_aaaa_record": false,
                "hostname_type": "ip-name"
              }
            ],
            "private_ip": "10.17.1.251",
            "public_dns": "ec2-57-180-249-203.ap-northeast-1.compute.amazonaws.com",
            "public_ip": "57.180.249.203",
            "region": "ap-northeast-1",
            "root_block_device": [
              {
                "delete_on_termination": true,
                "device_name": "/dev/xvda",
                "encrypted": false,
                "iops": 3000,
                "kms_key_id": "",
                "tags": {},
                "tags_all": {},
                "throughput": 125,
                "volume_id": "vol-08d2198cb315d0643",
                "volume_size": 8,
                "volume_type": "gp3"
              }
            ],
            "secondary_network_interface": [],
            "secondary_private_ips": [],
            "security_groups": [],
            "source_dest_check": true,
            "spot_instance_request_id": "",
            "subnet_id": "subnet-05203c9f665e8ea40",
            "tags": {
              "Name": "armageddon-class-vii-ec201"
            },
            "tags_all": {
              "Name": "armageddon-class-vii-ec201"
            },
            "tenancy": "default",
            "timeouts": null,
            "user_data": "#!/bin/bash\n\n\ndnf update -y\ndnf install -y python3-pip mariadb105\npip3 install flask pymysql boto3\nsudo systemctl enable amazon-ssm-agent\nsudo systemctl start amazon-ssm-agent\n\nmkdir -p /opt/rdsapp\ntouch /opt/rdsapp/app.log\nchmod 666 /opt/rdsapp/app.log\n\nchmod 755 /opt/rdsapp\ncat \u003e/opt/rdsapp/app.py \u003c\u003c'PY'\nimport json\nimport os\nimport boto3\nimport pymysql\nfrom flask import Flask, request\n\nREGION = os.environ.get(\"AWS_REGION\", \"ap-northeast-1\")\nSECRET_ID = os.environ.get(\"SECRET_ID\", \"armageddon-class-vii/rds/mysql-v0\")\n\nsecrets = boto3.client(\"secretsmanager\", region_name=REGION)\ncloudwatch = boto3.client(\"cloudwatch\", region_name=REGION)\n\nimport logging\n\n# Set up logging to write to a file\nlogging.basicConfig(\n    filename='/opt/rdsapp/app.log',\n    level=logging.ERROR,\n    format='%(asctime)s ERROR: %(message)s'\n)\n\ndef emit_db_error():\n    \"\"\"Triggers the CloudWatch Metric for the Alarm\"\"\"\n    try:\n        cloudwatch.put_metric_data(\n            Namespace=\"Lab/RDSApp\",\n            MetricData=[{\n                'MetricName': 'DBConnectionErrors',\n                'Value': 1.0,\n                'Unit': 'Count'\n            }]\n        )\n    except Exception as e:\n        logging.error(f\"Failed to emit CloudWatch metric: {e}\")\n\ndef get_conn():\n    try:\n        c = get_db_creds()\n        conn = pymysql.connect(\n            host=c[\"host\"],\n            user=c[\"username\"],\n            password=c[\"password\"],\n            port=int(c.get(\"port\", 3306)),\n            database=\"labdb\",\n            autocommit=True\n        )\n        return conn\n    except Exception as e:\n        # This is the \"Failure Message\" your CLI command is looking for\n        logging.error(f\"DATABASE CONNECTIVITY FAILURE: {str(e)}\")\n        emit_db_error()\n        raise e\n\ndef get_db_creds():\n    resp = secrets.get_secret_value(SecretId=SECRET_ID)\n    s = json.loads(resp[\"SecretString\"])\n    # When you use \"Credentials for RDS database\", AWS usually stores:\n    # username, password, host, port, dbname (sometimes)\n    return s\n\n\napp = Flask(__name__)\n\n@app.route(\"/\")\ndef home():\n    return \"\"\"\n    \u003ch2\u003eEC2 → RDS Notes App\u003c/h2\u003e\n    \u003cp\u003ePOST /add?note=hello\u003c/p\u003e\n    \u003cp\u003eGET /list\u003c/p\u003e\n    \"\"\"\n\n@app.route(\"/init\")\ndef init_db():\n    c = get_db_creds()\n    host = c[\"host\"]\n    user = c[\"username\"]\n    password = c[\"password\"]\n    port = int(c.get(\"port\", 3306))\n\n    # connect without specifying a DB first\n    conn = pymysql.connect(host=host, user=user, password=password, port=port, autocommit=True)\n    cur = conn.cursor()\n    cur.execute(\"CREATE DATABASE IF NOT EXISTS labdb;\")\n    cur.execute(\"USE labdb;\")\n    cur.execute(\"\"\"\n        CREATE TABLE IF NOT EXISTS notes (\n            id INT AUTO_INCREMENT PRIMARY KEY,\n            note VARCHAR(255) NOT NULL\n        );\n    \"\"\")\n    cur.close()\n    conn.close()\n    return \"Initialized labdb + notes table.\"\n\n@app.route(\"/add\", methods=[\"POST\", \"GET\"])\ndef add_note():\n    note = request.args.get(\"note\", \"\").strip()\n    if not note:\n        return \"Missing note param. Try: /add?note=hello\", 400\n    conn = get_conn()\n    cur = conn.cursor()\n    cur.execute(\"INSERT INTO notes(note) VALUES(%s);\", (note,))\n    cur.close()\n    conn.close()\n    return f\"Inserted note: {note}\"\n\n@app.route(\"/list\")\ndef list_notes():\n    conn = get_conn()\n    cur = conn.cursor()\n    cur.execute(\"SELECT id, note FROM notes ORDER BY id DESC;\")\n    rows = cur.fetchall()\n    cur.close()\n    conn.close()\n    out = \"\u003ch3\u003eNotes\u003c/h3\u003e\u003cul\u003e\"\n    for r in rows:\n        out += f\"\u003cli\u003e{r[0]}: {r[1]}\u003c/li\u003e\"\n    out += \"\u003c/ul\u003e\"\n    return out\n\nif __name__ == \"__main__\":\n    app.run(host=\"0.0.0.0\", port=80)\nPY\n\ncat \u003e/etc/systemd/system/rdsapp.service \u003c\u003c'SERVICE'\n[Unit]\nDescription=EC2 to RDS Notes App\nAfter=network.target\n\n[Service]\nWorkingDirectory=/opt/rdsapp\nEnvironment=SECRET_ID=armageddon-class-vii/rds/mysql-v0\nEnvironment=AWS_REGION=ap-northeast-1\nExecStart=/usr/bin/python3 /opt/rdsapp/app.py\nRestart=always\n\n[Install]\nWantedBy=multi-user.target\nSERVICE\n\ndnf install -y amazon-cloudwatch-agent\n\ncat \u003e /opt/aws/amazon-cloudwatch-agent/etc/amazon-cloudwatch-agent.json \u003c\u003c 'EOF'\n{\n  \"logs\": {\n    \"logs_collected\": {\n      \"files\": {\n        \"collect_list\": [\n          {\n            \"file_path\": \"/opt/rdsapp/app.log\",\n            \"log_group_name\": \"/aws/ec2/armageddon-class-vii-rds-app\",\n            \"log_stream_name\": \"{instance_id}\",\n            \"retention_in_days\": 7\n          }\n        ]\n      }\n    }\n  }\n}\nEOF\n\n# Start the agent with the config\n/opt/aws/amazon-cloudwatch-agent/bin/amazon-cloudwatch-agent-ctl \\\n  -a fetch-config -m ec2 -c file:/opt/aws/amazon-cloudwatch-agent/etc/amazon-cloudwatch-agent.json -s\n\nsystemctl daemon-reload\nsystemctl enable rdsapp\nsystemctl start rdsapp",
            "user_data_base64": null,
            "user_data_replace_on_change": false,
            "volume_tags": null,
            "vpc_security_group_ids": [
              "sg-0003fe3b31b822569"
            ]
          },
          "sensitive_attributes": [],
          "identity_schema_version": 0,
          "identity": {
            "account_id": "420228061920",
            "id": "i-07a34456f946c3141",
            "region": "ap-northeast-1"
          },
          "private": "eyJlMmJmYjczMC1lY2FhLTExZTYtOGY4OC0zNDM2M2JjN2M0YzAiOnsiY3JlYXRlIjo2MDAwMDAwMDAwMDAsImRlbGV0ZSI6MTIwMDAwMDAwMDAwMCwicmVhZCI6OTAwMDAwMDAwMDAwLCJ1cGRhdGUiOjYwMDAwMDAwMDAwMH0sInNjaGVtYV92ZXJzaW9uIjoiMiJ9",
          "dependencies": [
            "aws_iam_instance_profile.chewbacca_instance_profile01",
            "aws_iam_role.chewbacca_ec2_role01",
            "aws_secretsmanager_secret.chewbacca_db_secret01",
            "aws_security_group.chewbacca_ec2_sg01",
            "aws_subnet.chewbacca_public_subnets",
            "aws_vpc.chewbacca_vpc01"
          ]
        }
      ]
    },
    {
      "mode": "managed",
      "type": "aws_internet_gateway",
      "name": "chewbacca_igw01",
      "provider": "provider[\"registry.terraform.io/hashicorp/aws\"]",
      "instances": [
        {
          "schema_version": 0,
          "attributes": {
            "arn": "arn:aws:ec2:ap-northeast-1:420228061920:internet-gateway/igw-0b82ff06e9c85750c",
            "id": "igw-0b82ff06e9c85750c",
            "owner_id": "420228061920",
            "region": "ap-northeast-1",
            "tags": {
              "Name": "armageddon-class-vii-igw01"
            },
            "tags_all": {
              "Name": "armageddon-class-vii-igw01"
            },
            "timeouts": null,
            "vpc_id": "vpc-0c1d20e5128f37494"
          },
          "sensitive_attributes": [],
          "identity_schema_version": 0,
          "private": "eyJlMmJmYjczMC1lY2FhLTExZTYtOGY4OC0zNDM2M2JjN2M0YzAiOnsiY3JlYXRlIjoxMjAwMDAwMDAwMDAwLCJkZWxldGUiOjEyMDAwMDAwMDAwMDAsInVwZGF0ZSI6MTIwMDAwMDAwMDAwMH19",
          "dependencies": [
            "aws_vpc.chewbacca_vpc01"
          ]
        }
      ]
    },
    {
      "mode": "managed",
      "type": "aws_nat_gateway",
      "name": "chewbacca_nat01",
      "provider": "provider[\"registry.terraform.io/hashicorp/aws\"]",
      "instances": [
        {
          "schema_version": 0,
          "attributes": {
            "allocation_id": "eipalloc-0e0ce049e844d993e",
            "association_id": "eipassoc-0fd4d6b720d3f136a",
            "auto_provision_zones": null,
            "auto_scaling_ips": null,
            "availability_mode": "zonal",
            "availability_zone_address": [],
            "connectivity_type": "public",
            "id": "nat-0b22a2a06593a335e",
            "network_interface_id": "eni-016cadec4b155591c",
            "private_ip": "10.17.1.196",
            "public_ip": "13.159.194.155",
            "region": "ap-northeast-1",
            "regional_nat_gateway_address": [],
            "regional_nat_gateway_auto_mode": null,
            "route_table_id": null,
            "secondary_allocation_ids": [],
            "secondary_private_ip_address_count": 0,
            "secondary_private_ip_addresses": [],
            "subnet_id": "subnet-05203c9f665e8ea40",
            "tags": {
              "Name": "armageddon-class-vii-nat01"
            },
            "tags_all": {
              "Name": "armageddon-class-vii-nat01"
            },
            "timeouts": null,
            "vpc_id": "vpc-0c1d20e5128f37494"
          },
          "sensitive_attributes": [],
          "identity_schema_version": 0,
          "private": "eyJlMmJmYjczMC1lY2FhLTExZTYtOGY4OC0zNDM2M2JjN2M0YzAiOnsiY3JlYXRlIjo2MDAwMDAwMDAwMDAsImRlbGV0ZSI6MTgwMDAwMDAwMDAwMCwidXBkYXRlIjo2MDAwMDAwMDAwMDB9fQ==",
          "dependencies": [
            "aws_eip.chewbacca_nat_eip01",
            "aws_internet_gateway.chewbacca_igw01",
            "aws_subnet.chewbacca_public_subnets",
            "aws_vpc.chewbacca_vpc01"
          ]
        }
      ]
    },
    {
      "mode": "managed",
      "type": "aws_route",
      "name": "chewbacca_private_default_route",
      "provider": "provider[\"registry.terraform.io/hashicorp/aws\"]",
      "instances": [
        {
          "schema_version": 0,
          "attributes": {
            "carrier_gateway_id": "",
            "core_network_arn": "",
            "destination_cidr_block": "0.0.0.0/0",
            "destination_ipv6_cidr_block": "",
            "destination_prefix_list_id": "",
            "egress_only_gateway_id": "",
            "gateway_id": "",
            "id": "r-rtb-0c3bab8f3daf5f74b1080289494",
            "instance_id": "",
            "instance_owner_id": "",
            "local_gateway_id": "",
            "nat_gateway_id": "nat-0b22a2a06593a335e",
            "network_interface_id": "",
            "origin": "CreateRoute",
            "region": "ap-northeast-1",
            "route_table_id": "rtb-0c3bab8f3daf5f74b",
            "state": "active",
            "timeouts": null,
            "transit_gateway_id": "",
            "vpc_endpoint_id": "",
            "vpc_peering_connection_id": ""
          },
          "sensitive_attributes": [],
          "identity_schema_version": 0,
          "identity": {
            "account_id": "420228061920",
            "destination_cidr_block": "0.0.0.0/0",
            "destination_ipv6_cidr_block": null,
            "destination_prefix_list_id": null,
            "region": "ap-northeast-1",
            "route_table_id": "rtb-0c3bab8f3daf5f74b"
          },
          "private": "eyJlMmJmYjczMC1lY2FhLTExZTYtOGY4OC0zNDM2M2JjN2M0YzAiOnsiY3JlYXRlIjozMDAwMDAwMDAwMDAsImRlbGV0ZSI6MzAwMDAwMDAwMDAwLCJ1cGRhdGUiOjEyMDAwMDAwMDAwMH19",
          "dependencies": [
            "aws_eip.chewbacca_nat_eip01",
            "aws_internet_gateway.chewbacca_igw01",
            "aws_nat_gateway.chewbacca_nat01",
            "aws_route_table.chewbacca_private_rt01",
            "aws_subnet.chewbacca_public_subnets",
            "aws_vpc.chewbacca_vpc01"
          ]
        }
      ]
    },
    {
      "mode": "managed",
      "type": "aws_route",
      "name": "chewbacca_public_default_route",
      "provider": "provider[\"registry.terraform.io/hashicorp/aws\"]",
      "instances": [
        {
          "schema_version": 0,
          "attributes": {
            "carrier_gateway_id": "",
            "core_network_arn": "",
            "destination_cidr_block": "0.0.0.0/0",
            "destination_ipv6_cidr_block": "",
            "destination_prefix_list_id": "",
            "egress_only_gateway_id": "",
            "gateway_id": "igw-0b82ff06e9c85750c",
            "id": "r-rtb-044e5caf2a1dd95221080289494",
            "instance_id": "",
            "instance_owner_id": "",
            "local_gateway_id": "",
            "nat_gateway_id": "",
            "network_interface_id": "",
            "origin": "CreateRoute",
            "region": "ap-northeast-1",
            "route_table_id": "rtb-044e5caf2a1dd9522",
            "state": "active",
            "timeouts": null,
            "transit_gateway_id": "",
            "vpc_endpoint_id": "",
            "vpc_peering_connection_id": ""
          },
          "sensitive_attributes": [],
          "identity_schema_version": 0,
          "identity": {
            "account_id": "420228061920",
            "destination_cidr_block": "0.0.0.0/0",
            "destination_ipv6_cidr_block": null,
            "destination_prefix_list_id": null,
            "region": "ap-northeast-1",
            "route_table_id": "rtb-044e5caf2a1dd9522"
          },
          "private": "eyJlMmJmYjczMC1lY2FhLTExZTYtOGY4OC0zNDM2M2JjN2M0YzAiOnsiY3JlYXRlIjozMDAwMDAwMDAwMDAsImRlbGV0ZSI6MzAwMDAwMDAwMDAwLCJ1cGRhdGUiOjEyMDAwMDAwMDAwMH19",
          "dependencies": [
            "aws_internet_gateway.chewbacca_igw01",
            "aws_route_table.chewbacca_public_rt01",
            "aws_vpc.chewbacca_vpc01"
          ]
        }
      ]
    },
    {
      "mode": "managed",
      "type": "aws_route_table",
      "name": "chewbacca_private_rt01",
      "provider": "provider[\"registry.terraform.io/hashicorp/aws\"]",
      "instances": [
        {
          "schema_version": 0,
          "attributes": {
            "arn": "arn:aws:ec2:ap-northeast-1:420228061920:route-table/rtb-0c3bab8f3daf5f74b",
            "id": "rtb-0c3bab8f3daf5f74b",
            "owner_id": "420228061920",
            "propagating_vgws": [],
            "region": "ap-northeast-1",
            "route": [
              {
                "carrier_gateway_id": "",
                "cidr_block": "0.0.0.0/0",
                "core_network_arn": "",
                "destination_prefix_list_id": "",
                "egress_only_gateway_id": "",
                "gateway_id": "",
                "ipv6_cidr_block": "",
                "local_gateway_id": "",
                "nat_gateway_id": "nat-0b22a2a06593a335e",
                "network_interface_id": "",
                "transit_gateway_id": "",
                "vpc_endpoint_id": "",
                "vpc_peering_connection_id": ""
              }
            ],
            "tags": {
              "Name": "armageddon-class-vii-private-rt01"
            },
            "tags_all": {
              "Name": "armageddon-class-vii-private-rt01"
            },
            "timeouts": null,
            "vpc_id": "vpc-0c1d20e5128f37494"
          },
          "sensitive_attributes": [],
          "identity_schema_version": 0,
          "identity": {
            "account_id": "420228061920",
            "id": "rtb-0c3bab8f3daf5f74b",
            "region": "ap-northeast-1"
          },
          "private": "eyJlMmJmYjczMC1lY2FhLTExZTYtOGY4OC0zNDM2M2JjN2M0YzAiOnsiY3JlYXRlIjozMDAwMDAwMDAwMDAsImRlbGV0ZSI6MzAwMDAwMDAwMDAwLCJ1cGRhdGUiOjEyMDAwMDAwMDAwMH19",
          "dependencies": [
            "aws_vpc.chewbacca_vpc01"
          ]
        }
      ]
    },
    {
      "mode": "managed",
      "type": "aws_route_table",
      "name": "chewbacca_public_rt01",
      "provider": "provider[\"registry.terraform.io/hashicorp/aws\"]",
      "instances": [
        {
          "schema_version": 0,
          "attributes": {
            "arn": "arn:aws:ec2:ap-northeast-1:420228061920:route-table/rtb-044e5caf2a1dd9522",
            "id": "rtb-044e5caf2a1dd9522",
            "owner_id": "420228061920",
            "propagating_vgws": [],
            "region": "ap-northeast-1",
            "route": [
              {
                "carrier_gateway_id": "",
                "cidr_block": "0.0.0.0/0",
                "core_network_arn": "",
                "destination_prefix_list_id": "",
                "egress_only_gateway_id": "",
                "gateway_id": "igw-0b82ff06e9c85750c",
                "ipv6_cidr_block": "",
                "local_gateway_id": "",
                "nat_gateway_id": "",
                "network_interface_id": "",
                "transit_gateway_id": "",
                "vpc_endpoint_id": "",
                "vpc_peering_connection_id": ""
              }
            ],
            "tags": {
              "Name": "armageddon-class-vii-public-rt01"
            },
            "tags_all": {
              "Name": "armageddon-class-vii-public-rt01"
            },
            "timeouts": null,
            "vpc_id": "vpc-0c1d20e5128f37494"
          },
          "sensitive_attributes": [],
          "identity_schema_version": 0,
          "identity": {
            "account_id": "420228061920",
            "id": "rtb-044e5caf2a1dd9522",
            "region": "ap-northeast-1"
          },
          "private": "eyJlMmJmYjczMC1lY2FhLTExZTYtOGY4OC0zNDM2M2JjN2M0YzAiOnsiY3JlYXRlIjozMDAwMDAwMDAwMDAsImRlbGV0ZSI6MzAwMDAwMDAwMDAwLCJ1cGRhdGUiOjEyMDAwMDAwMDAwMH19",
          "dependencies": [
            "aws_vpc.chewbacca_vpc01"
          ]
        }
      ]
    },
    {
      "mode": "managed",
      "type": "aws_route_table_association",
      "name": "chewbacca_private_rta",
      "provider": "provider[\"registry.terraform.io/hashicorp/aws\"]",
      "instances": [
        {
          "index_key": 0,
          "schema_version": 0,
          "attributes": {
            "gateway_id": "",
            "id": "rtbassoc-04fedc25c7885ff96",
            "region": "ap-northeast-1",
            "route_table_id": "rtb-0c3bab8f3daf5f74b",
            "subnet_id": "subnet-010ad1829138a0abe",
            "timeouts": null
          },
          "sensitive_attributes": [],
          "identity_schema_version": 0,
          "private": "eyJlMmJmYjczMC1lY2FhLTExZTYtOGY4OC0zNDM2M2JjN2M0YzAiOnsiY3JlYXRlIjozMDAwMDAwMDAwMDAsImRlbGV0ZSI6MzAwMDAwMDAwMDAwLCJ1cGRhdGUiOjEyMDAwMDAwMDAwMH19",
          "dependencies": [
            "aws_route_table.chewbacca_private_rt01",
            "aws_subnet.chewbacca_private_subnets",
            "aws_vpc.chewbacca_vpc01"
          ]
        },
        {
          "index_key": 1,
          "schema_version": 0,
          "attributes": {
            "gateway_id": "",
            "id": "rtbassoc-050abcd42bccd5667",
            "region": "ap-northeast-1",
            "route_table_id": "rtb-0c3bab8f3daf5f74b",
            "subnet_id": "subnet-038896281d257a36c",
            "timeouts": null
          },
          "sensitive_attributes": [],
          "identity_schema_version": 0,
          "private": "eyJlMmJmYjczMC1lY2FhLTExZTYtOGY4OC0zNDM2M2JjN2M0YzAiOnsiY3JlYXRlIjozMDAwMDAwMDAwMDAsImRlbGV0ZSI6MzAwMDAwMDAwMDAwLCJ1cGRhdGUiOjEyMDAwMDAwMDAwMH19",
          "dependencies": [
            "aws_route_table.chewbacca_private_rt01",
            "aws_subnet.chewbacca_private_subnets",
            "aws_vpc.chewbacca_vpc01"
          ]
        }
      ]
    },
    {
      "mode": "managed",
      "type": "aws_route_table_association",
      "name": "chewbacca_public_rta",
      "provider": "provider[\"registry.terraform.io/hashicorp/aws\"]",
      "instances": [
        {
          "index_key": 0,
          "schema_version": 0,
          "attributes": {
            "gateway_id": "",
            "id": "rtbassoc-08831b46c0fb5dcbf",
            "region": "ap-northeast-1",
            "route_table_id": "rtb-044e5caf2a1dd9522",
            "subnet_id": "subnet-05203c9f665e8ea40",
            "timeouts": null
          },
          "sensitive_attributes": [],
          "identity_schema_version": 0,
          "private": "eyJlMmJmYjczMC1lY2FhLTExZTYtOGY4OC0zNDM2M2JjN2M0YzAiOnsiY3JlYXRlIjozMDAwMDAwMDAwMDAsImRlbGV0ZSI6MzAwMDAwMDAwMDAwLCJ1cGRhdGUiOjEyMDAwMDAwMDAwMH19",
          "dependencies": [
            "aws_route_table.chewbacca_public_rt01",
            "aws_subnet.chewbacca_public_subnets",
            "aws_vpc.chewbacca_vpc01"
          ]
        },
        {
          "index_key": 1,
          "schema_version": 0,
          "attributes": {
            "gateway_id": "",
            "id": "rtbassoc-09502c5f2c94c3d9b",
            "region": "ap-northeast-1",
            "route_table_id": "rtb-044e5caf2a1dd9522",
            "subnet_id": "subnet-0e3ec541e365305c1",
            "timeouts": null
          },
          "sensitive_attributes": [],
          "identity_schema_version": 0,
          "private": "eyJlMmJmYjczMC1lY2FhLTExZTYtOGY4OC0zNDM2M2JjN2M0YzAiOnsiY3JlYXRlIjozMDAwMDAwMDAwMDAsImRlbGV0ZSI6MzAwMDAwMDAwMDAwLCJ1cGRhdGUiOjEyMDAwMDAwMDAwMH19",
          "dependencies": [
            "aws_route_table.chewbacca_public_rt01",
            "aws_subnet.chewbacca_public_subnets",
            "aws_vpc.chewbacca_vpc01"
          ]
        }
      ]
    },
    {
      "mode": "managed",
      "type": "aws_secretsmanager_secret",
      "name": "chewbacca_db_secret01",
      "provider": "provider[\"registry.terraform.io/hashicorp/aws\"]",
      "instances": [
        {
          "schema_version": 0,
          "attributes": {
            "arn": "arn:aws:secretsmanager:ap-northeast-1:420228061920:secret:armageddon-class-vii/rds/mysql-v0-P515DA",
            "description": "",
            "force_overwrite_replica_secret": false,
            "id": "arn:aws:secretsmanager:ap-northeast-1:420228061920:secret:armageddon-class-vii/rds/mysql-v0-P515DA",
            "kms_key_id": "",
            "name": "armageddon-class-vii/rds/mysql-v0",
            "name_prefix": "",
            "policy": "",
            "recovery_window_in_days": 30,
            "region": "ap-northeast-1",
            "replica": [],
            "tags": {},
            "tags_all": {}
          },
          "sensitive_attributes": [],
          "identity_schema_version": 0,
          "identity": {
            "arn": "arn:aws:secretsmanager:ap-northeast-1:420228061920:secret:armageddon-class-vii/rds/mysql-v0-P515DA"
          },
          "private": "bnVsbA=="
        }
      ]
    },
    {
      "mode": "managed",
      "type": "aws_secretsmanager_secret_version",
      "name": "chewbacca_db_secret_version01",
      "provider": "provider[\"registry.terraform.io/hashicorp/aws\"]",
      "instances": [
        {
          "schema_version": 0,
          "attributes": {
            "arn": "arn:aws:secretsmanager:ap-northeast-1:420228061920:secret:armageddon-class-vii/rds/mysql-v0-P515DA",
            "has_secret_string_wo": null,
            "id": "arn:aws:secretsmanager:ap-northeast-1:420228061920:secret:armageddon-class-vii/rds/mysql-v0-P515DA|terraform-20260303133149565100000002",
            "region": "ap-northeast-1",
            "secret_binary": "",
            "secret_id": "arn:aws:secretsmanager:ap-northeast-1:420228061920:secret:armageddon-class-vii/rds/mysql-v0-P515DA",
            "secret_string": "{\"dbname\":\"labdb\",\"host\":\"armageddon-class-vii-rds01.cvy24sayqwx1.ap-northeast-1.rds.amazonaws.com\",\"password\":\"Bigpimpin6\",\"port\":3306,\"username\":\"admin\"}",
            "secret_string_wo": null,
            "secret_string_wo_version": null,
            "version_id": "terraform-20260303133149565100000002",
            "version_stages": [
              "AWSCURRENT"
            ]
          },
          "sensitive_attributes": [
            [
              {
                "type": "get_attr",
                "value": "secret_binary"
              }
            ],
            [
              {
                "type": "get_attr",
                "value": "secret_string"
              }
            ],
            [
              {
                "type": "get_attr",
                "value": "secret_string_wo"
              }
            ]
          ],
          "identity_schema_version": 0,
          "identity": {
            "account_id": "420228061920",
            "region": "ap-northeast-1",
            "secret_id": "arn:aws:secretsmanager:ap-northeast-1:420228061920:secret:armageddon-class-vii/rds/mysql-v0-P515DA",
            "version_id": "terraform-20260303133149565100000002"
          },
          "private": "bnVsbA==",
          "dependencies": [
            "aws_db_instance.chewbacca_rds01",
            "aws_db_subnet_group.chewbacca_rds_subnet_group01",
            "aws_secretsmanager_secret.chewbacca_db_secret01",
            "aws_security_group.chewbacca_rds_sg01",
            "aws_subnet.chewbacca_private_subnets",
            "aws_vpc.chewbacca_vpc01"
          ]
        }
      ]
    },
    {
      "mode": "managed",
      "type": "aws_security_group",
      "name": "chewbacca_ec2_sg01",
      "provider": "provider[\"registry.terraform.io/hashicorp/aws\"]",
      "instances": [
        {
          "schema_version": 1,
          "attributes": {
            "arn": "arn:aws:ec2:ap-northeast-1:420228061920:security-group/sg-0003fe3b31b822569",
            "description": "EC2 app security group",
            "egress": [
              {
                "cidr_blocks": [
                  "0.0.0.0/0"
                ],
                "description": "",
                "from_port": 0,
                "ipv6_cidr_blocks": [],
                "prefix_list_ids": [],
                "protocol": "-1",
                "security_groups": [],
                "self": false,
                "to_port": 0
              }
            ],
            "id": "sg-0003fe3b31b822569",
            "ingress": [
              {
                "cidr_blocks": [
                  "0.0.0.0/0"
                ],
                "description": "Allow HTTP traffic",
                "from_port": 80,
                "ipv6_cidr_blocks": [],
                "prefix_list_ids": [],
                "protocol": "tcp",
                "security_groups": [],
                "self": false,
                "to_port": 80
              }
            ],
            "name": "armageddon-class-vii-ec2-sg01",
            "name_prefix": "",
            "owner_id": "420228061920",
            "region": "ap-northeast-1",
            "revoke_rules_on_delete": false,
            "tags": {
              "Name": "armageddon-class-vii-ec2-sg01"
            },
            "tags_all": {
              "Name": "armageddon-class-vii-ec2-sg01"
            },
            "timeouts": null,
            "vpc_id": "vpc-0c1d20e5128f37494"
          },
          "sensitive_attributes": [],
          "identity_schema_version": 0,
          "identity": {
            "account_id": "420228061920",
            "id": "sg-0003fe3b31b822569",
            "region": "ap-northeast-1"
          },
          "private": "eyJlMmJmYjczMC1lY2FhLTExZTYtOGY4OC0zNDM2M2JjN2M0YzAiOnsiY3JlYXRlIjo2MDAwMDAwMDAwMDAsImRlbGV0ZSI6OTAwMDAwMDAwMDAwfSwic2NoZW1hX3ZlcnNpb24iOiIxIn0=",
          "dependencies": [
            "aws_vpc.chewbacca_vpc01"
          ]
        }
      ]
    },
    {
      "mode": "managed",
      "type": "aws_security_group",
      "name": "chewbacca_rds_sg01",
      "provider": "provider[\"registry.terraform.io/hashicorp/aws\"]",
      "instances": [
        {
          "schema_version": 1,
          "attributes": {
            "arn": "arn:aws:ec2:ap-northeast-1:420228061920:security-group/sg-056f278ecf44e6b8f",
            "description": "RDS security group",
            "egress": [],
            "id": "sg-056f278ecf44e6b8f",
            "ingress": [
              {
                "cidr_blocks": [],
                "description": "Allow MySQL traffic",
                "from_port": 3306,
                "ipv6_cidr_blocks": [],
                "prefix_list_ids": [],
                "protocol": "tcp",
                "security_groups": [
                  "sg-0003fe3b31b822569"
                ],
                "self": false,
                "to_port": 3306
              }
            ],
            "name": "armageddon-class-vii-rds-sg01",
            "name_prefix": "",
            "owner_id": "420228061920",
            "region": "ap-northeast-1",
            "revoke_rules_on_delete": false,
            "tags": {
              "Name": "armageddon-class-vii-rds-sg01"
            },
            "tags_all": {
              "Name": "armageddon-class-vii-rds-sg01"
            },
            "timeouts": null,
            "vpc_id": "vpc-0c1d20e5128f37494"
          },
          "sensitive_attributes": [],
          "identity_schema_version": 0,
          "identity": {
            "account_id": "420228061920",
            "id": "sg-056f278ecf44e6b8f",
            "region": "ap-northeast-1"
          },
          "private": "eyJlMmJmYjczMC1lY2FhLTExZTYtOGY4OC0zNDM2M2JjN2M0YzAiOnsiY3JlYXRlIjo2MDAwMDAwMDAwMDAsImRlbGV0ZSI6OTAwMDAwMDAwMDAwfSwic2NoZW1hX3ZlcnNpb24iOiIxIn0=",
          "dependencies": [
            "aws_vpc.chewbacca_vpc01"
          ]
        }
      ]
    },
    {
      "mode": "managed",
      "type": "aws_sns_topic",
      "name": "chewbacca_sns_topic01",
      "provider": "provider[\"registry.terraform.io/hashicorp/aws\"]",
      "instances": [
        {
          "schema_version": 0,
          "attributes": {
            "application_failure_feedback_role_arn": "",
            "application_success_feedback_role_arn": "",
            "application_success_feedback_sample_rate": 0,
            "archive_policy": "",
            "arn": "arn:aws:sns:ap-northeast-1:420228061920:armageddon-class-vii-db-incidents",
            "beginning_archive_time": "",
            "content_based_deduplication": false,
            "delivery_policy": "",
            "display_name": "",
            "fifo_throughput_scope": "",
            "fifo_topic": false,
            "firehose_failure_feedback_role_arn": "",
            "firehose_success_feedback_role_arn": "",
            "firehose_success_feedback_sample_rate": 0,
            "http_failure_feedback_role_arn": "",
            "http_success_feedback_role_arn": "",
            "http_success_feedback_sample_rate": 0,
            "id": "arn:aws:sns:ap-northeast-1:420228061920:armageddon-class-vii-db-incidents",
            "kms_master_key_id": "",
            "lambda_failure_feedback_role_arn": "",
            "lambda_success_feedback_role_arn": "",
            "lambda_success_feedback_sample_rate": 0,
            "name": "armageddon-class-vii-db-incidents",
            "name_prefix": "",
            "owner": "420228061920",
            "policy": "{\"Id\":\"__default_policy_ID\",\"Statement\":[{\"Action\":[\"SNS:GetTopicAttributes\",\"SNS:SetTopicAttributes\",\"SNS:AddPermission\",\"SNS:RemovePermission\",\"SNS:DeleteTopic\",\"SNS:Subscribe\",\"SNS:ListSubscriptionsByTopic\",\"SNS:Publish\"],\"Condition\":{\"StringEquals\":{\"AWS:SourceOwner\":\"420228061920\"}},\"Effect\":\"Allow\",\"Principal\":{\"AWS\":\"*\"},\"Resource\":\"arn:aws:sns:ap-northeast-1:420228061920:armageddon-class-vii-db-incidents\",\"Sid\":\"__default_statement_ID\"}],\"Version\":\"2008-10-17\"}",
            "region": "ap-northeast-1",
            "signature_version": 0,
            "sqs_failure_feedback_role_arn": "",
            "sqs_success_feedback_role_arn": "",
            "sqs_success_feedback_sample_rate": 0,
            "tags": {},
            "tags_all": {},
            "tracing_config": ""
          },
          "sensitive_attributes": [],
          "identity_schema_version": 0,
          "identity": {
            "arn": "arn:aws:sns:ap-northeast-1:420228061920:armageddon-class-vii-db-incidents"
          },
          "private": "bnVsbA=="
        }
      ]
    },
    {
      "mode": "managed",
      "type": "aws_sns_topic_subscription",
      "name": "chewbacca_sns_sub01",
      "provider": "provider[\"registry.terraform.io/hashicorp/aws\"]",
      "instances": [
        {
          "schema_version": 0,
          "attributes": {
            "arn": "arn:aws:sns:ap-northeast-1:420228061920:armageddon-class-vii-db-incidents:66334314-b75a-407f-8977-7a1adfc21759",
            "confirmation_timeout_in_minutes": 1,
            "confirmation_was_authenticated": false,
            "delivery_policy": "",
            "endpoint": "anthonyade.consulting@gmail.com",
            "endpoint_auto_confirms": false,
            "filter_policy": "",
            "filter_policy_scope": "",
            "id": "arn:aws:sns:ap-northeast-1:420228061920:armageddon-class-vii-db-incidents:66334314-b75a-407f-8977-7a1adfc21759",
            "owner_id": "420228061920",
            "pending_confirmation": false,
            "protocol": "email",
            "raw_message_delivery": false,
            "redrive_policy": "",
            "region": "ap-northeast-1",
            "replay_policy": "",
            "subscription_role_arn": "",
            "topic_arn": "arn:aws:sns:ap-northeast-1:420228061920:armageddon-class-vii-db-incidents"
          },
          "sensitive_attributes": [],
          "identity_schema_version": 0,
          "identity": {
            "arn": "arn:aws:sns:ap-northeast-1:420228061920:armageddon-class-vii-db-incidents:66334314-b75a-407f-8977-7a1adfc21759"
          },
          "private": "bnVsbA==",
          "dependencies": [
            "aws_sns_topic.chewbacca_sns_topic01"
          ]
        }
      ]
    },
    {
      "mode": "managed",
      "type": "aws_ssm_parameter",
      "name": "chewbacca_db_endpoint_param",
      "provider": "provider[\"registry.terraform.io/hashicorp/aws\"]",
      "instances": [
        {
          "schema_version": 0,
          "attributes": {
            "allowed_pattern": "",
            "arn": "arn:aws:ssm:ap-northeast-1:420228061920:parameter/lab/db/endpoint",
            "data_type": "text",
            "description": "",
            "has_value_wo": false,
            "id": "/lab/db/endpoint",
            "insecure_value": null,
            "key_id": "",
            "name": "/lab/db/endpoint",
            "overwrite": null,
            "region": "ap-northeast-1",
            "tags": {
              "Name": "armageddon-class-vii-param-db-endpoint"
            },
            "tags_all": {
              "Name": "armageddon-class-vii-param-db-endpoint"
            },
            "tier": "Standard",
            "type": "String",
            "value": "armageddon-class-vii-rds01.cvy24sayqwx1.ap-northeast-1.rds.amazonaws.com",
            "value_wo": null,
            "value_wo_version": null,
            "version": 1
          },
          "sensitive_attributes": [
            [
              {
                "type": "get_attr",
                "value": "value"
              }
            ],
            [
              {
                "type": "get_attr",
                "value": "value_wo"
              }
            ]
          ],
          "identity_schema_version": 0,
          "identity": {
            "account_id": "420228061920",
            "name": "/lab/db/endpoint",
            "region": "ap-northeast-1"
          },
          "private": "bnVsbA==",
          "dependencies": [
            "aws_db_instance.chewbacca_rds01",
            "aws_db_subnet_group.chewbacca_rds_subnet_group01",
            "aws_security_group.chewbacca_rds_sg01",
            "aws_subnet.chewbacca_private_subnets",
            "aws_vpc.chewbacca_vpc01"
          ]
        }
      ]
    },
    {
      "mode": "managed",
      "type": "aws_ssm_parameter",
      "name": "chewbacca_db_name_param",
      "provider": "provider[\"registry.terraform.io/hashicorp/aws\"]",
      "instances": [
        {
          "schema_version": 0,
          "attributes": {
            "allowed_pattern": "",
            "arn": "arn:aws:ssm:ap-northeast-1:420228061920:parameter/lab/db/name",
            "data_type": "text",
            "description": "",
            "has_value_wo": false,
            "id": "/lab/db/name",
            "insecure_value": null,
            "key_id": "",
            "name": "/lab/db/name",
            "overwrite": null,
            "region": "ap-northeast-1",
            "tags": {
              "Name": "armageddon-class-vii-param-db-name"
            },
            "tags_all": {
              "Name": "armageddon-class-vii-param-db-name"
            },
            "tier": "Standard",
            "type": "String",
            "value": "labdb",
            "value_wo": null,
            "value_wo_version": null,
            "version": 1
          },
          "sensitive_attributes": [
            [
              {
                "type": "get_attr",
                "value": "value"
              }
            ],
            [
              {
                "type": "get_attr",
                "value": "value_wo"
              }
            ]
          ],
          "identity_schema_version": 0,
          "identity": {
            "account_id": "420228061920",
            "name": "/lab/db/name",
            "region": "ap-northeast-1"
          },
          "private": "bnVsbA=="
        }
      ]
    },
    {
      "mode": "managed",
      "type": "aws_ssm_parameter",
      "name": "chewbacca_db_port_param",
      "provider": "provider[\"registry.terraform.io/hashicorp/aws\"]",
      "instances": [
        {
          "schema_version": 0,
          "attributes": {
            "allowed_pattern": "",
            "arn": "arn:aws:ssm:ap-northeast-1:420228061920:parameter/lab/db/port",
            "data_type": "text",
            "description": "",
            "has_value_wo": false,
            "id": "/lab/db/port",
            "insecure_value": null,
            "key_id": "",
            "name": "/lab/db/port",
            "overwrite": null,
            "region": "ap-northeast-1",
            "tags": {
              "Name": "armageddon-class-vii-param-db-port"
            },
            "tags_all": {
              "Name": "armageddon-class-vii-param-db-port"
            },
            "tier": "Standard",
            "type": "String",
            "value": "3306",
            "value_wo": null,
            "value_wo_version": null,
            "version": 1
          },
          "sensitive_attributes": [
            [
              {
                "type": "get_attr",
                "value": "value"
              }
            ],
            [
              {
                "type": "get_attr",
                "value": "value_wo"
              }
            ]
          ],
          "identity_schema_version": 0,
          "identity": {
            "account_id": "420228061920",
            "name": "/lab/db/port",
            "region": "ap-northeast-1"
          },
          "private": "bnVsbA==",
          "dependencies": [
            "aws_db_instance.chewbacca_rds01",
            "aws_db_subnet_group.chewbacca_rds_subnet_group01",
            "aws_security_group.chewbacca_rds_sg01",
            "aws_subnet.chewbacca_private_subnets",
            "aws_vpc.chewbacca_vpc01"
          ]
        }
      ]
    },
    {
      "mode": "managed",
      "type": "aws_subnet",
      "name": "chewbacca_private_subnets",
      "provider": "provider[\"registry.terraform.io/hashicorp/aws\"]",
      "instances": [
        {
          "index_key": 0,
          "schema_version": 1,
          "attributes": {
            "arn": "arn:aws:ec2:ap-northeast-1:420228061920:subnet/subnet-010ad1829138a0abe",
            "assign_ipv6_address_on_creation": false,
            "availability_zone": "ap-northeast-1a",
            "availability_zone_id": "apne1-az4",
            "cidr_block": "10.17.11.0/24",
            "customer_owned_ipv4_pool": "",
            "enable_dns64": false,
            "enable_lni_at_device_index": 0,
            "enable_resource_name_dns_a_record_on_launch": false,
            "enable_resource_name_dns_aaaa_record_on_launch": false,
            "id": "subnet-010ad1829138a0abe",
            "ipv4_ipam_pool_id": null,
            "ipv4_netmask_length": null,
            "ipv6_cidr_block": "",
            "ipv6_cidr_block_association_id": "",
            "ipv6_ipam_pool_id": null,
            "ipv6_native": false,
            "ipv6_netmask_length": null,
            "map_customer_owned_ip_on_launch": false,
            "map_public_ip_on_launch": false,
            "outpost_arn": "",
            "owner_id": "420228061920",
            "private_dns_hostname_type_on_launch": "ip-name",
            "region": "ap-northeast-1",
            "tags": {
              "Name": "armageddon-class-vii-private-subnet01"
            },
            "tags_all": {
              "Name": "armageddon-class-vii-private-subnet01"
            },
            "timeouts": null,
            "vpc_id": "vpc-0c1d20e5128f37494"
          },
          "sensitive_attributes": [],
          "identity_schema_version": 0,
          "identity": {
            "account_id": "420228061920",
            "id": "subnet-010ad1829138a0abe",
            "region": "ap-northeast-1"
          },
          "private": "eyJlMmJmYjczMC1lY2FhLTExZTYtOGY4OC0zNDM2M2JjN2M0YzAiOnsiY3JlYXRlIjo2MDAwMDAwMDAwMDAsImRlbGV0ZSI6MTIwMDAwMDAwMDAwMH0sInNjaGVtYV92ZXJzaW9uIjoiMSJ9",
          "dependencies": [
            "aws_vpc.chewbacca_vpc01"
          ]
        },
        {
          "index_key": 1,
          "schema_version": 1,
          "attributes": {
            "arn": "arn:aws:ec2:ap-northeast-1:420228061920:subnet/subnet-038896281d257a36c",
            "assign_ipv6_address_on_creation": false,
            "availability_zone": "ap-northeast-1c",
            "availability_zone_id": "apne1-az1",
            "cidr_block": "10.17.12.0/24",
            "customer_owned_ipv4_pool": "",
            "enable_dns64": false,
            "enable_lni_at_device_index": 0,
            "enable_resource_name_dns_a_record_on_launch": false,
            "enable_resource_name_dns_aaaa_record_on_launch": false,
            "id": "subnet-038896281d257a36c",
            "ipv4_ipam_pool_id": null,
            "ipv4_netmask_length": null,
            "ipv6_cidr_block": "",
            "ipv6_cidr_block_association_id": "",
            "ipv6_ipam_pool_id": null,
            "ipv6_native": false,
            "ipv6_netmask_length": null,
            "map_customer_owned_ip_on_launch": false,
            "map_public_ip_on_launch": false,
            "outpost_arn": "",
            "owner_id": "420228061920",
            "private_dns_hostname_type_on_launch": "ip-name",
            "region": "ap-northeast-1",
            "tags": {
              "Name": "armageddon-class-vii-private-subnet02"
            },
            "tags_all": {
              "Name": "armageddon-class-vii-private-subnet02"
            },
            "timeouts": null,
            "vpc_id": "vpc-0c1d20e5128f37494"
          },
          "sensitive_attributes": [],
          "identity_schema_version": 0,
          "identity": {
            "account_id": "420228061920",
            "id": "subnet-038896281d257a36c",
            "region": "ap-northeast-1"
          },
          "private": "eyJlMmJmYjczMC1lY2FhLTExZTYtOGY4OC0zNDM2M2JjN2M0YzAiOnsiY3JlYXRlIjo2MDAwMDAwMDAwMDAsImRlbGV0ZSI6MTIwMDAwMDAwMDAwMH0sInNjaGVtYV92ZXJzaW9uIjoiMSJ9",
          "dependencies": [
            "aws_vpc.chewbacca_vpc01"
          ]
        }
      ]
    },
    {
      "mode": "managed",
      "type": "aws_subnet",
      "name": "chewbacca_public_subnets",
      "provider": "provider[\"registry.terraform.io/hashicorp/aws\"]",
      "instances": [
        {
          "index_key": 0,
          "schema_version": 1,
          "attributes": {
            "arn": "arn:aws:ec2:ap-northeast-1:420228061920:subnet/subnet-05203c9f665e8ea40",
            "assign_ipv6_address_on_creation": false,
            "availability_zone": "ap-northeast-1a",
            "availability_zone_id": "apne1-az4",
            "cidr_block": "10.17.1.0/24",
            "customer_owned_ipv4_pool": "",
            "enable_dns64": false,
            "enable_lni_at_device_index": 0,
            "enable_resource_name_dns_a_record_on_launch": false,
            "enable_resource_name_dns_aaaa_record_on_launch": false,
            "id": "subnet-05203c9f665e8ea40",
            "ipv4_ipam_pool_id": null,
            "ipv4_netmask_length": null,
            "ipv6_cidr_block": "",
            "ipv6_cidr_block_association_id": "",
            "ipv6_ipam_pool_id": null,
            "ipv6_native": false,
            "ipv6_netmask_length": null,
            "map_customer_owned_ip_on_launch": false,
            "map_public_ip_on_launch": true,
            "outpost_arn": "",
            "owner_id": "420228061920",
            "private_dns_hostname_type_on_launch": "ip-name",
            "region": "ap-northeast-1",
            "tags": {
              "Name": "armageddon-class-vii-public-subnet01"
            },
            "tags_all": {
              "Name": "armageddon-class-vii-public-subnet01"
            },
            "timeouts": null,
            "vpc_id": "vpc-0c1d20e5128f37494"
          },
          "sensitive_attributes": [],
          "identity_schema_version": 0,
          "identity": {
            "account_id": "420228061920",
            "id": "subnet-05203c9f665e8ea40",
            "region": "ap-northeast-1"
          },
          "private": "eyJlMmJmYjczMC1lY2FhLTExZTYtOGY4OC0zNDM2M2JjN2M0YzAiOnsiY3JlYXRlIjo2MDAwMDAwMDAwMDAsImRlbGV0ZSI6MTIwMDAwMDAwMDAwMH0sInNjaGVtYV92ZXJzaW9uIjoiMSJ9",
          "dependencies": [
            "aws_vpc.chewbacca_vpc01"
          ]
        },
        {
          "index_key": 1,
          "schema_version": 1,
          "attributes": {
            "arn": "arn:aws:ec2:ap-northeast-1:420228061920:subnet/subnet-0e3ec541e365305c1",
            "assign_ipv6_address_on_creation": false,
            "availability_zone": "ap-northeast-1c",
            "availability_zone_id": "apne1-az1",
            "cidr_block": "10.17.2.0/24",
            "customer_owned_ipv4_pool": "",
            "enable_dns64": false,
            "enable_lni_at_device_index": 0,
            "enable_resource_name_dns_a_record_on_launch": false,
            "enable_resource_name_dns_aaaa_record_on_launch": false,
            "id": "subnet-0e3ec541e365305c1",
            "ipv4_ipam_pool_id": null,
            "ipv4_netmask_length": null,
            "ipv6_cidr_block": "",
            "ipv6_cidr_block_association_id": "",
            "ipv6_ipam_pool_id": null,
            "ipv6_native": false,
            "ipv6_netmask_length": null,
            "map_customer_owned_ip_on_launch": false,
            "map_public_ip_on_launch": true,
            "outpost_arn": "",
            "owner_id": "420228061920",
            "private_dns_hostname_type_on_launch": "ip-name",
            "region": "ap-northeast-1",
            "tags": {
              "Name": "armageddon-class-vii-public-subnet02"
            },
            "tags_all": {
              "Name": "armageddon-class-vii-public-subnet02"
            },
            "timeouts": null,
            "vpc_id": "vpc-0c1d20e5128f37494"
          },
          "sensitive_attributes": [],
          "identity_schema_version": 0,
          "identity": {
            "account_id": "420228061920",
            "id": "subnet-0e3ec541e365305c1",
            "region": "ap-northeast-1"
          },
          "private": "eyJlMmJmYjczMC1lY2FhLTExZTYtOGY4OC0zNDM2M2JjN2M0YzAiOnsiY3JlYXRlIjo2MDAwMDAwMDAwMDAsImRlbGV0ZSI6MTIwMDAwMDAwMDAwMH0sInNjaGVtYV92ZXJzaW9uIjoiMSJ9",
          "dependencies": [
            "aws_vpc.chewbacca_vpc01"
          ]
        }
      ]
    },
    {
      "mode": "managed",
      "type": "aws_vpc",
      "name": "chewbacca_vpc01",
      "provider": "provider[\"registry.terraform.io/hashicorp/aws\"]",
      "instances": [
        {
          "schema_version": 1,
          "attributes": {
            "arn": "arn:aws:ec2:ap-northeast-1:420228061920:vpc/vpc-0c1d20e5128f37494",
            "assign_generated_ipv6_cidr_block": false,
            "cidr_block": "10.17.0.0/16",
            "default_network_acl_id": "acl-012feb31f07c55a5b",
            "default_route_table_id": "rtb-0ddf497a062c419af",
            "default_security_group_id": "sg-00634911894d566c5",
            "dhcp_options_id": "dopt-0ce6a87df2fa0229b",
            "enable_dns_hostnames": true,
            "enable_dns_support": true,
            "enable_network_address_usage_metrics": false,
            "id": "vpc-0c1d20e5128f37494",
            "instance_tenancy": "default",
            "ipv4_ipam_pool_id": null,
            "ipv4_netmask_length": null,
            "ipv6_association_id": "",
            "ipv6_cidr_block": "",
            "ipv6_cidr_block_network_border_group": "",
            "ipv6_ipam_pool_id": "",
            "ipv6_netmask_length": 0,
            "main_route_table_id": "rtb-0ddf497a062c419af",
            "owner_id": "420228061920",
            "region": "ap-northeast-1",
            "tags": {
              "Name": "armageddon-class-vii-vpc01"
            },
            "tags_all": {
              "Name": "armageddon-class-vii-vpc01"
            }
          },
          "sensitive_attributes": [],
          "identity_schema_version": 0,
          "identity": {
            "account_id": "420228061920",
            "id": "vpc-0c1d20e5128f37494",
            "region": "ap-northeast-1"
          },
          "private": "eyJzY2hlbWFfdmVyc2lvbiI6IjEifQ=="
        }
      ]
    },
    {
      "mode": "managed",
      "type": "aws_vpc_security_group_egress_rule",
      "name": "ec2_all_outbound",
      "provider": "provider[\"registry.terraform.io/hashicorp/aws\"]",
      "instances": [
        {
          "schema_version": 0,
          "attributes": {
            "arn": "arn:aws:ec2:ap-northeast-1:420228061920:security-group-rule/sgr-0e876059bf50167e6",
            "cidr_ipv4": "0.0.0.0/0",
            "cidr_ipv6": null,
            "description": null,
            "from_port": null,
            "id": "sgr-0e876059bf50167e6",
            "ip_protocol": "-1",
            "prefix_list_id": null,
            "referenced_security_group_id": null,
            "region": "ap-northeast-1",
            "security_group_id": "sg-0003fe3b31b822569",
            "security_group_rule_id": "sgr-0e876059bf50167e6",
            "tags": null,
            "tags_all": {},
            "to_port": null
          },
          "sensitive_attributes": [],
          "identity_schema_version": 0,
          "identity": {
            "account_id": "420228061920",
            "id": "sgr-0e876059bf50167e6",
            "region": "ap-northeast-1"
          },
          "dependencies": [
            "aws_security_group.chewbacca_ec2_sg01",
            "aws_vpc.chewbacca_vpc01"
          ]
        }
      ]
    },
    {
      "mode": "managed",
      "type": "aws_vpc_security_group_ingress_rule",
      "name": "ec2_http",
      "provider": "provider[\"registry.terraform.io/hashicorp/aws\"]",
      "instances": [
        {
          "schema_version": 0,
          "attributes": {
            "arn": "arn:aws:ec2:ap-northeast-1:420228061920:security-group-rule/sgr-0e38e27b6b3122d49",
            "cidr_ipv4": "0.0.0.0/0",
            "cidr_ipv6": null,
            "description": "Allow HTTP traffic",
            "from_port": 80,
            "id": "sgr-0e38e27b6b3122d49",
            "ip_protocol": "tcp",
            "prefix_list_id": null,
            "referenced_security_group_id": null,
            "region": "ap-northeast-1",
            "security_group_id": "sg-0003fe3b31b822569",
            "security_group_rule_id": "sgr-0e38e27b6b3122d49",
            "tags": {
              "Name": "armageddon-class-vii-http"
            },
            "tags_all": {
              "Name": "armageddon-class-vii-http"
            },
            "to_port": 80
          },
          "sensitive_attributes": [],
          "identity_schema_version": 0,
          "identity": {
            "account_id": "420228061920",
            "id": "sgr-0e38e27b6b3122d49",
            "region": "ap-northeast-1"
          },
          "dependencies": [
            "aws_security_group.chewbacca_ec2_sg01",
            "aws_vpc.chewbacca_vpc01"
          ]
        }
      ]
    },
    {
      "mode": "managed",
      "type": "aws_vpc_security_group_ingress_rule",
      "name": "rds_mysql",
      "provider": "provider[\"registry.terraform.io/hashicorp/aws\"]",
      "instances": [
        {
          "schema_version": 0,
          "attributes": {
            "arn": "arn:aws:ec2:ap-northeast-1:420228061920:security-group-rule/sgr-01b0e832ecdeecfda",
            "cidr_ipv4": null,
            "cidr_ipv6": null,
            "description": "Allow MySQL traffic",
            "from_port": 3306,
            "id": "sgr-01b0e832ecdeecfda",
            "ip_protocol": "tcp",
            "prefix_list_id": null,
            "referenced_security_group_id": "sg-0003fe3b31b822569",
            "region": "ap-northeast-1",
            "security_group_id": "sg-056f278ecf44e6b8f",
            "security_group_rule_id": "sgr-01b0e832ecdeecfda",
            "tags": {
              "Name": "armageddon-class-vii-mysql"
            },
            "tags_all": {
              "Name": "armageddon-class-vii-mysql"
            },
            "to_port": 3306
          },
          "sensitive_attributes": [],
          "identity_schema_version": 0,
          "identity": {
            "account_id": "420228061920",
            "id": "sgr-01b0e832ecdeecfda",
            "region": "ap-northeast-1"
          },
          "dependencies": [
            "aws_security_group.chewbacca_ec2_sg01",
            "aws_security_group.chewbacca_rds_sg01",
            "aws_vpc.chewbacca_vpc01"
          ]
        }
      ]
    }
  ],
  "check_results": null
}
