{
  "version": 4,
  "terraform_version": "1.14.4",
  "serial": 413,
  "lineage": "2bf5bc1e-e67a-e51d-3a32-371413bfa494",
  "outputs": {
    "acm_certificate_arn": {
      "value": "arn:aws:acm:ap-northeast-1:261519058382:certificate/c24c2563-c82c-42af-9927-7d3ebc94d070",
      "type": "string"
    },
    "address": {
      "value": "lab-mysql.cne4ueim8lb3.ap-northeast-1.rds.amazonaws.com",
      "type": "string"
    },
    "alb_5xx_alarm_name": {
      "value": "lab-1c-alb-5xx",
      "type": "string"
    },
    "alb_arn": {
      "value": "arn:aws:elasticloadbalancing:ap-northeast-1:261519058382:loadbalancer/app/lab-1c-alb/3c1e4e147c5efa5e",
      "type": "string"
    },
    "alb_dashboard_name": {
      "value": "lab-1c-alb-dashboard",
      "type": "string"
    },
    "alb_dns_name": {
      "value": "lab-1c-alb-335960807.ap-northeast-1.elb.amazonaws.com",
      "type": "string"
    },
    "alb_sg_id": {
      "value": "sg-09912e8223980f24b",
      "type": "string"
    },
    "bonus_c_fqdn": {
      "value": "app.devlab405.click",
      "type": "string"
    },
    "ec2_instance_id": {
      "value": "i-005d4da56a7a31247",
      "type": "string"
    },
    "ec2_public_ip": {
      "value": "",
      "type": "string"
    },
    "iam_instance_profile_name": {
      "value": "lab-1c-ec2-secrets-profile",
      "type": "string"
    },
    "iam_role_name": {
      "value": "lab-1c-ec2-secrets-role",
      "type": "string"
    },
    "private_route_table_id": {
      "value": "rtb-050526039b1fa37cd",
      "type": "string"
    },
    "private_subnet_id": {
      "value": "subnet-06152efa499749ef3",
      "type": "string"
    },
    "public_route_table_id": {
      "value": "rtb-06f84cb15ebcf561c",
      "type": "string"
    },
    "public_subnet_id": {
      "value": "subnet-0e9a659774e2f61b8",
      "type": "string"
    },
    "rotation_lambda_account_id": {
      "value": "261519058382",
      "type": "string"
    },
    "rotation_lambda_arn": {
      "value": "arn:aws:lambda:ap-northeast-1:261519058382:function:lab-1c-rds-rotation-mysql",
      "type": "string"
    },
    "rotation_lambda_name": {
      "value": "lab-1c-rds-rotation-mysql",
      "type": "string"
    },
    "route53_zone_id": {
      "value": "Z103851437PNELROEQ0AM",
      "type": "string"
    },
    "sns_topic_arn": {
      "value": "arn:aws:sns:ap-northeast-1:261519058382:lab-db-incidents",
      "type": "string"
    },
    "target_group_arn": {
      "value": "arn:aws:elasticloadbalancing:ap-northeast-1:261519058382:targetgroup/lab-1c-tg/496b7a32e4adcbab",
      "type": "string"
    },
    "vpc_id": {
      "value": "vpc-020eaf9c01641e257",
      "type": "string"
    },
    "waf_web_acl_arn": {
      "value": "arn:aws:wafv2:ap-northeast-1:261519058382:regional/webacl/lab-1c-waf/eeda86f4-e37c-44d0-b786-6473b09f8410",
      "type": "string"
    }
  },
  "resources": [
    {
      "mode": "data",
      "type": "aws_secretsmanager_secret",
      "name": "rds",
      "provider": "provider[\"registry.terraform.io/hashicorp/aws\"]",
      "instances": [
        {
          "schema_version": 0,
          "attributes": {
            "arn": "arn:aws:secretsmanager:ap-northeast-1:261519058382:secret:lab-1c/rds/mysql-EoLanJ",
            "created_date": "2026-02-03T20:25:42Z",
            "description": "",
            "id": "arn:aws:secretsmanager:ap-northeast-1:261519058382:secret:lab-1c/rds/mysql-EoLanJ",
            "kms_key_id": "",
            "last_changed_date": "2026-02-03T20:25:43Z",
            "name": "lab-1c/rds/mysql",
            "policy": "",
            "region": "ap-northeast-1",
            "tags": {
              "Name": "lab-1c/rds/mysql"
            }
          },
          "sensitive_attributes": [],
          "identity_schema_version": 0
        }
      ]
    },
    {
      "mode": "data",
      "type": "aws_secretsmanager_secret_version",
      "name": "rds",
      "provider": "provider[\"registry.terraform.io/hashicorp/aws\"]",
      "instances": [
        {
          "schema_version": 0,
          "attributes": {
            "arn": "arn:aws:secretsmanager:ap-northeast-1:261519058382:secret:lab-1c/rds/mysql-EoLanJ",
            "created_date": "2026-02-03T20:25:43Z",
            "id": "arn:aws:secretsmanager:ap-northeast-1:261519058382:secret:lab-1c/rds/mysql-EoLanJ|AWSCURRENT",
            "region": "ap-northeast-1",
            "secret_binary": "",
            "secret_id": "arn:aws:secretsmanager:ap-northeast-1:261519058382:secret:lab-1c/rds/mysql-EoLanJ",
            "secret_string": "{\"dbname\":\"labdb\",\"engine\":\"mysql\",\"host\":\"lab-mysql.cne4ueim8lb3.ap-northeast-1.rds.amazonaws.com\",\"password\":\"StrongPassword123!\",\"port\":3306,\"username\":\"admin\"}",
            "version_id": "terraform-20260203202543454100000002",
            "version_stage": "AWSCURRENT",
            "version_stages": [
              "AWSCURRENT"
            ]
          },
          "sensitive_attributes": [
            [
              {
                "type": "get_attr",
                "value": "secret_binary"
              }
            ],
            [
              {
                "type": "get_attr",
                "value": "secret_string"
              }
            ]
          ],
          "identity_schema_version": 0
        }
      ]
    },
    {
      "module": "module.cloudwatch",
      "mode": "managed",
      "type": "aws_cloudwatch_log_group",
      "name": "app_logs",
      "provider": "provider[\"registry.terraform.io/hashicorp/aws\"]",
      "instances": [
        {
          "schema_version": 0,
          "attributes": {
            "arn": "arn:aws:logs:ap-northeast-1:261519058382:log-group:/aws/ec2/lab-rds-app",
            "deletion_protection_enabled": false,
            "id": "/aws/ec2/lab-rds-app",
            "kms_key_id": "",
            "log_group_class": "STANDARD",
            "name": "/aws/ec2/lab-rds-app",
            "name_prefix": "",
            "region": "ap-northeast-1",
            "retention_in_days": 7,
            "skip_destroy": false,
            "tags": {
              "Lab": "incident-response",
              "Module": "cloudwatch",
              "Project": "Armageddon"
            },
            "tags_all": {
              "Lab": "incident-response",
              "Module": "cloudwatch",
              "Project": "Armageddon"
            }
          },
          "sensitive_attributes": [],
          "identity_schema_version": 0,
          "identity": {
            "account_id": "261519058382",
            "name": "/aws/ec2/lab-rds-app",
            "region": "ap-northeast-1"
          },
          "private": "bnVsbA=="
        }
      ]
    },
    {
      "module": "module.cloudwatch",
      "mode": "managed",
      "type": "aws_cloudwatch_log_metric_filter",
      "name": "db_errors",
      "provider": "provider[\"registry.terraform.io/hashicorp/aws\"]",
      "instances": [
        {
          "schema_version": 0,
          "attributes": {
            "apply_on_transformed_logs": false,
            "id": "DBConnectionErrors",
            "log_group_name": "/aws/ec2/lab-rds-app",
            "metric_transformation": [
              {
                "default_value": "",
                "dimensions": null,
                "name": "DBConnectionErrors",
                "namespace": "Lab/RDSApp",
                "unit": "None",
                "value": "1"
              }
            ],
            "name": "DBConnectionErrors",
            "pattern": "DB_CONNECTION_ERROR",
            "region": "ap-northeast-1"
          },
          "sensitive_attributes": [],
          "identity_schema_version": 0,
          "private": "bnVsbA==",
          "dependencies": [
            "module.cloudwatch.aws_cloudwatch_log_group.app_logs"
          ]
        }
      ]
    },
    {
      "module": "module.cloudwatch",
      "mode": "managed",
      "type": "aws_cloudwatch_metric_alarm",
      "name": "db_failure",
      "provider": "provider[\"registry.terraform.io/hashicorp/aws\"]",
      "instances": [
        {
          "schema_version": 1,
          "attributes": {
            "actions_enabled": true,
            "alarm_actions": [
              "arn:aws:sns:ap-northeast-1:261519058382:lab-db-incidents"
            ],
            "alarm_description": "",
            "alarm_name": "lab-db-connection-failure",
            "arn": "arn:aws:cloudwatch:ap-northeast-1:261519058382:alarm:lab-db-connection-failure",
            "comparison_operator": "GreaterThanOrEqualToThreshold",
            "datapoints_to_alarm": 0,
            "dimensions": null,
            "evaluate_low_sample_count_percentiles": "",
            "evaluation_periods": 1,
            "extended_statistic": "",
            "id": "lab-db-connection-failure",
            "insufficient_data_actions": null,
            "metric_name": "DBConnectionErrors",
            "metric_query": [],
            "namespace": "Lab/RDSApp",
            "ok_actions": [
              "arn:aws:sns:ap-northeast-1:261519058382:lab-db-incidents"
            ],
            "period": 300,
            "region": "ap-northeast-1",
            "statistic": "Sum",
            "tags": {
              "Lab": "incident-response",
              "Module": "cloudwatch",
              "Project": "Armageddon"
            },
            "tags_all": {
              "Lab": "incident-response",
              "Module": "cloudwatch",
              "Project": "Armageddon"
            },
            "threshold": 3,
            "threshold_metric_id": "",
            "treat_missing_data": "notBreaching",
            "unit": ""
          },
          "sensitive_attributes": [],
          "identity_schema_version": 0,
          "identity": {
            "account_id": "261519058382",
            "alarm_name": "lab-db-connection-failure",
            "region": "ap-northeast-1"
          },
          "private": "eyJzY2hlbWFfdmVyc2lvbiI6IjEifQ==",
          "dependencies": [
            "module.cloudwatch.aws_sns_topic.db_incidents"
          ]
        }
      ]
    },
    {
      "module": "module.cloudwatch",
      "mode": "managed",
      "type": "aws_sns_topic",
      "name": "db_incidents",
      "provider": "provider[\"registry.terraform.io/hashicorp/aws\"]",
      "instances": [
        {
          "schema_version": 0,
          "attributes": {
            "application_failure_feedback_role_arn": "",
            "application_success_feedback_role_arn": "",
            "application_success_feedback_sample_rate": 0,
            "archive_policy": "",
            "arn": "arn:aws:sns:ap-northeast-1:261519058382:lab-db-incidents",
            "beginning_archive_time": "",
            "content_based_deduplication": false,
            "delivery_policy": "",
            "display_name": "",
            "fifo_throughput_scope": "",
            "fifo_topic": false,
            "firehose_failure_feedback_role_arn": "",
            "firehose_success_feedback_role_arn": "",
            "firehose_success_feedback_sample_rate": 0,
            "http_failure_feedback_role_arn": "",
            "http_success_feedback_role_arn": "",
            "http_success_feedback_sample_rate": 0,
            "id": "arn:aws:sns:ap-northeast-1:261519058382:lab-db-incidents",
            "kms_master_key_id": "",
            "lambda_failure_feedback_role_arn": "",
            "lambda_success_feedback_role_arn": "",
            "lambda_success_feedback_sample_rate": 0,
            "name": "lab-db-incidents",
            "name_prefix": "",
            "owner": "261519058382",
            "policy": "{\"Id\":\"__default_policy_ID\",\"Statement\":[{\"Action\":[\"SNS:GetTopicAttributes\",\"SNS:SetTopicAttributes\",\"SNS:AddPermission\",\"SNS:RemovePermission\",\"SNS:DeleteTopic\",\"SNS:Subscribe\",\"SNS:ListSubscriptionsByTopic\",\"SNS:Publish\"],\"Condition\":{\"StringEquals\":{\"AWS:SourceOwner\":\"261519058382\"}},\"Effect\":\"Allow\",\"Principal\":{\"AWS\":\"*\"},\"Resource\":\"arn:aws:sns:ap-northeast-1:261519058382:lab-db-incidents\",\"Sid\":\"__default_statement_ID\"}],\"Version\":\"2008-10-17\"}",
            "region": "ap-northeast-1",
            "signature_version": 0,
            "sqs_failure_feedback_role_arn": "",
            "sqs_success_feedback_role_arn": "",
            "sqs_success_feedback_sample_rate": 0,
            "tags": null,
            "tags_all": {},
            "tracing_config": ""
          },
          "sensitive_attributes": [],
          "identity_schema_version": 0,
          "identity": {
            "arn": "arn:aws:sns:ap-northeast-1:261519058382:lab-db-incidents"
          },
          "private": "bnVsbA=="
        }
      ]
    },
    {
      "module": "module.cloudwatch",
      "mode": "managed",
      "type": "aws_sns_topic_subscription",
      "name": "email",
      "provider": "provider[\"registry.terraform.io/hashicorp/aws\"]",
      "instances": [
        {
          "schema_version": 0,
          "attributes": {
            "arn": "arn:aws:sns:ap-northeast-1:261519058382:lab-db-incidents:52aacb00-cdb8-4413-8d48-e7b92e275c50",
            "confirmation_timeout_in_minutes": 1,
            "confirmation_was_authenticated": false,
            "delivery_policy": "",
            "endpoint": "tucker.stacyh@gmail.com",
            "endpoint_auto_confirms": false,
            "filter_policy": "",
            "filter_policy_scope": "",
            "id": "arn:aws:sns:ap-northeast-1:261519058382:lab-db-incidents:52aacb00-cdb8-4413-8d48-e7b92e275c50",
            "owner_id": "261519058382",
            "pending_confirmation": true,
            "protocol": "email",
            "raw_message_delivery": false,
            "redrive_policy": "",
            "region": "ap-northeast-1",
            "replay_policy": "",
            "subscription_role_arn": "",
            "topic_arn": "arn:aws:sns:ap-northeast-1:261519058382:lab-db-incidents"
          },
          "sensitive_attributes": [],
          "identity_schema_version": 0,
          "identity": {
            "arn": "arn:aws:sns:ap-northeast-1:261519058382:lab-db-incidents:52aacb00-cdb8-4413-8d48-e7b92e275c50"
          },
          "private": "bnVsbA==",
          "dependencies": [
            "module.cloudwatch.aws_sns_topic.db_incidents"
          ]
        }
      ]
    },
    {
      "module": "module.config_store",
      "mode": "managed",
      "type": "aws_secretsmanager_secret",
      "name": "db_credentials",
      "provider": "provider[\"registry.terraform.io/hashicorp/aws\"]",
      "instances": [
        {
          "schema_version": 0,
          "attributes": {
            "arn": "arn:aws:secretsmanager:ap-northeast-1:261519058382:secret:lab/rds/mysql-x33Hqi",
            "description": "Database credentials for lab RDS instance",
            "force_overwrite_replica_secret": true,
            "id": "arn:aws:secretsmanager:ap-northeast-1:261519058382:secret:lab/rds/mysql-x33Hqi",
            "kms_key_id": "",
            "name": "lab/rds/mysql",
            "name_prefix": "",
            "policy": "",
            "recovery_window_in_days": 0,
            "region": "ap-northeast-1",
            "replica": [],
            "tags": {
              "Lab": "Lab-1C",
              "Project": "Armageddon",
              "Rotation": "manual"
            },
            "tags_all": {
              "Lab": "Lab-1C",
              "Project": "Armageddon",
              "Rotation": "manual"
            }
          },
          "sensitive_attributes": [],
          "identity_schema_version": 0,
          "identity": {
            "arn": "arn:aws:secretsmanager:ap-northeast-1:261519058382:secret:lab/rds/mysql-x33Hqi"
          },
          "private": "bnVsbA=="
        }
      ]
    },
    {
      "module": "module.config_store",
      "mode": "managed",
      "type": "aws_secretsmanager_secret_version",
      "name": "db_credentials_version",
      "provider": "provider[\"registry.terraform.io/hashicorp/aws\"]",
      "instances": [
        {
          "schema_version": 0,
          "attributes": {
            "arn": "arn:aws:secretsmanager:ap-northeast-1:261519058382:secret:lab/rds/mysql-x33Hqi",
            "has_secret_string_wo": null,
            "id": "arn:aws:secretsmanager:ap-northeast-1:261519058382:secret:lab/rds/mysql-x33Hqi|terraform-20260205171634262700000003",
            "region": "ap-northeast-1",
            "secret_binary": "",
            "secret_id": "arn:aws:secretsmanager:ap-northeast-1:261519058382:secret:lab/rds/mysql-x33Hqi",
            "secret_string": "{\"dbname\":\"labdb\",\"host\":\"lab-mysql.cne4ueim8lb3.ap-northeast-1.rds.amazonaws.com\",\"password\":\"StrongPassword123!\",\"port\":\"3306\",\"username\":\"admin\"}",
            "secret_string_wo": null,
            "secret_string_wo_version": null,
            "version_id": "terraform-20260205171634262700000003",
            "version_stages": [
              "AWSCURRENT"
            ]
          },
          "sensitive_attributes": [
            [
              {
                "type": "get_attr",
                "value": "secret_binary"
              }
            ],
            [
              {
                "type": "get_attr",
                "value": "secret_string"
              }
            ],
            [
              {
                "type": "get_attr",
                "value": "secret_string_wo"
              }
            ]
          ],
          "identity_schema_version": 0,
          "identity": {
            "account_id": "261519058382",
            "region": "ap-northeast-1",
            "secret_id": "arn:aws:secretsmanager:ap-northeast-1:261519058382:secret:lab/rds/mysql-x33Hqi",
            "version_id": "terraform-20260205171634262700000003"
          },
          "private": "bnVsbA==",
          "dependencies": [
            "data.aws_secretsmanager_secret.rds",
            "data.aws_secretsmanager_secret_version.rds",
            "module.config_store.aws_secretsmanager_secret.db_credentials"
          ]
        }
      ]
    },
    {
      "module": "module.config_store",
      "mode": "managed",
      "type": "aws_ssm_parameter",
      "name": "db_endpoint",
      "provider": "provider[\"registry.terraform.io/hashicorp/aws\"]",
      "instances": [
        {
          "schema_version": 0,
          "attributes": {
            "allowed_pattern": "",
            "arn": "arn:aws:ssm:ap-northeast-1:261519058382:parameter/lab/db/endpoint",
            "data_type": "text",
            "description": "RDS endpoint for lab application",
            "has_value_wo": false,
            "id": "/lab/db/endpoint",
            "insecure_value": null,
            "key_id": "",
            "name": "/lab/db/endpoint",
            "overwrite": null,
            "region": "ap-northeast-1",
            "tags": {
              "Lab": "Lab-1C",
              "Project": "Armageddon"
            },
            "tags_all": {
              "Lab": "Lab-1C",
              "Project": "Armageddon"
            },
            "tier": "Standard",
            "type": "String",
            "value": "lab-mysql.cne4ueim8lb3.ap-northeast-1.rds.amazonaws.com",
            "value_wo": null,
            "value_wo_version": null,
            "version": 1
          },
          "sensitive_attributes": [
            [
              {
                "type": "get_attr",
                "value": "value"
              }
            ],
            [
              {
                "type": "get_attr",
                "value": "value_wo"
              }
            ]
          ],
          "identity_schema_version": 0,
          "identity": {
            "account_id": "261519058382",
            "name": "/lab/db/endpoint",
            "region": "ap-northeast-1"
          },
          "private": "bnVsbA==",
          "dependencies": [
            "data.aws_secretsmanager_secret.rds",
            "data.aws_secretsmanager_secret_version.rds"
          ]
        }
      ]
    },
    {
      "module": "module.config_store",
      "mode": "managed",
      "type": "aws_ssm_parameter",
      "name": "db_name",
      "provider": "provider[\"registry.terraform.io/hashicorp/aws\"]",
      "instances": [
        {
          "schema_version": 0,
          "attributes": {
            "allowed_pattern": "",
            "arn": "arn:aws:ssm:ap-northeast-1:261519058382:parameter/lab/db/name",
            "data_type": "text",
            "description": "RDS database name for lab application",
            "has_value_wo": false,
            "id": "/lab/db/name",
            "insecure_value": null,
            "key_id": "",
            "name": "/lab/db/name",
            "overwrite": null,
            "region": "ap-northeast-1",
            "tags": {
              "Lab": "Lab-1C",
              "Project": "Armageddon"
            },
            "tags_all": {
              "Lab": "Lab-1C",
              "Project": "Armageddon"
            },
            "tier": "Standard",
            "type": "String",
            "value": "labdb",
            "value_wo": null,
            "value_wo_version": null,
            "version": 1
          },
          "sensitive_attributes": [
            [
              {
                "type": "get_attr",
                "value": "value"
              }
            ],
            [
              {
                "type": "get_attr",
                "value": "value_wo"
              }
            ]
          ],
          "identity_schema_version": 0,
          "identity": {
            "account_id": "261519058382",
            "name": "/lab/db/name",
            "region": "ap-northeast-1"
          },
          "private": "bnVsbA==",
          "dependencies": [
            "data.aws_secretsmanager_secret.rds",
            "data.aws_secretsmanager_secret_version.rds"
          ]
        }
      ]
    },
    {
      "module": "module.config_store",
      "mode": "managed",
      "type": "aws_ssm_parameter",
      "name": "db_port",
      "provider": "provider[\"registry.terraform.io/hashicorp/aws\"]",
      "instances": [
        {
          "schema_version": 0,
          "attributes": {
            "allowed_pattern": "",
            "arn": "arn:aws:ssm:ap-northeast-1:261519058382:parameter/lab/db/port",
            "data_type": "text",
            "description": "RDS port for lab application",
            "has_value_wo": false,
            "id": "/lab/db/port",
            "insecure_value": null,
            "key_id": "",
            "name": "/lab/db/port",
            "overwrite": null,
            "region": "ap-northeast-1",
            "tags": {
              "Lab": "Lab-1C",
              "Project": "Armageddon"
            },
            "tags_all": {
              "Lab": "Lab-1C",
              "Project": "Armageddon"
            },
            "tier": "Standard",
            "type": "String",
            "value": "3306",
            "value_wo": null,
            "value_wo_version": null,
            "version": 1
          },
          "sensitive_attributes": [
            [
              {
                "type": "get_attr",
                "value": "value"
              }
            ],
            [
              {
                "type": "get_attr",
                "value": "value_wo"
              }
            ]
          ],
          "identity_schema_version": 0,
          "identity": {
            "account_id": "261519058382",
            "name": "/lab/db/port",
            "region": "ap-northeast-1"
          },
          "private": "bnVsbA==",
          "dependencies": [
            "data.aws_secretsmanager_secret.rds",
            "data.aws_secretsmanager_secret_version.rds"
          ]
        }
      ]
    },
    {
      "module": "module.ec2",
      "mode": "managed",
      "type": "aws_instance",
      "name": "ec2",
      "provider": "provider[\"registry.terraform.io/hashicorp/aws\"]",
      "instances": [
        {
          "schema_version": 2,
          "attributes": {
            "ami": "ami-03d1820163e6b9f5d",
            "arn": "arn:aws:ec2:ap-northeast-1:261519058382:instance/i-005d4da56a7a31247",
            "associate_public_ip_address": false,
            "availability_zone": "ap-northeast-1a",
            "capacity_reservation_specification": [
              {
                "capacity_reservation_preference": "open",
                "capacity_reservation_target": []
              }
            ],
            "cpu_options": [
              {
                "amd_sev_snp": "",
                "core_count": 1,
                "threads_per_core": 2
              }
            ],
            "credit_specification": [
              {
                "cpu_credits": "unlimited"
              }
            ],
            "disable_api_stop": false,
            "disable_api_termination": false,
            "ebs_block_device": [],
            "ebs_optimized": false,
            "enable_primary_ipv6": null,
            "enclave_options": [
              {
                "enabled": false
              }
            ],
            "ephemeral_block_device": [],
            "force_destroy": false,
            "get_password_data": false,
            "hibernation": false,
            "host_id": "",
            "host_resource_group_arn": null,
            "iam_instance_profile": "lab-1c-ec2-secrets-profile",
            "id": "i-005d4da56a7a31247",
            "instance_initiated_shutdown_behavior": "stop",
            "instance_lifecycle": "",
            "instance_market_options": [],
            "instance_state": "running",
            "instance_type": "t3.micro",
            "ipv6_address_count": 0,
            "ipv6_addresses": [],
            "key_name": "",
            "launch_template": [],
            "maintenance_options": [
              {
                "auto_recovery": "default"
              }
            ],
            "metadata_options": [
              {
                "http_endpoint": "enabled",
                "http_protocol_ipv6": "disabled",
                "http_put_response_hop_limit": 2,
                "http_tokens": "required",
                "instance_metadata_tags": "disabled"
              }
            ],
            "monitoring": false,
            "network_interface": [],
            "outpost_arn": "",
            "password_data": "",
            "placement_group": "",
            "placement_group_id": "",
            "placement_partition_number": 0,
            "primary_network_interface": [
              {
                "delete_on_termination": true,
                "network_interface_id": "eni-03e7d2c639873d49e"
              }
            ],
            "primary_network_interface_id": "eni-03e7d2c639873d49e",
            "private_dns": "ip-10-30-11-172.ap-northeast-1.compute.internal",
            "private_dns_name_options": [
              {
                "enable_resource_name_dns_a_record": false,
                "enable_resource_name_dns_aaaa_record": false,
                "hostname_type": "ip-name"
              }
            ],
            "private_ip": "10.30.11.172",
            "public_dns": "",
            "public_ip": "",
            "region": "ap-northeast-1",
            "root_block_device": [
              {
                "delete_on_termination": true,
                "device_name": "/dev/xvda",
                "encrypted": false,
                "iops": 3000,
                "kms_key_id": "",
                "tags": {},
                "tags_all": {},
                "throughput": 125,
                "volume_id": "vol-0b32c8ca369501d6c",
                "volume_size": 8,
                "volume_type": "gp3"
              }
            ],
            "secondary_private_ips": [],
            "security_groups": [],
            "source_dest_check": true,
            "spot_instance_request_id": "",
            "subnet_id": "subnet-06152efa499749ef3",
            "tags": {
              "Name": "lab-1c-ec2-app"
            },
            "tags_all": {
              "Name": "lab-1c-ec2-app"
            },
            "tenancy": "default",
            "timeouts": null,
            "user_data": "#!/bin/bash\n\n###############################################################################\n# COURSE: ARMAGEDDON LABS\n# TRACK: LAB-1\n# COMPONENT: ec2\n# PURPOSE: Standardized script header for LAB-1.\n###############################################################################\n\nset -euo pipefail\n\n# -----------------------------------------------------------------------------\n# Lab-1B bootstrap (SSM + app + CloudWatch Logs)\n# -----------------------------------------------------------------------------\nBOOT_LOG=\"/var/log/user-data-bootstrap.log\"\nexec \u003e \u003e(tee -a \"$BOOT_LOG\" | logger -t user-data -s 2\u003e/dev/console) 2\u003e\u00261\n\necho \"[BOOT] $(date -Is) user-data starting\"\n\n# Ensure SSM agent is installed + running and restart after IMDS/IAM is reachable\nif ! command -v amazon-ssm-agent \u003e/dev/null 2\u003e\u00261; then\n  echo \"[SSM] Installing amazon-ssm-agent\"\n  dnf install -y amazon-ssm-agent || true\nfi\n\necho \"[SSM] Enabling + starting amazon-ssm-agent\"\nsystemctl enable --now amazon-ssm-agent || true\n\necho \"[SSM] Waiting for IMDS + IAM role credentials (avoid first-boot race)\"\nfor i in $(seq 1 20); do\n  TOKEN=\"$(curl -sS -m 2 -X PUT \"http://169.254.169.254/latest/api/token\"     -H \"X-aws-ec2-metadata-token-ttl-seconds: 21600\" || true)\"\n  if [ -n \"${TOKEN:-}\" ] \u0026\u0026 curl -sS -m 2 -H \"X-aws-ec2-metadata-token: $TOKEN\"       \"http://169.254.169.254/latest/meta-data/iam/info\" \u003e/dev/null 2\u003e\u00261; then\n    echo \"[SSM] IMDS/IAM reachable (attempt $i)\"\n    break\n  fi\n  sleep 3\ndone\n\necho \"[SSM] Restarting amazon-ssm-agent\"\nsystemctl restart amazon-ssm-agent || true\nsystemctl --no-pager status amazon-ssm-agent || true\n\ndnf update -y\ndnf install -y python3-pip\npip3 install flask pymysql boto3\n\nmkdir -p /opt/rdsapp\ncat \u003e/opt/rdsapp/app.py \u003c\u003c'PY'\nimport json\nimport os\nimport boto3\nimport pymysql\n\n# Added logging for better observability and troubleshooting.\nfrom flask import Flask, request\nimport logging\n\nlogging.basicConfig(\n    filename=\"/var/log/rdsapp.log\",\n    level=logging.INFO,\n    format=\"%(asctime)s %(levelname)s %(message)s\"\n)\n\nREGION = os.environ.get(\"AWS_REGION\", \"ap-northeast-1\")\nSECRET_ID = os.environ.get(\"SECRET_ID\", \"lab-1c/rds/mysql\")\n\nsecrets = boto3.client(\"secretsmanager\", region_name=REGION)\n\ndef get_db_creds():\n    resp = secrets.get_secret_value(SecretId=SECRET_ID)\n    s = json.loads(resp[\"SecretString\"])\n    # When you use \"Credentials for RDS database\", AWS usually stores:\n    # username, password, host, port, dbname (sometimes)\n    return s\n\n# def get_conn():\n#     c = get_db_creds()\n#     host = c[\"host\"]\n#     user = c[\"username\"]\n#     password = c[\"password\"]\n#     port = int(c.get(\"port\", 3306))\n#     db = c.get(\"dbname\", \"labdb\")  # we'll create this if it doesn't exist\n#     return pymysql.connect(host=host, user=user, password=password, port=port, database=db, autocommit=True)\n\n# Improved get_conn with error handling and timeout.\ndef get_conn():\n    try:\n        c = get_db_creds()\n        host = c[\"host\"]\n        user = c[\"username\"]\n        password = c[\"password\"]\n        port = int(c.get(\"port\", 3306))\n        db = c.get(\"dbname\", \"labdb\")\n        return pymysql.connect(\n            host=host,\n            user=user,\n            password=password,\n            port=port,\n            database=db,\n            autocommit=True,\n            connect_timeout=3\n        )\n    except Exception as e:\n        logging.error(\"DB_CONNECTION_ERROR %s\", e)\n        raise\n\napp = Flask(__name__)\n\n@app.route(\"/\")\ndef home():\n    return \"\"\"\n    \u003ch2\u003eEC2 → RDS Notes App\u003c/h2\u003e\n    \u003cp\u003ePOST /add?note=hello\u003c/p\u003e\n    \u003cp\u003eGET /list\u003c/p\u003e\n    \"\"\"\n\n@app.route(\"/init\")\ndef init_db():\n    c = get_db_creds()\n    host = c[\"host\"]\n    user = c[\"username\"]\n    password = c[\"password\"]\n    port = int(c.get(\"port\", 3306))\n\n    # connect without specifying a DB first\n    conn = pymysql.connect(host=host, user=user, password=password, port=port, autocommit=True)\n    cur = conn.cursor()\n    cur.execute(\"CREATE DATABASE IF NOT EXISTS labdb;\")\n    cur.execute(\"USE labdb;\")\n    cur.execute(\"\"\"\n        CREATE TABLE IF NOT EXISTS notes (\n            id INT AUTO_INCREMENT PRIMARY KEY,\n            note VARCHAR(255) NOT NULL\n        );\n    \"\"\")\n    cur.close()\n    conn.close()\n    return \"Initialized labdb + notes table.\"\n\n# @app.route(\"/add\", methods=[\"POST\", \"GET\"])\n\n# Enhanced error handling in add_note endpoint.This wraps routes that \n# interact with the database in try-except blocks to catch and log exceptions.\n\n@app.route(\"/add\", methods=[\"POST\", \"GET\"])\ndef add_note():\n    try:\n        note = request.args.get(\"note\", \"\").strip()\n        if not note:\n            return \"Missing note param. Try: /add?note=hello\", 400\n\n        conn = get_conn()\n        cur = conn.cursor()\n        cur.execute(\"INSERT INTO notes(note) VALUES(%s);\", (note,))\n        cur.close()\n        conn.close()\n        return f\"Inserted note: {note}\"\n\n    except Exception:\n        return \"Database error\", 500\n\n\ndef add_note():\n    note = request.args.get(\"note\", \"\").strip()\n    if not note:\n        return \"Missing note param. Try: /add?note=hello\", 400\n    conn = get_conn()\n    cur = conn.cursor()\n    cur.execute(\"INSERT INTO notes(note) VALUES(%s);\", (note,))\n    cur.close()\n    conn.close()\n    return f\"Inserted note: {note}\"\n\n# Commented out list_notes for troubleshooting simplicity.\n# @app.route(\"/list\")\n# def list_notes():\n#     conn = get_conn()\n#     cur = conn.cursor()\n#     cur.execute(\"SELECT id, note FROM notes ORDER BY id DESC;\")\n#     rows = cur.fetchall()\n#     cur.close()\n#     conn.close()\n#     out = \"\u003ch3\u003eNotes\u003c/h3\u003e\u003cul\u003e\"\n#     for r in rows:\n#         out += f\"\u003cli\u003e{r[0]}: {r[1]}\u003c/li\u003e\"\n#     out += \"\u003c/ul\u003e\"\n#     return out\n\n# Added revised list_notes with error handling. This should help error messages\n# that are expected to be in error logs. Database failure log should be in /var/log/rdsapp.log.\n# Error log for database will be DB_CONNECTION_ERROR.\n# Flask will return 500 status code on database errors.\n# Cloudwatch metric filter triggers on DB_CONNECTION_ERROR in /var/log/rdsapp.log.\n# Alarm triggers from rdsapp log errors.\n\n@app.route(\"/list\")\ndef list_notes():\n    try:\n        conn = get_conn()\n        cur = conn.cursor()\n        cur.execute(\"SELECT id, note FROM notes;\")\n        rows = cur.fetchall()\n        cur.close()\n        conn.close()\n\n        out = \"\\n\".join([f\"{r[0]}: {r[1]}\" for r in rows])\n        return out or \"No notes yet\"\n\n    except Exception:\n        # get_conn() already logs DB_CONNECTION_ERROR\n        return \"Database error\", 500\n\n\n\n\nif __name__ == \"__main__\":\n    app.run(host=\"0.0.0.0\", port=80)\nPY\n\ncat \u003e/etc/systemd/system/rdsapp.service \u003c\u003c'SERVICE'\n[Unit]\nDescription=EC2 to RDS Notes App\nAfter=network.target\n\n[Service]\nWorkingDirectory=/opt/rdsapp\nEnvironment=SECRET_ID=lab-1c/rds/mysql\nExecStart=/usr/bin/python3 /opt/rdsapp/app.py\nRestart=always\n\n# Send app stdout/stderr to a file so CloudWatch Agent can ship it\nStandardOutput=append:/var/log/rdsapp.log\nStandardError=append:/var/log/rdsapp.log\n\n[Install]\nWantedBy=multi-user.target\nSERVICE\n\n# Ensure application log file exists (CloudWatch Agent watches this)\ntouch /var/log/rdsapp.log\nchmod 644 /var/log/rdsapp.log\n\nsystemctl daemon-reload\nsystemctl enable rdsapp\nsystemctl start rdsapp\n\n\\\n# -----------------------------------------------------------------------------\n# CloudWatch Agent (ships /var/log/rdsapp.log -\u003e /aws/ec2/lab-rds-app)\n# -----------------------------------------------------------------------------\necho \"[CW] Installing amazon-cloudwatch-agent\"\ndnf install -y amazon-cloudwatch-agent || true\n\nCWA_DIR=\"/opt/aws/amazon-cloudwatch-agent/etc/amazon-cloudwatch-agent.d\"\nCWA_CFG=\"${CWA_DIR}/amazon-cloudwatch-agent-config.json\"\n\nmkdir -p \"$CWA_DIR\"\n\ncat \u003e\"$CWA_CFG\" \u003c\u003c'JSON'\n{\n  \"agent\": {\n    \"metrics_collection_interval\": 60,\n    \"run_as_user\": \"root\"\n  },\n  \"logs\": {\n    \"logs_collected\": {\n      \"files\": {\n        \"collect_list\": [\n          {\n            \"file_path\": \"/var/log/rdsapp.log\",\n            \"log_group_name\": \"/aws/ec2/lab-rds-app\",\n            \"log_stream_name\": \"{instance_id}\",\n            \"retention_in_days\": 7\n          }\n        ]\n      }\n    }\n  }\n}\nJSON\n\necho \"[CW] Applying CloudWatch agent config from ${CWA_CFG}\"\n/opt/aws/amazon-cloudwatch-agent/bin/amazon-cloudwatch-agent-ctl -a stop || true\n/opt/aws/amazon-cloudwatch-agent/bin/amazon-cloudwatch-agent-ctl \\\n  -a fetch-config -m ec2 -c \"file:${CWA_CFG}\" -s || true\n\nsystemctl enable --now amazon-cloudwatch-agent || true\n/opt/aws/amazon-cloudwatch-agent/bin/amazon-cloudwatch-agent-ctl -a status || true\n\nif ! systemctl is-active --quiet amazon-cloudwatch-agent; then\n  echo \"[CW][WARN] CloudWatch Agent failed to start — check /opt/aws/amazon-cloudwatch-agent/logs/amazon-cloudwatch-agent.log\"\nelse\n  echo \"[CW] CloudWatch Agent running\"\nfi\n\necho \"[BOOT] $(date -Is) user-data complete\"\n",
            "user_data_base64": null,
            "user_data_replace_on_change": false,
            "volume_tags": null,
            "vpc_security_group_ids": [
              "sg-0bbe5c28d9096fccd"
            ]
          },
          "sensitive_attributes": [],
          "identity_schema_version": 0,
          "identity": {
            "account_id": "261519058382",
            "id": "i-005d4da56a7a31247",
            "region": "ap-northeast-1"
          },
          "private": "eyJlMmJmYjczMC1lY2FhLTExZTYtOGY4OC0zNDM2M2JjN2M0YzAiOnsiY3JlYXRlIjo2MDAwMDAwMDAwMDAsImRlbGV0ZSI6MTIwMDAwMDAwMDAwMCwicmVhZCI6OTAwMDAwMDAwMDAwLCJ1cGRhdGUiOjYwMDAwMDAwMDAwMH0sInNjaGVtYV92ZXJzaW9uIjoiMiJ9",
          "dependencies": [
            "module.iam.aws_iam_instance_profile.ec2_profile",
            "module.iam.aws_iam_role.ec2_secrets_role",
            "module.security.aws_security_group.ec2_sg",
            "module.vpc.aws_subnet.private_a",
            "module.vpc.aws_subnet.private_b",
            "module.vpc.aws_vpc.main"
          ]
        }
      ]
    },
    {
      "module": "module.iam",
      "mode": "managed",
      "type": "aws_iam_instance_profile",
      "name": "ec2_profile",
      "provider": "provider[\"registry.terraform.io/hashicorp/aws\"]",
      "instances": [
        {
          "schema_version": 0,
          "attributes": {
            "arn": "arn:aws:iam::261519058382:instance-profile/lab-1c-ec2-secrets-profile",
            "create_date": "2026-02-05T17:16:33Z",
            "id": "lab-1c-ec2-secrets-profile",
            "name": "lab-1c-ec2-secrets-profile",
            "name_prefix": "",
            "path": "/",
            "role": "lab-1c-ec2-secrets-role",
            "tags": null,
            "tags_all": {},
            "unique_id": "AIPATZY6AEXHCNVR3PSEM"
          },
          "sensitive_attributes": [],
          "identity_schema_version": 0,
          "private": "bnVsbA==",
          "dependencies": [
            "module.iam.aws_iam_role.ec2_secrets_role"
          ]
        }
      ]
    },
    {
      "module": "module.iam",
      "mode": "managed",
      "type": "aws_iam_policy",
      "name": "cloudwatch_logs",
      "provider": "provider[\"registry.terraform.io/hashicorp/aws\"]",
      "instances": [
        {
          "schema_version": 0,
          "attributes": {
            "arn": "arn:aws:iam::261519058382:policy/lab-1c-cloudwatch-logs-policy",
            "attachment_count": 0,
            "delay_after_policy_creation_in_ms": null,
            "description": "Write access to CloudWatch Logs",
            "id": "arn:aws:iam::261519058382:policy/lab-1c-cloudwatch-logs-policy",
            "name": "lab-1c-cloudwatch-logs-policy",
            "name_prefix": "",
            "path": "/",
            "policy": "{\"Statement\":[{\"Action\":[\"logs:CreateLogGroup\",\"logs:CreateLogStream\",\"logs:PutLogEvents\",\"logs:DescribeLogStreams\"],\"Effect\":\"Allow\",\"Resource\":[\"arn:aws:logs:ap-northeast-1:261519058382:log-group:/aws/ec2/lab-rds-app:*\",\"arn:aws:logs:ap-northeast-1:261519058382:log-group:/aws/ec2/lab-rds-app\"]}],\"Version\":\"2012-10-17\"}",
            "policy_id": "ANPATZY6AEXHKLH3EUBVY",
            "tags": null,
            "tags_all": {}
          },
          "sensitive_attributes": [],
          "identity_schema_version": 0,
          "identity": {
            "arn": "arn:aws:iam::261519058382:policy/lab-1c-cloudwatch-logs-policy"
          },
          "private": "bnVsbA=="
        }
      ]
    },
    {
      "module": "module.iam",
      "mode": "managed",
      "type": "aws_iam_policy",
      "name": "ec2_secrets_policy",
      "provider": "provider[\"registry.terraform.io/hashicorp/aws\"]",
      "instances": [
        {
          "schema_version": 0,
          "attributes": {
            "arn": "arn:aws:iam::261519058382:policy/lab-1c-EC2ReadRDSSecret",
            "attachment_count": 0,
            "delay_after_policy_creation_in_ms": null,
            "description": "Allow EC2 to read lab-1c/rds/mysql and lab/rds/mysql secrets",
            "id": "arn:aws:iam::261519058382:policy/lab-1c-EC2ReadRDSSecret",
            "name": "lab-1c-EC2ReadRDSSecret",
            "name_prefix": "",
            "path": "/",
            "policy": "{\"Statement\":[{\"Action\":[\"secretsmanager:GetSecretValue\",\"secretsmanager:DescribeSecret\"],\"Effect\":\"Allow\",\"Resource\":[\"arn:aws:secretsmanager:ap-northeast-1:261519058382:secret:lab-1c/rds/mysql*\",\"arn:aws:secretsmanager:ap-northeast-1:261519058382:secret:lab/rds/mysql*\"],\"Sid\":\"ReadSpecificSecret\"},{\"Action\":\"kms:Decrypt\",\"Effect\":\"Allow\",\"Resource\":\"arn:aws:kms:ap-northeast-1:261519058382:key/0907dcba-09de-87dc-65ba-ab0987654321\",\"Sid\":\"AllowKMSDecrypt\"}],\"Version\":\"2012-10-17\"}",
            "policy_id": "ANPATZY6AEXHHN2S2B3VD",
            "tags": null,
            "tags_all": {}
          },
          "sensitive_attributes": [],
          "identity_schema_version": 0,
          "identity": {
            "arn": "arn:aws:iam::261519058382:policy/lab-1c-EC2ReadRDSSecret"
          },
          "private": "bnVsbA=="
        }
      ]
    },
    {
      "module": "module.iam",
      "mode": "managed",
      "type": "aws_iam_policy",
      "name": "ssm_read",
      "provider": "provider[\"registry.terraform.io/hashicorp/aws\"]",
      "instances": [
        {
          "schema_version": 0,
          "attributes": {
            "arn": "arn:aws:iam::261519058382:policy/lab-1c-ssm-read-policy",
            "attachment_count": 0,
            "delay_after_policy_creation_in_ms": null,
            "description": "Read access to SSM Parameter Store",
            "id": "arn:aws:iam::261519058382:policy/lab-1c-ssm-read-policy",
            "name": "lab-1c-ssm-read-policy",
            "name_prefix": "",
            "path": "/",
            "policy": "{\"Statement\":[{\"Action\":[\"ssm:GetParameter\",\"ssm:GetParameters\",\"ssm:GetParametersByPath\"],\"Effect\":\"Allow\",\"Resource\":[\"arn:aws:ssm:ap-northeast-1:261519058382:parameter/lab/db/*\",\"arn:aws:ssm:ap-northeast-1:261519058382:parameter/lab/*\"]}],\"Version\":\"2012-10-17\"}",
            "policy_id": "ANPATZY6AEXHM2IGSCTYD",
            "tags": null,
            "tags_all": {}
          },
          "sensitive_attributes": [],
          "identity_schema_version": 0,
          "identity": {
            "arn": "arn:aws:iam::261519058382:policy/lab-1c-ssm-read-policy"
          },
          "private": "bnVsbA=="
        }
      ]
    },
    {
      "module": "module.iam",
      "mode": "managed",
      "type": "aws_iam_role",
      "name": "ec2_secrets_role",
      "provider": "provider[\"registry.terraform.io/hashicorp/aws\"]",
      "instances": [
        {
          "schema_version": 0,
          "attributes": {
            "arn": "arn:aws:iam::261519058382:role/lab-1c-ec2-secrets-role",
            "assume_role_policy": "{\"Statement\":[{\"Action\":\"sts:AssumeRole\",\"Effect\":\"Allow\",\"Principal\":{\"Service\":\"ec2.amazonaws.com\"}}],\"Version\":\"2012-10-17\"}",
            "create_date": "2026-02-05T17:16:32Z",
            "description": "",
            "force_detach_policies": false,
            "id": "lab-1c-ec2-secrets-role",
            "inline_policy": [],
            "managed_policy_arns": [],
            "max_session_duration": 3600,
            "name": "lab-1c-ec2-secrets-role",
            "name_prefix": "",
            "path": "/",
            "permissions_boundary": "",
            "tags": null,
            "tags_all": {},
            "unique_id": "AROATZY6AEXHDGN4RJJUV"
          },
          "sensitive_attributes": [],
          "identity_schema_version": 0,
          "identity": {
            "account_id": "261519058382",
            "name": "lab-1c-ec2-secrets-role"
          },
          "private": "bnVsbA=="
        }
      ]
    },
    {
      "module": "module.iam",
      "mode": "managed",
      "type": "aws_iam_role_policy",
      "name": "ec2_policy",
      "provider": "provider[\"registry.terraform.io/hashicorp/aws\"]",
      "instances": [
        {
          "schema_version": 0,
          "attributes": {
            "id": "lab-1c-ec2-secrets-role:ec2_policy",
            "name": "ec2_policy",
            "name_prefix": "",
            "policy": "{\"Version\":\"2012-10-17\",\"Statement\":[{\"Action\":[\"ec2:Describe*\",\"logs:PutMetricFilter\",\"logs:DescribeLogGroups\",\"SNS:ListTopics\",\"cloudwatch:PutMetricAlarm\",\"cloudwatch:DescribeAlarms\",\"rds:DescribeDBInstances\",\"cloudwatch:PutMetricData\"],\"Effect\":\"Allow\",\"Resource\":\"*\"}]}",
            "role": "lab-1c-ec2-secrets-role"
          },
          "sensitive_attributes": [],
          "identity_schema_version": 0,
          "identity": {
            "account_id": "261519058382",
            "name": "ec2_policy",
            "role": "lab-1c-ec2-secrets-role"
          },
          "private": "bnVsbA==",
          "dependencies": [
            "module.iam.aws_iam_role.ec2_secrets_role"
          ]
        }
      ]
    },
    {
      "module": "module.iam",
      "mode": "managed",
      "type": "aws_iam_role_policy_attachment",
      "name": "cloudwatch_logs",
      "provider": "provider[\"registry.terraform.io/hashicorp/aws\"]",
      "instances": [
        {
          "schema_version": 0,
          "attributes": {
            "id": "lab-1c-ec2-secrets-role/arn:aws:iam::261519058382:policy/lab-1c-cloudwatch-logs-policy",
            "policy_arn": "arn:aws:iam::261519058382:policy/lab-1c-cloudwatch-logs-policy",
            "role": "lab-1c-ec2-secrets-role"
          },
          "sensitive_attributes": [],
          "identity_schema_version": 0,
          "identity": {
            "account_id": "261519058382",
            "policy_arn": "arn:aws:iam::261519058382:policy/lab-1c-cloudwatch-logs-policy",
            "role": "lab-1c-ec2-secrets-role"
          },
          "private": "bnVsbA==",
          "dependencies": [
            "module.iam.aws_iam_policy.cloudwatch_logs",
            "module.iam.aws_iam_role.ec2_secrets_role"
          ]
        }
      ]
    },
    {
      "module": "module.iam",
      "mode": "managed",
      "type": "aws_iam_role_policy_attachment",
      "name": "cw_agent",
      "provider": "provider[\"registry.terraform.io/hashicorp/aws\"]",
      "instances": [
        {
          "schema_version": 0,
          "attributes": {
            "id": "lab-1c-ec2-secrets-role/arn:aws:iam::aws:policy/CloudWatchLogsFullAccess",
            "policy_arn": "arn:aws:iam::aws:policy/CloudWatchLogsFullAccess",
            "role": "lab-1c-ec2-secrets-role"
          },
          "sensitive_attributes": [],
          "identity_schema_version": 0,
          "identity": {
            "account_id": "261519058382",
            "policy_arn": "arn:aws:iam::aws:policy/CloudWatchLogsFullAccess",
            "role": "lab-1c-ec2-secrets-role"
          },
          "private": "bnVsbA==",
          "dependencies": [
            "module.iam.aws_iam_role.ec2_secrets_role"
          ]
        }
      ]
    },
    {
      "module": "module.iam",
      "mode": "managed",
      "type": "aws_iam_role_policy_attachment",
      "name": "ec2_ssm",
      "provider": "provider[\"registry.terraform.io/hashicorp/aws\"]",
      "instances": [
        {
          "schema_version": 0,
          "attributes": {
            "id": "lab-1c-ec2-secrets-role/arn:aws:iam::aws:policy/AmazonSSMManagedInstanceCore",
            "policy_arn": "arn:aws:iam::aws:policy/AmazonSSMManagedInstanceCore",
            "role": "lab-1c-ec2-secrets-role"
          },
          "sensitive_attributes": [],
          "identity_schema_version": 0,
          "identity": {
            "account_id": "261519058382",
            "policy_arn": "arn:aws:iam::aws:policy/AmazonSSMManagedInstanceCore",
            "role": "lab-1c-ec2-secrets-role"
          },
          "private": "bnVsbA==",
          "dependencies": [
            "module.iam.aws_iam_role.ec2_secrets_role"
          ]
        }
      ]
    },
    {
      "module": "module.iam",
      "mode": "managed",
      "type": "aws_iam_role_policy_attachment",
      "name": "secrets_attach",
      "provider": "provider[\"registry.terraform.io/hashicorp/aws\"]",
      "instances": [
        {
          "schema_version": 0,
          "attributes": {
            "id": "lab-1c-ec2-secrets-role/arn:aws:iam::261519058382:policy/lab-1c-EC2ReadRDSSecret",
            "policy_arn": "arn:aws:iam::261519058382:policy/lab-1c-EC2ReadRDSSecret",
            "role": "lab-1c-ec2-secrets-role"
          },
          "sensitive_attributes": [],
          "identity_schema_version": 0,
          "identity": {
            "account_id": "261519058382",
            "policy_arn": "arn:aws:iam::261519058382:policy/lab-1c-EC2ReadRDSSecret",
            "role": "lab-1c-ec2-secrets-role"
          },
          "private": "bnVsbA==",
          "dependencies": [
            "module.iam.aws_iam_policy.ec2_secrets_policy",
            "module.iam.aws_iam_role.ec2_secrets_role"
          ]
        }
      ]
    },
    {
      "module": "module.iam",
      "mode": "managed",
      "type": "aws_iam_role_policy_attachment",
      "name": "ssm_read",
      "provider": "provider[\"registry.terraform.io/hashicorp/aws\"]",
      "instances": [
        {
          "schema_version": 0,
          "attributes": {
            "id": "lab-1c-ec2-secrets-role/arn:aws:iam::261519058382:policy/lab-1c-ssm-read-policy",
            "policy_arn": "arn:aws:iam::261519058382:policy/lab-1c-ssm-read-policy",
            "role": "lab-1c-ec2-secrets-role"
          },
          "sensitive_attributes": [],
          "identity_schema_version": 0,
          "identity": {
            "account_id": "261519058382",
            "policy_arn": "arn:aws:iam::261519058382:policy/lab-1c-ssm-read-policy",
            "role": "lab-1c-ec2-secrets-role"
          },
          "private": "bnVsbA==",
          "dependencies": [
            "module.iam.aws_iam_policy.ssm_read",
            "module.iam.aws_iam_role.ec2_secrets_role"
          ]
        }
      ]
    },
    {
      "module": "module.ingress",
      "mode": "managed",
      "type": "aws_acm_certificate",
      "name": "app_cert",
      "provider": "provider[\"registry.terraform.io/hashicorp/aws\"]",
      "instances": [
        {
          "schema_version": 0,
          "attributes": {
            "arn": "arn:aws:acm:ap-northeast-1:261519058382:certificate/c24c2563-c82c-42af-9927-7d3ebc94d070",
            "certificate_authority_arn": "",
            "certificate_body": null,
            "certificate_chain": null,
            "domain_name": "app.devlab405.click",
            "domain_validation_options": [
              {
                "domain_name": "app.devlab405.click",
                "resource_record_name": "_f4fe8d69a8756f70c3659e242eebe39a.app.devlab405.click.",
                "resource_record_type": "CNAME",
                "resource_record_value": "_958f675658fb59e44aded32d4a520594.jkddzztszm.acm-validations.aws."
              }
            ],
            "early_renewal_duration": "",
            "id": "arn:aws:acm:ap-northeast-1:261519058382:certificate/c24c2563-c82c-42af-9927-7d3ebc94d070",
            "key_algorithm": "RSA_2048",
            "not_after": "",
            "not_before": "",
            "options": [
              {
                "certificate_transparency_logging_preference": "ENABLED",
                "export": "DISABLED"
              }
            ],
            "pending_renewal": false,
            "private_key": null,
            "region": "ap-northeast-1",
            "renewal_eligibility": "INELIGIBLE",
            "renewal_summary": [],
            "status": "PENDING_VALIDATION",
            "subject_alternative_names": [
              "app.devlab405.click"
            ],
            "tags": null,
            "tags_all": {},
            "type": "AMAZON_ISSUED",
            "validation_emails": [],
            "validation_method": "DNS",
            "validation_option": []
          },
          "sensitive_attributes": [
            [
              {
                "type": "get_attr",
                "value": "private_key"
              }
            ]
          ],
          "identity_schema_version": 0,
          "identity": {
            "arn": "arn:aws:acm:ap-northeast-1:261519058382:certificate/c24c2563-c82c-42af-9927-7d3ebc94d070"
          },
          "private": "bnVsbA==",
          "create_before_destroy": true
        }
      ]
    },
    {
      "module": "module.ingress",
      "mode": "managed",
      "type": "aws_acm_certificate_validation",
      "name": "app_cert_validation",
      "provider": "provider[\"registry.terraform.io/hashicorp/aws\"]",
      "instances": [
        {
          "index_key": 0,
          "schema_version": 0,
          "attributes": {
            "certificate_arn": "arn:aws:acm:ap-northeast-1:261519058382:certificate/c24c2563-c82c-42af-9927-7d3ebc94d070",
            "id": "2026-02-05 17:16:51.968 +0000 UTC",
            "region": "ap-northeast-1",
            "timeouts": null,
            "validation_record_fqdns": [
              "_f4fe8d69a8756f70c3659e242eebe39a.app.devlab405.click"
            ]
          },
          "sensitive_attributes": [],
          "identity_schema_version": 0,
          "private": "eyJlMmJmYjczMC1lY2FhLTExZTYtOGY4OC0zNDM2M2JjN2M0YzAiOnsiY3JlYXRlIjo0NTAwMDAwMDAwMDAwfX0=",
          "dependencies": [
            "module.ingress.aws_acm_certificate.app_cert",
            "module.ingress.aws_route53_record.acm_validation",
            "module.ingress.aws_route53_zone.this"
          ]
        }
      ]
    },
    {
      "module": "module.ingress",
      "mode": "managed",
      "type": "aws_cloudwatch_dashboard",
      "name": "alb_dashboard",
      "provider": "provider[\"registry.terraform.io/hashicorp/aws\"]",
      "instances": [
        {
          "schema_version": 0,
          "attributes": {
            "dashboard_arn": "arn:aws:cloudwatch::261519058382:dashboard/lab-1c-alb-dashboard",
            "dashboard_body": "{\"widgets\":[{\"height\":6,\"properties\":{\"annotations\":{},\"metrics\":[[\"AWS/ApplicationELB\",\"RequestCount\",\"LoadBalancer\",\"app/lab-1c-alb/3c1e4e147c5efa5e\",{\"stat\":\"Sum\"}],[\".\",\"HTTPCode_ELB_5XX_Count\",\"LoadBalancer\",\"app/lab-1c-alb/3c1e4e147c5efa5e\",{\"stat\":\"Sum\"}]],\"period\":300,\"region\":\"ap-northeast-1\",\"stat\":\"Sum\",\"title\":\"ALB Requests + ELB 5xx\"},\"type\":\"metric\",\"width\":24,\"x\":0,\"y\":0}]}",
            "dashboard_name": "lab-1c-alb-dashboard",
            "id": "lab-1c-alb-dashboard",
            "region": "ap-northeast-1"
          },
          "sensitive_attributes": [],
          "identity_schema_version": 0,
          "private": "bnVsbA==",
          "dependencies": [
            "module.ingress.aws_lb.app_alb",
            "module.security.aws_security_group.alb_sg",
            "module.vpc.aws_subnet.public_a",
            "module.vpc.aws_subnet.public_b",
            "module.vpc.aws_vpc.main"
          ]
        }
      ]
    },
    {
      "module": "module.ingress",
      "mode": "managed",
      "type": "aws_cloudwatch_log_group",
      "name": "waf_logs",
      "provider": "provider[\"registry.terraform.io/hashicorp/aws\"]",
      "instances": [
        {
          "index_key": 0,
          "schema_version": 0,
          "attributes": {
            "arn": "arn:aws:logs:ap-northeast-1:261519058382:log-group:aws-waf-logs-lab-1c-webacl",
            "deletion_protection_enabled": false,
            "id": "aws-waf-logs-lab-1c-webacl",
            "kms_key_id": "",
            "log_group_class": "STANDARD",
            "name": "aws-waf-logs-lab-1c-webacl",
            "name_prefix": "",
            "region": "ap-northeast-1",
            "retention_in_days": 14,
            "skip_destroy": false,
            "tags": null,
            "tags_all": {}
          },
          "sensitive_attributes": [],
          "identity_schema_version": 0,
          "identity": {
            "account_id": "261519058382",
            "name": "aws-waf-logs-lab-1c-webacl",
            "region": "ap-northeast-1"
          },
          "private": "bnVsbA=="
        }
      ]
    },
    {
      "module": "module.ingress",
      "mode": "managed",
      "type": "aws_cloudwatch_metric_alarm",
      "name": "alb_5xx",
      "provider": "provider[\"registry.terraform.io/hashicorp/aws\"]",
      "instances": [
        {
          "schema_version": 1,
          "attributes": {
            "actions_enabled": true,
            "alarm_actions": [
              "arn:aws:sns:ap-northeast-1:261519058382:lab-db-incidents"
            ],
            "alarm_description": "ALB 5xx spike alarm",
            "alarm_name": "lab-1c-alb-5xx",
            "arn": "arn:aws:cloudwatch:ap-northeast-1:261519058382:alarm:lab-1c-alb-5xx",
            "comparison_operator": "GreaterThanOrEqualToThreshold",
            "datapoints_to_alarm": 0,
            "dimensions": {
              "LoadBalancer": "app/lab-1c-alb/3c1e4e147c5efa5e"
            },
            "evaluate_low_sample_count_percentiles": "",
            "evaluation_periods": 1,
            "extended_statistic": "",
            "id": "lab-1c-alb-5xx",
            "insufficient_data_actions": null,
            "metric_name": "HTTPCode_ELB_5XX_Count",
            "metric_query": [],
            "namespace": "AWS/ApplicationELB",
            "ok_actions": [
              "arn:aws:sns:ap-northeast-1:261519058382:lab-db-incidents"
            ],
            "period": 300,
            "region": "ap-northeast-1",
            "statistic": "Sum",
            "tags": null,
            "tags_all": {},
            "threshold": 10,
            "threshold_metric_id": "",
            "treat_missing_data": "missing",
            "unit": ""
          },
          "sensitive_attributes": [],
          "identity_schema_version": 0,
          "identity": {
            "account_id": "261519058382",
            "alarm_name": "lab-1c-alb-5xx",
            "region": "ap-northeast-1"
          },
          "private": "eyJzY2hlbWFfdmVyc2lvbiI6IjEifQ==",
          "dependencies": [
            "module.cloudwatch.aws_sns_topic.db_incidents",
            "module.ingress.aws_lb.app_alb",
            "module.security.aws_security_group.alb_sg",
            "module.vpc.aws_subnet.public_a",
            "module.vpc.aws_subnet.public_b",
            "module.vpc.aws_vpc.main"
          ]
        }
      ]
    },
    {
      "module": "module.ingress",
      "mode": "managed",
      "type": "aws_lb",
      "name": "app_alb",
      "provider": "provider[\"registry.terraform.io/hashicorp/aws\"]",
      "instances": [
        {
          "schema_version": 0,
          "attributes": {
            "access_logs": [
              {
                "bucket": "",
                "enabled": false,
                "prefix": ""
              }
            ],
            "arn": "arn:aws:elasticloadbalancing:ap-northeast-1:261519058382:loadbalancer/app/lab-1c-alb/3c1e4e147c5efa5e",
            "arn_suffix": "app/lab-1c-alb/3c1e4e147c5efa5e",
            "client_keep_alive": 3600,
            "connection_logs": [
              {
                "bucket": "",
                "enabled": false,
                "prefix": ""
              }
            ],
            "customer_owned_ipv4_pool": "",
            "desync_mitigation_mode": "defensive",
            "dns_name": "lab-1c-alb-335960807.ap-northeast-1.elb.amazonaws.com",
            "dns_record_client_routing_policy": null,
            "drop_invalid_header_fields": false,
            "enable_cross_zone_load_balancing": true,
            "enable_deletion_protection": false,
            "enable_http2": true,
            "enable_tls_version_and_cipher_suite_headers": false,
            "enable_waf_fail_open": false,
            "enable_xff_client_port": false,
            "enable_zonal_shift": false,
            "enforce_security_group_inbound_rules_on_private_link_traffic": "",
            "health_check_logs": [
              {
                "bucket": "",
                "enabled": false,
                "prefix": ""
              }
            ],
            "id": "arn:aws:elasticloadbalancing:ap-northeast-1:261519058382:loadbalancer/app/lab-1c-alb/3c1e4e147c5efa5e",
            "idle_timeout": 60,
            "internal": false,
            "ip_address_type": "ipv4",
            "ipam_pools": [],
            "load_balancer_type": "application",
            "minimum_load_balancer_capacity": [],
            "name": "lab-1c-alb",
            "name_prefix": "",
            "preserve_host_header": false,
            "region": "ap-northeast-1",
            "secondary_ips_auto_assigned_per_subnet": null,
            "security_groups": [
              "sg-09912e8223980f24b"
            ],
            "subnet_mapping": [
              {
                "allocation_id": "",
                "ipv6_address": "",
                "outpost_id": "",
                "private_ipv4_address": "",
                "subnet_id": "subnet-0539628a5e8830746"
              },
              {
                "allocation_id": "",
                "ipv6_address": "",
                "outpost_id": "",
                "private_ipv4_address": "",
                "subnet_id": "subnet-0e9a659774e2f61b8"
              }
            ],
            "subnets": [
              "subnet-0539628a5e8830746",
              "subnet-0e9a659774e2f61b8"
            ],
            "tags": {
              "Name": "lab-1c-alb"
            },
            "tags_all": {
              "Name": "lab-1c-alb"
            },
            "timeouts": null,
            "vpc_id": "vpc-020eaf9c01641e257",
            "xff_header_processing_mode": "append",
            "zone_id": "Z14GRHDCWA56QT"
          },
          "sensitive_attributes": [],
          "identity_schema_version": 0,
          "identity": {
            "arn": "arn:aws:elasticloadbalancing:ap-northeast-1:261519058382:loadbalancer/app/lab-1c-alb/3c1e4e147c5efa5e"
          },
          "private": "eyJlMmJmYjczMC1lY2FhLTExZTYtOGY4OC0zNDM2M2JjN2M0YzAiOnsiY3JlYXRlIjo2MDAwMDAwMDAwMDAsImRlbGV0ZSI6NjAwMDAwMDAwMDAwLCJ1cGRhdGUiOjYwMDAwMDAwMDAwMH19",
          "dependencies": [
            "module.security.aws_security_group.alb_sg",
            "module.vpc.aws_subnet.public_a",
            "module.vpc.aws_subnet.public_b",
            "module.vpc.aws_vpc.main"
          ]
        }
      ]
    },
    {
      "module": "module.ingress",
      "mode": "managed",
      "type": "aws_lb_listener",
      "name": "http_80",
      "provider": "provider[\"registry.terraform.io/hashicorp/aws\"]",
      "instances": [
        {
          "schema_version": 0,
          "attributes": {
            "alpn_policy": null,
            "arn": "arn:aws:elasticloadbalancing:ap-northeast-1:261519058382:listener/app/lab-1c-alb/3c1e4e147c5efa5e/f04dacd6e8e5b852",
            "certificate_arn": null,
            "default_action": [
              {
                "authenticate_cognito": [],
                "authenticate_oidc": [],
                "fixed_response": [],
                "forward": [],
                "jwt_validation": [],
                "order": 1,
                "redirect": [
                  {
                    "host": "#{host}",
                    "path": "/#{path}",
                    "port": "443",
                    "protocol": "HTTPS",
                    "query": "#{query}",
                    "status_code": "HTTP_301"
                  }
                ],
                "target_group_arn": "",
                "type": "redirect"
              }
            ],
            "id": "arn:aws:elasticloadbalancing:ap-northeast-1:261519058382:listener/app/lab-1c-alb/3c1e4e147c5efa5e/f04dacd6e8e5b852",
            "load_balancer_arn": "arn:aws:elasticloadbalancing:ap-northeast-1:261519058382:loadbalancer/app/lab-1c-alb/3c1e4e147c5efa5e",
            "mutual_authentication": [],
            "port": 80,
            "protocol": "HTTP",
            "region": "ap-northeast-1",
            "routing_http_request_x_amzn_mtls_clientcert_header_name": null,
            "routing_http_request_x_amzn_mtls_clientcert_issuer_header_name": null,
            "routing_http_request_x_amzn_mtls_clientcert_leaf_header_name": null,
            "routing_http_request_x_amzn_mtls_clientcert_serial_number_header_name": null,
            "routing_http_request_x_amzn_mtls_clientcert_subject_header_name": null,
            "routing_http_request_x_amzn_mtls_clientcert_validity_header_name": null,
            "routing_http_request_x_amzn_tls_cipher_suite_header_name": null,
            "routing_http_request_x_amzn_tls_version_header_name": null,
            "routing_http_response_access_control_allow_credentials_header_value": "",
            "routing_http_response_access_control_allow_headers_header_value": "",
            "routing_http_response_access_control_allow_methods_header_value": "",
            "routing_http_response_access_control_allow_origin_header_value": "",
            "routing_http_response_access_control_expose_headers_header_value": "",
            "routing_http_response_access_control_max_age_header_value": "",
            "routing_http_response_content_security_policy_header_value": "",
            "routing_http_response_server_enabled": true,
            "routing_http_response_strict_transport_security_header_value": "",
            "routing_http_response_x_content_type_options_header_value": "",
            "routing_http_response_x_frame_options_header_value": "",
            "ssl_policy": "",
            "tags": null,
            "tags_all": {},
            "tcp_idle_timeout_seconds": null,
            "timeouts": null
          },
          "sensitive_attributes": [],
          "identity_schema_version": 0,
          "identity": {
            "arn": "arn:aws:elasticloadbalancing:ap-northeast-1:261519058382:listener/app/lab-1c-alb/3c1e4e147c5efa5e/f04dacd6e8e5b852"
          },
          "private": "eyJlMmJmYjczMC1lY2FhLTExZTYtOGY4OC0zNDM2M2JjN2M0YzAiOnsiY3JlYXRlIjozMDAwMDAwMDAwMDAsInVwZGF0ZSI6MzAwMDAwMDAwMDAwfX0=",
          "dependencies": [
            "module.ingress.aws_lb.app_alb",
            "module.security.aws_security_group.alb_sg",
            "module.vpc.aws_subnet.public_a",
            "module.vpc.aws_subnet.public_b",
            "module.vpc.aws_vpc.main"
          ]
        }
      ]
    },
    {
      "module": "module.ingress",
      "mode": "managed",
      "type": "aws_lb_listener",
      "name": "https_443",
      "provider": "provider[\"registry.terraform.io/hashicorp/aws\"]",
      "instances": [
        {
          "index_key": 0,
          "schema_version": 0,
          "attributes": {
            "alpn_policy": null,
            "arn": "arn:aws:elasticloadbalancing:ap-northeast-1:261519058382:listener/app/lab-1c-alb/3c1e4e147c5efa5e/eb35c39da238b0fb",
            "certificate_arn": "arn:aws:acm:ap-northeast-1:261519058382:certificate/c24c2563-c82c-42af-9927-7d3ebc94d070",
            "default_action": [
              {
                "authenticate_cognito": [],
                "authenticate_oidc": [],
                "fixed_response": [],
                "forward": [],
                "jwt_validation": [],
                "order": 1,
                "redirect": [],
                "target_group_arn": "arn:aws:elasticloadbalancing:ap-northeast-1:261519058382:targetgroup/lab-1c-tg/496b7a32e4adcbab",
                "type": "forward"
              }
            ],
            "id": "arn:aws:elasticloadbalancing:ap-northeast-1:261519058382:listener/app/lab-1c-alb/3c1e4e147c5efa5e/eb35c39da238b0fb",
            "load_balancer_arn": "arn:aws:elasticloadbalancing:ap-northeast-1:261519058382:loadbalancer/app/lab-1c-alb/3c1e4e147c5efa5e",
            "mutual_authentication": [
              {
                "advertise_trust_store_ca_names": "",
                "ignore_client_certificate_expiry": false,
                "mode": "off",
                "trust_store_arn": ""
              }
            ],
            "port": 443,
            "protocol": "HTTPS",
            "region": "ap-northeast-1",
            "routing_http_request_x_amzn_mtls_clientcert_header_name": "",
            "routing_http_request_x_amzn_mtls_clientcert_issuer_header_name": "",
            "routing_http_request_x_amzn_mtls_clientcert_leaf_header_name": "",
            "routing_http_request_x_amzn_mtls_clientcert_serial_number_header_name": "",
            "routing_http_request_x_amzn_mtls_clientcert_subject_header_name": "",
            "routing_http_request_x_amzn_mtls_clientcert_validity_header_name": "",
            "routing_http_request_x_amzn_tls_cipher_suite_header_name": "",
            "routing_http_request_x_amzn_tls_version_header_name": "",
            "routing_http_response_access_control_allow_credentials_header_value": "",
            "routing_http_response_access_control_allow_headers_header_value": "",
            "routing_http_response_access_control_allow_methods_header_value": "",
            "routing_http_response_access_control_allow_origin_header_value": "",
            "routing_http_response_access_control_expose_headers_header_value": "",
            "routing_http_response_access_control_max_age_header_value": "",
            "routing_http_response_content_security_policy_header_value": "",
            "routing_http_response_server_enabled": true,
            "routing_http_response_strict_transport_security_header_value": "",
            "routing_http_response_x_content_type_options_header_value": "",
            "routing_http_response_x_frame_options_header_value": "",
            "ssl_policy": "ELBSecurityPolicy-TLS13-1-2-2021-06",
            "tags": null,
            "tags_all": {},
            "tcp_idle_timeout_seconds": null,
            "timeouts": null
          },
          "sensitive_attributes": [],
          "identity_schema_version": 0,
          "identity": {
            "arn": "arn:aws:elasticloadbalancing:ap-northeast-1:261519058382:listener/app/lab-1c-alb/3c1e4e147c5efa5e/eb35c39da238b0fb"
          },
          "private": "eyJlMmJmYjczMC1lY2FhLTExZTYtOGY4OC0zNDM2M2JjN2M0YzAiOnsiY3JlYXRlIjozMDAwMDAwMDAwMDAsInVwZGF0ZSI6MzAwMDAwMDAwMDAwfX0=",
          "dependencies": [
            "module.ingress.aws_acm_certificate.app_cert",
            "module.ingress.aws_lb.app_alb",
            "module.ingress.aws_lb_target_group.app_tg",
            "module.security.aws_security_group.alb_sg",
            "module.vpc.aws_subnet.public_a",
            "module.vpc.aws_subnet.public_b",
            "module.vpc.aws_vpc.main"
          ]
        }
      ]
    },
    {
      "module": "module.ingress",
      "mode": "managed",
      "type": "aws_lb_target_group",
      "name": "app_tg",
      "provider": "provider[\"registry.terraform.io/hashicorp/aws\"]",
      "instances": [
        {
          "schema_version": 0,
          "attributes": {
            "arn": "arn:aws:elasticloadbalancing:ap-northeast-1:261519058382:targetgroup/lab-1c-tg/496b7a32e4adcbab",
            "arn_suffix": "targetgroup/lab-1c-tg/496b7a32e4adcbab",
            "connection_termination": null,
            "deregistration_delay": "300",
            "health_check": [
              {
                "enabled": true,
                "healthy_threshold": 2,
                "interval": 30,
                "matcher": "200-399",
                "path": "/",
                "port": "traffic-port",
                "protocol": "HTTP",
                "timeout": 5,
                "unhealthy_threshold": 2
              }
            ],
            "id": "arn:aws:elasticloadbalancing:ap-northeast-1:261519058382:targetgroup/lab-1c-tg/496b7a32e4adcbab",
            "ip_address_type": "ipv4",
            "lambda_multi_value_headers_enabled": false,
            "load_balancer_arns": [],
            "load_balancing_algorithm_type": "round_robin",
            "load_balancing_anomaly_mitigation": "off",
            "load_balancing_cross_zone_enabled": "use_load_balancer_configuration",
            "name": "lab-1c-tg",
            "name_prefix": "",
            "port": 80,
            "preserve_client_ip": null,
            "protocol": "HTTP",
            "protocol_version": "HTTP1",
            "proxy_protocol_v2": false,
            "region": "ap-northeast-1",
            "slow_start": 0,
            "stickiness": [
              {
                "cookie_duration": 86400,
                "cookie_name": "",
                "enabled": false,
                "type": "lb_cookie"
              }
            ],
            "tags": {
              "Name": "lab-1c-tg"
            },
            "tags_all": {
              "Name": "lab-1c-tg"
            },
            "target_control_port": 0,
            "target_failover": [
              {
                "on_deregistration": null,
                "on_unhealthy": null
              }
            ],
            "target_group_health": [
              {
                "dns_failover": [
                  {
                    "minimum_healthy_targets_count": "1",
                    "minimum_healthy_targets_percentage": "off"
                  }
                ],
                "unhealthy_state_routing": [
                  {
                    "minimum_healthy_targets_count": 1,
                    "minimum_healthy_targets_percentage": "off"
                  }
                ]
              }
            ],
            "target_health_state": [
              {
                "enable_unhealthy_connection_termination": null,
                "unhealthy_draining_interval": null
              }
            ],
            "target_type": "instance",
            "vpc_id": "vpc-020eaf9c01641e257"
          },
          "sensitive_attributes": [],
          "identity_schema_version": 0,
          "identity": {
            "arn": "arn:aws:elasticloadbalancing:ap-northeast-1:261519058382:targetgroup/lab-1c-tg/496b7a32e4adcbab"
          },
          "private": "bnVsbA==",
          "dependencies": [
            "module.vpc.aws_vpc.main"
          ]
        }
      ]
    },
    {
      "module": "module.ingress",
      "mode": "managed",
      "type": "aws_lb_target_group_attachment",
      "name": "ec2_attach",
      "provider": "provider[\"registry.terraform.io/hashicorp/aws\"]",
      "instances": [
        {
          "schema_version": 0,
          "attributes": {
            "availability_zone": null,
            "id": "arn:aws:elasticloadbalancing:ap-northeast-1:261519058382:targetgroup/lab-1c-tg/496b7a32e4adcbab-2026020517171370330000000f",
            "port": 80,
            "quic_server_id": null,
            "region": "ap-northeast-1",
            "target_group_arn": "arn:aws:elasticloadbalancing:ap-northeast-1:261519058382:targetgroup/lab-1c-tg/496b7a32e4adcbab",
            "target_id": "i-005d4da56a7a31247"
          },
          "sensitive_attributes": [],
          "identity_schema_version": 0,
          "private": "bnVsbA==",
          "dependencies": [
            "module.ec2.aws_instance.ec2",
            "module.iam.aws_iam_instance_profile.ec2_profile",
            "module.iam.aws_iam_role.ec2_secrets_role",
            "module.ingress.aws_lb_target_group.app_tg",
            "module.security.aws_security_group.ec2_sg",
            "module.vpc.aws_subnet.private_a",
            "module.vpc.aws_subnet.private_b",
            "module.vpc.aws_vpc.main"
          ]
        }
      ]
    },
    {
      "module": "module.ingress",
      "mode": "managed",
      "type": "aws_route53_record",
      "name": "acm_validation",
      "provider": "provider[\"registry.terraform.io/hashicorp/aws\"]",
      "instances": [
        {
          "index_key": 0,
          "schema_version": 2,
          "attributes": {
            "alias": [],
            "allow_overwrite": null,
            "cidr_routing_policy": [],
            "failover_routing_policy": [],
            "fqdn": "_f4fe8d69a8756f70c3659e242eebe39a.app.devlab405.click",
            "geolocation_routing_policy": [],
            "geoproximity_routing_policy": [],
            "health_check_id": "",
            "id": "Z103851437PNELROEQ0AM__f4fe8d69a8756f70c3659e242eebe39a.app.devlab405.click._CNAME",
            "latency_routing_policy": [],
            "multivalue_answer_routing_policy": false,
            "name": "_f4fe8d69a8756f70c3659e242eebe39a.app.devlab405.click",
            "records": [
              "_958f675658fb59e44aded32d4a520594.jkddzztszm.acm-validations.aws."
            ],
            "set_identifier": "",
            "timeouts": null,
            "ttl": 60,
            "type": "CNAME",
            "weighted_routing_policy": [],
            "zone_id": "Z103851437PNELROEQ0AM"
          },
          "sensitive_attributes": [],
          "identity_schema_version": 0,
          "identity": {
            "account_id": "261519058382",
            "name": "_f4fe8d69a8756f70c3659e242eebe39a.app.devlab405.click.",
            "set_identifier": null,
            "type": "CNAME",
            "zone_id": "Z103851437PNELROEQ0AM"
          },
          "private": "eyJlMmJmYjczMC1lY2FhLTExZTYtOGY4OC0zNDM2M2JjN2M0YzAiOnsiY3JlYXRlIjoxODAwMDAwMDAwMDAwLCJkZWxldGUiOjE4MDAwMDAwMDAwMDAsInVwZGF0ZSI6MTgwMDAwMDAwMDAwMH0sInNjaGVtYV92ZXJzaW9uIjoiMiJ9",
          "dependencies": [
            "module.ingress.aws_acm_certificate.app_cert",
            "module.ingress.aws_route53_zone.this"
          ]
        }
      ]
    },
    {
      "module": "module.ingress",
      "mode": "managed",
      "type": "aws_route53_record",
      "name": "app_alias",
      "provider": "provider[\"registry.terraform.io/hashicorp/aws\"]",
      "instances": [
        {
          "index_key": 0,
          "schema_version": 2,
          "attributes": {
            "alias": [
              {
                "evaluate_target_health": true,
                "name": "lab-1c-alb-335960807.ap-northeast-1.elb.amazonaws.com",
                "zone_id": "Z14GRHDCWA56QT"
              }
            ],
            "allow_overwrite": null,
            "cidr_routing_policy": [],
            "failover_routing_policy": [],
            "fqdn": "app.devlab405.click",
            "geolocation_routing_policy": [],
            "geoproximity_routing_policy": [],
            "health_check_id": "",
            "id": "Z103851437PNELROEQ0AM_app.devlab405.click_A",
            "latency_routing_policy": [],
            "multivalue_answer_routing_policy": false,
            "name": "app.devlab405.click",
            "records": null,
            "set_identifier": "",
            "timeouts": null,
            "ttl": 0,
            "type": "A",
            "weighted_routing_policy": [],
            "zone_id": "Z103851437PNELROEQ0AM"
          },
          "sensitive_attributes": [],
          "identity_schema_version": 0,
          "identity": {
            "account_id": "261519058382",
            "name": "app.devlab405.click",
            "set_identifier": null,
            "type": "A",
            "zone_id": "Z103851437PNELROEQ0AM"
          },
          "private": "eyJlMmJmYjczMC1lY2FhLTExZTYtOGY4OC0zNDM2M2JjN2M0YzAiOnsiY3JlYXRlIjoxODAwMDAwMDAwMDAwLCJkZWxldGUiOjE4MDAwMDAwMDAwMDAsInVwZGF0ZSI6MTgwMDAwMDAwMDAwMH0sInNjaGVtYV92ZXJzaW9uIjoiMiJ9",
          "dependencies": [
            "module.ingress.aws_lb.app_alb",
            "module.ingress.aws_route53_zone.this",
            "module.security.aws_security_group.alb_sg",
            "module.vpc.aws_subnet.public_a",
            "module.vpc.aws_subnet.public_b",
            "module.vpc.aws_vpc.main"
          ]
        }
      ]
    },
    {
      "module": "module.ingress",
      "mode": "managed",
      "type": "aws_wafv2_web_acl",
      "name": "alb_waf",
      "provider": "provider[\"registry.terraform.io/hashicorp/aws\"]",
      "instances": [
        {
          "schema_version": 0,
          "attributes": {
            "application_integration_url": "",
            "arn": "arn:aws:wafv2:ap-northeast-1:261519058382:regional/webacl/lab-1c-waf/eeda86f4-e37c-44d0-b786-6473b09f8410",
            "association_config": [],
            "capacity": 700,
            "captcha_config": [],
            "challenge_config": [],
            "custom_response_body": [],
            "data_protection_config": [],
            "default_action": [
              {
                "allow": [
                  {
                    "custom_request_handling": []
                  }
                ],
                "block": []
              }
            ],
            "description": "",
            "id": "eeda86f4-e37c-44d0-b786-6473b09f8410",
            "lock_token": "b2abb9ac-bab4-4206-826f-818436c511fb",
            "name": "lab-1c-waf",
            "name_prefix": "",
            "region": "ap-northeast-1",
            "rule": [
              {
                "action": [],
                "captcha_config": [],
                "challenge_config": [],
                "name": "AWSManagedRulesCommonRuleSet",
                "override_action": [
                  {
                    "count": [],
                    "none": [
                      {}
                    ]
                  }
                ],
                "priority": 1,
                "rule_label": [],
                "statement": [
                  {
                    "and_statement": [],
                    "asn_match_statement": [],
                    "byte_match_statement": [],
                    "geo_match_statement": [],
                    "ip_set_reference_statement": [],
                    "label_match_statement": [],
                    "managed_rule_group_statement": [
                      {
                        "managed_rule_group_configs": [],
                        "name": "AWSManagedRulesCommonRuleSet",
                        "rule_action_override": [],
                        "scope_down_statement": [],
                        "vendor_name": "AWS",
                        "version": ""
                      }
                    ],
                    "not_statement": [],
                    "or_statement": [],
                    "rate_based_statement": [],
                    "regex_match_statement": [],
                    "regex_pattern_set_reference_statement": [],
                    "rule_group_reference_statement": [],
                    "size_constraint_statement": [],
                    "sqli_match_statement": [],
                    "xss_match_statement": []
                  }
                ],
                "visibility_config": [
                  {
                    "cloudwatch_metrics_enabled": true,
                    "metric_name": "lab-1c-waf-common",
                    "sampled_requests_enabled": true
                  }
                ]
              }
            ],
            "rule_json": null,
            "scope": "REGIONAL",
            "tags": null,
            "tags_all": {},
            "token_domains": null,
            "visibility_config": [
              {
                "cloudwatch_metrics_enabled": true,
                "metric_name": "lab-1c-waf",
                "sampled_requests_enabled": true
              }
            ]
          },
          "sensitive_attributes": [],
          "identity_schema_version": 0,
          "private": "bnVsbA=="
        }
      ]
    },
    {
      "module": "module.ingress",
      "mode": "managed",
      "type": "aws_wafv2_web_acl_association",
      "name": "alb_waf_assoc",
      "provider": "provider[\"registry.terraform.io/hashicorp/aws\"]",
      "instances": [
        {
          "schema_version": 0,
          "attributes": {
            "id": "arn:aws:wafv2:ap-northeast-1:261519058382:regional/webacl/lab-1c-waf/eeda86f4-e37c-44d0-b786-6473b09f8410,arn:aws:elasticloadbalancing:ap-northeast-1:261519058382:loadbalancer/app/lab-1c-alb/3c1e4e147c5efa5e",
            "region": "ap-northeast-1",
            "resource_arn": "arn:aws:elasticloadbalancing:ap-northeast-1:261519058382:loadbalancer/app/lab-1c-alb/3c1e4e147c5efa5e",
            "timeouts": null,
            "web_acl_arn": "arn:aws:wafv2:ap-northeast-1:261519058382:regional/webacl/lab-1c-waf/eeda86f4-e37c-44d0-b786-6473b09f8410"
          },
          "sensitive_attributes": [],
          "identity_schema_version": 0,
          "private": "eyJlMmJmYjczMC1lY2FhLTExZTYtOGY4OC0zNDM2M2JjN2M0YzAiOnsiY3JlYXRlIjo2MDAwMDAwMDAwMDB9fQ==",
          "dependencies": [
            "module.ingress.aws_lb.app_alb",
            "module.ingress.aws_wafv2_web_acl.alb_waf",
            "module.security.aws_security_group.alb_sg",
            "module.vpc.aws_subnet.public_a",
            "module.vpc.aws_subnet.public_b",
            "module.vpc.aws_vpc.main"
          ]
        }
      ]
    },
    {
      "module": "module.ingress",
      "mode": "managed",
      "type": "aws_wafv2_web_acl_logging_configuration",
      "name": "this",
      "provider": "provider[\"registry.terraform.io/hashicorp/aws\"]",
      "instances": [
        {
          "index_key": 0,
          "schema_version": 0,
          "attributes": {
            "id": "arn:aws:wafv2:ap-northeast-1:261519058382:regional/webacl/lab-1c-waf/eeda86f4-e37c-44d0-b786-6473b09f8410",
            "log_destination_configs": [
              "arn:aws:logs:ap-northeast-1:261519058382:log-group:aws-waf-logs-lab-1c-webacl"
            ],
            "logging_filter": [],
            "redacted_fields": [],
            "region": "ap-northeast-1",
            "resource_arn": "arn:aws:wafv2:ap-northeast-1:261519058382:regional/webacl/lab-1c-waf/eeda86f4-e37c-44d0-b786-6473b09f8410"
          },
          "sensitive_attributes": [],
          "identity_schema_version": 0,
          "private": "bnVsbA==",
          "dependencies": [
            "module.ingress.aws_cloudwatch_log_group.waf_logs",
            "module.ingress.aws_wafv2_web_acl.alb_waf"
          ]
        }
      ]
    },
    {
      "module": "module.lambda_rotation",
      "mode": "data",
      "type": "aws_caller_identity",
      "name": "current",
      "provider": "provider[\"registry.terraform.io/hashicorp/aws\"]",
      "instances": [
        {
          "schema_version": 0,
          "attributes": {
            "account_id": "261519058382",
            "arn": "arn:aws:iam::261519058382:user/AWSCLI",
            "id": "261519058382",
            "user_id": "AIDATZY6AEXHN3GBM2T7D"
          },
          "sensitive_attributes": [],
          "identity_schema_version": 0
        }
      ]
    },
    {
      "module": "module.lambda_rotation",
      "mode": "data",
      "type": "aws_region",
      "name": "current",
      "provider": "provider[\"registry.terraform.io/hashicorp/aws\"]",
      "instances": [
        {
          "schema_version": 0,
          "attributes": {
            "description": "Asia Pacific (Tokyo)",
            "endpoint": "ec2.ap-northeast-1.amazonaws.com",
            "id": "ap-northeast-1",
            "name": "ap-northeast-1",
            "region": "ap-northeast-1"
          },
          "sensitive_attributes": [],
          "identity_schema_version": 0
        }
      ]
    },
    {
      "module": "module.lambda_rotation",
      "mode": "managed",
      "type": "aws_serverlessapplicationrepository_cloudformation_stack",
      "name": "lambda_rotation",
      "provider": "provider[\"registry.terraform.io/hashicorp/aws\"]",
      "instances": [
        {
          "schema_version": 0,
          "attributes": {
            "application_id": "arn:aws:serverlessrepo:us-east-1:297356227824:applications/SecretsManagerRDSMySQLRotationSingleUser",
            "capabilities": [
              "CAPABILITY_AUTO_EXPAND",
              "CAPABILITY_IAM",
              "CAPABILITY_RESOURCE_POLICY"
            ],
            "id": "arn:aws:cloudformation:ap-northeast-1:261519058382:stack/serverlessrepo-lab-1c-rotation-mysql/78b6b7e0-02b6-11f1-981f-0629e86fb77f",
            "name": "lab-1c-rotation-mysql",
            "outputs": {
              "RotationLambdaARN": "arn:aws:lambda:ap-northeast-1:261519058382:function:lab-1c-rds-rotation-mysql"
            },
            "parameters": {
              "endpoint": "lab-mysql.cne4ueim8lb3.ap-northeast-1.rds.amazonaws.com",
              "functionName": "lab-1c-rds-rotation-mysql",
              "vpcSecurityGroupIds": "sg-0bbe5c28d9096fccd",
              "vpcSubnetIds": "subnet-06152efa499749ef3,subnet-00d07cb2a3aadc155"
            },
            "region": "ap-northeast-1",
            "semantic_version": "1.1.632",
            "tags": {
              "Lab": "Lab-1C",
              "Project": "Armageddon"
            },
            "tags_all": {
              "Lab": "Lab-1C",
              "Project": "Armageddon"
            },
            "timeouts": null
          },
          "sensitive_attributes": [
            [
              {
                "type": "get_attr",
                "value": "parameters"
              },
              {
                "type": "index",
                "value": {
                  "value": "endpoint",
                  "type": "string"
                }
              }
            ]
          ],
          "identity_schema_version": 0,
          "private": "eyJlMmJmYjczMC1lY2FhLTExZTYtOGY4OC0zNDM2M2JjN2M0YzAiOnsiY3JlYXRlIjoxODAwMDAwMDAwMDAwLCJkZWxldGUiOjE4MDAwMDAwMDAwMDAsInVwZGF0ZSI6MTgwMDAwMDAwMDAwMH19",
          "dependencies": [
            "data.aws_secretsmanager_secret.rds",
            "data.aws_secretsmanager_secret_version.rds",
            "module.security.aws_security_group.ec2_sg",
            "module.vpc.aws_subnet.private_a",
            "module.vpc.aws_subnet.private_b",
            "module.vpc.aws_vpc.main"
          ]
        }
      ]
    },
    {
      "module": "module.rds",
      "mode": "managed",
      "type": "aws_db_instance",
      "name": "mysql",
      "provider": "provider[\"registry.terraform.io/hashicorp/aws\"]",
      "instances": [
        {
          "schema_version": 2,
          "attributes": {
            "address": "lab-mysql.cne4ueim8lb3.ap-northeast-1.rds.amazonaws.com",
            "allocated_storage": 20,
            "allow_major_version_upgrade": null,
            "apply_immediately": false,
            "arn": "arn:aws:rds:ap-northeast-1:261519058382:db:lab-mysql",
            "auto_minor_version_upgrade": true,
            "availability_zone": "ap-northeast-1c",
            "backup_retention_period": 0,
            "backup_target": "region",
            "backup_window": "19:24-19:54",
            "blue_green_update": [],
            "ca_cert_identifier": "rds-ca-rsa2048-g1",
            "character_set_name": "",
            "copy_tags_to_snapshot": false,
            "custom_iam_instance_profile": "",
            "customer_owned_ip_enabled": false,
            "database_insights_mode": "standard",
            "db_name": "labdb",
            "db_subnet_group_name": "lab-1c-db-subnet-group",
            "dedicated_log_volume": false,
            "delete_automated_backups": true,
            "deletion_protection": false,
            "domain": "",
            "domain_auth_secret_arn": "",
            "domain_dns_ips": null,
            "domain_fqdn": "",
            "domain_iam_role_name": "",
            "domain_ou": "",
            "enabled_cloudwatch_logs_exports": null,
            "endpoint": "lab-mysql.cne4ueim8lb3.ap-northeast-1.rds.amazonaws.com:3306",
            "engine": "mysql",
            "engine_lifecycle_support": "open-source-rds-extended-support",
            "engine_version": "8.0",
            "engine_version_actual": "8.0.44",
            "final_snapshot_identifier": null,
            "hosted_zone_id": "Z24O6O9L7SGTNB",
            "iam_database_authentication_enabled": false,
            "id": "db-L3V3E5T4B7MSP7FIWI556VX674",
            "identifier": "lab-mysql",
            "identifier_prefix": "",
            "instance_class": "db.t3.micro",
            "iops": 0,
            "kms_key_id": "",
            "latest_restorable_time": "",
            "license_model": "general-public-license",
            "listener_endpoint": [],
            "maintenance_window": "sat:17:59-sat:18:29",
            "manage_master_user_password": null,
            "master_user_secret": [],
            "master_user_secret_kms_key_id": null,
            "max_allocated_storage": 0,
            "monitoring_interval": 0,
            "monitoring_role_arn": "",
            "multi_az": false,
            "nchar_character_set_name": "",
            "network_type": "IPV4",
            "option_group_name": "default:mysql-8-0",
            "parameter_group_name": "default.mysql8.0",
            "password": "StrongPassword123!",
            "password_wo": null,
            "password_wo_version": null,
            "performance_insights_enabled": false,
            "performance_insights_kms_key_id": "",
            "performance_insights_retention_period": 0,
            "port": 3306,
            "publicly_accessible": false,
            "region": "ap-northeast-1",
            "replica_mode": "",
            "replicas": [],
            "replicate_source_db": "",
            "resource_id": "db-L3V3E5T4B7MSP7FIWI556VX674",
            "restore_to_point_in_time": [],
            "s3_import": [],
            "skip_final_snapshot": true,
            "snapshot_identifier": null,
            "status": "available",
            "storage_encrypted": false,
            "storage_throughput": 0,
            "storage_type": "gp2",
            "tags": null,
            "tags_all": {},
            "timeouts": null,
            "timezone": "",
            "upgrade_rollout_order": "second",
            "upgrade_storage_config": null,
            "username": "admin",
            "vpc_security_group_ids": [
              "sg-05bff699f42cb346f"
            ]
          },
          "sensitive_attributes": [
            [
              {
                "type": "get_attr",
                "value": "db_name"
              }
            ],
            [
              {
                "type": "get_attr",
                "value": "password"
              }
            ],
            [
              {
                "type": "get_attr",
                "value": "password_wo"
              }
            ],
            [
              {
                "type": "get_attr",
                "value": "username"
              }
            ]
          ],
          "identity_schema_version": 0,
          "private": "eyJlMmJmYjczMC1lY2FhLTExZTYtOGY4OC0zNDM2M2JjN2M0YzAiOnsiY3JlYXRlIjozMDAwMDAwMDAwMDAwLCJkZWxldGUiOjM2MDAwMDAwMDAwMDAsInVwZGF0ZSI6NDgwMDAwMDAwMDAwMH0sInNjaGVtYV92ZXJzaW9uIjoiMiJ9",
          "dependencies": [
            "data.aws_secretsmanager_secret.rds",
            "data.aws_secretsmanager_secret_version.rds",
            "module.security.aws_security_group.rds_sg",
            "module.vpc.aws_db_subnet_group.this",
            "module.vpc.aws_subnet.private_a",
            "module.vpc.aws_subnet.private_b",
            "module.vpc.aws_vpc.main"
          ]
        }
      ]
    },
    {
      "module": "module.rds",
      "mode": "managed",
      "type": "aws_ssm_parameter",
      "name": "db_config",
      "provider": "provider[\"registry.terraform.io/hashicorp/aws\"]",
      "instances": [
        {
          "index_key": "endpoint",
          "schema_version": 0,
          "attributes": {
            "allowed_pattern": "",
            "arn": "arn:aws:ssm:ap-northeast-1:261519058382:parameter/lab-1c/db/endpoint",
            "data_type": "text",
            "description": "",
            "has_value_wo": false,
            "id": "/lab-1c/db/endpoint",
            "insecure_value": null,
            "key_id": "",
            "name": "/lab-1c/db/endpoint",
            "overwrite": null,
            "region": "ap-northeast-1",
            "tags": {
              "Lab": "incident-response"
            },
            "tags_all": {
              "Lab": "incident-response"
            },
            "tier": "Standard",
            "type": "String",
            "value": "lab-mysql.cne4ueim8lb3.ap-northeast-1.rds.amazonaws.com:3306",
            "value_wo": null,
            "value_wo_version": null,
            "version": 1
          },
          "sensitive_attributes": [
            [
              {
                "type": "get_attr",
                "value": "value"
              }
            ],
            [
              {
                "type": "get_attr",
                "value": "value_wo"
              }
            ]
          ],
          "identity_schema_version": 0,
          "identity": {
            "account_id": "261519058382",
            "name": "/lab-1c/db/endpoint",
            "region": "ap-northeast-1"
          },
          "private": "bnVsbA==",
          "dependencies": [
            "data.aws_secretsmanager_secret.rds",
            "data.aws_secretsmanager_secret_version.rds",
            "module.rds.aws_db_instance.mysql",
            "module.security.aws_security_group.rds_sg",
            "module.vpc.aws_db_subnet_group.this",
            "module.vpc.aws_subnet.private_a",
            "module.vpc.aws_subnet.private_b",
            "module.vpc.aws_vpc.main"
          ]
        },
        {
          "index_key": "name",
          "schema_version": 0,
          "attributes": {
            "allowed_pattern": "",
            "arn": "arn:aws:ssm:ap-northeast-1:261519058382:parameter/lab-1c/db/name",
            "data_type": "text",
            "description": "",
            "has_value_wo": false,
            "id": "/lab-1c/db/name",
            "insecure_value": null,
            "key_id": "",
            "name": "/lab-1c/db/name",
            "overwrite": null,
            "region": "ap-northeast-1",
            "tags": {
              "Lab": "incident-response"
            },
            "tags_all": {
              "Lab": "incident-response"
            },
            "tier": "Standard",
            "type": "String",
            "value": "labdb",
            "value_wo": null,
            "value_wo_version": null,
            "version": 1
          },
          "sensitive_attributes": [
            [
              {
                "type": "get_attr",
                "value": "value"
              }
            ],
            [
              {
                "type": "get_attr",
                "value": "value_wo"
              }
            ]
          ],
          "identity_schema_version": 0,
          "identity": {
            "account_id": "261519058382",
            "name": "/lab-1c/db/name",
            "region": "ap-northeast-1"
          },
          "private": "bnVsbA==",
          "dependencies": [
            "data.aws_secretsmanager_secret.rds",
            "data.aws_secretsmanager_secret_version.rds",
            "module.rds.aws_db_instance.mysql",
            "module.security.aws_security_group.rds_sg",
            "module.vpc.aws_db_subnet_group.this",
            "module.vpc.aws_subnet.private_a",
            "module.vpc.aws_subnet.private_b",
            "module.vpc.aws_vpc.main"
          ]
        },
        {
          "index_key": "port",
          "schema_version": 0,
          "attributes": {
            "allowed_pattern": "",
            "arn": "arn:aws:ssm:ap-northeast-1:261519058382:parameter/lab-1c/db/port",
            "data_type": "text",
            "description": "",
            "has_value_wo": false,
            "id": "/lab-1c/db/port",
            "insecure_value": null,
            "key_id": "",
            "name": "/lab-1c/db/port",
            "overwrite": null,
            "region": "ap-northeast-1",
            "tags": {
              "Lab": "incident-response"
            },
            "tags_all": {
              "Lab": "incident-response"
            },
            "tier": "Standard",
            "type": "String",
            "value": "3306",
            "value_wo": null,
            "value_wo_version": null,
            "version": 1
          },
          "sensitive_attributes": [
            [
              {
                "type": "get_attr",
                "value": "value"
              }
            ],
            [
              {
                "type": "get_attr",
                "value": "value_wo"
              }
            ]
          ],
          "identity_schema_version": 0,
          "identity": {
            "account_id": "261519058382",
            "name": "/lab-1c/db/port",
            "region": "ap-northeast-1"
          },
          "private": "bnVsbA==",
          "dependencies": [
            "data.aws_secretsmanager_secret.rds",
            "data.aws_secretsmanager_secret_version.rds",
            "module.rds.aws_db_instance.mysql",
            "module.security.aws_security_group.rds_sg",
            "module.vpc.aws_db_subnet_group.this",
            "module.vpc.aws_subnet.private_a",
            "module.vpc.aws_subnet.private_b",
            "module.vpc.aws_vpc.main"
          ]
        }
      ]
    },
    {
      "module": "module.security",
      "mode": "managed",
      "type": "aws_security_group",
      "name": "alb_sg",
      "provider": "provider[\"registry.terraform.io/hashicorp/aws\"]",
      "instances": [
        {
          "schema_version": 1,
          "attributes": {
            "arn": "arn:aws:ec2:ap-northeast-1:261519058382:security-group/sg-09912e8223980f24b",
            "description": "Public ALB security group",
            "egress": [
              {
                "cidr_blocks": [
                  "0.0.0.0/0"
                ],
                "description": "ALB egress",
                "from_port": 0,
                "ipv6_cidr_blocks": [],
                "prefix_list_ids": [],
                "protocol": "-1",
                "security_groups": [],
                "self": false,
                "to_port": 0
              }
            ],
            "id": "sg-09912e8223980f24b",
            "ingress": [
              {
                "cidr_blocks": [
                  "0.0.0.0/0"
                ],
                "description": "HTTP from internet",
                "from_port": 80,
                "ipv6_cidr_blocks": [],
                "prefix_list_ids": [],
                "protocol": "tcp",
                "security_groups": [],
                "self": false,
                "to_port": 80
              },
              {
                "cidr_blocks": [
                  "0.0.0.0/0"
                ],
                "description": "HTTPS from internet",
                "from_port": 443,
                "ipv6_cidr_blocks": [],
                "prefix_list_ids": [],
                "protocol": "tcp",
                "security_groups": [],
                "self": false,
                "to_port": 443
              }
            ],
            "name": "lab-1c-alb-sg",
            "name_prefix": "",
            "owner_id": "261519058382",
            "region": "ap-northeast-1",
            "revoke_rules_on_delete": false,
            "tags": {
              "Name": "lab-1c-alb-sg"
            },
            "tags_all": {
              "Name": "lab-1c-alb-sg"
            },
            "timeouts": null,
            "vpc_id": "vpc-020eaf9c01641e257"
          },
          "sensitive_attributes": [],
          "identity_schema_version": 0,
          "identity": {
            "account_id": "261519058382",
            "id": "sg-09912e8223980f24b",
            "region": "ap-northeast-1"
          },
          "private": "eyJlMmJmYjczMC1lY2FhLTExZTYtOGY4OC0zNDM2M2JjN2M0YzAiOnsiY3JlYXRlIjo2MDAwMDAwMDAwMDAsImRlbGV0ZSI6OTAwMDAwMDAwMDAwfSwic2NoZW1hX3ZlcnNpb24iOiIxIn0=",
          "dependencies": [
            "module.vpc.aws_vpc.main"
          ]
        }
      ]
    },
    {
      "module": "module.security",
      "mode": "managed",
      "type": "aws_security_group",
      "name": "ec2_sg",
      "provider": "provider[\"registry.terraform.io/hashicorp/aws\"]",
      "instances": [
        {
          "schema_version": 1,
          "attributes": {
            "arn": "arn:aws:ec2:ap-northeast-1:261519058382:security-group/sg-0bbe5c28d9096fccd",
            "description": "Security group for EC2",
            "egress": [],
            "id": "sg-0bbe5c28d9096fccd",
            "ingress": [],
            "name": "ec2-lab-1c",
            "name_prefix": "",
            "owner_id": "261519058382",
            "region": "ap-northeast-1",
            "revoke_rules_on_delete": false,
            "tags": {
              "Name": "sg-ec2-lab-1c"
            },
            "tags_all": {
              "Name": "sg-ec2-lab-1c"
            },
            "timeouts": null,
            "vpc_id": "vpc-020eaf9c01641e257"
          },
          "sensitive_attributes": [],
          "identity_schema_version": 0,
          "identity": {
            "account_id": "261519058382",
            "id": "sg-0bbe5c28d9096fccd",
            "region": "ap-northeast-1"
          },
          "private": "eyJlMmJmYjczMC1lY2FhLTExZTYtOGY4OC0zNDM2M2JjN2M0YzAiOnsiY3JlYXRlIjo2MDAwMDAwMDAwMDAsImRlbGV0ZSI6OTAwMDAwMDAwMDAwfSwic2NoZW1hX3ZlcnNpb24iOiIxIn0=",
          "dependencies": [
            "module.vpc.aws_vpc.main"
          ]
        }
      ]
    },
    {
      "module": "module.security",
      "mode": "managed",
      "type": "aws_security_group",
      "name": "lambda_rotation_sg",
      "provider": "provider[\"registry.terraform.io/hashicorp/aws\"]",
      "instances": [
        {
          "schema_version": 1,
          "attributes": {
            "arn": "arn:aws:ec2:ap-northeast-1:261519058382:security-group/sg-04c3ed49af5995c50",
            "description": "Security group for Secrets Manager rotation Lambda",
            "egress": [],
            "id": "sg-04c3ed49af5995c50",
            "ingress": [],
            "name": "lambda-rotation-lab-1c",
            "name_prefix": "",
            "owner_id": "261519058382",
            "region": "ap-northeast-1",
            "revoke_rules_on_delete": false,
            "tags": {
              "Name": "lab-1c-lambda-rotation-sg"
            },
            "tags_all": {
              "Name": "lab-1c-lambda-rotation-sg"
            },
            "timeouts": null,
            "vpc_id": "vpc-020eaf9c01641e257"
          },
          "sensitive_attributes": [],
          "identity_schema_version": 0,
          "identity": {
            "account_id": "261519058382",
            "id": "sg-04c3ed49af5995c50",
            "region": "ap-northeast-1"
          },
          "private": "eyJlMmJmYjczMC1lY2FhLTExZTYtOGY4OC0zNDM2M2JjN2M0YzAiOnsiY3JlYXRlIjo2MDAwMDAwMDAwMDAsImRlbGV0ZSI6OTAwMDAwMDAwMDAwfSwic2NoZW1hX3ZlcnNpb24iOiIxIn0=",
          "dependencies": [
            "module.vpc.aws_vpc.main"
          ]
        }
      ]
    },
    {
      "module": "module.security",
      "mode": "managed",
      "type": "aws_security_group",
      "name": "rds_sg",
      "provider": "provider[\"registry.terraform.io/hashicorp/aws\"]",
      "instances": [
        {
          "schema_version": 1,
          "attributes": {
            "arn": "arn:aws:ec2:ap-northeast-1:261519058382:security-group/sg-05bff699f42cb346f",
            "description": "Allow inbound traffic and all outbound traffic to the rds",
            "egress": [],
            "id": "sg-05bff699f42cb346f",
            "ingress": [],
            "name": "rds-lab-1c",
            "name_prefix": "",
            "owner_id": "261519058382",
            "region": "ap-northeast-1",
            "revoke_rules_on_delete": false,
            "tags": {
              "Name": "lab-1c-rds-sg"
            },
            "tags_all": {
              "Name": "lab-1c-rds-sg"
            },
            "timeouts": null,
            "vpc_id": "vpc-020eaf9c01641e257"
          },
          "sensitive_attributes": [],
          "identity_schema_version": 0,
          "identity": {
            "account_id": "261519058382",
            "id": "sg-05bff699f42cb346f",
            "region": "ap-northeast-1"
          },
          "private": "eyJlMmJmYjczMC1lY2FhLTExZTYtOGY4OC0zNDM2M2JjN2M0YzAiOnsiY3JlYXRlIjo2MDAwMDAwMDAwMDAsImRlbGV0ZSI6OTAwMDAwMDAwMDAwfSwic2NoZW1hX3ZlcnNpb24iOiIxIn0=",
          "dependencies": [
            "module.vpc.aws_vpc.main"
          ]
        }
      ]
    },
    {
      "module": "module.security",
      "mode": "managed",
      "type": "aws_security_group",
      "name": "vpce_endpoints_sg",
      "provider": "provider[\"registry.terraform.io/hashicorp/aws\"]",
      "instances": [
        {
          "schema_version": 1,
          "attributes": {
            "arn": "arn:aws:ec2:ap-northeast-1:261519058382:security-group/sg-05a4a49f59337c082",
            "description": "Allow HTTPS from EC2 SG to VPC interface endpoints",
            "egress": [],
            "id": "sg-05a4a49f59337c082",
            "ingress": [],
            "name": "vpce-interface-endpoints-lab-1c",
            "name_prefix": "",
            "owner_id": "261519058382",
            "region": "ap-northeast-1",
            "revoke_rules_on_delete": false,
            "tags": {
              "Name": "vpce-interface-endpoints-lab-1c"
            },
            "tags_all": {
              "Name": "vpce-interface-endpoints-lab-1c"
            },
            "timeouts": null,
            "vpc_id": "vpc-020eaf9c01641e257"
          },
          "sensitive_attributes": [],
          "identity_schema_version": 0,
          "identity": {
            "account_id": "261519058382",
            "id": "sg-05a4a49f59337c082",
            "region": "ap-northeast-1"
          },
          "private": "eyJlMmJmYjczMC1lY2FhLTExZTYtOGY4OC0zNDM2M2JjN2M0YzAiOnsiY3JlYXRlIjo2MDAwMDAwMDAwMDAsImRlbGV0ZSI6OTAwMDAwMDAwMDAwfSwic2NoZW1hX3ZlcnNpb24iOiIxIn0=",
          "dependencies": [
            "module.vpc.aws_vpc.main"
          ]
        }
      ]
    },
    {
      "module": "module.security",
      "mode": "managed",
      "type": "aws_security_group_rule",
      "name": "alb_to_ec2",
      "provider": "provider[\"registry.terraform.io/hashicorp/aws\"]",
      "instances": [
        {
          "schema_version": 2,
          "attributes": {
            "cidr_blocks": null,
            "description": "Allow ALB to reach EC2 app port",
            "from_port": 80,
            "id": "sgrule-3326038780",
            "ipv6_cidr_blocks": null,
            "prefix_list_ids": null,
            "protocol": "tcp",
            "region": "ap-northeast-1",
            "security_group_id": "sg-0bbe5c28d9096fccd",
            "security_group_rule_id": "sgr-07304f39c3fb65220",
            "self": false,
            "source_security_group_id": "sg-09912e8223980f24b",
            "timeouts": null,
            "to_port": 80,
            "type": "ingress"
          },
          "sensitive_attributes": [],
          "identity_schema_version": 0,
          "private": "eyJlMmJmYjczMC1lY2FhLTExZTYtOGY4OC0zNDM2M2JjN2M0YzAiOnsiY3JlYXRlIjozMDAwMDAwMDAwMDB9LCJzY2hlbWFfdmVyc2lvbiI6IjIifQ==",
          "dependencies": [
            "module.security.aws_security_group.alb_sg",
            "module.security.aws_security_group.ec2_sg",
            "module.vpc.aws_vpc.main"
          ]
        }
      ]
    },
    {
      "module": "module.security",
      "mode": "managed",
      "type": "aws_vpc_security_group_egress_rule",
      "name": "ec2_all_outbound",
      "provider": "provider[\"registry.terraform.io/hashicorp/aws\"]",
      "instances": [
        {
          "schema_version": 0,
          "attributes": {
            "arn": "arn:aws:ec2:ap-northeast-1:261519058382:security-group-rule/sgr-0f43ecd22f417b36e",
            "cidr_ipv4": "0.0.0.0/0",
            "cidr_ipv6": null,
            "description": null,
            "from_port": null,
            "id": "sgr-0f43ecd22f417b36e",
            "ip_protocol": "-1",
            "prefix_list_id": null,
            "referenced_security_group_id": null,
            "region": "ap-northeast-1",
            "security_group_id": "sg-0bbe5c28d9096fccd",
            "security_group_rule_id": "sgr-0f43ecd22f417b36e",
            "tags": null,
            "tags_all": {},
            "to_port": null
          },
          "sensitive_attributes": [],
          "identity_schema_version": 0,
          "identity": {
            "account_id": "261519058382",
            "id": "sgr-0f43ecd22f417b36e",
            "region": "ap-northeast-1"
          },
          "dependencies": [
            "module.security.aws_security_group.ec2_sg",
            "module.vpc.aws_vpc.main"
          ]
        }
      ]
    },
    {
      "module": "module.security",
      "mode": "managed",
      "type": "aws_vpc_security_group_egress_rule",
      "name": "lambda_https_outbound",
      "provider": "provider[\"registry.terraform.io/hashicorp/aws\"]",
      "instances": [
        {
          "schema_version": 0,
          "attributes": {
            "arn": "arn:aws:ec2:ap-northeast-1:261519058382:security-group-rule/sgr-0b789a299087d033d",
            "cidr_ipv4": "0.0.0.0/0",
            "cidr_ipv6": null,
            "description": "Allow rotation Lambda to call AWS APIs over HTTPS",
            "from_port": 443,
            "id": "sgr-0b789a299087d033d",
            "ip_protocol": "tcp",
            "prefix_list_id": null,
            "referenced_security_group_id": null,
            "region": "ap-northeast-1",
            "security_group_id": "sg-04c3ed49af5995c50",
            "security_group_rule_id": "sgr-0b789a299087d033d",
            "tags": null,
            "tags_all": {},
            "to_port": 443
          },
          "sensitive_attributes": [],
          "identity_schema_version": 0,
          "identity": {
            "account_id": "261519058382",
            "id": "sgr-0b789a299087d033d",
            "region": "ap-northeast-1"
          },
          "dependencies": [
            "module.security.aws_security_group.lambda_rotation_sg",
            "module.vpc.aws_vpc.main"
          ]
        }
      ]
    },
    {
      "module": "module.security",
      "mode": "managed",
      "type": "aws_vpc_security_group_egress_rule",
      "name": "lambda_to_rds",
      "provider": "provider[\"registry.terraform.io/hashicorp/aws\"]",
      "instances": [
        {
          "schema_version": 0,
          "attributes": {
            "arn": "arn:aws:ec2:ap-northeast-1:261519058382:security-group-rule/sgr-0af68f08ef4d40321",
            "cidr_ipv4": null,
            "cidr_ipv6": null,
            "description": "Allow rotation Lambda to reach RDS on DB port",
            "from_port": 3306,
            "id": "sgr-0af68f08ef4d40321",
            "ip_protocol": "tcp",
            "prefix_list_id": null,
            "referenced_security_group_id": "sg-05bff699f42cb346f",
            "region": "ap-northeast-1",
            "security_group_id": "sg-04c3ed49af5995c50",
            "security_group_rule_id": "sgr-0af68f08ef4d40321",
            "tags": null,
            "tags_all": {},
            "to_port": 3306
          },
          "sensitive_attributes": [],
          "identity_schema_version": 0,
          "identity": {
            "account_id": "261519058382",
            "id": "sgr-0af68f08ef4d40321",
            "region": "ap-northeast-1"
          },
          "dependencies": [
            "module.security.aws_security_group.lambda_rotation_sg",
            "module.security.aws_security_group.rds_sg",
            "module.vpc.aws_vpc.main"
          ]
        }
      ]
    },
    {
      "module": "module.security",
      "mode": "managed",
      "type": "aws_vpc_security_group_egress_rule",
      "name": "rds_all_outbound",
      "provider": "provider[\"registry.terraform.io/hashicorp/aws\"]",
      "instances": [
        {
          "schema_version": 0,
          "attributes": {
            "arn": "arn:aws:ec2:ap-northeast-1:261519058382:security-group-rule/sgr-05c05f39a22d68a85",
            "cidr_ipv4": "0.0.0.0/0",
            "cidr_ipv6": null,
            "description": null,
            "from_port": null,
            "id": "sgr-05c05f39a22d68a85",
            "ip_protocol": "-1",
            "prefix_list_id": null,
            "referenced_security_group_id": null,
            "region": "ap-northeast-1",
            "security_group_id": "sg-05bff699f42cb346f",
            "security_group_rule_id": "sgr-05c05f39a22d68a85",
            "tags": null,
            "tags_all": {},
            "to_port": null
          },
          "sensitive_attributes": [],
          "identity_schema_version": 0,
          "identity": {
            "account_id": "261519058382",
            "id": "sgr-05c05f39a22d68a85",
            "region": "ap-northeast-1"
          },
          "dependencies": [
            "module.security.aws_security_group.rds_sg",
            "module.vpc.aws_vpc.main"
          ]
        }
      ]
    },
    {
      "module": "module.security",
      "mode": "managed",
      "type": "aws_vpc_security_group_egress_rule",
      "name": "vpce_all_outbound",
      "provider": "provider[\"registry.terraform.io/hashicorp/aws\"]",
      "instances": [
        {
          "schema_version": 0,
          "attributes": {
            "arn": "arn:aws:ec2:ap-northeast-1:261519058382:security-group-rule/sgr-0869a6ac1d9e02bbe",
            "cidr_ipv4": "0.0.0.0/0",
            "cidr_ipv6": null,
            "description": "All egress",
            "from_port": null,
            "id": "sgr-0869a6ac1d9e02bbe",
            "ip_protocol": "-1",
            "prefix_list_id": null,
            "referenced_security_group_id": null,
            "region": "ap-northeast-1",
            "security_group_id": "sg-05a4a49f59337c082",
            "security_group_rule_id": "sgr-0869a6ac1d9e02bbe",
            "tags": null,
            "tags_all": {},
            "to_port": null
          },
          "sensitive_attributes": [],
          "identity_schema_version": 0,
          "identity": {
            "account_id": "261519058382",
            "id": "sgr-0869a6ac1d9e02bbe",
            "region": "ap-northeast-1"
          },
          "dependencies": [
            "module.security.aws_security_group.vpce_endpoints_sg",
            "module.vpc.aws_vpc.main"
          ]
        }
      ]
    },
    {
      "module": "module.security",
      "mode": "managed",
      "type": "aws_vpc_security_group_ingress_rule",
      "name": "ec2_http",
      "provider": "provider[\"registry.terraform.io/hashicorp/aws\"]",
      "instances": [
        {
          "schema_version": 0,
          "attributes": {
            "arn": "arn:aws:ec2:ap-northeast-1:261519058382:security-group-rule/sgr-0b076ead3cecdd1d2",
            "cidr_ipv4": "0.0.0.0/0",
            "cidr_ipv6": null,
            "description": "Allow HTTP traffic",
            "from_port": 80,
            "id": "sgr-0b076ead3cecdd1d2",
            "ip_protocol": "tcp",
            "prefix_list_id": null,
            "referenced_security_group_id": null,
            "region": "ap-northeast-1",
            "security_group_id": "sg-0bbe5c28d9096fccd",
            "security_group_rule_id": "sgr-0b076ead3cecdd1d2",
            "tags": {
              "Name": "lab-1c-http"
            },
            "tags_all": {
              "Name": "lab-1c-http"
            },
            "to_port": 80
          },
          "sensitive_attributes": [],
          "identity_schema_version": 0,
          "identity": {
            "account_id": "261519058382",
            "id": "sgr-0b076ead3cecdd1d2",
            "region": "ap-northeast-1"
          },
          "dependencies": [
            "module.security.aws_security_group.ec2_sg",
            "module.vpc.aws_vpc.main"
          ]
        }
      ]
    },
    {
      "module": "module.security",
      "mode": "managed",
      "type": "aws_vpc_security_group_ingress_rule",
      "name": "rds-http_ipv4",
      "provider": "provider[\"registry.terraform.io/hashicorp/aws\"]",
      "instances": [
        {
          "schema_version": 0,
          "attributes": {
            "arn": "arn:aws:ec2:ap-northeast-1:261519058382:security-group-rule/sgr-01c97ad174452fd9b",
            "cidr_ipv4": null,
            "cidr_ipv6": null,
            "description": "MySQL access from EC2",
            "from_port": 3306,
            "id": "sgr-01c97ad174452fd9b",
            "ip_protocol": "tcp",
            "prefix_list_id": null,
            "referenced_security_group_id": "sg-0bbe5c28d9096fccd",
            "region": "ap-northeast-1",
            "security_group_id": "sg-05bff699f42cb346f",
            "security_group_rule_id": "sgr-01c97ad174452fd9b",
            "tags": {
              "Name": "lab-1c-tcp"
            },
            "tags_all": {
              "Name": "lab-1c-tcp"
            },
            "to_port": 3306
          },
          "sensitive_attributes": [],
          "identity_schema_version": 0,
          "identity": {
            "account_id": "261519058382",
            "id": "sgr-01c97ad174452fd9b",
            "region": "ap-northeast-1"
          },
          "dependencies": [
            "module.security.aws_security_group.ec2_sg",
            "module.security.aws_security_group.rds_sg",
            "module.vpc.aws_vpc.main"
          ]
        }
      ]
    },
    {
      "module": "module.security",
      "mode": "managed",
      "type": "aws_vpc_security_group_ingress_rule",
      "name": "rds_from_lambda_rotation",
      "provider": "provider[\"registry.terraform.io/hashicorp/aws\"]",
      "instances": [
        {
          "schema_version": 0,
          "attributes": {
            "arn": "arn:aws:ec2:ap-northeast-1:261519058382:security-group-rule/sgr-0389e600accd6ab99",
            "cidr_ipv4": null,
            "cidr_ipv6": null,
            "description": "Allow MySQL from Lambda rotation",
            "from_port": 3306,
            "id": "sgr-0389e600accd6ab99",
            "ip_protocol": "tcp",
            "prefix_list_id": null,
            "referenced_security_group_id": "sg-04c3ed49af5995c50",
            "region": "ap-northeast-1",
            "security_group_id": "sg-05bff699f42cb346f",
            "security_group_rule_id": "sgr-0389e600accd6ab99",
            "tags": null,
            "tags_all": {},
            "to_port": 3306
          },
          "sensitive_attributes": [],
          "identity_schema_version": 0,
          "identity": {
            "account_id": "261519058382",
            "id": "sgr-0389e600accd6ab99",
            "region": "ap-northeast-1"
          },
          "dependencies": [
            "module.security.aws_security_group.lambda_rotation_sg",
            "module.security.aws_security_group.rds_sg",
            "module.vpc.aws_vpc.main"
          ]
        }
      ]
    },
    {
      "module": "module.security",
      "mode": "managed",
      "type": "aws_vpc_security_group_ingress_rule",
      "name": "vpce_https_from_ec2",
      "provider": "provider[\"registry.terraform.io/hashicorp/aws\"]",
      "instances": [
        {
          "schema_version": 0,
          "attributes": {
            "arn": "arn:aws:ec2:ap-northeast-1:261519058382:security-group-rule/sgr-0caac341645d6b548",
            "cidr_ipv4": null,
            "cidr_ipv6": null,
            "description": "HTTPS from EC2 SG",
            "from_port": 443,
            "id": "sgr-0caac341645d6b548",
            "ip_protocol": "tcp",
            "prefix_list_id": null,
            "referenced_security_group_id": "sg-0bbe5c28d9096fccd",
            "region": "ap-northeast-1",
            "security_group_id": "sg-05a4a49f59337c082",
            "security_group_rule_id": "sgr-0caac341645d6b548",
            "tags": null,
            "tags_all": {},
            "to_port": 443
          },
          "sensitive_attributes": [],
          "identity_schema_version": 0,
          "identity": {
            "account_id": "261519058382",
            "id": "sgr-0caac341645d6b548",
            "region": "ap-northeast-1"
          },
          "dependencies": [
            "module.security.aws_security_group.ec2_sg",
            "module.security.aws_security_group.vpce_endpoints_sg",
            "module.vpc.aws_vpc.main"
          ]
        }
      ]
    },
    {
      "module": "module.vpc",
      "mode": "managed",
      "type": "aws_db_subnet_group",
      "name": "this",
      "provider": "provider[\"registry.terraform.io/hashicorp/aws\"]",
      "instances": [
        {
          "schema_version": 0,
          "attributes": {
            "arn": "arn:aws:rds:ap-northeast-1:261519058382:subgrp:lab-1c-db-subnet-group",
            "description": "Managed by Terraform",
            "id": "lab-1c-db-subnet-group",
            "name": "lab-1c-db-subnet-group",
            "name_prefix": "",
            "region": "ap-northeast-1",
            "subnet_ids": [
              "subnet-00d07cb2a3aadc155",
              "subnet-06152efa499749ef3"
            ],
            "supported_network_types": [
              "IPV4"
            ],
            "tags": {
              "Name": "lab-1c-db-subnet-group"
            },
            "tags_all": {
              "Name": "lab-1c-db-subnet-group"
            },
            "vpc_id": "vpc-020eaf9c01641e257"
          },
          "sensitive_attributes": [],
          "identity_schema_version": 0,
          "private": "bnVsbA==",
          "dependencies": [
            "module.vpc.aws_subnet.private_a",
            "module.vpc.aws_subnet.private_b",
            "module.vpc.aws_vpc.main"
          ]
        }
      ]
    },
    {
      "module": "module.vpc",
      "mode": "managed",
      "type": "aws_eip",
      "name": "nat",
      "provider": "provider[\"registry.terraform.io/hashicorp/aws\"]",
      "instances": [
        {
          "schema_version": 0,
          "attributes": {
            "address": null,
            "allocation_id": "eipalloc-079c96d10ca6626c7",
            "arn": "arn:aws:ec2:ap-northeast-1:261519058382:elastic-ip/eipalloc-079c96d10ca6626c7",
            "associate_with_private_ip": null,
            "association_id": "",
            "carrier_ip": "",
            "customer_owned_ip": "",
            "customer_owned_ipv4_pool": "",
            "domain": "vpc",
            "id": "eipalloc-079c96d10ca6626c7",
            "instance": "",
            "ipam_pool_id": null,
            "network_border_group": "ap-northeast-1",
            "network_interface": "",
            "private_dns": null,
            "private_ip": "",
            "ptr_record": "",
            "public_dns": "ec2-52-69-245-177.ap-northeast-1.compute.amazonaws.com",
            "public_ip": "52.69.245.177",
            "public_ipv4_pool": "amazon",
            "region": "ap-northeast-1",
            "tags": {
              "Name": "lab-1c-nat-eip"
            },
            "tags_all": {
              "Name": "lab-1c-nat-eip"
            },
            "timeouts": null
          },
          "sensitive_attributes": [],
          "identity_schema_version": 0,
          "private": "eyJlMmJmYjczMC1lY2FhLTExZTYtOGY4OC0zNDM2M2JjN2M0YzAiOnsiZGVsZXRlIjoxODAwMDAwMDAwMDAsInJlYWQiOjkwMDAwMDAwMDAwMCwidXBkYXRlIjozMDAwMDAwMDAwMDB9fQ=="
        }
      ]
    },
    {
      "module": "module.vpc",
      "mode": "managed",
      "type": "aws_internet_gateway",
      "name": "igw",
      "provider": "provider[\"registry.terraform.io/hashicorp/aws\"]",
      "instances": [
        {
          "schema_version": 0,
          "attributes": {
            "arn": "arn:aws:ec2:ap-northeast-1:261519058382:internet-gateway/igw-04ad309d465bcd038",
            "id": "igw-04ad309d465bcd038",
            "owner_id": "261519058382",
            "region": "ap-northeast-1",
            "tags": {
              "Name": "lab-1c-igw"
            },
            "tags_all": {
              "Name": "lab-1c-igw"
            },
            "timeouts": null,
            "vpc_id": "vpc-020eaf9c01641e257"
          },
          "sensitive_attributes": [],
          "identity_schema_version": 0,
          "private": "eyJlMmJmYjczMC1lY2FhLTExZTYtOGY4OC0zNDM2M2JjN2M0YzAiOnsiY3JlYXRlIjoxMjAwMDAwMDAwMDAwLCJkZWxldGUiOjEyMDAwMDAwMDAwMDAsInVwZGF0ZSI6MTIwMDAwMDAwMDAwMH19",
          "dependencies": [
            "module.vpc.aws_vpc.main"
          ]
        }
      ]
    },
    {
      "module": "module.vpc",
      "mode": "managed",
      "type": "aws_nat_gateway",
      "name": "nat",
      "provider": "provider[\"registry.terraform.io/hashicorp/aws\"]",
      "instances": [
        {
          "schema_version": 0,
          "attributes": {
            "allocation_id": "eipalloc-079c96d10ca6626c7",
            "association_id": "eipassoc-088d98253cd5e679e",
            "auto_provision_zones": null,
            "auto_scaling_ips": null,
            "availability_mode": "zonal",
            "availability_zone_address": [],
            "connectivity_type": "public",
            "id": "nat-074f69a6688c2e058",
            "network_interface_id": "eni-0c2fbbf00e36caa84",
            "private_ip": "10.30.1.235",
            "public_ip": "52.69.245.177",
            "region": "ap-northeast-1",
            "regional_nat_gateway_address": [],
            "regional_nat_gateway_auto_mode": null,
            "route_table_id": null,
            "secondary_allocation_ids": [],
            "secondary_private_ip_address_count": 0,
            "secondary_private_ip_addresses": [],
            "subnet_id": "subnet-0e9a659774e2f61b8",
            "tags": {
              "Name": "lab-1c-nat-gw"
            },
            "tags_all": {
              "Name": "lab-1c-nat-gw"
            },
            "timeouts": null,
            "vpc_id": "vpc-020eaf9c01641e257"
          },
          "sensitive_attributes": [],
          "identity_schema_version": 0,
          "private": "eyJlMmJmYjczMC1lY2FhLTExZTYtOGY4OC0zNDM2M2JjN2M0YzAiOnsiY3JlYXRlIjo2MDAwMDAwMDAwMDAsImRlbGV0ZSI6MTgwMDAwMDAwMDAwMCwidXBkYXRlIjo2MDAwMDAwMDAwMDB9fQ==",
          "dependencies": [
            "module.vpc.aws_eip.nat",
            "module.vpc.aws_internet_gateway.igw",
            "module.vpc.aws_subnet.public_a",
            "module.vpc.aws_vpc.main"
          ]
        }
      ]
    },
    {
      "module": "module.vpc",
      "mode": "managed",
      "type": "aws_route",
      "name": "private_default_via_nat",
      "provider": "provider[\"registry.terraform.io/hashicorp/aws\"]",
      "instances": [
        {
          "schema_version": 0,
          "attributes": {
            "carrier_gateway_id": "",
            "core_network_arn": "",
            "destination_cidr_block": "0.0.0.0/0",
            "destination_ipv6_cidr_block": "",
            "destination_prefix_list_id": "",
            "egress_only_gateway_id": "",
            "gateway_id": "",
            "id": "r-rtb-050526039b1fa37cd1080289494",
            "instance_id": "",
            "instance_owner_id": "",
            "local_gateway_id": "",
            "nat_gateway_id": "nat-074f69a6688c2e058",
            "network_interface_id": "",
            "origin": "CreateRoute",
            "region": "ap-northeast-1",
            "route_table_id": "rtb-050526039b1fa37cd",
            "state": "active",
            "timeouts": null,
            "transit_gateway_id": "",
            "vpc_endpoint_id": "",
            "vpc_peering_connection_id": ""
          },
          "sensitive_attributes": [],
          "identity_schema_version": 0,
          "identity": {
            "account_id": "261519058382",
            "destination_cidr_block": "0.0.0.0/0",
            "destination_ipv6_cidr_block": null,
            "destination_prefix_list_id": null,
            "region": "ap-northeast-1",
            "route_table_id": "rtb-050526039b1fa37cd"
          },
          "private": "eyJlMmJmYjczMC1lY2FhLTExZTYtOGY4OC0zNDM2M2JjN2M0YzAiOnsiY3JlYXRlIjozMDAwMDAwMDAwMDAsImRlbGV0ZSI6MzAwMDAwMDAwMDAwLCJ1cGRhdGUiOjEyMDAwMDAwMDAwMH19",
          "dependencies": [
            "module.vpc.aws_eip.nat",
            "module.vpc.aws_internet_gateway.igw",
            "module.vpc.aws_nat_gateway.nat",
            "module.vpc.aws_route_table.private",
            "module.vpc.aws_subnet.public_a",
            "module.vpc.aws_vpc.main"
          ]
        }
      ]
    },
    {
      "module": "module.vpc",
      "mode": "managed",
      "type": "aws_route_table",
      "name": "private",
      "provider": "provider[\"registry.terraform.io/hashicorp/aws\"]",
      "instances": [
        {
          "schema_version": 0,
          "attributes": {
            "arn": "arn:aws:ec2:ap-northeast-1:261519058382:route-table/rtb-050526039b1fa37cd",
            "id": "rtb-050526039b1fa37cd",
            "owner_id": "261519058382",
            "propagating_vgws": [],
            "region": "ap-northeast-1",
            "route": [],
            "tags": {
              "Name": "lab-1c-private-rtb"
            },
            "tags_all": {
              "Name": "lab-1c-private-rtb"
            },
            "timeouts": null,
            "vpc_id": "vpc-020eaf9c01641e257"
          },
          "sensitive_attributes": [],
          "identity_schema_version": 0,
          "identity": {
            "account_id": "261519058382",
            "id": "rtb-050526039b1fa37cd",
            "region": "ap-northeast-1"
          },
          "private": "eyJlMmJmYjczMC1lY2FhLTExZTYtOGY4OC0zNDM2M2JjN2M0YzAiOnsiY3JlYXRlIjozMDAwMDAwMDAwMDAsImRlbGV0ZSI6MzAwMDAwMDAwMDAwLCJ1cGRhdGUiOjEyMDAwMDAwMDAwMH19",
          "dependencies": [
            "module.vpc.aws_vpc.main"
          ]
        }
      ]
    },
    {
      "module": "module.vpc",
      "mode": "managed",
      "type": "aws_route_table",
      "name": "public",
      "provider": "provider[\"registry.terraform.io/hashicorp/aws\"]",
      "instances": [
        {
          "schema_version": 0,
          "attributes": {
            "arn": "arn:aws:ec2:ap-northeast-1:261519058382:route-table/rtb-06f84cb15ebcf561c",
            "id": "rtb-06f84cb15ebcf561c",
            "owner_id": "261519058382",
            "propagating_vgws": [],
            "region": "ap-northeast-1",
            "route": [
              {
                "carrier_gateway_id": "",
                "cidr_block": "0.0.0.0/0",
                "core_network_arn": "",
                "destination_prefix_list_id": "",
                "egress_only_gateway_id": "",
                "gateway_id": "igw-04ad309d465bcd038",
                "ipv6_cidr_block": "",
                "local_gateway_id": "",
                "nat_gateway_id": "",
                "network_interface_id": "",
                "transit_gateway_id": "",
                "vpc_endpoint_id": "",
                "vpc_peering_connection_id": ""
              }
            ],
            "tags": {
              "Name": "lab-1c-public-rtb"
            },
            "tags_all": {
              "Name": "lab-1c-public-rtb"
            },
            "timeouts": null,
            "vpc_id": "vpc-020eaf9c01641e257"
          },
          "sensitive_attributes": [],
          "identity_schema_version": 0,
          "identity": {
            "account_id": "261519058382",
            "id": "rtb-06f84cb15ebcf561c",
            "region": "ap-northeast-1"
          },
          "private": "eyJlMmJmYjczMC1lY2FhLTExZTYtOGY4OC0zNDM2M2JjN2M0YzAiOnsiY3JlYXRlIjozMDAwMDAwMDAwMDAsImRlbGV0ZSI6MzAwMDAwMDAwMDAwLCJ1cGRhdGUiOjEyMDAwMDAwMDAwMH19",
          "dependencies": [
            "module.vpc.aws_internet_gateway.igw",
            "module.vpc.aws_vpc.main"
          ]
        }
      ]
    },
    {
      "module": "module.vpc",
      "mode": "managed",
      "type": "aws_route_table_association",
      "name": "private_a",
      "provider": "provider[\"registry.terraform.io/hashicorp/aws\"]",
      "instances": [
        {
          "schema_version": 0,
          "attributes": {
            "gateway_id": "",
            "id": "rtbassoc-073f19aaff13322b7",
            "region": "ap-northeast-1",
            "route_table_id": "rtb-050526039b1fa37cd",
            "subnet_id": "subnet-06152efa499749ef3",
            "timeouts": null
          },
          "sensitive_attributes": [],
          "identity_schema_version": 0,
          "private": "eyJlMmJmYjczMC1lY2FhLTExZTYtOGY4OC0zNDM2M2JjN2M0YzAiOnsiY3JlYXRlIjozMDAwMDAwMDAwMDAsImRlbGV0ZSI6MzAwMDAwMDAwMDAwLCJ1cGRhdGUiOjEyMDAwMDAwMDAwMH19",
          "dependencies": [
            "module.vpc.aws_route_table.private",
            "module.vpc.aws_subnet.private_a",
            "module.vpc.aws_vpc.main"
          ]
        }
      ]
    },
    {
      "module": "module.vpc",
      "mode": "managed",
      "type": "aws_route_table_association",
      "name": "private_b",
      "provider": "provider[\"registry.terraform.io/hashicorp/aws\"]",
      "instances": [
        {
          "schema_version": 0,
          "attributes": {
            "gateway_id": "",
            "id": "rtbassoc-01ce99ed27fb057a0",
            "region": "ap-northeast-1",
            "route_table_id": "rtb-050526039b1fa37cd",
            "subnet_id": "subnet-00d07cb2a3aadc155",
            "timeouts": null
          },
          "sensitive_attributes": [],
          "identity_schema_version": 0,
          "private": "eyJlMmJmYjczMC1lY2FhLTExZTYtOGY4OC0zNDM2M2JjN2M0YzAiOnsiY3JlYXRlIjozMDAwMDAwMDAwMDAsImRlbGV0ZSI6MzAwMDAwMDAwMDAwLCJ1cGRhdGUiOjEyMDAwMDAwMDAwMH19",
          "dependencies": [
            "module.vpc.aws_route_table.private",
            "module.vpc.aws_subnet.private_b",
            "module.vpc.aws_vpc.main"
          ]
        }
      ]
    },
    {
      "module": "module.vpc",
      "mode": "managed",
      "type": "aws_route_table_association",
      "name": "public_a",
      "provider": "provider[\"registry.terraform.io/hashicorp/aws\"]",
      "instances": [
        {
          "schema_version": 0,
          "attributes": {
            "gateway_id": "",
            "id": "rtbassoc-04396f2706711e225",
            "region": "ap-northeast-1",
            "route_table_id": "rtb-06f84cb15ebcf561c",
            "subnet_id": "subnet-0e9a659774e2f61b8",
            "timeouts": null
          },
          "sensitive_attributes": [],
          "identity_schema_version": 0,
          "private": "eyJlMmJmYjczMC1lY2FhLTExZTYtOGY4OC0zNDM2M2JjN2M0YzAiOnsiY3JlYXRlIjozMDAwMDAwMDAwMDAsImRlbGV0ZSI6MzAwMDAwMDAwMDAwLCJ1cGRhdGUiOjEyMDAwMDAwMDAwMH19",
          "dependencies": [
            "module.vpc.aws_internet_gateway.igw",
            "module.vpc.aws_route_table.public",
            "module.vpc.aws_subnet.public_a",
            "module.vpc.aws_vpc.main"
          ]
        }
      ]
    },
    {
      "module": "module.vpc",
      "mode": "managed",
      "type": "aws_route_table_association",
      "name": "public_b",
      "provider": "provider[\"registry.terraform.io/hashicorp/aws\"]",
      "instances": [
        {
          "schema_version": 0,
          "attributes": {
            "gateway_id": "",
            "id": "rtbassoc-011a77b33f9ffab64",
            "region": "ap-northeast-1",
            "route_table_id": "rtb-06f84cb15ebcf561c",
            "subnet_id": "subnet-0539628a5e8830746",
            "timeouts": null
          },
          "sensitive_attributes": [],
          "identity_schema_version": 0,
          "private": "eyJlMmJmYjczMC1lY2FhLTExZTYtOGY4OC0zNDM2M2JjN2M0YzAiOnsiY3JlYXRlIjozMDAwMDAwMDAwMDAsImRlbGV0ZSI6MzAwMDAwMDAwMDAwLCJ1cGRhdGUiOjEyMDAwMDAwMDAwMH19",
          "dependencies": [
            "module.vpc.aws_internet_gateway.igw",
            "module.vpc.aws_route_table.public",
            "module.vpc.aws_subnet.public_b",
            "module.vpc.aws_vpc.main"
          ]
        }
      ]
    },
    {
      "module": "module.vpc",
      "mode": "managed",
      "type": "aws_subnet",
      "name": "private_a",
      "provider": "provider[\"registry.terraform.io/hashicorp/aws\"]",
      "instances": [
        {
          "schema_version": 1,
          "attributes": {
            "arn": "arn:aws:ec2:ap-northeast-1:261519058382:subnet/subnet-06152efa499749ef3",
            "assign_ipv6_address_on_creation": false,
            "availability_zone": "ap-northeast-1a",
            "availability_zone_id": "apne1-az4",
            "cidr_block": "10.30.11.0/24",
            "customer_owned_ipv4_pool": "",
            "enable_dns64": false,
            "enable_lni_at_device_index": 0,
            "enable_resource_name_dns_a_record_on_launch": false,
            "enable_resource_name_dns_aaaa_record_on_launch": false,
            "id": "subnet-06152efa499749ef3",
            "ipv4_ipam_pool_id": null,
            "ipv4_netmask_length": null,
            "ipv6_cidr_block": "",
            "ipv6_cidr_block_association_id": "",
            "ipv6_ipam_pool_id": null,
            "ipv6_native": false,
            "ipv6_netmask_length": null,
            "map_customer_owned_ip_on_launch": false,
            "map_public_ip_on_launch": false,
            "outpost_arn": "",
            "owner_id": "261519058382",
            "private_dns_hostname_type_on_launch": "ip-name",
            "region": "ap-northeast-1",
            "tags": {
              "Name": "lab-1c-private-subnet-1a"
            },
            "tags_all": {
              "Name": "lab-1c-private-subnet-1a"
            },
            "timeouts": null,
            "vpc_id": "vpc-020eaf9c01641e257"
          },
          "sensitive_attributes": [],
          "identity_schema_version": 0,
          "identity": {
            "account_id": "261519058382",
            "id": "subnet-06152efa499749ef3",
            "region": "ap-northeast-1"
          },
          "private": "eyJlMmJmYjczMC1lY2FhLTExZTYtOGY4OC0zNDM2M2JjN2M0YzAiOnsiY3JlYXRlIjo2MDAwMDAwMDAwMDAsImRlbGV0ZSI6MTIwMDAwMDAwMDAwMH0sInNjaGVtYV92ZXJzaW9uIjoiMSJ9",
          "dependencies": [
            "module.vpc.aws_vpc.main"
          ]
        }
      ]
    },
    {
      "module": "module.vpc",
      "mode": "managed",
      "type": "aws_subnet",
      "name": "private_b",
      "provider": "provider[\"registry.terraform.io/hashicorp/aws\"]",
      "instances": [
        {
          "schema_version": 1,
          "attributes": {
            "arn": "arn:aws:ec2:ap-northeast-1:261519058382:subnet/subnet-00d07cb2a3aadc155",
            "assign_ipv6_address_on_creation": false,
            "availability_zone": "ap-northeast-1c",
            "availability_zone_id": "apne1-az1",
            "cidr_block": "10.30.12.0/24",
            "customer_owned_ipv4_pool": "",
            "enable_dns64": false,
            "enable_lni_at_device_index": 0,
            "enable_resource_name_dns_a_record_on_launch": false,
            "enable_resource_name_dns_aaaa_record_on_launch": false,
            "id": "subnet-00d07cb2a3aadc155",
            "ipv4_ipam_pool_id": null,
            "ipv4_netmask_length": null,
            "ipv6_cidr_block": "",
            "ipv6_cidr_block_association_id": "",
            "ipv6_ipam_pool_id": null,
            "ipv6_native": false,
            "ipv6_netmask_length": null,
            "map_customer_owned_ip_on_launch": false,
            "map_public_ip_on_launch": false,
            "outpost_arn": "",
            "owner_id": "261519058382",
            "private_dns_hostname_type_on_launch": "ip-name",
            "region": "ap-northeast-1",
            "tags": {
              "Name": "lab-1c-private-subnet-1b"
            },
            "tags_all": {
              "Name": "lab-1c-private-subnet-1b"
            },
            "timeouts": null,
            "vpc_id": "vpc-020eaf9c01641e257"
          },
          "sensitive_attributes": [],
          "identity_schema_version": 0,
          "identity": {
            "account_id": "261519058382",
            "id": "subnet-00d07cb2a3aadc155",
            "region": "ap-northeast-1"
          },
          "private": "eyJlMmJmYjczMC1lY2FhLTExZTYtOGY4OC0zNDM2M2JjN2M0YzAiOnsiY3JlYXRlIjo2MDAwMDAwMDAwMDAsImRlbGV0ZSI6MTIwMDAwMDAwMDAwMH0sInNjaGVtYV92ZXJzaW9uIjoiMSJ9",
          "dependencies": [
            "module.vpc.aws_vpc.main"
          ]
        }
      ]
    },
    {
      "module": "module.vpc",
      "mode": "managed",
      "type": "aws_subnet",
      "name": "public_a",
      "provider": "provider[\"registry.terraform.io/hashicorp/aws\"]",
      "instances": [
        {
          "schema_version": 1,
          "attributes": {
            "arn": "arn:aws:ec2:ap-northeast-1:261519058382:subnet/subnet-0e9a659774e2f61b8",
            "assign_ipv6_address_on_creation": false,
            "availability_zone": "ap-northeast-1a",
            "availability_zone_id": "apne1-az4",
            "cidr_block": "10.30.1.0/24",
            "customer_owned_ipv4_pool": "",
            "enable_dns64": false,
            "enable_lni_at_device_index": 0,
            "enable_resource_name_dns_a_record_on_launch": false,
            "enable_resource_name_dns_aaaa_record_on_launch": false,
            "id": "subnet-0e9a659774e2f61b8",
            "ipv4_ipam_pool_id": null,
            "ipv4_netmask_length": null,
            "ipv6_cidr_block": "",
            "ipv6_cidr_block_association_id": "",
            "ipv6_ipam_pool_id": null,
            "ipv6_native": false,
            "ipv6_netmask_length": null,
            "map_customer_owned_ip_on_launch": false,
            "map_public_ip_on_launch": true,
            "outpost_arn": "",
            "owner_id": "261519058382",
            "private_dns_hostname_type_on_launch": "ip-name",
            "region": "ap-northeast-1",
            "tags": {
              "Name": "lab-1c-public-subnet-1a"
            },
            "tags_all": {
              "Name": "lab-1c-public-subnet-1a"
            },
            "timeouts": null,
            "vpc_id": "vpc-020eaf9c01641e257"
          },
          "sensitive_attributes": [],
          "identity_schema_version": 0,
          "identity": {
            "account_id": "261519058382",
            "id": "subnet-0e9a659774e2f61b8",
            "region": "ap-northeast-1"
          },
          "private": "eyJlMmJmYjczMC1lY2FhLTExZTYtOGY4OC0zNDM2M2JjN2M0YzAiOnsiY3JlYXRlIjo2MDAwMDAwMDAwMDAsImRlbGV0ZSI6MTIwMDAwMDAwMDAwMH0sInNjaGVtYV92ZXJzaW9uIjoiMSJ9",
          "dependencies": [
            "module.vpc.aws_vpc.main"
          ]
        }
      ]
    },
    {
      "module": "module.vpc",
      "mode": "managed",
      "type": "aws_subnet",
      "name": "public_b",
      "provider": "provider[\"registry.terraform.io/hashicorp/aws\"]",
      "instances": [
        {
          "schema_version": 1,
          "attributes": {
            "arn": "arn:aws:ec2:ap-northeast-1:261519058382:subnet/subnet-0539628a5e8830746",
            "assign_ipv6_address_on_creation": false,
            "availability_zone": "ap-northeast-1c",
            "availability_zone_id": "apne1-az1",
            "cidr_block": "10.30.2.0/24",
            "customer_owned_ipv4_pool": "",
            "enable_dns64": false,
            "enable_lni_at_device_index": 0,
            "enable_resource_name_dns_a_record_on_launch": false,
            "enable_resource_name_dns_aaaa_record_on_launch": false,
            "id": "subnet-0539628a5e8830746",
            "ipv4_ipam_pool_id": null,
            "ipv4_netmask_length": null,
            "ipv6_cidr_block": "",
            "ipv6_cidr_block_association_id": "",
            "ipv6_ipam_pool_id": null,
            "ipv6_native": false,
            "ipv6_netmask_length": null,
            "map_customer_owned_ip_on_launch": false,
            "map_public_ip_on_launch": true,
            "outpost_arn": "",
            "owner_id": "261519058382",
            "private_dns_hostname_type_on_launch": "ip-name",
            "region": "ap-northeast-1",
            "tags": {
              "Name": "lab-1c-public-subnet-1b"
            },
            "tags_all": {
              "Name": "lab-1c-public-subnet-1b"
            },
            "timeouts": null,
            "vpc_id": "vpc-020eaf9c01641e257"
          },
          "sensitive_attributes": [],
          "identity_schema_version": 0,
          "identity": {
            "account_id": "261519058382",
            "id": "subnet-0539628a5e8830746",
            "region": "ap-northeast-1"
          },
          "private": "eyJlMmJmYjczMC1lY2FhLTExZTYtOGY4OC0zNDM2M2JjN2M0YzAiOnsiY3JlYXRlIjo2MDAwMDAwMDAwMDAsImRlbGV0ZSI6MTIwMDAwMDAwMDAwMH0sInNjaGVtYV92ZXJzaW9uIjoiMSJ9",
          "dependencies": [
            "module.vpc.aws_vpc.main"
          ]
        }
      ]
    },
    {
      "module": "module.vpc",
      "mode": "managed",
      "type": "aws_vpc",
      "name": "main",
      "provider": "provider[\"registry.terraform.io/hashicorp/aws\"]",
      "instances": [
        {
          "schema_version": 1,
          "attributes": {
            "arn": "arn:aws:ec2:ap-northeast-1:261519058382:vpc/vpc-020eaf9c01641e257",
            "assign_generated_ipv6_cidr_block": false,
            "cidr_block": "10.30.0.0/16",
            "default_network_acl_id": "acl-0d58e8c6d89331fbe",
            "default_route_table_id": "rtb-0be8b8d2304d41c66",
            "default_security_group_id": "sg-09f5e89a4d5b8837e",
            "dhcp_options_id": "dopt-081b9eb130dc6e261",
            "enable_dns_hostnames": true,
            "enable_dns_support": true,
            "enable_network_address_usage_metrics": false,
            "id": "vpc-020eaf9c01641e257",
            "instance_tenancy": "default",
            "ipv4_ipam_pool_id": null,
            "ipv4_netmask_length": null,
            "ipv6_association_id": "",
            "ipv6_cidr_block": "",
            "ipv6_cidr_block_network_border_group": "",
            "ipv6_ipam_pool_id": "",
            "ipv6_netmask_length": 0,
            "main_route_table_id": "rtb-0be8b8d2304d41c66",
            "owner_id": "261519058382",
            "region": "ap-northeast-1",
            "tags": {
              "Name": "lab-1c-vpc"
            },
            "tags_all": {
              "Name": "lab-1c-vpc"
            }
          },
          "sensitive_attributes": [],
          "identity_schema_version": 0,
          "identity": {
            "account_id": "261519058382",
            "id": "vpc-020eaf9c01641e257",
            "region": "ap-northeast-1"
          },
          "private": "eyJzY2hlbWFfdmVyc2lvbiI6IjEifQ=="
        }
      ]
    },
    {
      "module": "module.vpc_endpoints",
      "mode": "managed",
      "type": "aws_vpc_endpoint",
      "name": "interface",
      "provider": "provider[\"registry.terraform.io/hashicorp/aws\"]",
      "instances": [
        {
          "index_key": "ec2messages",
          "schema_version": 0,
          "attributes": {
            "arn": "arn:aws:ec2:ap-northeast-1:261519058382:vpc-endpoint/vpce-0bb1961b359fd3592",
            "auto_accept": null,
            "cidr_blocks": [],
            "dns_entry": [
              {
                "dns_name": "vpce-0bb1961b359fd3592-thjj7wa3.ec2messages.ap-northeast-1.vpce.amazonaws.com",
                "hosted_zone_id": "Z2E726K9Y6RL4W"
              },
              {
                "dns_name": "vpce-0bb1961b359fd3592-thjj7wa3-ap-northeast-1c.ec2messages.ap-northeast-1.vpce.amazonaws.com",
                "hosted_zone_id": "Z2E726K9Y6RL4W"
              },
              {
                "dns_name": "vpce-0bb1961b359fd3592-thjj7wa3-ap-northeast-1a.ec2messages.ap-northeast-1.vpce.amazonaws.com",
                "hosted_zone_id": "Z2E726K9Y6RL4W"
              },
              {
                "dns_name": "ec2messages.ap-northeast-1.amazonaws.com",
                "hosted_zone_id": "Z04444932GR9E6Y135UX9"
              }
            ],
            "dns_options": [
              {
                "dns_record_ip_type": "ipv4",
                "private_dns_only_for_inbound_resolver_endpoint": false,
                "private_dns_preference": "",
                "private_dns_specified_domains": []
              }
            ],
            "id": "vpce-0bb1961b359fd3592",
            "ip_address_type": "ipv4",
            "network_interface_ids": [
              "eni-037c10d801188fe7f",
              "eni-08eeb61ac3c82a42b"
            ],
            "owner_id": "261519058382",
            "policy": "{\"Statement\":[{\"Action\":\"*\",\"Effect\":\"Allow\",\"Principal\":\"*\",\"Resource\":\"*\"}]}",
            "prefix_list_id": null,
            "private_dns_enabled": true,
            "region": "ap-northeast-1",
            "requester_managed": false,
            "resource_configuration_arn": "",
            "route_table_ids": [],
            "security_group_ids": [
              "sg-05a4a49f59337c082"
            ],
            "service_name": "com.amazonaws.ap-northeast-1.ec2messages",
            "service_network_arn": "",
            "service_region": "ap-northeast-1",
            "state": "available",
            "subnet_configuration": [
              {
                "ipv4": "10.30.11.41",
                "ipv6": "",
                "subnet_id": "subnet-06152efa499749ef3"
              },
              {
                "ipv4": "10.30.12.172",
                "ipv6": "",
                "subnet_id": "subnet-00d07cb2a3aadc155"
              }
            ],
            "subnet_ids": [
              "subnet-00d07cb2a3aadc155",
              "subnet-06152efa499749ef3"
            ],
            "tags": {
              "Name": "vpce-ec2messages"
            },
            "tags_all": {
              "Name": "vpce-ec2messages"
            },
            "timeouts": null,
            "vpc_endpoint_type": "Interface",
            "vpc_id": "vpc-020eaf9c01641e257"
          },
          "sensitive_attributes": [],
          "identity_schema_version": 0,
          "identity": {
            "account_id": "261519058382",
            "id": "vpce-0bb1961b359fd3592",
            "region": "ap-northeast-1"
          },
          "private": "eyJlMmJmYjczMC1lY2FhLTExZTYtOGY4OC0zNDM2M2JjN2M0YzAiOnsiY3JlYXRlIjo2MDAwMDAwMDAwMDAsImRlbGV0ZSI6NjAwMDAwMDAwMDAwLCJ1cGRhdGUiOjYwMDAwMDAwMDAwMH19",
          "dependencies": [
            "module.security.aws_security_group.vpce_endpoints_sg",
            "module.vpc.aws_subnet.private_a",
            "module.vpc.aws_subnet.private_b",
            "module.vpc.aws_vpc.main"
          ]
        },
        {
          "index_key": "logs",
          "schema_version": 0,
          "attributes": {
            "arn": "arn:aws:ec2:ap-northeast-1:261519058382:vpc-endpoint/vpce-0464539f0f3217f11",
            "auto_accept": null,
            "cidr_blocks": [],
            "dns_entry": [
              {
                "dns_name": "vpce-0464539f0f3217f11-w2a4f4su.logs.ap-northeast-1.vpce.amazonaws.com",
                "hosted_zone_id": "Z2E726K9Y6RL4W"
              },
              {
                "dns_name": "vpce-0464539f0f3217f11-w2a4f4su-ap-northeast-1c.logs.ap-northeast-1.vpce.amazonaws.com",
                "hosted_zone_id": "Z2E726K9Y6RL4W"
              },
              {
                "dns_name": "vpce-0464539f0f3217f11-w2a4f4su-ap-northeast-1a.logs.ap-northeast-1.vpce.amazonaws.com",
                "hosted_zone_id": "Z2E726K9Y6RL4W"
              },
              {
                "dns_name": "logs.ap-northeast-1.amazonaws.com",
                "hosted_zone_id": "Z0252387D9RL8JHHV8UX"
              },
              {
                "dns_name": "logs.ap-northeast-1.api.aws",
                "hosted_zone_id": "Z0454800Q0Q1CHPU6U4G"
              },
              {
                "dns_name": "streaming-logs.ap-northeast-1.amazonaws.com",
                "hosted_zone_id": "Z042627713UFTW8DH879E"
              },
              {
                "dns_name": "streaming-logs.ap-northeast-1.api.aws",
                "hosted_zone_id": "Z04276972Y7FO4POC3SDG"
              }
            ],
            "dns_options": [
              {
                "dns_record_ip_type": "ipv4",
                "private_dns_only_for_inbound_resolver_endpoint": false,
                "private_dns_preference": "",
                "private_dns_specified_domains": []
              }
            ],
            "id": "vpce-0464539f0f3217f11",
            "ip_address_type": "ipv4",
            "network_interface_ids": [
              "eni-096efc277422044d4",
              "eni-099ed8818b5985b55"
            ],
            "owner_id": "261519058382",
            "policy": "{\"Statement\":[{\"Action\":\"*\",\"Effect\":\"Allow\",\"Principal\":\"*\",\"Resource\":\"*\"}]}",
            "prefix_list_id": null,
            "private_dns_enabled": true,
            "region": "ap-northeast-1",
            "requester_managed": false,
            "resource_configuration_arn": "",
            "route_table_ids": [],
            "security_group_ids": [
              "sg-05a4a49f59337c082"
            ],
            "service_name": "com.amazonaws.ap-northeast-1.logs",
            "service_network_arn": "",
            "service_region": "ap-northeast-1",
            "state": "available",
            "subnet_configuration": [
              {
                "ipv4": "10.30.11.164",
                "ipv6": "",
                "subnet_id": "subnet-06152efa499749ef3"
              },
              {
                "ipv4": "10.30.12.48",
                "ipv6": "",
                "subnet_id": "subnet-00d07cb2a3aadc155"
              }
            ],
            "subnet_ids": [
              "subnet-00d07cb2a3aadc155",
              "subnet-06152efa499749ef3"
            ],
            "tags": {
              "Name": "vpce-logs"
            },
            "tags_all": {
              "Name": "vpce-logs"
            },
            "timeouts": null,
            "vpc_endpoint_type": "Interface",
            "vpc_id": "vpc-020eaf9c01641e257"
          },
          "sensitive_attributes": [],
          "identity_schema_version": 0,
          "identity": {
            "account_id": "261519058382",
            "id": "vpce-0464539f0f3217f11",
            "region": "ap-northeast-1"
          },
          "private": "eyJlMmJmYjczMC1lY2FhLTExZTYtOGY4OC0zNDM2M2JjN2M0YzAiOnsiY3JlYXRlIjo2MDAwMDAwMDAwMDAsImRlbGV0ZSI6NjAwMDAwMDAwMDAwLCJ1cGRhdGUiOjYwMDAwMDAwMDAwMH19",
          "dependencies": [
            "module.security.aws_security_group.vpce_endpoints_sg",
            "module.vpc.aws_subnet.private_a",
            "module.vpc.aws_subnet.private_b",
            "module.vpc.aws_vpc.main"
          ]
        },
        {
          "index_key": "secretsmanager",
          "schema_version": 0,
          "attributes": {
            "arn": "arn:aws:ec2:ap-northeast-1:261519058382:vpc-endpoint/vpce-09cbf9a0da3344f6f",
            "auto_accept": null,
            "cidr_blocks": [],
            "dns_entry": [
              {
                "dns_name": "vpce-09cbf9a0da3344f6f-23s3qowr.secretsmanager.ap-northeast-1.vpce.amazonaws.com",
                "hosted_zone_id": "Z2E726K9Y6RL4W"
              },
              {
                "dns_name": "vpce-09cbf9a0da3344f6f-23s3qowr-ap-northeast-1a.secretsmanager.ap-northeast-1.vpce.amazonaws.com",
                "hosted_zone_id": "Z2E726K9Y6RL4W"
              },
              {
                "dns_name": "vpce-09cbf9a0da3344f6f-23s3qowr-ap-northeast-1c.secretsmanager.ap-northeast-1.vpce.amazonaws.com",
                "hosted_zone_id": "Z2E726K9Y6RL4W"
              },
              {
                "dns_name": "secretsmanager.ap-northeast-1.amazonaws.com",
                "hosted_zone_id": "Z044450624S7VANWZ35H3"
              }
            ],
            "dns_options": [
              {
                "dns_record_ip_type": "ipv4",
                "private_dns_only_for_inbound_resolver_endpoint": false,
                "private_dns_preference": "",
                "private_dns_specified_domains": []
              }
            ],
            "id": "vpce-09cbf9a0da3344f6f",
            "ip_address_type": "ipv4",
            "network_interface_ids": [
              "eni-06652880bc4acc95a",
              "eni-0ffdf2d9dc503eb7e"
            ],
            "owner_id": "261519058382",
            "policy": "{\"Statement\":[{\"Action\":\"*\",\"Effect\":\"Allow\",\"Principal\":\"*\",\"Resource\":\"*\"}]}",
            "prefix_list_id": null,
            "private_dns_enabled": true,
            "region": "ap-northeast-1",
            "requester_managed": false,
            "resource_configuration_arn": "",
            "route_table_ids": [],
            "security_group_ids": [
              "sg-05a4a49f59337c082"
            ],
            "service_name": "com.amazonaws.ap-northeast-1.secretsmanager",
            "service_network_arn": "",
            "service_region": "ap-northeast-1",
            "state": "available",
            "subnet_configuration": [
              {
                "ipv4": "10.30.11.173",
                "ipv6": "",
                "subnet_id": "subnet-06152efa499749ef3"
              },
              {
                "ipv4": "10.30.12.136",
                "ipv6": "",
                "subnet_id": "subnet-00d07cb2a3aadc155"
              }
            ],
            "subnet_ids": [
              "subnet-00d07cb2a3aadc155",
              "subnet-06152efa499749ef3"
            ],
            "tags": {
              "Name": "vpce-secretsmanager"
            },
            "tags_all": {
              "Name": "vpce-secretsmanager"
            },
            "timeouts": null,
            "vpc_endpoint_type": "Interface",
            "vpc_id": "vpc-020eaf9c01641e257"
          },
          "sensitive_attributes": [],
          "identity_schema_version": 0,
          "identity": {
            "account_id": "261519058382",
            "id": "vpce-09cbf9a0da3344f6f",
            "region": "ap-northeast-1"
          },
          "private": "eyJlMmJmYjczMC1lY2FhLTExZTYtOGY4OC0zNDM2M2JjN2M0YzAiOnsiY3JlYXRlIjo2MDAwMDAwMDAwMDAsImRlbGV0ZSI6NjAwMDAwMDAwMDAwLCJ1cGRhdGUiOjYwMDAwMDAwMDAwMH19",
          "dependencies": [
            "module.security.aws_security_group.vpce_endpoints_sg",
            "module.vpc.aws_subnet.private_a",
            "module.vpc.aws_subnet.private_b",
            "module.vpc.aws_vpc.main"
          ]
        },
        {
          "index_key": "ssm",
          "schema_version": 0,
          "attributes": {
            "arn": "arn:aws:ec2:ap-northeast-1:261519058382:vpc-endpoint/vpce-0589405a56fed2d80",
            "auto_accept": null,
            "cidr_blocks": [],
            "dns_entry": [
              {
                "dns_name": "vpce-0589405a56fed2d80-j85zx7m2.ssm.ap-northeast-1.vpce.amazonaws.com",
                "hosted_zone_id": "Z2E726K9Y6RL4W"
              },
              {
                "dns_name": "vpce-0589405a56fed2d80-j85zx7m2-ap-northeast-1c.ssm.ap-northeast-1.vpce.amazonaws.com",
                "hosted_zone_id": "Z2E726K9Y6RL4W"
              },
              {
                "dns_name": "vpce-0589405a56fed2d80-j85zx7m2-ap-northeast-1a.ssm.ap-northeast-1.vpce.amazonaws.com",
                "hosted_zone_id": "Z2E726K9Y6RL4W"
              },
              {
                "dns_name": "ssm.ap-northeast-1.amazonaws.com",
                "hosted_zone_id": "Z04327781FADLC4NW7WD4"
              },
              {
                "dns_name": "ssm.ap-northeast-1.api.aws",
                "hosted_zone_id": "Z0450187OULJJ3DC6K33"
              }
            ],
            "dns_options": [
              {
                "dns_record_ip_type": "ipv4",
                "private_dns_only_for_inbound_resolver_endpoint": false,
                "private_dns_preference": "",
                "private_dns_specified_domains": []
              }
            ],
            "id": "vpce-0589405a56fed2d80",
            "ip_address_type": "ipv4",
            "network_interface_ids": [
              "eni-08aceb4915c39d8a4",
              "eni-0de6ef83244454276"
            ],
            "owner_id": "261519058382",
            "policy": "{\"Statement\":[{\"Action\":\"*\",\"Effect\":\"Allow\",\"Principal\":\"*\",\"Resource\":\"*\"}]}",
            "prefix_list_id": null,
            "private_dns_enabled": true,
            "region": "ap-northeast-1",
            "requester_managed": false,
            "resource_configuration_arn": "",
            "route_table_ids": [],
            "security_group_ids": [
              "sg-05a4a49f59337c082"
            ],
            "service_name": "com.amazonaws.ap-northeast-1.ssm",
            "service_network_arn": "",
            "service_region": "ap-northeast-1",
            "state": "available",
            "subnet_configuration": [
              {
                "ipv4": "10.30.11.243",
                "ipv6": "",
                "subnet_id": "subnet-06152efa499749ef3"
              },
              {
                "ipv4": "10.30.12.7",
                "ipv6": "",
                "subnet_id": "subnet-00d07cb2a3aadc155"
              }
            ],
            "subnet_ids": [
              "subnet-00d07cb2a3aadc155",
              "subnet-06152efa499749ef3"
            ],
            "tags": {
              "Name": "vpce-ssm"
            },
            "tags_all": {
              "Name": "vpce-ssm"
            },
            "timeouts": null,
            "vpc_endpoint_type": "Interface",
            "vpc_id": "vpc-020eaf9c01641e257"
          },
          "sensitive_attributes": [],
          "identity_schema_version": 0,
          "identity": {
            "account_id": "261519058382",
            "id": "vpce-0589405a56fed2d80",
            "region": "ap-northeast-1"
          },
          "private": "eyJlMmJmYjczMC1lY2FhLTExZTYtOGY4OC0zNDM2M2JjN2M0YzAiOnsiY3JlYXRlIjo2MDAwMDAwMDAwMDAsImRlbGV0ZSI6NjAwMDAwMDAwMDAwLCJ1cGRhdGUiOjYwMDAwMDAwMDAwMH19",
          "dependencies": [
            "module.security.aws_security_group.vpce_endpoints_sg",
            "module.vpc.aws_subnet.private_a",
            "module.vpc.aws_subnet.private_b",
            "module.vpc.aws_vpc.main"
          ]
        },
        {
          "index_key": "ssmmessages",
          "schema_version": 0,
          "attributes": {
            "arn": "arn:aws:ec2:ap-northeast-1:261519058382:vpc-endpoint/vpce-07dd0ad2872d46022",
            "auto_accept": null,
            "cidr_blocks": [],
            "dns_entry": [
              {
                "dns_name": "vpce-07dd0ad2872d46022-6jwr7nlg.ssmmessages.ap-northeast-1.vpce.amazonaws.com",
                "hosted_zone_id": "Z2E726K9Y6RL4W"
              },
              {
                "dns_name": "vpce-07dd0ad2872d46022-6jwr7nlg-ap-northeast-1a.ssmmessages.ap-northeast-1.vpce.amazonaws.com",
                "hosted_zone_id": "Z2E726K9Y6RL4W"
              },
              {
                "dns_name": "vpce-07dd0ad2872d46022-6jwr7nlg-ap-northeast-1c.ssmmessages.ap-northeast-1.vpce.amazonaws.com",
                "hosted_zone_id": "Z2E726K9Y6RL4W"
              },
              {
                "dns_name": "ssmmessages.ap-northeast-1.amazonaws.com",
                "hosted_zone_id": "Z044591933C1UVQIJJG5C"
              },
              {
                "dns_name": "ssmmessages.ap-northeast-1.api.aws",
                "hosted_zone_id": "Z044302434V4RODDQFENL"
              }
            ],
            "dns_options": [
              {
                "dns_record_ip_type": "ipv4",
                "private_dns_only_for_inbound_resolver_endpoint": false,
                "private_dns_preference": "",
                "private_dns_specified_domains": []
              }
            ],
            "id": "vpce-07dd0ad2872d46022",
            "ip_address_type": "ipv4",
            "network_interface_ids": [
              "eni-0207f79a03fe4e947",
              "eni-0de4fdd877b4ccc97"
            ],
            "owner_id": "261519058382",
            "policy": "{\"Statement\":[{\"Action\":\"*\",\"Effect\":\"Allow\",\"Principal\":\"*\",\"Resource\":\"*\"}]}",
            "prefix_list_id": null,
            "private_dns_enabled": true,
            "region": "ap-northeast-1",
            "requester_managed": false,
            "resource_configuration_arn": "",
            "route_table_ids": [],
            "security_group_ids": [
              "sg-05a4a49f59337c082"
            ],
            "service_name": "com.amazonaws.ap-northeast-1.ssmmessages",
            "service_network_arn": "",
            "service_region": "ap-northeast-1",
            "state": "available",
            "subnet_configuration": [
              {
                "ipv4": "10.30.11.167",
                "ipv6": "",
                "subnet_id": "subnet-06152efa499749ef3"
              },
              {
                "ipv4": "10.30.12.163",
                "ipv6": "",
                "subnet_id": "subnet-00d07cb2a3aadc155"
              }
            ],
            "subnet_ids": [
              "subnet-00d07cb2a3aadc155",
              "subnet-06152efa499749ef3"
            ],
            "tags": {
              "Name": "vpce-ssmmessages"
            },
            "tags_all": {
              "Name": "vpce-ssmmessages"
            },
            "timeouts": null,
            "vpc_endpoint_type": "Interface",
            "vpc_id": "vpc-020eaf9c01641e257"
          },
          "sensitive_attributes": [],
          "identity_schema_version": 0,
          "identity": {
            "account_id": "261519058382",
            "id": "vpce-07dd0ad2872d46022",
            "region": "ap-northeast-1"
          },
          "private": "eyJlMmJmYjczMC1lY2FhLTExZTYtOGY4OC0zNDM2M2JjN2M0YzAiOnsiY3JlYXRlIjo2MDAwMDAwMDAwMDAsImRlbGV0ZSI6NjAwMDAwMDAwMDAwLCJ1cGRhdGUiOjYwMDAwMDAwMDAwMH19",
          "dependencies": [
            "module.security.aws_security_group.vpce_endpoints_sg",
            "module.vpc.aws_subnet.private_a",
            "module.vpc.aws_subnet.private_b",
            "module.vpc.aws_vpc.main"
          ]
        }
      ]
    },
    {
      "module": "module.vpc_endpoints",
      "mode": "managed",
      "type": "aws_vpc_endpoint",
      "name": "s3_gateway",
      "provider": "provider[\"registry.terraform.io/hashicorp/aws\"]",
      "instances": [
        {
          "schema_version": 0,
          "attributes": {
            "arn": "arn:aws:ec2:ap-northeast-1:261519058382:vpc-endpoint/vpce-06c278e3ee2e30e28",
            "auto_accept": null,
            "cidr_blocks": [
              "3.5.152.0/21",
              "52.219.162.0/23",
              "52.219.0.0/20",
              "52.219.16.0/22",
              "52.219.196.0/22",
              "52.219.172.0/22",
              "52.219.20.0/23",
              "52.219.195.0/24",
              "52.219.200.0/23",
              "52.219.150.0/23",
              "52.219.152.0/22",
              "52.219.136.0/22",
              "52.219.68.0/22"
            ],
            "dns_entry": [],
            "dns_options": [
              {
                "dns_record_ip_type": "service-defined",
                "private_dns_only_for_inbound_resolver_endpoint": false,
                "private_dns_preference": "",
                "private_dns_specified_domains": []
              }
            ],
            "id": "vpce-06c278e3ee2e30e28",
            "ip_address_type": "ipv4",
            "network_interface_ids": [],
            "owner_id": "261519058382",
            "policy": "{\"Statement\":[{\"Action\":\"*\",\"Effect\":\"Allow\",\"Principal\":\"*\",\"Resource\":\"*\"}],\"Version\":\"2008-10-17\"}",
            "prefix_list_id": "pl-61a54008",
            "private_dns_enabled": false,
            "region": "ap-northeast-1",
            "requester_managed": false,
            "resource_configuration_arn": "",
            "route_table_ids": [
              "rtb-050526039b1fa37cd"
            ],
            "security_group_ids": [],
            "service_name": "com.amazonaws.ap-northeast-1.s3",
            "service_network_arn": "",
            "service_region": "ap-northeast-1",
            "state": "available",
            "subnet_configuration": [],
            "subnet_ids": [],
            "tags": {
              "Name": "vpce-s3-gateway"
            },
            "tags_all": {
              "Name": "vpce-s3-gateway"
            },
            "timeouts": null,
            "vpc_endpoint_type": "Gateway",
            "vpc_id": "vpc-020eaf9c01641e257"
          },
          "sensitive_attributes": [],
          "identity_schema_version": 0,
          "identity": {
            "account_id": "261519058382",
            "id": "vpce-06c278e3ee2e30e28",
            "region": "ap-northeast-1"
          },
          "private": "eyJlMmJmYjczMC1lY2FhLTExZTYtOGY4OC0zNDM2M2JjN2M0YzAiOnsiY3JlYXRlIjo2MDAwMDAwMDAwMDAsImRlbGV0ZSI6NjAwMDAwMDAwMDAwLCJ1cGRhdGUiOjYwMDAwMDAwMDAwMH19",
          "dependencies": [
            "module.vpc.aws_route_table.private",
            "module.vpc.aws_vpc.main"
          ]
        }
      ]
    }
  ],
  "check_results": [
    {
      "object_kind": "var",
      "config_addr": "module.ingress.var.waf_log_destination",
      "status": "pass",
      "objects": [
        {
          "object_addr": "module.ingress.var.waf_log_destination",
          "status": "pass"
        }
      ]
    },
    {
      "object_kind": "var",
      "config_addr": "module.lambda_rotation.var.endpoint",
      "status": "pass",
      "objects": [
        {
          "object_addr": "module.lambda_rotation.var.endpoint",
          "status": "pass"
        }
      ]
    },
    {
      "object_kind": "var",
      "config_addr": "module.lambda_rotation.var.engine",
      "status": "pass",
      "objects": [
        {
          "object_addr": "module.lambda_rotation.var.engine",
          "status": "pass"
        }
      ]
    },
    {
      "object_kind": "var",
      "config_addr": "module.rds.var.env_prefix",
      "status": "pass",
      "objects": [
        {
          "object_addr": "module.rds.var.env_prefix",
          "status": "pass"
        }
      ]
    },
    {
      "object_kind": "var",
      "config_addr": "var.dns_mode",
      "status": "pass",
      "objects": [
        {
          "object_addr": "var.dns_mode",
          "status": "pass"
        }
      ]
    },
    {
      "object_kind": "var",
      "config_addr": "var.env_prefix",
      "status": "pass",
      "objects": [
        {
          "object_addr": "var.env_prefix",
          "status": "pass"
        }
      ]
    },
    {
      "object_kind": "var",
      "config_addr": "module.ingress.var.dns_mode",
      "status": "pass",
      "objects": [
        {
          "object_addr": "module.ingress.var.dns_mode",
          "status": "pass"
        }
      ]
    }
  ]
}
