{
  "version": 4,
  "terraform_version": "1.14.4",
  "serial": 3,
  "lineage": "0262d3ca-acc2-622c-d604-dbd1982ee894",
  "outputs": {
    "secret_arn": {
      "value": "arn:aws:secretsmanager:ap-northeast-1:261519058382:secret:lab-1c/rds/mysql-EoLanJ",
      "type": "string"
    },
    "secret_name": {
      "value": "lab-1c/rds/mysql",
      "type": "string"
    }
  },
  "resources": [
    {
      "mode": "managed",
      "type": "aws_secretsmanager_secret",
      "name": "rds_secret",
      "provider": "provider[\"registry.terraform.io/hashicorp/aws\"]",
      "instances": [
        {
          "schema_version": 0,
          "attributes": {
            "arn": "arn:aws:secretsmanager:ap-northeast-1:261519058382:secret:lab-1c/rds/mysql-EoLanJ",
            "description": "",
            "force_overwrite_replica_secret": true,
            "id": "arn:aws:secretsmanager:ap-northeast-1:261519058382:secret:lab-1c/rds/mysql-EoLanJ",
            "kms_key_id": "",
            "name": "lab-1c/rds/mysql",
            "name_prefix": "",
            "policy": "",
            "recovery_window_in_days": 0,
            "region": "ap-northeast-1",
            "replica": [],
            "tags": {
              "Name": "lab-1c/rds/mysql"
            },
            "tags_all": {
              "Name": "lab-1c/rds/mysql"
            }
          },
          "sensitive_attributes": [],
          "identity_schema_version": 0,
          "identity": {
            "arn": "arn:aws:secretsmanager:ap-northeast-1:261519058382:secret:lab-1c/rds/mysql-EoLanJ"
          },
          "private": "bnVsbA=="
        }
      ]
    },
    {
      "mode": "managed",
      "type": "aws_secretsmanager_secret_version",
      "name": "rds_secret_version",
      "provider": "provider[\"registry.terraform.io/hashicorp/aws\"]",
      "instances": [
        {
          "index_key": 0,
          "schema_version": 0,
          "attributes": {
            "arn": "arn:aws:secretsmanager:ap-northeast-1:261519058382:secret:lab-1c/rds/mysql-EoLanJ",
            "has_secret_string_wo": null,
            "id": "arn:aws:secretsmanager:ap-northeast-1:261519058382:secret:lab-1c/rds/mysql-EoLanJ|terraform-20260203202543454100000002",
            "region": "ap-northeast-1",
            "secret_binary": "",
            "secret_id": "arn:aws:secretsmanager:ap-northeast-1:261519058382:secret:lab-1c/rds/mysql-EoLanJ",
            "secret_string": "{\"dbname\":\"labdb\",\"engine\":\"mysql\",\"host\":\"lab-mysql.cne4ueim8lb3.ap-northeast-1.rds.amazonaws.com\",\"password\":\"StrongPassword123!\",\"port\":3306,\"username\":\"admin\"}",
            "secret_string_wo": null,
            "secret_string_wo_version": null,
            "version_id": "terraform-20260203202543454100000002",
            "version_stages": [
              "AWSCURRENT"
            ]
          },
          "sensitive_attributes": [
            [
              {
                "type": "get_attr",
                "value": "secret_binary"
              }
            ],
            [
              {
                "type": "get_attr",
                "value": "secret_string"
              }
            ],
            [
              {
                "type": "get_attr",
                "value": "secret_string_wo"
              }
            ]
          ],
          "identity_schema_version": 0,
          "identity": {
            "account_id": "261519058382",
            "region": "ap-northeast-1",
            "secret_id": "arn:aws:secretsmanager:ap-northeast-1:261519058382:secret:lab-1c/rds/mysql-EoLanJ",
            "version_id": "terraform-20260203202543454100000002"
          },
          "private": "bnVsbA==",
          "dependencies": [
            "aws_secretsmanager_secret.rds_secret"
          ]
        }
      ]
    }
  ],
  "check_results": [
    {
      "object_kind": "var",
      "config_addr": "var.env_prefix",
      "status": "pass",
      "objects": [
        {
          "object_addr": "var.env_prefix",
          "status": "pass"
        }
      ]
    },
    {
      "object_kind": "resource",
      "config_addr": "aws_secretsmanager_secret_rotation.rds_rotation",
      "status": "pass",
      "objects": null
    }
  ]
}
