{
  "version": 4,
  "terraform_version": "1.14.3",
  "serial": 186,
  "lineage": "669e4f65-5354-44ff-9436-7835da7d385b",
  "outputs": {
    "chewbacca_acm_cert_arn": {
      "value": "arn:aws:acm:ap-northeast-1:420228061920:certificate/f4baa981-1980-494c-9f29-c8647f5449c6",
      "type": "string"
    },
    "chewbacca_alb_dns_name": {
      "value": null,
      "type": "string"
    },
    "chewbacca_app_fqdn": {
      "value": "app.tritechsite.com",
      "type": "string"
    },
    "chewbacca_dashboard_name": {
      "value": null,
      "type": "string"
    },
    "chewbacca_log_group_name": {
      "value": "/aws/ec2/armageddon-class-vii-rds-app",
      "type": "string"
    },
    "chewbacca_private_ec2_instance_id_bonus": {
      "value": "i-0dd14322351a44cbb",
      "type": "string"
    },
    "chewbacca_private_subnet_ids": {
      "value": [
        "subnet-035a2364f04174389",
        "subnet-08bafa36522ac5a6c"
      ],
      "type": [
        "tuple",
        [
          "string",
          "string"
        ]
      ]
    },
    "chewbacca_public_subnet_ids": {
      "value": [
        "subnet-037452bc845b32126",
        "subnet-0b9295da76565d069"
      ],
      "type": [
        "tuple",
        [
          "string",
          "string"
        ]
      ]
    },
    "chewbacca_rds_endpoint": {
      "value": "armageddon-class-vii-rds01.cvy24sayqwx1.ap-northeast-1.rds.amazonaws.com",
      "type": "string"
    },
    "chewbacca_sns_topic_arn": {
      "value": "arn:aws:sns:ap-northeast-1:420228061920:armageddon-class-vii-db-incidents",
      "type": "string"
    },
    "chewbacca_target_group_arn": {
      "value": "arn:aws:elasticloadbalancing:ap-northeast-1:420228061920:targetgroup/armageddon-class-vii-tg01/6d4dc0051d12114b",
      "type": "string"
    },
    "chewbacca_vpc_id": {
      "value": "vpc-09e7e6cc5ac255b7c",
      "type": "string"
    },
    "chewbacca_vpce_logs_id": {
      "value": "vpce-063f05151c885cf71",
      "type": "string"
    },
    "chewbacca_vpce_s3_id": {
      "value": "vpce-026008bd88363e08e",
      "type": "string"
    },
    "chewbacca_vpce_secrets_id": {
      "value": "vpce-0685c664de6addb0f",
      "type": "string"
    },
    "chewbacca_vpce_ssm_id": {
      "value": "vpce-00e5eecf22c765051",
      "type": "string"
    },
    "chewbacca_waf_arn": {
      "value": "arn:aws:wafv2:ap-northeast-1:420228061920:regional/webacl/armageddon-class-vii-waf01/baf4c31b-d595-495c-adaf-4c8238d629a4",
      "type": "string"
    },
    "chewbacca_waf_cw_log_group_name": {
      "value": "aws-waf-logs-armageddon-class-vii-webacl01",
      "type": "string"
    },
    "chewbacca_waf_log_destination": {
      "value": "cloudwatch",
      "type": "string"
    }
  },
  "resources": [
    {
      "mode": "data",
      "type": "aws_caller_identity",
      "name": "chewbacca_self01",
      "provider": "provider[\"registry.terraform.io/hashicorp/aws\"]",
      "instances": [
        {
          "schema_version": 0,
          "attributes": {
            "account_id": "420228061920",
            "arn": "arn:aws:iam::420228061920:user/AWSCLI",
            "id": "420228061920",
            "user_id": "AIDAWDV4LLLQLJJRVPS4N"
          },
          "sensitive_attributes": [],
          "identity_schema_version": 0
        }
      ]
    },
    {
      "mode": "data",
      "type": "aws_elb_service_account",
      "name": "main",
      "provider": "provider[\"registry.terraform.io/hashicorp/aws\"]",
      "instances": [
        {
          "schema_version": 0,
          "attributes": {
            "arn": "arn:aws:iam::582318560864:root",
            "id": "582318560864",
            "region": "ap-northeast-1"
          },
          "sensitive_attributes": [],
          "identity_schema_version": 0
        }
      ]
    },
    {
      "mode": "data",
      "type": "aws_region",
      "name": "chewbacca_region01",
      "provider": "provider[\"registry.terraform.io/hashicorp/aws\"]",
      "instances": [
        {
          "schema_version": 0,
          "attributes": {
            "description": "Asia Pacific (Tokyo)",
            "endpoint": "ec2.ap-northeast-1.amazonaws.com",
            "id": "ap-northeast-1",
            "name": "ap-northeast-1",
            "region": "ap-northeast-1"
          },
          "sensitive_attributes": [],
          "identity_schema_version": 0
        }
      ]
    },
    {
      "mode": "managed",
      "type": "aws_acm_certificate",
      "name": "chewbacca_acm_cert01",
      "provider": "provider[\"registry.terraform.io/hashicorp/aws\"]",
      "instances": [
        {
          "schema_version": 0,
          "attributes": {
            "arn": "arn:aws:acm:ap-northeast-1:420228061920:certificate/f4baa981-1980-494c-9f29-c8647f5449c6",
            "certificate_authority_arn": "",
            "certificate_body": null,
            "certificate_chain": null,
            "domain_name": "app.tritechsite.com",
            "domain_validation_options": [
              {
                "domain_name": "app.tritechsite.com",
                "resource_record_name": "_722c280b02395d63b253ba51dce396c5.app.tritechsite.com.",
                "resource_record_type": "CNAME",
                "resource_record_value": "_d8b2779a0087cb418047d4fa86521254.jkddzztszm.acm-validations.aws."
              }
            ],
            "early_renewal_duration": "",
            "id": "arn:aws:acm:ap-northeast-1:420228061920:certificate/f4baa981-1980-494c-9f29-c8647f5449c6",
            "key_algorithm": "RSA_2048",
            "not_after": "2027-03-10T23:59:59Z",
            "not_before": "2026-02-09T00:00:00Z",
            "options": [
              {
                "certificate_transparency_logging_preference": "ENABLED",
                "export": "DISABLED"
              }
            ],
            "pending_renewal": false,
            "private_key": null,
            "region": "ap-northeast-1",
            "renewal_eligibility": "INELIGIBLE",
            "renewal_summary": [],
            "status": "ISSUED",
            "subject_alternative_names": [
              "app.tritechsite.com"
            ],
            "tags": {
              "Name": "armageddon-class-vii-acm-cert01"
            },
            "tags_all": {
              "Name": "armageddon-class-vii-acm-cert01"
            },
            "type": "AMAZON_ISSUED",
            "validation_emails": [],
            "validation_method": "DNS",
            "validation_option": []
          },
          "sensitive_attributes": [
            [
              {
                "type": "get_attr",
                "value": "private_key"
              }
            ]
          ],
          "identity_schema_version": 0,
          "identity": {
            "arn": "arn:aws:acm:ap-northeast-1:420228061920:certificate/f4baa981-1980-494c-9f29-c8647f5449c6"
          },
          "private": "bnVsbA=="
        }
      ]
    },
    {
      "mode": "managed",
      "type": "aws_acm_certificate_validation",
      "name": "chewbacca_acm_validation01_dns_bonus",
      "provider": "provider[\"registry.terraform.io/hashicorp/aws\"]",
      "instances": [
        {
          "index_key": 0,
          "schema_version": 0,
          "attributes": {
            "certificate_arn": "arn:aws:acm:ap-northeast-1:420228061920:certificate/f4baa981-1980-494c-9f29-c8647f5449c6",
            "id": "0001-01-01 00:00:00 +0000 UTC",
            "region": "ap-northeast-1",
            "timeouts": null,
            "validation_record_fqdns": [
              "_722c280b02395d63b253ba51dce396c5.app.tritechsite.com"
            ]
          },
          "sensitive_attributes": [],
          "identity_schema_version": 0,
          "private": "eyJlMmJmYjczMC1lY2FhLTExZTYtOGY4OC0zNDM2M2JjN2M0YzAiOnsiY3JlYXRlIjo0NTAwMDAwMDAwMDAwfX0=",
          "dependencies": [
            "aws_acm_certificate.chewbacca_acm_cert01",
            "aws_route53_record.chewbacca_acm_validation_records01",
            "aws_route53_zone.chewbacca_zone01"
          ]
        }
      ]
    },
    {
      "mode": "managed",
      "type": "aws_cloudwatch_log_group",
      "name": "chewbacca_log_group01",
      "provider": "provider[\"registry.terraform.io/hashicorp/aws\"]",
      "instances": [
        {
          "schema_version": 0,
          "attributes": {
            "arn": "arn:aws:logs:ap-northeast-1:420228061920:log-group:/aws/ec2/armageddon-class-vii-rds-app",
            "deletion_protection_enabled": false,
            "id": "/aws/ec2/armageddon-class-vii-rds-app",
            "kms_key_id": "",
            "log_group_class": "STANDARD",
            "name": "/aws/ec2/armageddon-class-vii-rds-app",
            "name_prefix": "",
            "region": "ap-northeast-1",
            "retention_in_days": 7,
            "skip_destroy": false,
            "tags": {
              "Name": "armageddon-class-vii-log-group01"
            },
            "tags_all": {
              "Name": "armageddon-class-vii-log-group01"
            }
          },
          "sensitive_attributes": [],
          "identity_schema_version": 0,
          "identity": {
            "account_id": "420228061920",
            "name": "/aws/ec2/armageddon-class-vii-rds-app",
            "region": "ap-northeast-1"
          },
          "private": "bnVsbA=="
        }
      ]
    },
    {
      "mode": "managed",
      "type": "aws_cloudwatch_log_group",
      "name": "chewbacca_waf_log_group01",
      "provider": "provider[\"registry.terraform.io/hashicorp/aws\"]",
      "instances": [
        {
          "index_key": 0,
          "schema_version": 0,
          "attributes": {
            "arn": "arn:aws:logs:ap-northeast-1:420228061920:log-group:aws-waf-logs-armageddon-class-vii-webacl01",
            "deletion_protection_enabled": false,
            "id": "aws-waf-logs-armageddon-class-vii-webacl01",
            "kms_key_id": "",
            "log_group_class": "STANDARD",
            "name": "aws-waf-logs-armageddon-class-vii-webacl01",
            "name_prefix": "",
            "region": "ap-northeast-1",
            "retention_in_days": 7,
            "skip_destroy": false,
            "tags": {
              "Name": "armageddon-class-vii-waf-log-group01"
            },
            "tags_all": {
              "Name": "armageddon-class-vii-waf-log-group01"
            }
          },
          "sensitive_attributes": [],
          "identity_schema_version": 0,
          "identity": {
            "account_id": "420228061920",
            "name": "aws-waf-logs-armageddon-class-vii-webacl01",
            "region": "ap-northeast-1"
          },
          "private": "bnVsbA=="
        }
      ]
    },
    {
      "mode": "managed",
      "type": "aws_cloudwatch_log_resource_policy",
      "name": "chewbacca_waf_cw_policy01",
      "provider": "provider[\"registry.terraform.io/hashicorp/aws\"]",
      "instances": [
        {
          "index_key": 0,
          "schema_version": 0,
          "attributes": {
            "id": "armageddon-class-vii-waf-cw-policy01",
            "policy_document": "{\"Statement\":[{\"Action\":[\"logs:CreateLogStream\",\"logs:PutLogEvents\"],\"Condition\":{\"ArnLike\":{\"aws:SourceArn\":\"arn:aws:logs:ap-northeast-1:420228061920:*\"},\"StringEquals\":{\"aws:SourceAccount\":\"420228061920\"}},\"Effect\":\"Allow\",\"Principal\":{\"Service\":\"delivery.logs.amazonaws.com\"},\"Resource\":\"arn:aws:logs:ap-northeast-1:420228061920:log-group:aws-waf-logs-armageddon-class-vii-webacl01:*\",\"Sid\":\"AllowWAFToLog\"}],\"Version\":\"2012-10-17\"}",
            "policy_name": "armageddon-class-vii-waf-cw-policy01",
            "region": "ap-northeast-1"
          },
          "sensitive_attributes": [],
          "identity_schema_version": 0,
          "private": "bnVsbA==",
          "dependencies": [
            "aws_cloudwatch_log_group.chewbacca_waf_log_group01",
            "data.aws_caller_identity.chewbacca_self01"
          ]
        }
      ]
    },
    {
      "mode": "managed",
      "type": "aws_cloudwatch_metric_alarm",
      "name": "chewbacca_db_alarm01",
      "provider": "provider[\"registry.terraform.io/hashicorp/aws\"]",
      "instances": [
        {
          "schema_version": 1,
          "attributes": {
            "actions_enabled": true,
            "alarm_actions": [
              "arn:aws:sns:ap-northeast-1:420228061920:armageddon-class-vii-db-incidents"
            ],
            "alarm_description": "",
            "alarm_name": "armageddon-class-vii-db-connection-failure",
            "arn": "arn:aws:cloudwatch:ap-northeast-1:420228061920:alarm:armageddon-class-vii-db-connection-failure",
            "comparison_operator": "GreaterThanOrEqualToThreshold",
            "datapoints_to_alarm": 0,
            "dimensions": {},
            "evaluate_low_sample_count_percentiles": "",
            "evaluation_periods": 1,
            "extended_statistic": "",
            "id": "armageddon-class-vii-db-connection-failure",
            "insufficient_data_actions": [],
            "metric_name": "DBConnectionErrors",
            "metric_query": [],
            "namespace": "Lab/RDSApp",
            "ok_actions": [],
            "period": 300,
            "region": "ap-northeast-1",
            "statistic": "Sum",
            "tags": {
              "Name": "armageddon-class-vii-alarm-db-fail"
            },
            "tags_all": {
              "Name": "armageddon-class-vii-alarm-db-fail"
            },
            "threshold": 3,
            "threshold_metric_id": "",
            "treat_missing_data": "missing",
            "unit": ""
          },
          "sensitive_attributes": [],
          "identity_schema_version": 0,
          "identity": {
            "account_id": "420228061920",
            "alarm_name": "armageddon-class-vii-db-connection-failure",
            "region": "ap-northeast-1"
          },
          "private": "eyJzY2hlbWFfdmVyc2lvbiI6IjEifQ==",
          "dependencies": [
            "aws_sns_topic.chewbacca_sns_topic01"
          ]
        }
      ]
    },
    {
      "mode": "managed",
      "type": "aws_db_instance",
      "name": "chewbacca_rds01",
      "provider": "provider[\"registry.terraform.io/hashicorp/aws\"]",
      "instances": [
        {
          "schema_version": 2,
          "attributes": {
            "address": "armageddon-class-vii-rds01.cvy24sayqwx1.ap-northeast-1.rds.amazonaws.com",
            "allocated_storage": 20,
            "allow_major_version_upgrade": null,
            "apply_immediately": false,
            "arn": "arn:aws:rds:ap-northeast-1:420228061920:db:armageddon-class-vii-rds01",
            "auto_minor_version_upgrade": true,
            "availability_zone": "ap-northeast-1c",
            "backup_retention_period": 1,
            "backup_target": "region",
            "backup_window": "02:00-03:00",
            "blue_green_update": [],
            "ca_cert_identifier": "rds-ca-rsa2048-g1",
            "character_set_name": "",
            "copy_tags_to_snapshot": false,
            "custom_iam_instance_profile": "",
            "customer_owned_ip_enabled": false,
            "database_insights_mode": "standard",
            "db_name": "labdb",
            "db_subnet_group_name": "armageddon-class-vii-rds-subnet-group01",
            "dedicated_log_volume": false,
            "delete_automated_backups": true,
            "deletion_protection": false,
            "domain": "",
            "domain_auth_secret_arn": "",
            "domain_dns_ips": [],
            "domain_fqdn": "",
            "domain_iam_role_name": "",
            "domain_ou": "",
            "enabled_cloudwatch_logs_exports": [],
            "endpoint": "armageddon-class-vii-rds01.cvy24sayqwx1.ap-northeast-1.rds.amazonaws.com:3306",
            "engine": "mysql",
            "engine_lifecycle_support": "open-source-rds-extended-support",
            "engine_version": "8.4.7",
            "engine_version_actual": "8.4.7",
            "final_snapshot_identifier": null,
            "hosted_zone_id": "Z24O6O9L7SGTNB",
            "iam_database_authentication_enabled": false,
            "id": "db-TRT3JEN2JQXZS64YEQTIDQ4PDU",
            "identifier": "armageddon-class-vii-rds01",
            "identifier_prefix": "",
            "instance_class": "db.t3.micro",
            "iops": 0,
            "kms_key_id": "",
            "latest_restorable_time": "2026-02-09T22:40:00Z",
            "license_model": "general-public-license",
            "listener_endpoint": [],
            "maintenance_window": "sat:15:59-sat:16:29",
            "manage_master_user_password": null,
            "master_user_secret": [],
            "master_user_secret_kms_key_id": null,
            "max_allocated_storage": 0,
            "monitoring_interval": 0,
            "monitoring_role_arn": "",
            "multi_az": true,
            "nchar_character_set_name": "",
            "network_type": "IPV4",
            "option_group_name": "default:mysql-8-4",
            "parameter_group_name": "default.mysql8.4",
            "password": "Bigpimpin6",
            "password_wo": null,
            "password_wo_version": null,
            "performance_insights_enabled": false,
            "performance_insights_kms_key_id": "",
            "performance_insights_retention_period": 0,
            "port": 3306,
            "publicly_accessible": false,
            "region": "ap-northeast-1",
            "replica_mode": "",
            "replicas": [],
            "replicate_source_db": "",
            "resource_id": "db-TRT3JEN2JQXZS64YEQTIDQ4PDU",
            "restore_to_point_in_time": [],
            "s3_import": [],
            "skip_final_snapshot": true,
            "snapshot_identifier": null,
            "status": "available",
            "storage_encrypted": false,
            "storage_throughput": 0,
            "storage_type": "gp2",
            "tags": {
              "Name": "armageddon-class-vii-rds01"
            },
            "tags_all": {
              "Name": "armageddon-class-vii-rds01"
            },
            "timeouts": null,
            "timezone": "",
            "upgrade_rollout_order": "second",
            "upgrade_storage_config": null,
            "username": "admin",
            "vpc_security_group_ids": [
              "sg-0cf8e36038cde30d3"
            ]
          },
          "sensitive_attributes": [
            [
              {
                "type": "get_attr",
                "value": "password"
              }
            ],
            [
              {
                "type": "get_attr",
                "value": "password_wo"
              }
            ]
          ],
          "identity_schema_version": 0,
          "private": "eyJlMmJmYjczMC1lY2FhLTExZTYtOGY4OC0zNDM2M2JjN2M0YzAiOnsiY3JlYXRlIjozMDAwMDAwMDAwMDAwLCJkZWxldGUiOjM2MDAwMDAwMDAwMDAsInVwZGF0ZSI6NDgwMDAwMDAwMDAwMH0sInNjaGVtYV92ZXJzaW9uIjoiMiJ9",
          "dependencies": [
            "aws_db_subnet_group.chewbacca_rds_subnet_group01",
            "aws_security_group.chewbacca_rds_sg01",
            "aws_subnet.chewbacca_private_subnets",
            "aws_vpc.chewbacca_vpc01"
          ]
        }
      ]
    },
    {
      "mode": "managed",
      "type": "aws_db_subnet_group",
      "name": "chewbacca_rds_subnet_group01",
      "provider": "provider[\"registry.terraform.io/hashicorp/aws\"]",
      "instances": [
        {
          "schema_version": 0,
          "attributes": {
            "arn": "arn:aws:rds:ap-northeast-1:420228061920:subgrp:armageddon-class-vii-rds-subnet-group01",
            "description": "Managed by Terraform",
            "id": "armageddon-class-vii-rds-subnet-group01",
            "name": "armageddon-class-vii-rds-subnet-group01",
            "name_prefix": "",
            "region": "ap-northeast-1",
            "subnet_ids": [
              "subnet-035a2364f04174389",
              "subnet-08bafa36522ac5a6c"
            ],
            "supported_network_types": [
              "IPV4"
            ],
            "tags": {
              "Name": "armageddon-class-vii-rds-subnet-group01"
            },
            "tags_all": {
              "Name": "armageddon-class-vii-rds-subnet-group01"
            },
            "vpc_id": "vpc-09e7e6cc5ac255b7c"
          },
          "sensitive_attributes": [],
          "identity_schema_version": 0,
          "private": "bnVsbA==",
          "dependencies": [
            "aws_subnet.chewbacca_private_subnets",
            "aws_vpc.chewbacca_vpc01"
          ]
        }
      ]
    },
    {
      "mode": "managed",
      "type": "aws_eip",
      "name": "chewbacca_nat_eip01",
      "provider": "provider[\"registry.terraform.io/hashicorp/aws\"]",
      "instances": [
        {
          "schema_version": 0,
          "attributes": {
            "address": null,
            "allocation_id": "eipalloc-0396d4d7f74dcddc1",
            "arn": "arn:aws:ec2:ap-northeast-1:420228061920:elastic-ip/eipalloc-0396d4d7f74dcddc1",
            "associate_with_private_ip": null,
            "association_id": "eipassoc-0ed98ab0b989a2286",
            "carrier_ip": "",
            "customer_owned_ip": "",
            "customer_owned_ipv4_pool": "",
            "domain": "vpc",
            "id": "eipalloc-0396d4d7f74dcddc1",
            "instance": "",
            "ipam_pool_id": null,
            "network_border_group": "ap-northeast-1",
            "network_interface": "eni-04f660c74640784c1",
            "private_dns": "ip-10-17-1-16.ap-northeast-1.compute.internal",
            "private_ip": "10.17.1.16",
            "ptr_record": "",
            "public_dns": "ec2-52-199-161-253.ap-northeast-1.compute.amazonaws.com",
            "public_ip": "52.199.161.253",
            "public_ipv4_pool": "amazon",
            "region": "ap-northeast-1",
            "tags": {
              "Name": "armageddon-class-vii-nat-eip01"
            },
            "tags_all": {
              "Name": "armageddon-class-vii-nat-eip01"
            },
            "timeouts": null
          },
          "sensitive_attributes": [],
          "identity_schema_version": 0,
          "private": "eyJlMmJmYjczMC1lY2FhLTExZTYtOGY4OC0zNDM2M2JjN2M0YzAiOnsiZGVsZXRlIjoxODAwMDAwMDAwMDAsInJlYWQiOjkwMDAwMDAwMDAwMCwidXBkYXRlIjozMDAwMDAwMDAwMDB9fQ=="
        }
      ]
    },
    {
      "mode": "managed",
      "type": "aws_iam_instance_profile",
      "name": "chewbacca_instance_profile01",
      "provider": "provider[\"registry.terraform.io/hashicorp/aws\"]",
      "instances": [
        {
          "schema_version": 0,
          "attributes": {
            "arn": "arn:aws:iam::420228061920:instance-profile/armageddon-class-vii-instance-profile01",
            "create_date": "2026-02-09T18:20:49Z",
            "id": "armageddon-class-vii-instance-profile01",
            "name": "armageddon-class-vii-instance-profile01",
            "name_prefix": "",
            "path": "/",
            "role": "armageddon-class-vii-ec2-role01",
            "tags": {},
            "tags_all": {},
            "unique_id": "AIPAWDV4LLLQAYNLRBQ4Z"
          },
          "sensitive_attributes": [],
          "identity_schema_version": 0,
          "private": "bnVsbA==",
          "dependencies": [
            "aws_iam_role.chewbacca_ec2_role01"
          ]
        }
      ]
    },
    {
      "mode": "managed",
      "type": "aws_iam_policy",
      "name": "chewbacca_leastpriv_cwlogs01",
      "provider": "provider[\"registry.terraform.io/hashicorp/aws\"]",
      "instances": [
        {
          "schema_version": 0,
          "attributes": {
            "arn": "arn:aws:iam::420228061920:policy/armageddon-class-vii-lp-cwlogs01",
            "attachment_count": 1,
            "delay_after_policy_creation_in_ms": null,
            "description": "Least-privilege CloudWatch Logs write for the app log group",
            "id": "arn:aws:iam::420228061920:policy/armageddon-class-vii-lp-cwlogs01",
            "name": "armageddon-class-vii-lp-cwlogs01",
            "name_prefix": "",
            "path": "/",
            "policy": "{\"Statement\":[{\"Action\":[\"logs:CreateLogStream\",\"logs:PutLogEvents\",\"logs:DescribeLogStreams\"],\"Effect\":\"Allow\",\"Resource\":[\"arn:aws:logs:ap-northeast-1:420228061920:log-group:/aws/ec2/armageddon-class-vii-rds-app:*\"],\"Sid\":\"WriteLogs\"}],\"Version\":\"2012-10-17\"}",
            "policy_id": "ANPAWDV4LLLQNERIHVZ6F",
            "tags": {},
            "tags_all": {}
          },
          "sensitive_attributes": [],
          "identity_schema_version": 0,
          "identity": {
            "arn": "arn:aws:iam::420228061920:policy/armageddon-class-vii-lp-cwlogs01"
          },
          "private": "bnVsbA==",
          "dependencies": [
            "aws_cloudwatch_log_group.chewbacca_log_group01"
          ]
        }
      ]
    },
    {
      "mode": "managed",
      "type": "aws_iam_policy",
      "name": "chewbacca_leastpriv_read_params01",
      "provider": "provider[\"registry.terraform.io/hashicorp/aws\"]",
      "instances": [
        {
          "schema_version": 0,
          "attributes": {
            "arn": "arn:aws:iam::420228061920:policy/armageddon-class-vii-lp-ssm-read01",
            "attachment_count": 1,
            "delay_after_policy_creation_in_ms": null,
            "description": "Least-privilege read for SSM Parameter Store under /lab/db/*",
            "id": "arn:aws:iam::420228061920:policy/armageddon-class-vii-lp-ssm-read01",
            "name": "armageddon-class-vii-lp-ssm-read01",
            "name_prefix": "",
            "path": "/",
            "policy": "{\"Statement\":[{\"Action\":[\"ssm:GetParameter\",\"ssm:GetParameters\",\"ssm:GetParametersByPath\"],\"Effect\":\"Allow\",\"Resource\":[\"arn:aws:ssm:ap-northeast-1:420228061920:parameter/lab/db/*\"],\"Sid\":\"ReadLabDbParams\"}],\"Version\":\"2012-10-17\"}",
            "policy_id": "ANPAWDV4LLLQE3AMXWZXZ",
            "tags": {},
            "tags_all": {}
          },
          "sensitive_attributes": [],
          "identity_schema_version": 0,
          "identity": {
            "arn": "arn:aws:iam::420228061920:policy/armageddon-class-vii-lp-ssm-read01"
          },
          "private": "bnVsbA==",
          "dependencies": [
            "data.aws_caller_identity.chewbacca_self01",
            "data.aws_region.chewbacca_region01"
          ]
        }
      ]
    },
    {
      "mode": "managed",
      "type": "aws_iam_policy",
      "name": "chewbacca_leastpriv_read_secret01",
      "provider": "provider[\"registry.terraform.io/hashicorp/aws\"]",
      "instances": [
        {
          "schema_version": 0,
          "attributes": {
            "arn": "arn:aws:iam::420228061920:policy/armageddon-class-vii-lp-secrets-read01",
            "attachment_count": 0,
            "delay_after_policy_creation_in_ms": null,
            "description": "Least-privilege read for the lab DB secret",
            "id": "arn:aws:iam::420228061920:policy/armageddon-class-vii-lp-secrets-read01",
            "name": "armageddon-class-vii-lp-secrets-read01",
            "name_prefix": "",
            "path": "/",
            "policy": "{\"Statement\":[{\"Action\":[\"secretsmanager:GetSecretValue\",\"secretsmanager:DescribeSecret\"],\"Effect\":\"Allow\",\"Resource\":[\"arn:aws:secretsmanager:ap-northeast-1:420228061920:secret:armageddon-class-vii/rds/mysql-v2-FmS6x0\"],\"Sid\":\"ReadOnlyLabSecret\"}],\"Version\":\"2012-10-17\"}",
            "policy_id": "ANPAWDV4LLLQIJGUL3PFT",
            "tags": null,
            "tags_all": {}
          },
          "sensitive_attributes": [],
          "identity_schema_version": 0,
          "identity": {
            "arn": "arn:aws:iam::420228061920:policy/armageddon-class-vii-lp-secrets-read01"
          },
          "private": "bnVsbA==",
          "dependencies": [
            "aws_secretsmanager_secret.chewbacca_db_secret01"
          ]
        }
      ]
    },
    {
      "mode": "managed",
      "type": "aws_iam_role",
      "name": "chewbacca_ec2_role01",
      "provider": "provider[\"registry.terraform.io/hashicorp/aws\"]",
      "instances": [
        {
          "schema_version": 0,
          "attributes": {
            "arn": "arn:aws:iam::420228061920:role/armageddon-class-vii-ec2-role01",
            "assume_role_policy": "{\"Statement\":[{\"Action\":\"sts:AssumeRole\",\"Effect\":\"Allow\",\"Principal\":{\"Service\":\"ec2.amazonaws.com\"}}],\"Version\":\"2012-10-17\"}",
            "create_date": "2026-02-09T18:20:45Z",
            "description": "",
            "force_detach_policies": false,
            "id": "armageddon-class-vii-ec2-role01",
            "inline_policy": [],
            "managed_policy_arns": [
              "arn:aws:iam::420228061920:policy/armageddon-class-vii-lp-cwlogs01",
              "arn:aws:iam::420228061920:policy/armageddon-class-vii-lp-ssm-read01",
              "arn:aws:iam::aws:policy/AmazonSSMManagedInstanceCore",
              "arn:aws:iam::aws:policy/CloudWatchAgentServerPolicy",
              "arn:aws:iam::aws:policy/SecretsManagerReadWrite"
            ],
            "max_session_duration": 3600,
            "name": "armageddon-class-vii-ec2-role01",
            "name_prefix": "",
            "path": "/",
            "permissions_boundary": "",
            "tags": {},
            "tags_all": {},
            "unique_id": "AROAWDV4LLLQNW4DG4TIW"
          },
          "sensitive_attributes": [],
          "identity_schema_version": 0,
          "identity": {
            "account_id": "420228061920",
            "name": "armageddon-class-vii-ec2-role01"
          },
          "private": "bnVsbA=="
        }
      ]
    },
    {
      "mode": "managed",
      "type": "aws_iam_role_policy_attachment",
      "name": "chewbacca_attach_lp_cwlogs01",
      "provider": "provider[\"registry.terraform.io/hashicorp/aws\"]",
      "instances": [
        {
          "schema_version": 0,
          "attributes": {
            "id": "armageddon-class-vii-ec2-role01/arn:aws:iam::420228061920:policy/armageddon-class-vii-lp-cwlogs01",
            "policy_arn": "arn:aws:iam::420228061920:policy/armageddon-class-vii-lp-cwlogs01",
            "role": "armageddon-class-vii-ec2-role01"
          },
          "sensitive_attributes": [],
          "identity_schema_version": 0,
          "identity": {
            "account_id": "420228061920",
            "policy_arn": "arn:aws:iam::420228061920:policy/armageddon-class-vii-lp-cwlogs01",
            "role": "armageddon-class-vii-ec2-role01"
          },
          "private": "bnVsbA==",
          "dependencies": [
            "aws_cloudwatch_log_group.chewbacca_log_group01",
            "aws_iam_policy.chewbacca_leastpriv_cwlogs01",
            "aws_iam_role.chewbacca_ec2_role01"
          ]
        }
      ]
    },
    {
      "mode": "managed",
      "type": "aws_iam_role_policy_attachment",
      "name": "chewbacca_attach_lp_params01",
      "provider": "provider[\"registry.terraform.io/hashicorp/aws\"]",
      "instances": [
        {
          "schema_version": 0,
          "attributes": {
            "id": "armageddon-class-vii-ec2-role01/arn:aws:iam::420228061920:policy/armageddon-class-vii-lp-ssm-read01",
            "policy_arn": "arn:aws:iam::420228061920:policy/armageddon-class-vii-lp-ssm-read01",
            "role": "armageddon-class-vii-ec2-role01"
          },
          "sensitive_attributes": [],
          "identity_schema_version": 0,
          "identity": {
            "account_id": "420228061920",
            "policy_arn": "arn:aws:iam::420228061920:policy/armageddon-class-vii-lp-ssm-read01",
            "role": "armageddon-class-vii-ec2-role01"
          },
          "private": "bnVsbA==",
          "dependencies": [
            "aws_iam_policy.chewbacca_leastpriv_read_params01",
            "aws_iam_role.chewbacca_ec2_role01",
            "data.aws_caller_identity.chewbacca_self01",
            "data.aws_region.chewbacca_region01"
          ]
        }
      ]
    },
    {
      "mode": "managed",
      "type": "aws_iam_role_policy_attachment",
      "name": "chewbacca_attach_lp_secret01",
      "provider": "provider[\"registry.terraform.io/hashicorp/aws\"]",
      "instances": [
        {
          "schema_version": 0,
          "attributes": {
            "id": "armageddon-class-vii-ec2-role01/arn:aws:iam::420228061920:policy/armageddon-class-vii-lp-secrets-read01",
            "policy_arn": "arn:aws:iam::420228061920:policy/armageddon-class-vii-lp-secrets-read01",
            "role": "armageddon-class-vii-ec2-role01"
          },
          "sensitive_attributes": [],
          "identity_schema_version": 0,
          "identity": {
            "account_id": "420228061920",
            "policy_arn": "arn:aws:iam::420228061920:policy/armageddon-class-vii-lp-secrets-read01",
            "role": "armageddon-class-vii-ec2-role01"
          },
          "private": "bnVsbA==",
          "dependencies": [
            "aws_iam_policy.chewbacca_leastpriv_read_secret01",
            "aws_iam_role.chewbacca_ec2_role01",
            "aws_secretsmanager_secret.chewbacca_db_secret01"
          ]
        }
      ]
    },
    {
      "mode": "managed",
      "type": "aws_iam_role_policy_attachment",
      "name": "chewbacca_ec2_cw_attach",
      "provider": "provider[\"registry.terraform.io/hashicorp/aws\"]",
      "instances": [
        {
          "schema_version": 0,
          "attributes": {
            "id": "armageddon-class-vii-ec2-role01/arn:aws:iam::aws:policy/CloudWatchAgentServerPolicy",
            "policy_arn": "arn:aws:iam::aws:policy/CloudWatchAgentServerPolicy",
            "role": "armageddon-class-vii-ec2-role01"
          },
          "sensitive_attributes": [],
          "identity_schema_version": 0,
          "identity": {
            "account_id": "420228061920",
            "policy_arn": "arn:aws:iam::aws:policy/CloudWatchAgentServerPolicy",
            "role": "armageddon-class-vii-ec2-role01"
          },
          "private": "bnVsbA==",
          "dependencies": [
            "aws_iam_role.chewbacca_ec2_role01"
          ]
        }
      ]
    },
    {
      "mode": "managed",
      "type": "aws_iam_role_policy_attachment",
      "name": "chewbacca_ec2_secrets_attach",
      "provider": "provider[\"registry.terraform.io/hashicorp/aws\"]",
      "instances": [
        {
          "schema_version": 0,
          "attributes": {
            "id": "armageddon-class-vii-ec2-role01/arn:aws:iam::aws:policy/SecretsManagerReadWrite",
            "policy_arn": "arn:aws:iam::aws:policy/SecretsManagerReadWrite",
            "role": "armageddon-class-vii-ec2-role01"
          },
          "sensitive_attributes": [],
          "identity_schema_version": 0,
          "identity": {
            "account_id": "420228061920",
            "policy_arn": "arn:aws:iam::aws:policy/SecretsManagerReadWrite",
            "role": "armageddon-class-vii-ec2-role01"
          },
          "private": "bnVsbA==",
          "dependencies": [
            "aws_iam_role.chewbacca_ec2_role01"
          ]
        }
      ]
    },
    {
      "mode": "managed",
      "type": "aws_iam_role_policy_attachment",
      "name": "chewbacca_ssm_managed_policy_attach",
      "provider": "provider[\"registry.terraform.io/hashicorp/aws\"]",
      "instances": [
        {
          "schema_version": 0,
          "attributes": {
            "id": "armageddon-class-vii-ec2-role01/arn:aws:iam::aws:policy/AmazonSSMManagedInstanceCore",
            "policy_arn": "arn:aws:iam::aws:policy/AmazonSSMManagedInstanceCore",
            "role": "armageddon-class-vii-ec2-role01"
          },
          "sensitive_attributes": [],
          "identity_schema_version": 0,
          "identity": {
            "account_id": "420228061920",
            "policy_arn": "arn:aws:iam::aws:policy/AmazonSSMManagedInstanceCore",
            "role": "armageddon-class-vii-ec2-role01"
          },
          "private": "bnVsbA==",
          "dependencies": [
            "aws_iam_role.chewbacca_ec2_role01"
          ]
        }
      ]
    },
    {
      "mode": "managed",
      "type": "aws_instance",
      "name": "chewbacca_ec201_private_bonus",
      "provider": "provider[\"registry.terraform.io/hashicorp/aws\"]",
      "instances": [
        {
          "schema_version": 2,
          "attributes": {
            "ami": "ami-03d1820163e6b9f5d",
            "arn": "arn:aws:ec2:ap-northeast-1:420228061920:instance/i-0dd14322351a44cbb",
            "associate_public_ip_address": false,
            "availability_zone": "ap-northeast-1a",
            "capacity_reservation_specification": [
              {
                "capacity_reservation_preference": "open",
                "capacity_reservation_target": []
              }
            ],
            "cpu_options": [
              {
                "amd_sev_snp": "",
                "core_count": 1,
                "threads_per_core": 2
              }
            ],
            "credit_specification": [
              {
                "cpu_credits": "unlimited"
              }
            ],
            "disable_api_stop": false,
            "disable_api_termination": false,
            "ebs_block_device": [],
            "ebs_optimized": false,
            "enable_primary_ipv6": null,
            "enclave_options": [
              {
                "enabled": false
              }
            ],
            "ephemeral_block_device": [],
            "force_destroy": false,
            "get_password_data": false,
            "hibernation": false,
            "host_id": "",
            "host_resource_group_arn": null,
            "iam_instance_profile": "armageddon-class-vii-instance-profile01",
            "id": "i-0dd14322351a44cbb",
            "instance_initiated_shutdown_behavior": "stop",
            "instance_lifecycle": "",
            "instance_market_options": [],
            "instance_state": "running",
            "instance_type": "t3.micro",
            "ipv6_address_count": 0,
            "ipv6_addresses": [],
            "key_name": "",
            "launch_template": [],
            "maintenance_options": [
              {
                "auto_recovery": "default"
              }
            ],
            "metadata_options": [
              {
                "http_endpoint": "enabled",
                "http_protocol_ipv6": "disabled",
                "http_put_response_hop_limit": 2,
                "http_tokens": "required",
                "instance_metadata_tags": "disabled"
              }
            ],
            "monitoring": false,
            "network_interface": [],
            "outpost_arn": "",
            "password_data": "",
            "placement_group": "",
            "placement_group_id": "",
            "placement_partition_number": 0,
            "primary_network_interface": [
              {
                "delete_on_termination": true,
                "network_interface_id": "eni-001e7e3d51c8d9702"
              }
            ],
            "primary_network_interface_id": "eni-001e7e3d51c8d9702",
            "private_dns": "ip-10-17-11-211.ap-northeast-1.compute.internal",
            "private_dns_name_options": [
              {
                "enable_resource_name_dns_a_record": false,
                "enable_resource_name_dns_aaaa_record": false,
                "hostname_type": "ip-name"
              }
            ],
            "private_ip": "10.17.11.211",
            "public_dns": "",
            "public_ip": "",
            "region": "ap-northeast-1",
            "root_block_device": [
              {
                "delete_on_termination": true,
                "device_name": "/dev/xvda",
                "encrypted": false,
                "iops": 3000,
                "kms_key_id": "",
                "tags": {},
                "tags_all": {},
                "throughput": 125,
                "volume_id": "vol-08a0fe6887c0b6b4d",
                "volume_size": 8,
                "volume_type": "gp3"
              }
            ],
            "secondary_private_ips": [],
            "security_groups": [],
            "source_dest_check": true,
            "spot_instance_request_id": "",
            "subnet_id": "subnet-035a2364f04174389",
            "tags": {
              "Name": "armageddon-class-vii-ec201-private"
            },
            "tags_all": {
              "Name": "armageddon-class-vii-ec201-private"
            },
            "tenancy": "default",
            "timeouts": null,
            "user_data": "#!/bin/bash\nset -xe\n\n# 1. Install dependencies\n# Using specific installs to avoid dnf-version-locking hangs\ndnf install -y python3-pip mariadb105 amazon-cloudwatch-agent\npip3 install flask pymysql boto3\nsystemctl enable amazon-ssm-agent\nsystemctl start amazon-ssm-agent\n\n# 2. Setup directory and logging\nmkdir -p /opt/rdsapp\ntouch /opt/rdsapp/app.log\nchmod 666 /opt/rdsapp/app.log\nchmod 755 /opt/rdsapp\n\n# 3. Create the Python App\ncat \u003e/opt/rdsapp/app.py \u003c\u003c'PY'\nimport json\nimport os\nimport boto3\nimport pymysql\nimport logging\nfrom flask import Flask, request\n\nREGION = os.environ.get(\"AWS_REGION\", \"ap-northeast-1\")\n# standardizing the secret path\nSECRET_ID = os.environ.get(\"SECRET_ID\", \"armageddon-class-vii/rds/mysql-v2\") \n\nsecrets = boto3.client(\"secretsmanager\", region_name=REGION)\ncloudwatch = boto3.client(\"cloudwatch\", region_name=REGION)\n\nlogging.basicConfig(\n    filename='/opt/rdsapp/app.log',\n    level=logging.ERROR,\n    format='%(asctime)s ERROR: %(message)s'\n)\n\ndef emit_db_error():\n    try:\n        cloudwatch.put_metric_data(\n            Namespace=\"Lab/RDSApp\",\n            MetricData=[{'MetricName': 'DBConnectionErrors', 'Value': 1.0, 'Unit': 'Count'}]\n        )\n    except Exception as e:\n        logging.error(f\"Failed to emit CloudWatch metric: {e}\")\n\ndef get_db_creds():\n    resp = secrets.get_secret_value(SecretId=SECRET_ID)\n    return json.loads(resp[\"SecretString\"])\n\ndef get_conn():\n    try:\n        c = get_db_creds()\n        return pymysql.connect(\n            host=c[\"host\"],\n            user=c[\"username\"],\n            password=c[\"password\"],\n            port=int(c.get(\"port\", 3306)),\n            database=\"labdb\",\n            autocommit=True\n        )\n    except Exception as e:\n        logging.error(f\"DATABASE CONNECTIVITY FAILURE: {str(e)}\")\n        emit_db_error()\n        raise e\n\napp = Flask(__name__)\n\n@app.route(\"/\")\ndef home():\n    return \"\u003ch2\u003eEC2 -\u003e RDS Notes App (Hardened 1C-C)\u003c/h2\u003e\u003cp\u003eUse /init to start\u003c/p\u003e\"\n\n@app.route(\"/init\")\ndef init_db():\n    c = get_db_creds()\n    conn = pymysql.connect(host=c[\"host\"], user=c[\"username\"], password=c[\"password\"], autocommit=True)\n    cur = conn.cursor()\n    cur.execute(\"CREATE DATABASE IF NOT EXISTS labdb;\")\n    cur.execute(\"USE labdb;\")\n    cur.execute(\"CREATE TABLE IF NOT EXISTS notes (id INT AUTO_INCREMENT PRIMARY KEY, note VARCHAR(255) NOT NULL);\")\n    cur.close(); conn.close()\n    return \"Initialized labdb + notes table.\"\n\n@app.route(\"/add\", methods=[\"POST\", \"GET\"])\ndef add_note():\n    note = request.args.get(\"note\", \"\").strip()\n    if not note: return \"Missing note param\", 400\n    conn = get_conn()\n    cur = conn.cursor()\n    cur.execute(\"INSERT INTO notes(note) VALUES(%s);\", (note,))\n    cur.close(); conn.close()\n    return f\"Inserted note: {note}\"\n\n@app.route(\"/list\")\ndef list_notes():\n    conn = get_conn()\n    cur = conn.cursor()\n    cur.execute(\"SELECT id, note FROM notes ORDER BY id DESC;\")\n    rows = cur.fetchall()\n    cur.close(); conn.close()\n    out = \"\u003ch3\u003eNotes\u003c/h3\u003e\u003cul\u003e\"\n    for r in rows: out += f\"\u003cli\u003e{r[0]}: {r[1]}\u003c/li\u003e\"\n    return out + \"\u003c/ul\u003e\"\n\nif __name__ == \"__main__\":\n    app.run(host=\"0.0.0.0\", port=80)\nPY\n\n# 4. Create Systemd Service\ncat \u003e/etc/systemd/system/rdsapp.service \u003c\u003c'SERVICE'\n[Unit]\nDescription=EC2 to RDS Notes App\nAfter=network.target\n\n[Service]\nWorkingDirectory=/opt/rdsapp\nEnvironment=SECRET_ID=armageddon-class-vii/rds/mysql-v2\nEnvironment=AWS_REGION=ap-northeast-1\nExecStart=/usr/bin/python3 /opt/rdsapp/app.py\nRestart=always\n\n[Install]\nWantedBy=multi-user.target\nSERVICE\n\n# 5. Configure CloudWatch Agent\ncat \u003e /opt/aws/amazon-cloudwatch-agent/etc/amazon-cloudwatch-agent.json \u003c\u003c 'EOF'\n{\n  \"logs\": {\n    \"logs_collected\": {\n      \"files\": {\n        \"collect_list\": [\n          {\n            \"file_path\": \"/opt/rdsapp/app.log\",\n            \"log_group_name\": \"/aws/ec2/armageddon-class-vii-rds-app\",\n            \"log_stream_name\": \"{instance_id}\"\n          }\n        ]\n      }\n    }\n  }\n}\nEOF\n\n# 6. Start services\n/opt/aws/amazon-cloudwatch-agent/bin/amazon-cloudwatch-agent-ctl \\\n  -a fetch-config -m ec2 -c file:/opt/aws/amazon-cloudwatch-agent/etc/amazon-cloudwatch-agent.json -s\n\nsystemctl daemon-reload\nsystemctl enable rdsapp\nsystemctl start rdsapp",
            "user_data_base64": null,
            "user_data_replace_on_change": false,
            "volume_tags": null,
            "vpc_security_group_ids": [
              "sg-0e20d326dedca8119"
            ]
          },
          "sensitive_attributes": [],
          "identity_schema_version": 0,
          "identity": {
            "account_id": "420228061920",
            "id": "i-0dd14322351a44cbb",
            "region": "ap-northeast-1"
          },
          "private": "eyJlMmJmYjczMC1lY2FhLTExZTYtOGY4OC0zNDM2M2JjN2M0YzAiOnsiY3JlYXRlIjo2MDAwMDAwMDAwMDAsImRlbGV0ZSI6MTIwMDAwMDAwMDAwMCwicmVhZCI6OTAwMDAwMDAwMDAwLCJ1cGRhdGUiOjYwMDAwMDAwMDAwMH0sInNjaGVtYV92ZXJzaW9uIjoiMiJ9",
          "dependencies": [
            "aws_iam_instance_profile.chewbacca_instance_profile01",
            "aws_iam_role.chewbacca_ec2_role01",
            "aws_security_group.chewbacca_ec2_sg01",
            "aws_subnet.chewbacca_private_subnets",
            "aws_vpc.chewbacca_vpc01"
          ]
        }
      ]
    },
    {
      "mode": "managed",
      "type": "aws_internet_gateway",
      "name": "chewbacca_igw01",
      "provider": "provider[\"registry.terraform.io/hashicorp/aws\"]",
      "instances": [
        {
          "schema_version": 0,
          "attributes": {
            "arn": "arn:aws:ec2:ap-northeast-1:420228061920:internet-gateway/igw-075d30155afd7e8e5",
            "id": "igw-075d30155afd7e8e5",
            "owner_id": "420228061920",
            "region": "ap-northeast-1",
            "tags": {
              "Name": "armageddon-class-vii-igw01"
            },
            "tags_all": {
              "Name": "armageddon-class-vii-igw01"
            },
            "timeouts": null,
            "vpc_id": "vpc-09e7e6cc5ac255b7c"
          },
          "sensitive_attributes": [],
          "identity_schema_version": 0,
          "private": "eyJlMmJmYjczMC1lY2FhLTExZTYtOGY4OC0zNDM2M2JjN2M0YzAiOnsiY3JlYXRlIjoxMjAwMDAwMDAwMDAwLCJkZWxldGUiOjEyMDAwMDAwMDAwMDAsInVwZGF0ZSI6MTIwMDAwMDAwMDAwMH19",
          "dependencies": [
            "aws_vpc.chewbacca_vpc01"
          ]
        }
      ]
    },
    {
      "mode": "managed",
      "type": "aws_lb_target_group",
      "name": "chewbacca_tg01",
      "provider": "provider[\"registry.terraform.io/hashicorp/aws\"]",
      "instances": [
        {
          "schema_version": 0,
          "attributes": {
            "arn": "arn:aws:elasticloadbalancing:ap-northeast-1:420228061920:targetgroup/armageddon-class-vii-tg01/6d4dc0051d12114b",
            "arn_suffix": "targetgroup/armageddon-class-vii-tg01/6d4dc0051d12114b",
            "connection_termination": null,
            "deregistration_delay": "300",
            "health_check": [
              {
                "enabled": true,
                "healthy_threshold": 2,
                "interval": 30,
                "matcher": "200-399",
                "path": "/",
                "port": "traffic-port",
                "protocol": "HTTP",
                "timeout": 5,
                "unhealthy_threshold": 2
              }
            ],
            "id": "arn:aws:elasticloadbalancing:ap-northeast-1:420228061920:targetgroup/armageddon-class-vii-tg01/6d4dc0051d12114b",
            "ip_address_type": "ipv4",
            "lambda_multi_value_headers_enabled": false,
            "load_balancer_arns": [],
            "load_balancing_algorithm_type": "round_robin",
            "load_balancing_anomaly_mitigation": "off",
            "load_balancing_cross_zone_enabled": "use_load_balancer_configuration",
            "name": "armageddon-class-vii-tg01",
            "name_prefix": "",
            "port": 80,
            "preserve_client_ip": null,
            "protocol": "HTTP",
            "protocol_version": "HTTP1",
            "proxy_protocol_v2": false,
            "region": "ap-northeast-1",
            "slow_start": 0,
            "stickiness": [
              {
                "cookie_duration": 86400,
                "cookie_name": "",
                "enabled": false,
                "type": "lb_cookie"
              }
            ],
            "tags": {
              "Name": "armageddon-class-vii-tg01"
            },
            "tags_all": {
              "Name": "armageddon-class-vii-tg01"
            },
            "target_control_port": 0,
            "target_failover": [
              {
                "on_deregistration": null,
                "on_unhealthy": null
              }
            ],
            "target_group_health": [
              {
                "dns_failover": [
                  {
                    "minimum_healthy_targets_count": "1",
                    "minimum_healthy_targets_percentage": "off"
                  }
                ],
                "unhealthy_state_routing": [
                  {
                    "minimum_healthy_targets_count": 1,
                    "minimum_healthy_targets_percentage": "off"
                  }
                ]
              }
            ],
            "target_health_state": [
              {
                "enable_unhealthy_connection_termination": null,
                "unhealthy_draining_interval": null
              }
            ],
            "target_type": "instance",
            "vpc_id": "vpc-09e7e6cc5ac255b7c"
          },
          "sensitive_attributes": [],
          "identity_schema_version": 0,
          "identity": {
            "arn": "arn:aws:elasticloadbalancing:ap-northeast-1:420228061920:targetgroup/armageddon-class-vii-tg01/6d4dc0051d12114b"
          },
          "private": "bnVsbA==",
          "dependencies": [
            "aws_vpc.chewbacca_vpc01"
          ]
        }
      ]
    },
    {
      "mode": "managed",
      "type": "aws_lb_target_group_attachment",
      "name": "chewbacca_tg_attach01",
      "provider": "provider[\"registry.terraform.io/hashicorp/aws\"]",
      "instances": [
        {
          "schema_version": 0,
          "attributes": {
            "availability_zone": null,
            "id": "arn:aws:elasticloadbalancing:ap-northeast-1:420228061920:targetgroup/armageddon-class-vii-tg01/6d4dc0051d12114b-2026020918220937330000000f",
            "port": 80,
            "quic_server_id": null,
            "region": "ap-northeast-1",
            "target_group_arn": "arn:aws:elasticloadbalancing:ap-northeast-1:420228061920:targetgroup/armageddon-class-vii-tg01/6d4dc0051d12114b",
            "target_id": "i-0dd14322351a44cbb"
          },
          "sensitive_attributes": [],
          "identity_schema_version": 0,
          "private": "bnVsbA==",
          "dependencies": [
            "aws_iam_instance_profile.chewbacca_instance_profile01",
            "aws_iam_role.chewbacca_ec2_role01",
            "aws_instance.chewbacca_ec201_private_bonus",
            "aws_lb_target_group.chewbacca_tg01",
            "aws_security_group.chewbacca_ec2_sg01",
            "aws_subnet.chewbacca_private_subnets",
            "aws_vpc.chewbacca_vpc01"
          ]
        }
      ]
    },
    {
      "mode": "managed",
      "type": "aws_nat_gateway",
      "name": "chewbacca_nat01",
      "provider": "provider[\"registry.terraform.io/hashicorp/aws\"]",
      "instances": [
        {
          "schema_version": 0,
          "attributes": {
            "allocation_id": "eipalloc-0396d4d7f74dcddc1",
            "association_id": "eipassoc-0ed98ab0b989a2286",
            "auto_provision_zones": null,
            "auto_scaling_ips": null,
            "availability_mode": "zonal",
            "availability_zone_address": [],
            "connectivity_type": "public",
            "id": "nat-0568d688ba5cd1e3f",
            "network_interface_id": "eni-04f660c74640784c1",
            "private_ip": "10.17.1.16",
            "public_ip": "52.199.161.253",
            "region": "ap-northeast-1",
            "regional_nat_gateway_address": [],
            "regional_nat_gateway_auto_mode": null,
            "route_table_id": null,
            "secondary_allocation_ids": [],
            "secondary_private_ip_address_count": 0,
            "secondary_private_ip_addresses": [],
            "subnet_id": "subnet-037452bc845b32126",
            "tags": {
              "Name": "armageddon-class-vii-nat01"
            },
            "tags_all": {
              "Name": "armageddon-class-vii-nat01"
            },
            "timeouts": null,
            "vpc_id": "vpc-09e7e6cc5ac255b7c"
          },
          "sensitive_attributes": [],
          "identity_schema_version": 0,
          "private": "eyJlMmJmYjczMC1lY2FhLTExZTYtOGY4OC0zNDM2M2JjN2M0YzAiOnsiY3JlYXRlIjo2MDAwMDAwMDAwMDAsImRlbGV0ZSI6MTgwMDAwMDAwMDAwMCwidXBkYXRlIjo2MDAwMDAwMDAwMDB9fQ==",
          "dependencies": [
            "aws_eip.chewbacca_nat_eip01",
            "aws_internet_gateway.chewbacca_igw01",
            "aws_subnet.chewbacca_public_subnets",
            "aws_vpc.chewbacca_vpc01"
          ]
        }
      ]
    },
    {
      "mode": "managed",
      "type": "aws_route",
      "name": "chewbacca_private_default_route",
      "provider": "provider[\"registry.terraform.io/hashicorp/aws\"]",
      "instances": [
        {
          "schema_version": 0,
          "attributes": {
            "carrier_gateway_id": "",
            "core_network_arn": "",
            "destination_cidr_block": "0.0.0.0/0",
            "destination_ipv6_cidr_block": "",
            "destination_prefix_list_id": "",
            "egress_only_gateway_id": "",
            "gateway_id": "",
            "id": "r-rtb-03ff87625ec175f761080289494",
            "instance_id": "",
            "instance_owner_id": "",
            "local_gateway_id": "",
            "nat_gateway_id": "nat-0568d688ba5cd1e3f",
            "network_interface_id": "",
            "origin": "CreateRoute",
            "region": "ap-northeast-1",
            "route_table_id": "rtb-03ff87625ec175f76",
            "state": "active",
            "timeouts": null,
            "transit_gateway_id": "",
            "vpc_endpoint_id": "",
            "vpc_peering_connection_id": ""
          },
          "sensitive_attributes": [],
          "identity_schema_version": 0,
          "identity": {
            "account_id": "420228061920",
            "destination_cidr_block": "0.0.0.0/0",
            "destination_ipv6_cidr_block": null,
            "destination_prefix_list_id": null,
            "region": "ap-northeast-1",
            "route_table_id": "rtb-03ff87625ec175f76"
          },
          "private": "eyJlMmJmYjczMC1lY2FhLTExZTYtOGY4OC0zNDM2M2JjN2M0YzAiOnsiY3JlYXRlIjozMDAwMDAwMDAwMDAsImRlbGV0ZSI6MzAwMDAwMDAwMDAwLCJ1cGRhdGUiOjEyMDAwMDAwMDAwMH19",
          "dependencies": [
            "aws_eip.chewbacca_nat_eip01",
            "aws_internet_gateway.chewbacca_igw01",
            "aws_nat_gateway.chewbacca_nat01",
            "aws_route_table.chewbacca_private_rt01",
            "aws_subnet.chewbacca_public_subnets",
            "aws_vpc.chewbacca_vpc01"
          ]
        }
      ]
    },
    {
      "mode": "managed",
      "type": "aws_route",
      "name": "chewbacca_public_default_route",
      "provider": "provider[\"registry.terraform.io/hashicorp/aws\"]",
      "instances": [
        {
          "schema_version": 0,
          "attributes": {
            "carrier_gateway_id": "",
            "core_network_arn": "",
            "destination_cidr_block": "0.0.0.0/0",
            "destination_ipv6_cidr_block": "",
            "destination_prefix_list_id": "",
            "egress_only_gateway_id": "",
            "gateway_id": "igw-075d30155afd7e8e5",
            "id": "r-rtb-066c28194218929661080289494",
            "instance_id": "",
            "instance_owner_id": "",
            "local_gateway_id": "",
            "nat_gateway_id": "",
            "network_interface_id": "",
            "origin": "CreateRoute",
            "region": "ap-northeast-1",
            "route_table_id": "rtb-066c2819421892966",
            "state": "active",
            "timeouts": null,
            "transit_gateway_id": "",
            "vpc_endpoint_id": "",
            "vpc_peering_connection_id": ""
          },
          "sensitive_attributes": [],
          "identity_schema_version": 0,
          "identity": {
            "account_id": "420228061920",
            "destination_cidr_block": "0.0.0.0/0",
            "destination_ipv6_cidr_block": null,
            "destination_prefix_list_id": null,
            "region": "ap-northeast-1",
            "route_table_id": "rtb-066c2819421892966"
          },
          "private": "eyJlMmJmYjczMC1lY2FhLTExZTYtOGY4OC0zNDM2M2JjN2M0YzAiOnsiY3JlYXRlIjozMDAwMDAwMDAwMDAsImRlbGV0ZSI6MzAwMDAwMDAwMDAwLCJ1cGRhdGUiOjEyMDAwMDAwMDAwMH19",
          "dependencies": [
            "aws_internet_gateway.chewbacca_igw01",
            "aws_route_table.chewbacca_public_rt01",
            "aws_vpc.chewbacca_vpc01"
          ]
        }
      ]
    },
    {
      "mode": "managed",
      "type": "aws_route53_record",
      "name": "chewbacca_acm_validation_records01",
      "provider": "provider[\"registry.terraform.io/hashicorp/aws\"]",
      "instances": [
        {
          "index_key": "app.tritechsite.com",
          "schema_version": 2,
          "attributes": {
            "alias": [],
            "allow_overwrite": null,
            "cidr_routing_policy": [],
            "failover_routing_policy": [],
            "fqdn": "_722c280b02395d63b253ba51dce396c5.app.tritechsite.com",
            "geolocation_routing_policy": [],
            "geoproximity_routing_policy": [],
            "health_check_id": "",
            "id": "Z00851482V7WY435J4IQ3__722c280b02395d63b253ba51dce396c5.app.tritechsite.com._CNAME",
            "latency_routing_policy": [],
            "multivalue_answer_routing_policy": false,
            "name": "_722c280b02395d63b253ba51dce396c5.app.tritechsite.com",
            "records": [
              "_d8b2779a0087cb418047d4fa86521254.jkddzztszm.acm-validations.aws."
            ],
            "set_identifier": "",
            "timeouts": null,
            "ttl": 60,
            "type": "CNAME",
            "weighted_routing_policy": [],
            "zone_id": "Z00851482V7WY435J4IQ3"
          },
          "sensitive_attributes": [],
          "identity_schema_version": 0,
          "identity": {
            "account_id": "420228061920",
            "name": "_722c280b02395d63b253ba51dce396c5.app.tritechsite.com",
            "set_identifier": null,
            "type": "CNAME",
            "zone_id": "Z00851482V7WY435J4IQ3"
          },
          "private": "eyJlMmJmYjczMC1lY2FhLTExZTYtOGY4OC0zNDM2M2JjN2M0YzAiOnsiY3JlYXRlIjoxODAwMDAwMDAwMDAwLCJkZWxldGUiOjE4MDAwMDAwMDAwMDAsInVwZGF0ZSI6MTgwMDAwMDAwMDAwMH0sInNjaGVtYV92ZXJzaW9uIjoiMiJ9",
          "dependencies": [
            "aws_acm_certificate.chewbacca_acm_cert01",
            "aws_route53_zone.chewbacca_zone01"
          ]
        }
      ]
    },
    {
      "mode": "managed",
      "type": "aws_route53_zone",
      "name": "chewbacca_zone01",
      "provider": "provider[\"registry.terraform.io/hashicorp/aws\"]",
      "instances": [
        {
          "index_key": 0,
          "schema_version": 0,
          "attributes": {
            "arn": "arn:aws:route53:::hostedzone/Z00851482V7WY435J4IQ3",
            "comment": "Managed by Terraform",
            "delegation_set_id": "",
            "enable_accelerated_recovery": false,
            "force_destroy": false,
            "id": "Z00851482V7WY435J4IQ3",
            "name": "tritechsite.com",
            "name_servers": [
              "ns-1455.awsdns-53.org",
              "ns-1575.awsdns-04.co.uk",
              "ns-5.awsdns-00.com",
              "ns-670.awsdns-19.net"
            ],
            "primary_name_server": "ns-1575.awsdns-04.co.uk",
            "tags": {
              "Name": "armageddon-class-vii-zone01"
            },
            "tags_all": {
              "Name": "armageddon-class-vii-zone01"
            },
            "timeouts": null,
            "vpc": [],
            "zone_id": "Z00851482V7WY435J4IQ3"
          },
          "sensitive_attributes": [],
          "identity_schema_version": 0,
          "private": "eyJlMmJmYjczMC1lY2FhLTExZTYtOGY4OC0zNDM2M2JjN2M0YzAiOnsiY3JlYXRlIjoxODAwMDAwMDAwMDAwLCJkZWxldGUiOjE4MDAwMDAwMDAwMDAsInVwZGF0ZSI6MTgwMDAwMDAwMDAwMH19"
        }
      ]
    },
    {
      "mode": "managed",
      "type": "aws_route_table",
      "name": "chewbacca_private_rt01",
      "provider": "provider[\"registry.terraform.io/hashicorp/aws\"]",
      "instances": [
        {
          "schema_version": 0,
          "attributes": {
            "arn": "arn:aws:ec2:ap-northeast-1:420228061920:route-table/rtb-03ff87625ec175f76",
            "id": "rtb-03ff87625ec175f76",
            "owner_id": "420228061920",
            "propagating_vgws": [],
            "region": "ap-northeast-1",
            "route": [
              {
                "carrier_gateway_id": "",
                "cidr_block": "0.0.0.0/0",
                "core_network_arn": "",
                "destination_prefix_list_id": "",
                "egress_only_gateway_id": "",
                "gateway_id": "",
                "ipv6_cidr_block": "",
                "local_gateway_id": "",
                "nat_gateway_id": "nat-0568d688ba5cd1e3f",
                "network_interface_id": "",
                "transit_gateway_id": "",
                "vpc_endpoint_id": "",
                "vpc_peering_connection_id": ""
              }
            ],
            "tags": {
              "Name": "armageddon-class-vii-private-rt01"
            },
            "tags_all": {
              "Name": "armageddon-class-vii-private-rt01"
            },
            "timeouts": null,
            "vpc_id": "vpc-09e7e6cc5ac255b7c"
          },
          "sensitive_attributes": [],
          "identity_schema_version": 0,
          "identity": {
            "account_id": "420228061920",
            "id": "rtb-03ff87625ec175f76",
            "region": "ap-northeast-1"
          },
          "private": "eyJlMmJmYjczMC1lY2FhLTExZTYtOGY4OC0zNDM2M2JjN2M0YzAiOnsiY3JlYXRlIjozMDAwMDAwMDAwMDAsImRlbGV0ZSI6MzAwMDAwMDAwMDAwLCJ1cGRhdGUiOjEyMDAwMDAwMDAwMH19",
          "dependencies": [
            "aws_vpc.chewbacca_vpc01"
          ]
        }
      ]
    },
    {
      "mode": "managed",
      "type": "aws_route_table",
      "name": "chewbacca_public_rt01",
      "provider": "provider[\"registry.terraform.io/hashicorp/aws\"]",
      "instances": [
        {
          "schema_version": 0,
          "attributes": {
            "arn": "arn:aws:ec2:ap-northeast-1:420228061920:route-table/rtb-066c2819421892966",
            "id": "rtb-066c2819421892966",
            "owner_id": "420228061920",
            "propagating_vgws": [],
            "region": "ap-northeast-1",
            "route": [
              {
                "carrier_gateway_id": "",
                "cidr_block": "0.0.0.0/0",
                "core_network_arn": "",
                "destination_prefix_list_id": "",
                "egress_only_gateway_id": "",
                "gateway_id": "igw-075d30155afd7e8e5",
                "ipv6_cidr_block": "",
                "local_gateway_id": "",
                "nat_gateway_id": "",
                "network_interface_id": "",
                "transit_gateway_id": "",
                "vpc_endpoint_id": "",
                "vpc_peering_connection_id": ""
              }
            ],
            "tags": {
              "Name": "armageddon-class-vii-public-rt01"
            },
            "tags_all": {
              "Name": "armageddon-class-vii-public-rt01"
            },
            "timeouts": null,
            "vpc_id": "vpc-09e7e6cc5ac255b7c"
          },
          "sensitive_attributes": [],
          "identity_schema_version": 0,
          "identity": {
            "account_id": "420228061920",
            "id": "rtb-066c2819421892966",
            "region": "ap-northeast-1"
          },
          "private": "eyJlMmJmYjczMC1lY2FhLTExZTYtOGY4OC0zNDM2M2JjN2M0YzAiOnsiY3JlYXRlIjozMDAwMDAwMDAwMDAsImRlbGV0ZSI6MzAwMDAwMDAwMDAwLCJ1cGRhdGUiOjEyMDAwMDAwMDAwMH19",
          "dependencies": [
            "aws_vpc.chewbacca_vpc01"
          ]
        }
      ]
    },
    {
      "mode": "managed",
      "type": "aws_route_table_association",
      "name": "chewbacca_private_rta",
      "provider": "provider[\"registry.terraform.io/hashicorp/aws\"]",
      "instances": [
        {
          "index_key": 0,
          "schema_version": 0,
          "attributes": {
            "gateway_id": "",
            "id": "rtbassoc-08fcce2fec5e5ab13",
            "region": "ap-northeast-1",
            "route_table_id": "rtb-03ff87625ec175f76",
            "subnet_id": "subnet-035a2364f04174389",
            "timeouts": null
          },
          "sensitive_attributes": [],
          "identity_schema_version": 0,
          "private": "eyJlMmJmYjczMC1lY2FhLTExZTYtOGY4OC0zNDM2M2JjN2M0YzAiOnsiY3JlYXRlIjozMDAwMDAwMDAwMDAsImRlbGV0ZSI6MzAwMDAwMDAwMDAwLCJ1cGRhdGUiOjEyMDAwMDAwMDAwMH19",
          "dependencies": [
            "aws_route_table.chewbacca_private_rt01",
            "aws_subnet.chewbacca_private_subnets",
            "aws_vpc.chewbacca_vpc01"
          ]
        },
        {
          "index_key": 1,
          "schema_version": 0,
          "attributes": {
            "gateway_id": "",
            "id": "rtbassoc-0cd923f8e5aadbb5b",
            "region": "ap-northeast-1",
            "route_table_id": "rtb-03ff87625ec175f76",
            "subnet_id": "subnet-08bafa36522ac5a6c",
            "timeouts": null
          },
          "sensitive_attributes": [],
          "identity_schema_version": 0,
          "private": "eyJlMmJmYjczMC1lY2FhLTExZTYtOGY4OC0zNDM2M2JjN2M0YzAiOnsiY3JlYXRlIjozMDAwMDAwMDAwMDAsImRlbGV0ZSI6MzAwMDAwMDAwMDAwLCJ1cGRhdGUiOjEyMDAwMDAwMDAwMH19",
          "dependencies": [
            "aws_route_table.chewbacca_private_rt01",
            "aws_subnet.chewbacca_private_subnets",
            "aws_vpc.chewbacca_vpc01"
          ]
        }
      ]
    },
    {
      "mode": "managed",
      "type": "aws_route_table_association",
      "name": "chewbacca_public_rta",
      "provider": "provider[\"registry.terraform.io/hashicorp/aws\"]",
      "instances": [
        {
          "index_key": 0,
          "schema_version": 0,
          "attributes": {
            "gateway_id": "",
            "id": "rtbassoc-01a514938ff56b8f8",
            "region": "ap-northeast-1",
            "route_table_id": "rtb-066c2819421892966",
            "subnet_id": "subnet-037452bc845b32126",
            "timeouts": null
          },
          "sensitive_attributes": [],
          "identity_schema_version": 0,
          "private": "eyJlMmJmYjczMC1lY2FhLTExZTYtOGY4OC0zNDM2M2JjN2M0YzAiOnsiY3JlYXRlIjozMDAwMDAwMDAwMDAsImRlbGV0ZSI6MzAwMDAwMDAwMDAwLCJ1cGRhdGUiOjEyMDAwMDAwMDAwMH19",
          "dependencies": [
            "aws_route_table.chewbacca_public_rt01",
            "aws_subnet.chewbacca_public_subnets",
            "aws_vpc.chewbacca_vpc01"
          ]
        },
        {
          "index_key": 1,
          "schema_version": 0,
          "attributes": {
            "gateway_id": "",
            "id": "rtbassoc-0a658096a1a213207",
            "region": "ap-northeast-1",
            "route_table_id": "rtb-066c2819421892966",
            "subnet_id": "subnet-0b9295da76565d069",
            "timeouts": null
          },
          "sensitive_attributes": [],
          "identity_schema_version": 0,
          "private": "eyJlMmJmYjczMC1lY2FhLTExZTYtOGY4OC0zNDM2M2JjN2M0YzAiOnsiY3JlYXRlIjozMDAwMDAwMDAwMDAsImRlbGV0ZSI6MzAwMDAwMDAwMDAwLCJ1cGRhdGUiOjEyMDAwMDAwMDAwMH19",
          "dependencies": [
            "aws_route_table.chewbacca_public_rt01",
            "aws_subnet.chewbacca_public_subnets",
            "aws_vpc.chewbacca_vpc01"
          ]
        }
      ]
    },
    {
      "mode": "managed",
      "type": "aws_s3_bucket",
      "name": "chewbacca_alb_logs_bucket01",
      "provider": "provider[\"registry.terraform.io/hashicorp/aws\"]",
      "instances": [
        {
          "index_key": 0,
          "schema_version": 0,
          "attributes": {
            "acceleration_status": "",
            "acl": null,
            "arn": "arn:aws:s3:::armageddon-class-vii-alb-logs-420228061920",
            "bucket": "armageddon-class-vii-alb-logs-420228061920",
            "bucket_domain_name": "armageddon-class-vii-alb-logs-420228061920.s3.amazonaws.com",
            "bucket_prefix": "",
            "bucket_region": "ap-northeast-1",
            "bucket_regional_domain_name": "armageddon-class-vii-alb-logs-420228061920.s3.ap-northeast-1.amazonaws.com",
            "cors_rule": [],
            "force_destroy": false,
            "grant": [
              {
                "id": "fd296e40a949c7f447594d4b9670afa041809742f855baf04d0d3040ae77a4aa",
                "permissions": [
                  "FULL_CONTROL"
                ],
                "type": "CanonicalUser",
                "uri": ""
              }
            ],
            "hosted_zone_id": "Z2M4EHUR26P7ZW",
            "id": "armageddon-class-vii-alb-logs-420228061920",
            "lifecycle_rule": [],
            "logging": [],
            "object_lock_configuration": [],
            "object_lock_enabled": false,
            "policy": "",
            "region": "ap-northeast-1",
            "replication_configuration": [],
            "request_payer": "BucketOwner",
            "server_side_encryption_configuration": [
              {
                "rule": [
                  {
                    "apply_server_side_encryption_by_default": [
                      {
                        "kms_master_key_id": "",
                        "sse_algorithm": "AES256"
                      }
                    ],
                    "bucket_key_enabled": false
                  }
                ]
              }
            ],
            "tags": {},
            "tags_all": {},
            "timeouts": null,
            "versioning": [
              {
                "enabled": false,
                "mfa_delete": false
              }
            ],
            "website": [],
            "website_domain": null,
            "website_endpoint": null
          },
          "sensitive_attributes": [],
          "identity_schema_version": 0,
          "identity": {
            "account_id": "420228061920",
            "bucket": "armageddon-class-vii-alb-logs-420228061920",
            "region": "ap-northeast-1"
          },
          "private": "eyJlMmJmYjczMC1lY2FhLTExZTYtOGY4OC0zNDM2M2JjN2M0YzAiOnsiY3JlYXRlIjoxMjAwMDAwMDAwMDAwLCJkZWxldGUiOjM2MDAwMDAwMDAwMDAsInJlYWQiOjEyMDAwMDAwMDAwMDAsInVwZGF0ZSI6MTIwMDAwMDAwMDAwMH0sInNjaGVtYV92ZXJzaW9uIjoiMCJ9"
        }
      ]
    },
    {
      "mode": "managed",
      "type": "aws_secretsmanager_secret",
      "name": "chewbacca_db_secret01",
      "provider": "provider[\"registry.terraform.io/hashicorp/aws\"]",
      "instances": [
        {
          "schema_version": 0,
          "attributes": {
            "arn": "arn:aws:secretsmanager:ap-northeast-1:420228061920:secret:armageddon-class-vii/rds/mysql-v2-FmS6x0",
            "description": "",
            "force_overwrite_replica_secret": false,
            "id": "arn:aws:secretsmanager:ap-northeast-1:420228061920:secret:armageddon-class-vii/rds/mysql-v2-FmS6x0",
            "kms_key_id": "",
            "name": "armageddon-class-vii/rds/mysql-v2",
            "name_prefix": "",
            "policy": "",
            "recovery_window_in_days": 0,
            "region": "ap-northeast-1",
            "replica": [],
            "tags": null,
            "tags_all": {}
          },
          "sensitive_attributes": [],
          "identity_schema_version": 0,
          "identity": {
            "arn": "arn:aws:secretsmanager:ap-northeast-1:420228061920:secret:armageddon-class-vii/rds/mysql-v2-FmS6x0"
          },
          "private": "bnVsbA=="
        }
      ]
    },
    {
      "mode": "managed",
      "type": "aws_secretsmanager_secret_version",
      "name": "chewbacca_db_secret_version01",
      "provider": "provider[\"registry.terraform.io/hashicorp/aws\"]",
      "instances": [
        {
          "schema_version": 0,
          "attributes": {
            "arn": "arn:aws:secretsmanager:ap-northeast-1:420228061920:secret:armageddon-class-vii/rds/mysql-v2-FmS6x0",
            "has_secret_string_wo": null,
            "id": "arn:aws:secretsmanager:ap-northeast-1:420228061920:secret:armageddon-class-vii/rds/mysql-v2-FmS6x0|terraform-20260209224328057200000002",
            "region": "ap-northeast-1",
            "secret_binary": "",
            "secret_id": "arn:aws:secretsmanager:ap-northeast-1:420228061920:secret:armageddon-class-vii/rds/mysql-v2-FmS6x0",
            "secret_string": "{\"dbname\":\"labdb\",\"host\":\"armageddon-class-vii-rds01.cvy24sayqwx1.ap-northeast-1.rds.amazonaws.com\",\"password\":\"Bigpimpin6\",\"port\":3306,\"username\":\"admin\"}",
            "secret_string_wo": null,
            "secret_string_wo_version": null,
            "version_id": "terraform-20260209224328057200000002",
            "version_stages": [
              "AWSCURRENT"
            ]
          },
          "sensitive_attributes": [
            [
              {
                "type": "get_attr",
                "value": "secret_binary"
              }
            ],
            [
              {
                "type": "get_attr",
                "value": "secret_string"
              }
            ],
            [
              {
                "type": "get_attr",
                "value": "secret_string_wo"
              }
            ]
          ],
          "identity_schema_version": 0,
          "identity": {
            "account_id": "420228061920",
            "region": "ap-northeast-1",
            "secret_id": "arn:aws:secretsmanager:ap-northeast-1:420228061920:secret:armageddon-class-vii/rds/mysql-v2-FmS6x0",
            "version_id": "terraform-20260209224328057200000002"
          },
          "private": "bnVsbA==",
          "dependencies": [
            "aws_db_instance.chewbacca_rds01",
            "aws_db_subnet_group.chewbacca_rds_subnet_group01",
            "aws_secretsmanager_secret.chewbacca_db_secret01",
            "aws_security_group.chewbacca_rds_sg01",
            "aws_subnet.chewbacca_private_subnets",
            "aws_vpc.chewbacca_vpc01"
          ]
        }
      ]
    },
    {
      "mode": "managed",
      "type": "aws_security_group",
      "name": "chewbacca_alb_sg01",
      "provider": "provider[\"registry.terraform.io/hashicorp/aws\"]",
      "instances": [
        {
          "schema_version": 1,
          "attributes": {
            "arn": "arn:aws:ec2:ap-northeast-1:420228061920:security-group/sg-0fe946c8fb040c49e",
            "description": "ALB security group",
            "egress": [
              {
                "cidr_blocks": [
                  "10.17.0.0/16"
                ],
                "description": "",
                "from_port": 80,
                "ipv6_cidr_blocks": [],
                "prefix_list_ids": [],
                "protocol": "tcp",
                "security_groups": [],
                "self": false,
                "to_port": 80
              }
            ],
            "id": "sg-0fe946c8fb040c49e",
            "ingress": [
              {
                "cidr_blocks": [
                  "0.0.0.0/0"
                ],
                "description": "",
                "from_port": 443,
                "ipv6_cidr_blocks": [],
                "prefix_list_ids": [],
                "protocol": "tcp",
                "security_groups": [],
                "self": false,
                "to_port": 443
              },
              {
                "cidr_blocks": [
                  "0.0.0.0/0"
                ],
                "description": "",
                "from_port": 80,
                "ipv6_cidr_blocks": [],
                "prefix_list_ids": [],
                "protocol": "tcp",
                "security_groups": [],
                "self": false,
                "to_port": 80
              }
            ],
            "name": "armageddon-class-vii-alb-sg01",
            "name_prefix": "",
            "owner_id": "420228061920",
            "region": "ap-northeast-1",
            "revoke_rules_on_delete": false,
            "tags": {
              "Name": "armageddon-class-vii-alb-sg01"
            },
            "tags_all": {
              "Name": "armageddon-class-vii-alb-sg01"
            },
            "timeouts": null,
            "vpc_id": "vpc-09e7e6cc5ac255b7c"
          },
          "sensitive_attributes": [],
          "identity_schema_version": 0,
          "identity": {
            "account_id": "420228061920",
            "id": "sg-0fe946c8fb040c49e",
            "region": "ap-northeast-1"
          },
          "private": "eyJlMmJmYjczMC1lY2FhLTExZTYtOGY4OC0zNDM2M2JjN2M0YzAiOnsiY3JlYXRlIjo2MDAwMDAwMDAwMDAsImRlbGV0ZSI6OTAwMDAwMDAwMDAwfSwic2NoZW1hX3ZlcnNpb24iOiIxIn0=",
          "dependencies": [
            "aws_vpc.chewbacca_vpc01"
          ]
        }
      ]
    },
    {
      "mode": "managed",
      "type": "aws_security_group",
      "name": "chewbacca_ec2_sg01",
      "provider": "provider[\"registry.terraform.io/hashicorp/aws\"]",
      "instances": [
        {
          "schema_version": 1,
          "attributes": {
            "arn": "arn:aws:ec2:ap-northeast-1:420228061920:security-group/sg-0e20d326dedca8119",
            "description": "EC2 app security group",
            "egress": [
              {
                "cidr_blocks": [
                  "0.0.0.0/0"
                ],
                "description": "",
                "from_port": 0,
                "ipv6_cidr_blocks": [],
                "prefix_list_ids": [],
                "protocol": "-1",
                "security_groups": [],
                "self": false,
                "to_port": 0
              }
            ],
            "id": "sg-0e20d326dedca8119",
            "ingress": [
              {
                "cidr_blocks": [
                  "0.0.0.0/0"
                ],
                "description": "Allow HTTP traffic",
                "from_port": 80,
                "ipv6_cidr_blocks": [],
                "prefix_list_ids": [],
                "protocol": "tcp",
                "security_groups": [],
                "self": false,
                "to_port": 80
              },
              {
                "cidr_blocks": [],
                "description": "",
                "from_port": 80,
                "ipv6_cidr_blocks": [],
                "prefix_list_ids": [],
                "protocol": "tcp",
                "security_groups": [
                  "sg-0fe946c8fb040c49e"
                ],
                "self": false,
                "to_port": 80
              }
            ],
            "name": "armageddon-class-vii-ec2-sg01",
            "name_prefix": "",
            "owner_id": "420228061920",
            "region": "ap-northeast-1",
            "revoke_rules_on_delete": false,
            "tags": {
              "Name": "armageddon-class-vii-ec2-sg01"
            },
            "tags_all": {
              "Name": "armageddon-class-vii-ec2-sg01"
            },
            "timeouts": null,
            "vpc_id": "vpc-09e7e6cc5ac255b7c"
          },
          "sensitive_attributes": [],
          "identity_schema_version": 0,
          "identity": {
            "account_id": "420228061920",
            "id": "sg-0e20d326dedca8119",
            "region": "ap-northeast-1"
          },
          "private": "eyJlMmJmYjczMC1lY2FhLTExZTYtOGY4OC0zNDM2M2JjN2M0YzAiOnsiY3JlYXRlIjo2MDAwMDAwMDAwMDAsImRlbGV0ZSI6OTAwMDAwMDAwMDAwfSwic2NoZW1hX3ZlcnNpb24iOiIxIn0=",
          "dependencies": [
            "aws_vpc.chewbacca_vpc01"
          ]
        }
      ]
    },
    {
      "mode": "managed",
      "type": "aws_security_group",
      "name": "chewbacca_rds_sg01",
      "provider": "provider[\"registry.terraform.io/hashicorp/aws\"]",
      "instances": [
        {
          "schema_version": 1,
          "attributes": {
            "arn": "arn:aws:ec2:ap-northeast-1:420228061920:security-group/sg-0cf8e36038cde30d3",
            "description": "RDS security group",
            "egress": [],
            "id": "sg-0cf8e36038cde30d3",
            "ingress": [
              {
                "cidr_blocks": [],
                "description": "Allow MySQL traffic",
                "from_port": 3306,
                "ipv6_cidr_blocks": [],
                "prefix_list_ids": [],
                "protocol": "tcp",
                "security_groups": [
                  "sg-0e20d326dedca8119"
                ],
                "self": false,
                "to_port": 3306
              }
            ],
            "name": "armageddon-class-vii-rds-sg01",
            "name_prefix": "",
            "owner_id": "420228061920",
            "region": "ap-northeast-1",
            "revoke_rules_on_delete": false,
            "tags": {
              "Name": "armageddon-class-vii-rds-sg01"
            },
            "tags_all": {
              "Name": "armageddon-class-vii-rds-sg01"
            },
            "timeouts": null,
            "vpc_id": "vpc-09e7e6cc5ac255b7c"
          },
          "sensitive_attributes": [],
          "identity_schema_version": 0,
          "identity": {
            "account_id": "420228061920",
            "id": "sg-0cf8e36038cde30d3",
            "region": "ap-northeast-1"
          },
          "private": "eyJlMmJmYjczMC1lY2FhLTExZTYtOGY4OC0zNDM2M2JjN2M0YzAiOnsiY3JlYXRlIjo2MDAwMDAwMDAwMDAsImRlbGV0ZSI6OTAwMDAwMDAwMDAwfSwic2NoZW1hX3ZlcnNpb24iOiIxIn0=",
          "dependencies": [
            "aws_vpc.chewbacca_vpc01"
          ]
        }
      ]
    },
    {
      "mode": "managed",
      "type": "aws_security_group",
      "name": "chewbacca_vpce_sg01",
      "provider": "provider[\"registry.terraform.io/hashicorp/aws\"]",
      "instances": [
        {
          "schema_version": 1,
          "attributes": {
            "arn": "arn:aws:ec2:ap-northeast-1:420228061920:security-group/sg-06d8c18a4e271f38e",
            "description": "SG for VPC Interface Endpoints",
            "egress": [],
            "id": "sg-06d8c18a4e271f38e",
            "ingress": [
              {
                "cidr_blocks": [],
                "description": "",
                "from_port": 443,
                "ipv6_cidr_blocks": [],
                "prefix_list_ids": [],
                "protocol": "tcp",
                "security_groups": [
                  "sg-0e20d326dedca8119"
                ],
                "self": false,
                "to_port": 443
              }
            ],
            "name": "armageddon-class-vii-vpce-sg01",
            "name_prefix": "",
            "owner_id": "420228061920",
            "region": "ap-northeast-1",
            "revoke_rules_on_delete": false,
            "tags": {
              "Name": "armageddon-class-vii-vpce-sg01"
            },
            "tags_all": {
              "Name": "armageddon-class-vii-vpce-sg01"
            },
            "timeouts": null,
            "vpc_id": "vpc-09e7e6cc5ac255b7c"
          },
          "sensitive_attributes": [],
          "identity_schema_version": 0,
          "identity": {
            "account_id": "420228061920",
            "id": "sg-06d8c18a4e271f38e",
            "region": "ap-northeast-1"
          },
          "private": "eyJlMmJmYjczMC1lY2FhLTExZTYtOGY4OC0zNDM2M2JjN2M0YzAiOnsiY3JlYXRlIjo2MDAwMDAwMDAwMDAsImRlbGV0ZSI6OTAwMDAwMDAwMDAwfSwic2NoZW1hX3ZlcnNpb24iOiIxIn0=",
          "dependencies": [
            "aws_vpc.chewbacca_vpc01"
          ]
        }
      ]
    },
    {
      "mode": "managed",
      "type": "aws_security_group_rule",
      "name": "alb_egress_to_tg",
      "provider": "provider[\"registry.terraform.io/hashicorp/aws\"]",
      "instances": [
        {
          "schema_version": 2,
          "attributes": {
            "cidr_blocks": [
              "10.17.0.0/16"
            ],
            "description": null,
            "from_port": 80,
            "id": "sgrule-267191508",
            "ipv6_cidr_blocks": null,
            "prefix_list_ids": null,
            "protocol": "tcp",
            "region": "ap-northeast-1",
            "security_group_id": "sg-0fe946c8fb040c49e",
            "security_group_rule_id": "sgr-089cc448ec5c18bc5",
            "self": false,
            "source_security_group_id": null,
            "timeouts": null,
            "to_port": 80,
            "type": "egress"
          },
          "sensitive_attributes": [],
          "identity_schema_version": 0,
          "private": "eyJlMmJmYjczMC1lY2FhLTExZTYtOGY4OC0zNDM2M2JjN2M0YzAiOnsiY3JlYXRlIjozMDAwMDAwMDAwMDB9LCJzY2hlbWFfdmVyc2lvbiI6IjIifQ==",
          "dependencies": [
            "aws_security_group.chewbacca_alb_sg01",
            "aws_vpc.chewbacca_vpc01"
          ]
        }
      ]
    },
    {
      "mode": "managed",
      "type": "aws_security_group_rule",
      "name": "alb_ingress_http",
      "provider": "provider[\"registry.terraform.io/hashicorp/aws\"]",
      "instances": [
        {
          "schema_version": 2,
          "attributes": {
            "cidr_blocks": [
              "0.0.0.0/0"
            ],
            "description": null,
            "from_port": 80,
            "id": "sgrule-1459815852",
            "ipv6_cidr_blocks": null,
            "prefix_list_ids": null,
            "protocol": "tcp",
            "region": "ap-northeast-1",
            "security_group_id": "sg-0fe946c8fb040c49e",
            "security_group_rule_id": "sgr-0524e23a7a8b7a6dd",
            "self": false,
            "source_security_group_id": null,
            "timeouts": null,
            "to_port": 80,
            "type": "ingress"
          },
          "sensitive_attributes": [],
          "identity_schema_version": 0,
          "private": "eyJlMmJmYjczMC1lY2FhLTExZTYtOGY4OC0zNDM2M2JjN2M0YzAiOnsiY3JlYXRlIjozMDAwMDAwMDAwMDB9LCJzY2hlbWFfdmVyc2lvbiI6IjIifQ==",
          "dependencies": [
            "aws_security_group.chewbacca_alb_sg01",
            "aws_vpc.chewbacca_vpc01"
          ]
        }
      ]
    },
    {
      "mode": "managed",
      "type": "aws_security_group_rule",
      "name": "alb_ingress_https",
      "provider": "provider[\"registry.terraform.io/hashicorp/aws\"]",
      "instances": [
        {
          "schema_version": 2,
          "attributes": {
            "cidr_blocks": [
              "0.0.0.0/0"
            ],
            "description": null,
            "from_port": 443,
            "id": "sgrule-3573232283",
            "ipv6_cidr_blocks": null,
            "prefix_list_ids": null,
            "protocol": "tcp",
            "region": "ap-northeast-1",
            "security_group_id": "sg-0fe946c8fb040c49e",
            "security_group_rule_id": "sgr-04d5a12b60bfc219b",
            "self": false,
            "source_security_group_id": null,
            "timeouts": null,
            "to_port": 443,
            "type": "ingress"
          },
          "sensitive_attributes": [],
          "identity_schema_version": 0,
          "private": "eyJlMmJmYjczMC1lY2FhLTExZTYtOGY4OC0zNDM2M2JjN2M0YzAiOnsiY3JlYXRlIjozMDAwMDAwMDAwMDB9LCJzY2hlbWFfdmVyc2lvbiI6IjIifQ==",
          "dependencies": [
            "aws_security_group.chewbacca_alb_sg01",
            "aws_vpc.chewbacca_vpc01"
          ]
        }
      ]
    },
    {
      "mode": "managed",
      "type": "aws_security_group_rule",
      "name": "chewbacca_ec2_ingress_from_alb01",
      "provider": "provider[\"registry.terraform.io/hashicorp/aws\"]",
      "instances": [
        {
          "schema_version": 2,
          "attributes": {
            "cidr_blocks": null,
            "description": null,
            "from_port": 80,
            "id": "sgrule-2384455330",
            "ipv6_cidr_blocks": null,
            "prefix_list_ids": null,
            "protocol": "tcp",
            "region": "ap-northeast-1",
            "security_group_id": "sg-0e20d326dedca8119",
            "security_group_rule_id": "sgr-0a97da540e224f872",
            "self": false,
            "source_security_group_id": "sg-0fe946c8fb040c49e",
            "timeouts": null,
            "to_port": 80,
            "type": "ingress"
          },
          "sensitive_attributes": [],
          "identity_schema_version": 0,
          "private": "eyJlMmJmYjczMC1lY2FhLTExZTYtOGY4OC0zNDM2M2JjN2M0YzAiOnsiY3JlYXRlIjozMDAwMDAwMDAwMDB9LCJzY2hlbWFfdmVyc2lvbiI6IjIifQ==",
          "dependencies": [
            "aws_security_group.chewbacca_alb_sg01",
            "aws_security_group.chewbacca_ec2_sg01",
            "aws_vpc.chewbacca_vpc01"
          ]
        }
      ]
    },
    {
      "mode": "managed",
      "type": "aws_security_group_rule",
      "name": "endpoint_ingress_from_ec2",
      "provider": "provider[\"registry.terraform.io/hashicorp/aws\"]",
      "instances": [
        {
          "schema_version": 2,
          "attributes": {
            "cidr_blocks": null,
            "description": null,
            "from_port": 443,
            "id": "sgrule-3796406071",
            "ipv6_cidr_blocks": null,
            "prefix_list_ids": null,
            "protocol": "tcp",
            "region": "ap-northeast-1",
            "security_group_id": "sg-06d8c18a4e271f38e",
            "security_group_rule_id": "sgr-066017ec03123b6fa",
            "self": false,
            "source_security_group_id": "sg-0e20d326dedca8119",
            "timeouts": null,
            "to_port": 443,
            "type": "ingress"
          },
          "sensitive_attributes": [],
          "identity_schema_version": 0,
          "private": "eyJlMmJmYjczMC1lY2FhLTExZTYtOGY4OC0zNDM2M2JjN2M0YzAiOnsiY3JlYXRlIjozMDAwMDAwMDAwMDB9LCJzY2hlbWFfdmVyc2lvbiI6IjIifQ==",
          "dependencies": [
            "aws_security_group.chewbacca_ec2_sg01",
            "aws_security_group.chewbacca_vpce_sg01",
            "aws_vpc.chewbacca_vpc01"
          ]
        }
      ]
    },
    {
      "mode": "managed",
      "type": "aws_sns_topic",
      "name": "chewbacca_sns_topic01",
      "provider": "provider[\"registry.terraform.io/hashicorp/aws\"]",
      "instances": [
        {
          "schema_version": 0,
          "attributes": {
            "application_failure_feedback_role_arn": "",
            "application_success_feedback_role_arn": "",
            "application_success_feedback_sample_rate": 0,
            "archive_policy": "",
            "arn": "arn:aws:sns:ap-northeast-1:420228061920:armageddon-class-vii-db-incidents",
            "beginning_archive_time": "",
            "content_based_deduplication": false,
            "delivery_policy": "",
            "display_name": "",
            "fifo_throughput_scope": "",
            "fifo_topic": false,
            "firehose_failure_feedback_role_arn": "",
            "firehose_success_feedback_role_arn": "",
            "firehose_success_feedback_sample_rate": 0,
            "http_failure_feedback_role_arn": "",
            "http_success_feedback_role_arn": "",
            "http_success_feedback_sample_rate": 0,
            "id": "arn:aws:sns:ap-northeast-1:420228061920:armageddon-class-vii-db-incidents",
            "kms_master_key_id": "",
            "lambda_failure_feedback_role_arn": "",
            "lambda_success_feedback_role_arn": "",
            "lambda_success_feedback_sample_rate": 0,
            "name": "armageddon-class-vii-db-incidents",
            "name_prefix": "",
            "owner": "420228061920",
            "policy": "{\"Id\":\"__default_policy_ID\",\"Statement\":[{\"Action\":[\"SNS:GetTopicAttributes\",\"SNS:SetTopicAttributes\",\"SNS:AddPermission\",\"SNS:RemovePermission\",\"SNS:DeleteTopic\",\"SNS:Subscribe\",\"SNS:ListSubscriptionsByTopic\",\"SNS:Publish\"],\"Condition\":{\"StringEquals\":{\"AWS:SourceOwner\":\"420228061920\"}},\"Effect\":\"Allow\",\"Principal\":{\"AWS\":\"*\"},\"Resource\":\"arn:aws:sns:ap-northeast-1:420228061920:armageddon-class-vii-db-incidents\",\"Sid\":\"__default_statement_ID\"}],\"Version\":\"2008-10-17\"}",
            "region": "ap-northeast-1",
            "signature_version": 0,
            "sqs_failure_feedback_role_arn": "",
            "sqs_success_feedback_role_arn": "",
            "sqs_success_feedback_sample_rate": 0,
            "tags": {},
            "tags_all": {},
            "tracing_config": ""
          },
          "sensitive_attributes": [],
          "identity_schema_version": 0,
          "identity": {
            "arn": "arn:aws:sns:ap-northeast-1:420228061920:armageddon-class-vii-db-incidents"
          },
          "private": "bnVsbA=="
        }
      ]
    },
    {
      "mode": "managed",
      "type": "aws_sns_topic_subscription",
      "name": "chewbacca_sns_sub01",
      "provider": "provider[\"registry.terraform.io/hashicorp/aws\"]",
      "instances": [
        {
          "schema_version": 0,
          "attributes": {
            "arn": "arn:aws:sns:ap-northeast-1:420228061920:armageddon-class-vii-db-incidents:c41d0790-8fa5-40d6-8bc9-c30f63de1830",
            "confirmation_timeout_in_minutes": 1,
            "confirmation_was_authenticated": false,
            "delivery_policy": "",
            "endpoint": "anthonyade.consulting@gmail.com",
            "endpoint_auto_confirms": false,
            "filter_policy": "",
            "filter_policy_scope": "",
            "id": "arn:aws:sns:ap-northeast-1:420228061920:armageddon-class-vii-db-incidents:c41d0790-8fa5-40d6-8bc9-c30f63de1830",
            "owner_id": "420228061920",
            "pending_confirmation": true,
            "protocol": "email",
            "raw_message_delivery": false,
            "redrive_policy": "",
            "region": "ap-northeast-1",
            "replay_policy": "",
            "subscription_role_arn": "",
            "topic_arn": "arn:aws:sns:ap-northeast-1:420228061920:armageddon-class-vii-db-incidents"
          },
          "sensitive_attributes": [],
          "identity_schema_version": 0,
          "identity": {
            "arn": "arn:aws:sns:ap-northeast-1:420228061920:armageddon-class-vii-db-incidents:c41d0790-8fa5-40d6-8bc9-c30f63de1830"
          },
          "private": "bnVsbA==",
          "dependencies": [
            "aws_sns_topic.chewbacca_sns_topic01"
          ]
        }
      ]
    },
    {
      "mode": "managed",
      "type": "aws_ssm_parameter",
      "name": "chewbacca_db_name_param",
      "provider": "provider[\"registry.terraform.io/hashicorp/aws\"]",
      "instances": [
        {
          "schema_version": 0,
          "attributes": {
            "allowed_pattern": "",
            "arn": "arn:aws:ssm:ap-northeast-1:420228061920:parameter/lab/db/name",
            "data_type": "text",
            "description": "",
            "has_value_wo": false,
            "id": "/lab/db/name",
            "insecure_value": null,
            "key_id": "",
            "name": "/lab/db/name",
            "overwrite": true,
            "region": "ap-northeast-1",
            "tags": {
              "Name": "armageddon-class-vii-param-db-name"
            },
            "tags_all": {
              "Name": "armageddon-class-vii-param-db-name"
            },
            "tier": "Standard",
            "type": "String",
            "value": "labdb",
            "value_wo": null,
            "value_wo_version": null,
            "version": 1
          },
          "sensitive_attributes": [
            [
              {
                "type": "get_attr",
                "value": "value"
              }
            ],
            [
              {
                "type": "get_attr",
                "value": "value_wo"
              }
            ]
          ],
          "identity_schema_version": 0,
          "identity": {
            "account_id": "420228061920",
            "name": "/lab/db/name",
            "region": "ap-northeast-1"
          },
          "private": "bnVsbA=="
        }
      ]
    },
    {
      "mode": "managed",
      "type": "aws_ssm_parameter",
      "name": "chewbacca_db_port_param",
      "provider": "provider[\"registry.terraform.io/hashicorp/aws\"]",
      "instances": [
        {
          "schema_version": 0,
          "attributes": {
            "allowed_pattern": "",
            "arn": "arn:aws:ssm:ap-northeast-1:420228061920:parameter/lab/db/port",
            "data_type": "text",
            "description": "",
            "has_value_wo": false,
            "id": "/lab/db/port",
            "insecure_value": null,
            "key_id": "",
            "name": "/lab/db/port",
            "overwrite": true,
            "region": "ap-northeast-1",
            "tags": {
              "Name": "armageddon-class-vii-param-db-port"
            },
            "tags_all": {
              "Name": "armageddon-class-vii-param-db-port"
            },
            "tier": "Standard",
            "type": "String",
            "value": "3306",
            "value_wo": null,
            "value_wo_version": null,
            "version": 1
          },
          "sensitive_attributes": [
            [
              {
                "type": "get_attr",
                "value": "value"
              }
            ],
            [
              {
                "type": "get_attr",
                "value": "value_wo"
              }
            ]
          ],
          "identity_schema_version": 0,
          "identity": {
            "account_id": "420228061920",
            "name": "/lab/db/port",
            "region": "ap-northeast-1"
          },
          "private": "bnVsbA==",
          "dependencies": [
            "aws_db_instance.chewbacca_rds01",
            "aws_db_subnet_group.chewbacca_rds_subnet_group01",
            "aws_security_group.chewbacca_rds_sg01",
            "aws_subnet.chewbacca_private_subnets",
            "aws_vpc.chewbacca_vpc01"
          ]
        }
      ]
    },
    {
      "mode": "managed",
      "type": "aws_ssm_parameter",
      "name": "db-endpoint",
      "provider": "provider[\"registry.terraform.io/hashicorp/aws\"]",
      "instances": [
        {
          "schema_version": 0,
          "attributes": {
            "allowed_pattern": "",
            "arn": "arn:aws:ssm:ap-northeast-1:420228061920:parameter/lab/db/endpoint",
            "data_type": "text",
            "description": "",
            "has_value_wo": false,
            "id": "/lab/db/endpoint",
            "insecure_value": null,
            "key_id": "",
            "name": "/lab/db/endpoint",
            "overwrite": true,
            "region": "ap-northeast-1",
            "tags": {},
            "tags_all": {},
            "tier": "Standard",
            "type": "String",
            "value": "armageddon-class-vii-rds01.cvy24sayqwx1.ap-northeast-1.rds.amazonaws.com:3306",
            "value_wo": null,
            "value_wo_version": null,
            "version": 1
          },
          "sensitive_attributes": [
            [
              {
                "type": "get_attr",
                "value": "value"
              }
            ],
            [
              {
                "type": "get_attr",
                "value": "value_wo"
              }
            ]
          ],
          "identity_schema_version": 0,
          "identity": {
            "account_id": "420228061920",
            "name": "/lab/db/endpoint",
            "region": "ap-northeast-1"
          },
          "private": "bnVsbA==",
          "dependencies": [
            "aws_db_instance.chewbacca_rds01",
            "aws_db_subnet_group.chewbacca_rds_subnet_group01",
            "aws_security_group.chewbacca_rds_sg01",
            "aws_subnet.chewbacca_private_subnets",
            "aws_vpc.chewbacca_vpc01"
          ]
        }
      ]
    },
    {
      "mode": "managed",
      "type": "aws_subnet",
      "name": "chewbacca_private_subnets",
      "provider": "provider[\"registry.terraform.io/hashicorp/aws\"]",
      "instances": [
        {
          "index_key": 0,
          "schema_version": 1,
          "attributes": {
            "arn": "arn:aws:ec2:ap-northeast-1:420228061920:subnet/subnet-035a2364f04174389",
            "assign_ipv6_address_on_creation": false,
            "availability_zone": "ap-northeast-1a",
            "availability_zone_id": "apne1-az4",
            "cidr_block": "10.17.11.0/24",
            "customer_owned_ipv4_pool": "",
            "enable_dns64": false,
            "enable_lni_at_device_index": 0,
            "enable_resource_name_dns_a_record_on_launch": false,
            "enable_resource_name_dns_aaaa_record_on_launch": false,
            "id": "subnet-035a2364f04174389",
            "ipv6_cidr_block": "",
            "ipv6_cidr_block_association_id": "",
            "ipv6_native": false,
            "map_customer_owned_ip_on_launch": false,
            "map_public_ip_on_launch": false,
            "outpost_arn": "",
            "owner_id": "420228061920",
            "private_dns_hostname_type_on_launch": "ip-name",
            "region": "ap-northeast-1",
            "tags": {
              "Name": "armageddon-class-vii-private-subnet01"
            },
            "tags_all": {
              "Name": "armageddon-class-vii-private-subnet01"
            },
            "timeouts": null,
            "vpc_id": "vpc-09e7e6cc5ac255b7c"
          },
          "sensitive_attributes": [],
          "identity_schema_version": 0,
          "identity": {
            "account_id": "420228061920",
            "id": "subnet-035a2364f04174389",
            "region": "ap-northeast-1"
          },
          "private": "eyJlMmJmYjczMC1lY2FhLTExZTYtOGY4OC0zNDM2M2JjN2M0YzAiOnsiY3JlYXRlIjo2MDAwMDAwMDAwMDAsImRlbGV0ZSI6MTIwMDAwMDAwMDAwMH0sInNjaGVtYV92ZXJzaW9uIjoiMSJ9",
          "dependencies": [
            "aws_vpc.chewbacca_vpc01"
          ]
        },
        {
          "index_key": 1,
          "schema_version": 1,
          "attributes": {
            "arn": "arn:aws:ec2:ap-northeast-1:420228061920:subnet/subnet-08bafa36522ac5a6c",
            "assign_ipv6_address_on_creation": false,
            "availability_zone": "ap-northeast-1c",
            "availability_zone_id": "apne1-az1",
            "cidr_block": "10.17.12.0/24",
            "customer_owned_ipv4_pool": "",
            "enable_dns64": false,
            "enable_lni_at_device_index": 0,
            "enable_resource_name_dns_a_record_on_launch": false,
            "enable_resource_name_dns_aaaa_record_on_launch": false,
            "id": "subnet-08bafa36522ac5a6c",
            "ipv6_cidr_block": "",
            "ipv6_cidr_block_association_id": "",
            "ipv6_native": false,
            "map_customer_owned_ip_on_launch": false,
            "map_public_ip_on_launch": false,
            "outpost_arn": "",
            "owner_id": "420228061920",
            "private_dns_hostname_type_on_launch": "ip-name",
            "region": "ap-northeast-1",
            "tags": {
              "Name": "armageddon-class-vii-private-subnet02"
            },
            "tags_all": {
              "Name": "armageddon-class-vii-private-subnet02"
            },
            "timeouts": null,
            "vpc_id": "vpc-09e7e6cc5ac255b7c"
          },
          "sensitive_attributes": [],
          "identity_schema_version": 0,
          "identity": {
            "account_id": "420228061920",
            "id": "subnet-08bafa36522ac5a6c",
            "region": "ap-northeast-1"
          },
          "private": "eyJlMmJmYjczMC1lY2FhLTExZTYtOGY4OC0zNDM2M2JjN2M0YzAiOnsiY3JlYXRlIjo2MDAwMDAwMDAwMDAsImRlbGV0ZSI6MTIwMDAwMDAwMDAwMH0sInNjaGVtYV92ZXJzaW9uIjoiMSJ9",
          "dependencies": [
            "aws_vpc.chewbacca_vpc01"
          ]
        }
      ]
    },
    {
      "mode": "managed",
      "type": "aws_subnet",
      "name": "chewbacca_public_subnets",
      "provider": "provider[\"registry.terraform.io/hashicorp/aws\"]",
      "instances": [
        {
          "index_key": 0,
          "schema_version": 1,
          "attributes": {
            "arn": "arn:aws:ec2:ap-northeast-1:420228061920:subnet/subnet-037452bc845b32126",
            "assign_ipv6_address_on_creation": false,
            "availability_zone": "ap-northeast-1a",
            "availability_zone_id": "apne1-az4",
            "cidr_block": "10.17.1.0/24",
            "customer_owned_ipv4_pool": "",
            "enable_dns64": false,
            "enable_lni_at_device_index": 0,
            "enable_resource_name_dns_a_record_on_launch": false,
            "enable_resource_name_dns_aaaa_record_on_launch": false,
            "id": "subnet-037452bc845b32126",
            "ipv6_cidr_block": "",
            "ipv6_cidr_block_association_id": "",
            "ipv6_native": false,
            "map_customer_owned_ip_on_launch": false,
            "map_public_ip_on_launch": true,
            "outpost_arn": "",
            "owner_id": "420228061920",
            "private_dns_hostname_type_on_launch": "ip-name",
            "region": "ap-northeast-1",
            "tags": {
              "Name": "armageddon-class-vii-public-subnet01"
            },
            "tags_all": {
              "Name": "armageddon-class-vii-public-subnet01"
            },
            "timeouts": null,
            "vpc_id": "vpc-09e7e6cc5ac255b7c"
          },
          "sensitive_attributes": [],
          "identity_schema_version": 0,
          "identity": {
            "account_id": "420228061920",
            "id": "subnet-037452bc845b32126",
            "region": "ap-northeast-1"
          },
          "private": "eyJlMmJmYjczMC1lY2FhLTExZTYtOGY4OC0zNDM2M2JjN2M0YzAiOnsiY3JlYXRlIjo2MDAwMDAwMDAwMDAsImRlbGV0ZSI6MTIwMDAwMDAwMDAwMH0sInNjaGVtYV92ZXJzaW9uIjoiMSJ9",
          "dependencies": [
            "aws_vpc.chewbacca_vpc01"
          ]
        },
        {
          "index_key": 1,
          "schema_version": 1,
          "attributes": {
            "arn": "arn:aws:ec2:ap-northeast-1:420228061920:subnet/subnet-0b9295da76565d069",
            "assign_ipv6_address_on_creation": false,
            "availability_zone": "ap-northeast-1c",
            "availability_zone_id": "apne1-az1",
            "cidr_block": "10.17.2.0/24",
            "customer_owned_ipv4_pool": "",
            "enable_dns64": false,
            "enable_lni_at_device_index": 0,
            "enable_resource_name_dns_a_record_on_launch": false,
            "enable_resource_name_dns_aaaa_record_on_launch": false,
            "id": "subnet-0b9295da76565d069",
            "ipv6_cidr_block": "",
            "ipv6_cidr_block_association_id": "",
            "ipv6_native": false,
            "map_customer_owned_ip_on_launch": false,
            "map_public_ip_on_launch": true,
            "outpost_arn": "",
            "owner_id": "420228061920",
            "private_dns_hostname_type_on_launch": "ip-name",
            "region": "ap-northeast-1",
            "tags": {
              "Name": "armageddon-class-vii-public-subnet02"
            },
            "tags_all": {
              "Name": "armageddon-class-vii-public-subnet02"
            },
            "timeouts": null,
            "vpc_id": "vpc-09e7e6cc5ac255b7c"
          },
          "sensitive_attributes": [],
          "identity_schema_version": 0,
          "identity": {
            "account_id": "420228061920",
            "id": "subnet-0b9295da76565d069",
            "region": "ap-northeast-1"
          },
          "private": "eyJlMmJmYjczMC1lY2FhLTExZTYtOGY4OC0zNDM2M2JjN2M0YzAiOnsiY3JlYXRlIjo2MDAwMDAwMDAwMDAsImRlbGV0ZSI6MTIwMDAwMDAwMDAwMH0sInNjaGVtYV92ZXJzaW9uIjoiMSJ9",
          "dependencies": [
            "aws_vpc.chewbacca_vpc01"
          ]
        }
      ]
    },
    {
      "mode": "managed",
      "type": "aws_vpc",
      "name": "chewbacca_vpc01",
      "provider": "provider[\"registry.terraform.io/hashicorp/aws\"]",
      "instances": [
        {
          "schema_version": 1,
          "attributes": {
            "arn": "arn:aws:ec2:ap-northeast-1:420228061920:vpc/vpc-09e7e6cc5ac255b7c",
            "assign_generated_ipv6_cidr_block": false,
            "cidr_block": "10.17.0.0/16",
            "default_network_acl_id": "acl-094ff15591bf3947b",
            "default_route_table_id": "rtb-089cd9f534368c69b",
            "default_security_group_id": "sg-04f7374af1454d634",
            "dhcp_options_id": "dopt-0ce6a87df2fa0229b",
            "enable_dns_hostnames": true,
            "enable_dns_support": true,
            "enable_network_address_usage_metrics": false,
            "id": "vpc-09e7e6cc5ac255b7c",
            "instance_tenancy": "default",
            "ipv4_ipam_pool_id": null,
            "ipv4_netmask_length": null,
            "ipv6_association_id": "",
            "ipv6_cidr_block": "",
            "ipv6_cidr_block_network_border_group": "",
            "ipv6_ipam_pool_id": "",
            "ipv6_netmask_length": 0,
            "main_route_table_id": "rtb-089cd9f534368c69b",
            "owner_id": "420228061920",
            "region": "ap-northeast-1",
            "tags": {
              "Name": "armageddon-class-vii-vpc01"
            },
            "tags_all": {
              "Name": "armageddon-class-vii-vpc01"
            }
          },
          "sensitive_attributes": [],
          "identity_schema_version": 0,
          "identity": {
            "account_id": "420228061920",
            "id": "vpc-09e7e6cc5ac255b7c",
            "region": "ap-northeast-1"
          },
          "private": "eyJzY2hlbWFfdmVyc2lvbiI6IjEifQ=="
        }
      ]
    },
    {
      "mode": "managed",
      "type": "aws_vpc_endpoint",
      "name": "chewbacca_vpce_ec2messages01",
      "provider": "provider[\"registry.terraform.io/hashicorp/aws\"]",
      "instances": [
        {
          "schema_version": 0,
          "attributes": {
            "arn": "arn:aws:ec2:ap-northeast-1:420228061920:vpc-endpoint/vpce-05db564614b82a05e",
            "auto_accept": null,
            "cidr_blocks": [],
            "dns_entry": [
              {
                "dns_name": "vpce-05db564614b82a05e-ee16eho9.ec2messages.ap-northeast-1.vpce.amazonaws.com",
                "hosted_zone_id": "Z2E726K9Y6RL4W"
              },
              {
                "dns_name": "vpce-05db564614b82a05e-ee16eho9-ap-northeast-1a.ec2messages.ap-northeast-1.vpce.amazonaws.com",
                "hosted_zone_id": "Z2E726K9Y6RL4W"
              },
              {
                "dns_name": "vpce-05db564614b82a05e-ee16eho9-ap-northeast-1c.ec2messages.ap-northeast-1.vpce.amazonaws.com",
                "hosted_zone_id": "Z2E726K9Y6RL4W"
              },
              {
                "dns_name": "ec2messages.ap-northeast-1.amazonaws.com",
                "hosted_zone_id": "Z0503239NWIY6H1DZFI2"
              }
            ],
            "dns_options": [
              {
                "dns_record_ip_type": "ipv4",
                "private_dns_only_for_inbound_resolver_endpoint": false,
                "private_dns_preference": "",
                "private_dns_specified_domains": []
              }
            ],
            "id": "vpce-05db564614b82a05e",
            "ip_address_type": "ipv4",
            "network_interface_ids": [
              "eni-0383852a22bfaaa98",
              "eni-0e8e0fa4f49891939"
            ],
            "owner_id": "420228061920",
            "policy": "{\"Statement\":[{\"Action\":\"*\",\"Effect\":\"Allow\",\"Principal\":\"*\",\"Resource\":\"*\"}]}",
            "prefix_list_id": null,
            "private_dns_enabled": true,
            "region": "ap-northeast-1",
            "requester_managed": false,
            "resource_configuration_arn": "",
            "route_table_ids": [],
            "security_group_ids": [
              "sg-06d8c18a4e271f38e"
            ],
            "service_name": "com.amazonaws.ap-northeast-1.ec2messages",
            "service_network_arn": "",
            "service_region": "ap-northeast-1",
            "state": "available",
            "subnet_configuration": [
              {
                "ipv4": "10.17.11.110",
                "ipv6": "",
                "subnet_id": "subnet-035a2364f04174389"
              },
              {
                "ipv4": "10.17.12.234",
                "ipv6": "",
                "subnet_id": "subnet-08bafa36522ac5a6c"
              }
            ],
            "subnet_ids": [
              "subnet-035a2364f04174389",
              "subnet-08bafa36522ac5a6c"
            ],
            "tags": {
              "Name": "armageddon-class-vii-vpce-ec2messages01"
            },
            "tags_all": {
              "Name": "armageddon-class-vii-vpce-ec2messages01"
            },
            "timeouts": null,
            "vpc_endpoint_type": "Interface",
            "vpc_id": "vpc-09e7e6cc5ac255b7c"
          },
          "sensitive_attributes": [],
          "identity_schema_version": 0,
          "identity": {
            "account_id": "420228061920",
            "id": "vpce-05db564614b82a05e",
            "region": "ap-northeast-1"
          },
          "private": "eyJlMmJmYjczMC1lY2FhLTExZTYtOGY4OC0zNDM2M2JjN2M0YzAiOnsiY3JlYXRlIjo2MDAwMDAwMDAwMDAsImRlbGV0ZSI6NjAwMDAwMDAwMDAwLCJ1cGRhdGUiOjYwMDAwMDAwMDAwMH19",
          "dependencies": [
            "aws_security_group.chewbacca_vpce_sg01",
            "aws_subnet.chewbacca_private_subnets",
            "aws_vpc.chewbacca_vpc01",
            "data.aws_region.chewbacca_region01"
          ]
        }
      ]
    },
    {
      "mode": "managed",
      "type": "aws_vpc_endpoint",
      "name": "chewbacca_vpce_kms01",
      "provider": "provider[\"registry.terraform.io/hashicorp/aws\"]",
      "instances": [
        {
          "schema_version": 0,
          "attributes": {
            "arn": "arn:aws:ec2:ap-northeast-1:420228061920:vpc-endpoint/vpce-000f278a34b4aa00f",
            "auto_accept": null,
            "cidr_blocks": [],
            "dns_entry": [
              {
                "dns_name": "vpce-000f278a34b4aa00f-zx1jalz9.kms.ap-northeast-1.vpce.amazonaws.com",
                "hosted_zone_id": "Z2E726K9Y6RL4W"
              },
              {
                "dns_name": "vpce-000f278a34b4aa00f-zx1jalz9-ap-northeast-1c.kms.ap-northeast-1.vpce.amazonaws.com",
                "hosted_zone_id": "Z2E726K9Y6RL4W"
              },
              {
                "dns_name": "vpce-000f278a34b4aa00f-zx1jalz9-ap-northeast-1a.kms.ap-northeast-1.vpce.amazonaws.com",
                "hosted_zone_id": "Z2E726K9Y6RL4W"
              },
              {
                "dns_name": "kms.ap-northeast-1.amazonaws.com",
                "hosted_zone_id": "Z06751691MYHDDVTKLOCB"
              },
              {
                "dns_name": "kms.ap-northeast-1.api.aws",
                "hosted_zone_id": "Z088835338O4TQIIVY7LN"
              }
            ],
            "dns_options": [
              {
                "dns_record_ip_type": "ipv4",
                "private_dns_only_for_inbound_resolver_endpoint": false,
                "private_dns_preference": "",
                "private_dns_specified_domains": []
              }
            ],
            "id": "vpce-000f278a34b4aa00f",
            "ip_address_type": "ipv4",
            "network_interface_ids": [
              "eni-05b7d8f463015c37f",
              "eni-0a0e79c332c788a01"
            ],
            "owner_id": "420228061920",
            "policy": "{\"Statement\":[{\"Action\":\"*\",\"Effect\":\"Allow\",\"Principal\":\"*\",\"Resource\":\"*\"}]}",
            "prefix_list_id": null,
            "private_dns_enabled": true,
            "region": "ap-northeast-1",
            "requester_managed": false,
            "resource_configuration_arn": "",
            "route_table_ids": [],
            "security_group_ids": [
              "sg-06d8c18a4e271f38e"
            ],
            "service_name": "com.amazonaws.ap-northeast-1.kms",
            "service_network_arn": "",
            "service_region": "ap-northeast-1",
            "state": "available",
            "subnet_configuration": [
              {
                "ipv4": "10.17.11.180",
                "ipv6": "",
                "subnet_id": "subnet-035a2364f04174389"
              },
              {
                "ipv4": "10.17.12.57",
                "ipv6": "",
                "subnet_id": "subnet-08bafa36522ac5a6c"
              }
            ],
            "subnet_ids": [
              "subnet-035a2364f04174389",
              "subnet-08bafa36522ac5a6c"
            ],
            "tags": {
              "Name": "armageddon-class-vii-vpce-kms01"
            },
            "tags_all": {
              "Name": "armageddon-class-vii-vpce-kms01"
            },
            "timeouts": null,
            "vpc_endpoint_type": "Interface",
            "vpc_id": "vpc-09e7e6cc5ac255b7c"
          },
          "sensitive_attributes": [],
          "identity_schema_version": 0,
          "identity": {
            "account_id": "420228061920",
            "id": "vpce-000f278a34b4aa00f",
            "region": "ap-northeast-1"
          },
          "private": "eyJlMmJmYjczMC1lY2FhLTExZTYtOGY4OC0zNDM2M2JjN2M0YzAiOnsiY3JlYXRlIjo2MDAwMDAwMDAwMDAsImRlbGV0ZSI6NjAwMDAwMDAwMDAwLCJ1cGRhdGUiOjYwMDAwMDAwMDAwMH19",
          "dependencies": [
            "aws_security_group.chewbacca_vpce_sg01",
            "aws_subnet.chewbacca_private_subnets",
            "aws_vpc.chewbacca_vpc01",
            "data.aws_region.chewbacca_region01"
          ]
        }
      ]
    },
    {
      "mode": "managed",
      "type": "aws_vpc_endpoint",
      "name": "chewbacca_vpce_logs01",
      "provider": "provider[\"registry.terraform.io/hashicorp/aws\"]",
      "instances": [
        {
          "schema_version": 0,
          "attributes": {
            "arn": "arn:aws:ec2:ap-northeast-1:420228061920:vpc-endpoint/vpce-063f05151c885cf71",
            "auto_accept": null,
            "cidr_blocks": [],
            "dns_entry": [
              {
                "dns_name": "vpce-063f05151c885cf71-tczo2asa.logs.ap-northeast-1.vpce.amazonaws.com",
                "hosted_zone_id": "Z2E726K9Y6RL4W"
              },
              {
                "dns_name": "vpce-063f05151c885cf71-tczo2asa-ap-northeast-1a.logs.ap-northeast-1.vpce.amazonaws.com",
                "hosted_zone_id": "Z2E726K9Y6RL4W"
              },
              {
                "dns_name": "vpce-063f05151c885cf71-tczo2asa-ap-northeast-1c.logs.ap-northeast-1.vpce.amazonaws.com",
                "hosted_zone_id": "Z2E726K9Y6RL4W"
              },
              {
                "dns_name": "logs.ap-northeast-1.amazonaws.com",
                "hosted_zone_id": "Z06844103IWDEFYDWK7QH"
              },
              {
                "dns_name": "logs.ap-northeast-1.api.aws",
                "hosted_zone_id": "Z0502383JI666YMTCXMY"
              },
              {
                "dns_name": "streaming-logs.ap-northeast-1.amazonaws.com",
                "hosted_zone_id": "Z04999602T7574AWRZY9N"
              },
              {
                "dns_name": "streaming-logs.ap-northeast-1.api.aws",
                "hosted_zone_id": "Z050343122DE9E8RVKLZ2"
              }
            ],
            "dns_options": [
              {
                "dns_record_ip_type": "ipv4",
                "private_dns_only_for_inbound_resolver_endpoint": false,
                "private_dns_preference": "",
                "private_dns_specified_domains": []
              }
            ],
            "id": "vpce-063f05151c885cf71",
            "ip_address_type": "ipv4",
            "network_interface_ids": [
              "eni-03ced32093dc839d5",
              "eni-0ebe019767d5fcb38"
            ],
            "owner_id": "420228061920",
            "policy": "{\"Statement\":[{\"Action\":\"*\",\"Effect\":\"Allow\",\"Principal\":\"*\",\"Resource\":\"*\"}]}",
            "prefix_list_id": null,
            "private_dns_enabled": true,
            "region": "ap-northeast-1",
            "requester_managed": false,
            "resource_configuration_arn": "",
            "route_table_ids": [],
            "security_group_ids": [
              "sg-06d8c18a4e271f38e"
            ],
            "service_name": "com.amazonaws.ap-northeast-1.logs",
            "service_network_arn": "",
            "service_region": "ap-northeast-1",
            "state": "available",
            "subnet_configuration": [
              {
                "ipv4": "10.17.11.7",
                "ipv6": "",
                "subnet_id": "subnet-035a2364f04174389"
              },
              {
                "ipv4": "10.17.12.73",
                "ipv6": "",
                "subnet_id": "subnet-08bafa36522ac5a6c"
              }
            ],
            "subnet_ids": [
              "subnet-035a2364f04174389",
              "subnet-08bafa36522ac5a6c"
            ],
            "tags": {
              "Name": "armageddon-class-vii-vpce-logs01"
            },
            "tags_all": {
              "Name": "armageddon-class-vii-vpce-logs01"
            },
            "timeouts": null,
            "vpc_endpoint_type": "Interface",
            "vpc_id": "vpc-09e7e6cc5ac255b7c"
          },
          "sensitive_attributes": [],
          "identity_schema_version": 0,
          "identity": {
            "account_id": "420228061920",
            "id": "vpce-063f05151c885cf71",
            "region": "ap-northeast-1"
          },
          "private": "eyJlMmJmYjczMC1lY2FhLTExZTYtOGY4OC0zNDM2M2JjN2M0YzAiOnsiY3JlYXRlIjo2MDAwMDAwMDAwMDAsImRlbGV0ZSI6NjAwMDAwMDAwMDAwLCJ1cGRhdGUiOjYwMDAwMDAwMDAwMH19",
          "dependencies": [
            "aws_security_group.chewbacca_vpce_sg01",
            "aws_subnet.chewbacca_private_subnets",
            "aws_vpc.chewbacca_vpc01",
            "data.aws_region.chewbacca_region01"
          ]
        }
      ]
    },
    {
      "mode": "managed",
      "type": "aws_vpc_endpoint",
      "name": "chewbacca_vpce_s3_gw01",
      "provider": "provider[\"registry.terraform.io/hashicorp/aws\"]",
      "instances": [
        {
          "schema_version": 0,
          "attributes": {
            "arn": "arn:aws:ec2:ap-northeast-1:420228061920:vpc-endpoint/vpce-026008bd88363e08e",
            "auto_accept": null,
            "cidr_blocks": [
              "3.5.152.0/21",
              "52.219.162.0/23",
              "52.219.0.0/20",
              "52.219.16.0/22",
              "52.219.196.0/22",
              "52.219.172.0/22",
              "52.219.20.0/23",
              "52.219.195.0/24",
              "52.219.200.0/23",
              "52.219.150.0/23",
              "52.219.152.0/22",
              "52.219.136.0/22",
              "52.219.68.0/22"
            ],
            "dns_entry": [],
            "dns_options": [
              {
                "dns_record_ip_type": "service-defined",
                "private_dns_only_for_inbound_resolver_endpoint": false,
                "private_dns_preference": "",
                "private_dns_specified_domains": []
              }
            ],
            "id": "vpce-026008bd88363e08e",
            "ip_address_type": "ipv4",
            "network_interface_ids": [],
            "owner_id": "420228061920",
            "policy": "{\"Statement\":[{\"Action\":\"*\",\"Effect\":\"Allow\",\"Principal\":\"*\",\"Resource\":\"*\"}],\"Version\":\"2008-10-17\"}",
            "prefix_list_id": "pl-61a54008",
            "private_dns_enabled": false,
            "region": "ap-northeast-1",
            "requester_managed": false,
            "resource_configuration_arn": "",
            "route_table_ids": [
              "rtb-03ff87625ec175f76"
            ],
            "security_group_ids": [],
            "service_name": "com.amazonaws.ap-northeast-1.s3",
            "service_network_arn": "",
            "service_region": "ap-northeast-1",
            "state": "available",
            "subnet_configuration": [],
            "subnet_ids": [],
            "tags": {
              "Name": "armageddon-class-vii-vpce-s3-gw01"
            },
            "tags_all": {
              "Name": "armageddon-class-vii-vpce-s3-gw01"
            },
            "timeouts": null,
            "vpc_endpoint_type": "Gateway",
            "vpc_id": "vpc-09e7e6cc5ac255b7c"
          },
          "sensitive_attributes": [],
          "identity_schema_version": 0,
          "identity": {
            "account_id": "420228061920",
            "id": "vpce-026008bd88363e08e",
            "region": "ap-northeast-1"
          },
          "private": "eyJlMmJmYjczMC1lY2FhLTExZTYtOGY4OC0zNDM2M2JjN2M0YzAiOnsiY3JlYXRlIjo2MDAwMDAwMDAwMDAsImRlbGV0ZSI6NjAwMDAwMDAwMDAwLCJ1cGRhdGUiOjYwMDAwMDAwMDAwMH19",
          "dependencies": [
            "aws_route_table.chewbacca_private_rt01",
            "aws_vpc.chewbacca_vpc01",
            "data.aws_region.chewbacca_region01"
          ]
        }
      ]
    },
    {
      "mode": "managed",
      "type": "aws_vpc_endpoint",
      "name": "chewbacca_vpce_secrets01",
      "provider": "provider[\"registry.terraform.io/hashicorp/aws\"]",
      "instances": [
        {
          "schema_version": 0,
          "attributes": {
            "arn": "arn:aws:ec2:ap-northeast-1:420228061920:vpc-endpoint/vpce-0685c664de6addb0f",
            "auto_accept": null,
            "cidr_blocks": [],
            "dns_entry": [
              {
                "dns_name": "vpce-0685c664de6addb0f-qyr7xiee.secretsmanager.ap-northeast-1.vpce.amazonaws.com",
                "hosted_zone_id": "Z2E726K9Y6RL4W"
              },
              {
                "dns_name": "vpce-0685c664de6addb0f-qyr7xiee-ap-northeast-1c.secretsmanager.ap-northeast-1.vpce.amazonaws.com",
                "hosted_zone_id": "Z2E726K9Y6RL4W"
              },
              {
                "dns_name": "vpce-0685c664de6addb0f-qyr7xiee-ap-northeast-1a.secretsmanager.ap-northeast-1.vpce.amazonaws.com",
                "hosted_zone_id": "Z2E726K9Y6RL4W"
              },
              {
                "dns_name": "secretsmanager.ap-northeast-1.amazonaws.com",
                "hosted_zone_id": "Z06751771BRK5GL654HN8"
              }
            ],
            "dns_options": [
              {
                "dns_record_ip_type": "ipv4",
                "private_dns_only_for_inbound_resolver_endpoint": false,
                "private_dns_preference": "",
                "private_dns_specified_domains": []
              }
            ],
            "id": "vpce-0685c664de6addb0f",
            "ip_address_type": "ipv4",
            "network_interface_ids": [
              "eni-00b60ffb0c56c9596",
              "eni-059d978616d1644eb"
            ],
            "owner_id": "420228061920",
            "policy": "{\"Statement\":[{\"Action\":\"*\",\"Effect\":\"Allow\",\"Principal\":\"*\",\"Resource\":\"*\"}]}",
            "prefix_list_id": null,
            "private_dns_enabled": true,
            "region": "ap-northeast-1",
            "requester_managed": false,
            "resource_configuration_arn": "",
            "route_table_ids": [],
            "security_group_ids": [
              "sg-06d8c18a4e271f38e"
            ],
            "service_name": "com.amazonaws.ap-northeast-1.secretsmanager",
            "service_network_arn": "",
            "service_region": "ap-northeast-1",
            "state": "available",
            "subnet_configuration": [
              {
                "ipv4": "10.17.11.41",
                "ipv6": "",
                "subnet_id": "subnet-035a2364f04174389"
              },
              {
                "ipv4": "10.17.12.121",
                "ipv6": "",
                "subnet_id": "subnet-08bafa36522ac5a6c"
              }
            ],
            "subnet_ids": [
              "subnet-035a2364f04174389",
              "subnet-08bafa36522ac5a6c"
            ],
            "tags": {
              "Name": "armageddon-class-vii-vpce-secrets01"
            },
            "tags_all": {
              "Name": "armageddon-class-vii-vpce-secrets01"
            },
            "timeouts": null,
            "vpc_endpoint_type": "Interface",
            "vpc_id": "vpc-09e7e6cc5ac255b7c"
          },
          "sensitive_attributes": [],
          "identity_schema_version": 0,
          "identity": {
            "account_id": "420228061920",
            "id": "vpce-0685c664de6addb0f",
            "region": "ap-northeast-1"
          },
          "private": "eyJlMmJmYjczMC1lY2FhLTExZTYtOGY4OC0zNDM2M2JjN2M0YzAiOnsiY3JlYXRlIjo2MDAwMDAwMDAwMDAsImRlbGV0ZSI6NjAwMDAwMDAwMDAwLCJ1cGRhdGUiOjYwMDAwMDAwMDAwMH19",
          "dependencies": [
            "aws_security_group.chewbacca_vpce_sg01",
            "aws_subnet.chewbacca_private_subnets",
            "aws_vpc.chewbacca_vpc01",
            "data.aws_region.chewbacca_region01"
          ]
        }
      ]
    },
    {
      "mode": "managed",
      "type": "aws_vpc_endpoint",
      "name": "chewbacca_vpce_ssm01",
      "provider": "provider[\"registry.terraform.io/hashicorp/aws\"]",
      "instances": [
        {
          "schema_version": 0,
          "attributes": {
            "arn": "arn:aws:ec2:ap-northeast-1:420228061920:vpc-endpoint/vpce-00e5eecf22c765051",
            "auto_accept": null,
            "cidr_blocks": [],
            "dns_entry": [
              {
                "dns_name": "vpce-00e5eecf22c765051-0duo2jnq.ssm.ap-northeast-1.vpce.amazonaws.com",
                "hosted_zone_id": "Z2E726K9Y6RL4W"
              },
              {
                "dns_name": "vpce-00e5eecf22c765051-0duo2jnq-ap-northeast-1c.ssm.ap-northeast-1.vpce.amazonaws.com",
                "hosted_zone_id": "Z2E726K9Y6RL4W"
              },
              {
                "dns_name": "vpce-00e5eecf22c765051-0duo2jnq-ap-northeast-1a.ssm.ap-northeast-1.vpce.amazonaws.com",
                "hosted_zone_id": "Z2E726K9Y6RL4W"
              },
              {
                "dns_name": "ssm.ap-northeast-1.amazonaws.com",
                "hosted_zone_id": "Z04999182GXY6J4WBA2P8"
              },
              {
                "dns_name": "ssm.ap-northeast-1.api.aws",
                "hosted_zone_id": "Z0507187ZQ2VS28EKSOT"
              }
            ],
            "dns_options": [
              {
                "dns_record_ip_type": "ipv4",
                "private_dns_only_for_inbound_resolver_endpoint": false,
                "private_dns_preference": "",
                "private_dns_specified_domains": []
              }
            ],
            "id": "vpce-00e5eecf22c765051",
            "ip_address_type": "ipv4",
            "network_interface_ids": [
              "eni-019fd093339ee7de5",
              "eni-08081a8b3c4ddd791"
            ],
            "owner_id": "420228061920",
            "policy": "{\"Statement\":[{\"Action\":\"*\",\"Effect\":\"Allow\",\"Principal\":\"*\",\"Resource\":\"*\"}]}",
            "prefix_list_id": null,
            "private_dns_enabled": true,
            "region": "ap-northeast-1",
            "requester_managed": false,
            "resource_configuration_arn": "",
            "route_table_ids": [],
            "security_group_ids": [
              "sg-06d8c18a4e271f38e"
            ],
            "service_name": "com.amazonaws.ap-northeast-1.ssm",
            "service_network_arn": "",
            "service_region": "ap-northeast-1",
            "state": "available",
            "subnet_configuration": [
              {
                "ipv4": "10.17.11.44",
                "ipv6": "",
                "subnet_id": "subnet-035a2364f04174389"
              },
              {
                "ipv4": "10.17.12.179",
                "ipv6": "",
                "subnet_id": "subnet-08bafa36522ac5a6c"
              }
            ],
            "subnet_ids": [
              "subnet-035a2364f04174389",
              "subnet-08bafa36522ac5a6c"
            ],
            "tags": {
              "Name": "armageddon-class-vii-vpce-ssm01"
            },
            "tags_all": {
              "Name": "armageddon-class-vii-vpce-ssm01"
            },
            "timeouts": null,
            "vpc_endpoint_type": "Interface",
            "vpc_id": "vpc-09e7e6cc5ac255b7c"
          },
          "sensitive_attributes": [],
          "identity_schema_version": 0,
          "identity": {
            "account_id": "420228061920",
            "id": "vpce-00e5eecf22c765051",
            "region": "ap-northeast-1"
          },
          "private": "eyJlMmJmYjczMC1lY2FhLTExZTYtOGY4OC0zNDM2M2JjN2M0YzAiOnsiY3JlYXRlIjo2MDAwMDAwMDAwMDAsImRlbGV0ZSI6NjAwMDAwMDAwMDAwLCJ1cGRhdGUiOjYwMDAwMDAwMDAwMH19",
          "dependencies": [
            "aws_security_group.chewbacca_vpce_sg01",
            "aws_subnet.chewbacca_private_subnets",
            "aws_vpc.chewbacca_vpc01",
            "data.aws_region.chewbacca_region01"
          ]
        }
      ]
    },
    {
      "mode": "managed",
      "type": "aws_vpc_endpoint",
      "name": "chewbacca_vpce_ssmmessages01",
      "provider": "provider[\"registry.terraform.io/hashicorp/aws\"]",
      "instances": [
        {
          "schema_version": 0,
          "attributes": {
            "arn": "arn:aws:ec2:ap-northeast-1:420228061920:vpc-endpoint/vpce-0399e646dbf728a75",
            "auto_accept": null,
            "cidr_blocks": [],
            "dns_entry": [
              {
                "dns_name": "vpce-0399e646dbf728a75-j3srfolb.ssmmessages.ap-northeast-1.vpce.amazonaws.com",
                "hosted_zone_id": "Z2E726K9Y6RL4W"
              },
              {
                "dns_name": "vpce-0399e646dbf728a75-j3srfolb-ap-northeast-1c.ssmmessages.ap-northeast-1.vpce.amazonaws.com",
                "hosted_zone_id": "Z2E726K9Y6RL4W"
              },
              {
                "dns_name": "vpce-0399e646dbf728a75-j3srfolb-ap-northeast-1a.ssmmessages.ap-northeast-1.vpce.amazonaws.com",
                "hosted_zone_id": "Z2E726K9Y6RL4W"
              },
              {
                "dns_name": "ssmmessages.ap-northeast-1.amazonaws.com",
                "hosted_zone_id": "Z06833069J9C2Y4TA71X"
              },
              {
                "dns_name": "ssmmessages.ap-northeast-1.api.aws",
                "hosted_zone_id": "Z06846551T0AHL85F809H"
              }
            ],
            "dns_options": [
              {
                "dns_record_ip_type": "ipv4",
                "private_dns_only_for_inbound_resolver_endpoint": false,
                "private_dns_preference": "",
                "private_dns_specified_domains": []
              }
            ],
            "id": "vpce-0399e646dbf728a75",
            "ip_address_type": "ipv4",
            "network_interface_ids": [
              "eni-0670f302535fa7e17",
              "eni-0715677562508f78a"
            ],
            "owner_id": "420228061920",
            "policy": "{\"Statement\":[{\"Action\":\"*\",\"Effect\":\"Allow\",\"Principal\":\"*\",\"Resource\":\"*\"}]}",
            "prefix_list_id": null,
            "private_dns_enabled": true,
            "region": "ap-northeast-1",
            "requester_managed": false,
            "resource_configuration_arn": "",
            "route_table_ids": [],
            "security_group_ids": [
              "sg-06d8c18a4e271f38e"
            ],
            "service_name": "com.amazonaws.ap-northeast-1.ssmmessages",
            "service_network_arn": "",
            "service_region": "ap-northeast-1",
            "state": "available",
            "subnet_configuration": [
              {
                "ipv4": "10.17.11.9",
                "ipv6": "",
                "subnet_id": "subnet-035a2364f04174389"
              },
              {
                "ipv4": "10.17.12.223",
                "ipv6": "",
                "subnet_id": "subnet-08bafa36522ac5a6c"
              }
            ],
            "subnet_ids": [
              "subnet-035a2364f04174389",
              "subnet-08bafa36522ac5a6c"
            ],
            "tags": {
              "Name": "armageddon-class-vii-vpce-ssmmessages01"
            },
            "tags_all": {
              "Name": "armageddon-class-vii-vpce-ssmmessages01"
            },
            "timeouts": null,
            "vpc_endpoint_type": "Interface",
            "vpc_id": "vpc-09e7e6cc5ac255b7c"
          },
          "sensitive_attributes": [],
          "identity_schema_version": 0,
          "identity": {
            "account_id": "420228061920",
            "id": "vpce-0399e646dbf728a75",
            "region": "ap-northeast-1"
          },
          "private": "eyJlMmJmYjczMC1lY2FhLTExZTYtOGY4OC0zNDM2M2JjN2M0YzAiOnsiY3JlYXRlIjo2MDAwMDAwMDAwMDAsImRlbGV0ZSI6NjAwMDAwMDAwMDAwLCJ1cGRhdGUiOjYwMDAwMDAwMDAwMH19",
          "dependencies": [
            "aws_security_group.chewbacca_vpce_sg01",
            "aws_subnet.chewbacca_private_subnets",
            "aws_vpc.chewbacca_vpc01",
            "data.aws_region.chewbacca_region01"
          ]
        }
      ]
    },
    {
      "mode": "managed",
      "type": "aws_vpc_security_group_egress_rule",
      "name": "ec2_all_outbound",
      "provider": "provider[\"registry.terraform.io/hashicorp/aws\"]",
      "instances": [
        {
          "schema_version": 0,
          "attributes": {
            "arn": "arn:aws:ec2:ap-northeast-1:420228061920:security-group-rule/sgr-0895024e85775a5c7",
            "cidr_ipv4": "0.0.0.0/0",
            "cidr_ipv6": null,
            "description": null,
            "from_port": null,
            "id": "sgr-0895024e85775a5c7",
            "ip_protocol": "-1",
            "prefix_list_id": null,
            "referenced_security_group_id": null,
            "region": "ap-northeast-1",
            "security_group_id": "sg-0e20d326dedca8119",
            "security_group_rule_id": "sgr-0895024e85775a5c7",
            "tags": null,
            "tags_all": {},
            "to_port": null
          },
          "sensitive_attributes": [],
          "identity_schema_version": 0,
          "identity": {
            "account_id": "420228061920",
            "id": "sgr-0895024e85775a5c7",
            "region": "ap-northeast-1"
          },
          "dependencies": [
            "aws_security_group.chewbacca_ec2_sg01",
            "aws_vpc.chewbacca_vpc01"
          ]
        }
      ]
    },
    {
      "mode": "managed",
      "type": "aws_vpc_security_group_ingress_rule",
      "name": "ec2_http",
      "provider": "provider[\"registry.terraform.io/hashicorp/aws\"]",
      "instances": [
        {
          "schema_version": 0,
          "attributes": {
            "arn": "arn:aws:ec2:ap-northeast-1:420228061920:security-group-rule/sgr-097b19c35f3d9b00a",
            "cidr_ipv4": "0.0.0.0/0",
            "cidr_ipv6": null,
            "description": "Allow HTTP traffic",
            "from_port": 80,
            "id": "sgr-097b19c35f3d9b00a",
            "ip_protocol": "tcp",
            "prefix_list_id": null,
            "referenced_security_group_id": null,
            "region": "ap-northeast-1",
            "security_group_id": "sg-0e20d326dedca8119",
            "security_group_rule_id": "sgr-097b19c35f3d9b00a",
            "tags": {
              "Name": "armageddon-class-vii-http"
            },
            "tags_all": {
              "Name": "armageddon-class-vii-http"
            },
            "to_port": 80
          },
          "sensitive_attributes": [],
          "identity_schema_version": 0,
          "identity": {
            "account_id": "420228061920",
            "id": "sgr-097b19c35f3d9b00a",
            "region": "ap-northeast-1"
          },
          "dependencies": [
            "aws_security_group.chewbacca_ec2_sg01",
            "aws_vpc.chewbacca_vpc01"
          ]
        }
      ]
    },
    {
      "mode": "managed",
      "type": "aws_vpc_security_group_ingress_rule",
      "name": "rds_mysql",
      "provider": "provider[\"registry.terraform.io/hashicorp/aws\"]",
      "instances": [
        {
          "schema_version": 0,
          "attributes": {
            "arn": "arn:aws:ec2:ap-northeast-1:420228061920:security-group-rule/sgr-0a589a2d4f0506817",
            "cidr_ipv4": null,
            "cidr_ipv6": null,
            "description": "Allow MySQL traffic",
            "from_port": 3306,
            "id": "sgr-0a589a2d4f0506817",
            "ip_protocol": "tcp",
            "prefix_list_id": null,
            "referenced_security_group_id": "sg-0e20d326dedca8119",
            "region": "ap-northeast-1",
            "security_group_id": "sg-0cf8e36038cde30d3",
            "security_group_rule_id": "sgr-0a589a2d4f0506817",
            "tags": {
              "Name": "armageddon-class-vii-mysql"
            },
            "tags_all": {
              "Name": "armageddon-class-vii-mysql"
            },
            "to_port": 3306
          },
          "sensitive_attributes": [],
          "identity_schema_version": 0,
          "identity": {
            "account_id": "420228061920",
            "id": "sgr-0a589a2d4f0506817",
            "region": "ap-northeast-1"
          },
          "dependencies": [
            "aws_security_group.chewbacca_ec2_sg01",
            "aws_security_group.chewbacca_rds_sg01",
            "aws_vpc.chewbacca_vpc01"
          ]
        }
      ]
    },
    {
      "mode": "managed",
      "type": "aws_wafv2_web_acl",
      "name": "chewbacca_waf01",
      "provider": "provider[\"registry.terraform.io/hashicorp/aws\"]",
      "instances": [
        {
          "index_key": 0,
          "schema_version": 0,
          "attributes": {
            "application_integration_url": "",
            "arn": "arn:aws:wafv2:ap-northeast-1:420228061920:regional/webacl/armageddon-class-vii-waf01/baf4c31b-d595-495c-adaf-4c8238d629a4",
            "association_config": [],
            "capacity": 700,
            "captcha_config": [],
            "challenge_config": [],
            "custom_response_body": [],
            "data_protection_config": [],
            "default_action": [
              {
                "allow": [
                  {
                    "custom_request_handling": []
                  }
                ],
                "block": []
              }
            ],
            "description": "",
            "id": "baf4c31b-d595-495c-adaf-4c8238d629a4",
            "lock_token": "124b1889-9353-4aba-afea-1b78f67b8665",
            "name": "armageddon-class-vii-waf01",
            "name_prefix": "",
            "region": "ap-northeast-1",
            "rule": [
              {
                "action": [],
                "captcha_config": [],
                "challenge_config": [],
                "name": "AWSManagedRulesCommonRuleSet",
                "override_action": [
                  {
                    "count": [],
                    "none": [
                      {}
                    ]
                  }
                ],
                "priority": 1,
                "rule_label": [],
                "statement": [
                  {
                    "and_statement": [],
                    "asn_match_statement": [],
                    "byte_match_statement": [],
                    "geo_match_statement": [],
                    "ip_set_reference_statement": [],
                    "label_match_statement": [],
                    "managed_rule_group_statement": [
                      {
                        "managed_rule_group_configs": [],
                        "name": "AWSManagedRulesCommonRuleSet",
                        "rule_action_override": [],
                        "scope_down_statement": [],
                        "vendor_name": "AWS",
                        "version": ""
                      }
                    ],
                    "not_statement": [],
                    "or_statement": [],
                    "rate_based_statement": [],
                    "regex_match_statement": [],
                    "regex_pattern_set_reference_statement": [],
                    "rule_group_reference_statement": [],
                    "size_constraint_statement": [],
                    "sqli_match_statement": [],
                    "xss_match_statement": []
                  }
                ],
                "visibility_config": [
                  {
                    "cloudwatch_metrics_enabled": true,
                    "metric_name": "armageddon-class-vii-waf-common",
                    "sampled_requests_enabled": true
                  }
                ]
              }
            ],
            "rule_json": null,
            "scope": "REGIONAL",
            "tags": {
              "Name": "armageddon-class-vii-waf01"
            },
            "tags_all": {
              "Name": "armageddon-class-vii-waf01"
            },
            "token_domains": [],
            "visibility_config": [
              {
                "cloudwatch_metrics_enabled": true,
                "metric_name": "armageddon-class-vii-waf01",
                "sampled_requests_enabled": true
              }
            ]
          },
          "sensitive_attributes": [],
          "identity_schema_version": 0,
          "private": "bnVsbA=="
        }
      ]
    },
    {
      "mode": "managed",
      "type": "aws_wafv2_web_acl_logging_configuration",
      "name": "chewbacca_waf_logging01",
      "provider": "provider[\"registry.terraform.io/hashicorp/aws\"]",
      "instances": [
        {
          "index_key": 0,
          "schema_version": 0,
          "attributes": {
            "id": "arn:aws:wafv2:ap-northeast-1:420228061920:regional/webacl/armageddon-class-vii-waf01/baf4c31b-d595-495c-adaf-4c8238d629a4",
            "log_destination_configs": [
              "arn:aws:logs:ap-northeast-1:420228061920:log-group:aws-waf-logs-armageddon-class-vii-webacl01"
            ],
            "logging_filter": [],
            "redacted_fields": [],
            "region": "ap-northeast-1",
            "resource_arn": "arn:aws:wafv2:ap-northeast-1:420228061920:regional/webacl/armageddon-class-vii-waf01/baf4c31b-d595-495c-adaf-4c8238d629a4"
          },
          "sensitive_attributes": [],
          "identity_schema_version": 0,
          "private": "bnVsbA==",
          "dependencies": [
            "aws_cloudwatch_log_group.chewbacca_waf_log_group01",
            "aws_cloudwatch_log_resource_policy.chewbacca_waf_cw_policy01",
            "aws_wafv2_web_acl.chewbacca_waf01",
            "data.aws_caller_identity.chewbacca_self01"
          ]
        }
      ]
    }
  ],
  "check_results": null
}
